{
  "version": 4,
  "terraform_version": "1.5.7",
  "serial": 85,
  "lineage": "905284e3-d5fa-be48-2e19-8881e07f1e80",
  "outputs": {
    "cluster_endpoint": {
      "value": "https://D24223D3DC20A5AA02FE2ECF3110D8BD.gr7.us-east-1.eks.amazonaws.com",
      "type": "string"
    },
    "cluster_name": {
      "value": "saas-hr-staging-eks-v2",
      "type": "string"
    },
    "cluster_security_group_id": {
      "value": "sg-060b5548882a16b3c",
      "type": "string"
    },
    "node_security_group_id": {
      "value": "sg-04e4a7f84fc8556df",
      "type": "string"
    }
  },
  "resources": [
    {
      "mode": "data",
      "type": "aws_dynamodb_table",
      "name": "terraform_lock",
      "provider": "provider[\"registry.terraform.io/hashicorp/aws\"]",
      "instances": [
        {
          "schema_version": 0,
          "attributes": {
            "arn": "arn:aws:dynamodb:us-east-1:826726045450:table/terraform-lock",
            "attribute": [
              {
                "name": "LockID",
                "type": "S"
              }
            ],
            "billing_mode": "PROVISIONED",
            "deletion_protection_enabled": false,
            "global_secondary_index": [],
            "hash_key": "LockID",
            "id": "terraform-lock",
            "local_secondary_index": [],
            "name": "terraform-lock",
            "on_demand_throughput": [],
            "point_in_time_recovery": [
              {
                "enabled": false,
                "recovery_period_in_days": 0
              }
            ],
            "range_key": null,
            "read_capacity": 1,
            "replica": [],
            "server_side_encryption": [],
            "stream_arn": "",
            "stream_enabled": false,
            "stream_label": "",
            "stream_view_type": "",
            "table_class": "STANDARD",
            "tags": {},
            "ttl": [
              {
                "attribute_name": "",
                "enabled": false
              }
            ],
            "write_capacity": 1
          },
          "sensitive_attributes": []
        }
      ]
    },
    {
      "mode": "data",
      "type": "aws_iam_policy_document",
      "name": "terraform_state_lock",
      "provider": "provider[\"registry.terraform.io/hashicorp/aws\"]",
      "instances": [
        {
          "schema_version": 0,
          "attributes": {
            "id": "3547811222",
            "json": "{\n  \"Version\": \"2012-10-17\",\n  \"Statement\": [\n    {\n      \"Effect\": \"Allow\",\n      \"Action\": [\n        \"dynamodb:PutItem\",\n        \"dynamodb:GetItem\",\n        \"dynamodb:DeleteItem\"\n      ],\n      \"Resource\": \"arn:aws:dynamodb:us-east-1:826726045450:table/terraform-lock\"\n    }\n  ]\n}",
            "minified_json": "{\"Version\":\"2012-10-17\",\"Statement\":[{\"Effect\":\"Allow\",\"Action\":[\"dynamodb:PutItem\",\"dynamodb:GetItem\",\"dynamodb:DeleteItem\"],\"Resource\":\"arn:aws:dynamodb:us-east-1:826726045450:table/terraform-lock\"}]}",
            "override_json": null,
            "override_policy_documents": null,
            "policy_id": null,
            "source_json": null,
            "source_policy_documents": null,
            "statement": [
              {
                "actions": [
                  "dynamodb:DeleteItem",
                  "dynamodb:GetItem",
                  "dynamodb:PutItem"
                ],
                "condition": [],
                "effect": "Allow",
                "not_actions": [],
                "not_principals": [],
                "not_resources": [],
                "principals": [],
                "resources": [
                  "arn:aws:dynamodb:us-east-1:826726045450:table/terraform-lock"
                ],
                "sid": ""
              }
            ],
            "version": "2012-10-17"
          },
          "sensitive_attributes": []
        }
      ]
    },
    {
      "mode": "data",
      "type": "aws_s3_bucket",
      "name": "terraform_state",
      "provider": "provider[\"registry.terraform.io/hashicorp/aws\"]",
      "instances": [
        {
          "schema_version": 0,
          "attributes": {
            "arn": "arn:aws:s3:::saas-rh-terraform-state",
            "bucket": "saas-rh-terraform-state",
            "bucket_domain_name": "saas-rh-terraform-state.s3.amazonaws.com",
            "bucket_regional_domain_name": "saas-rh-terraform-state.s3.us-east-1.amazonaws.com",
            "hosted_zone_id": "Z3AQBSTGFYJSTF",
            "id": "saas-rh-terraform-state",
            "region": "us-east-1",
            "website_domain": null,
            "website_endpoint": null
          },
          "sensitive_attributes": []
        }
      ]
    },
    {
      "mode": "managed",
      "type": "aws_iam_policy",
      "name": "terraform_state_lock",
      "provider": "provider[\"registry.terraform.io/hashicorp/aws\"]",
      "instances": [
        {
          "schema_version": 0,
          "attributes": {
            "arn": "arn:aws:iam::826726045450:policy/terraform-state-lock",
            "attachment_count": 1,
            "description": "Policy for Terraform state locking",
            "id": "arn:aws:iam::826726045450:policy/terraform-state-lock",
            "name": "terraform-state-lock",
            "name_prefix": "",
            "path": "/",
            "policy": "{\"Statement\":[{\"Action\":[\"dynamodb:PutItem\",\"dynamodb:GetItem\",\"dynamodb:DeleteItem\"],\"Effect\":\"Allow\",\"Resource\":\"arn:aws:dynamodb:us-east-1:826726045450:table/terraform-lock\"}],\"Version\":\"2012-10-17\"}",
            "policy_id": "ANPA4A7FWK4FCMI2ZJD6N",
            "tags": {},
            "tags_all": {
              "Environment": "staging",
              "ManagedBy": "Terraform",
              "Project": "saas-hr"
            }
          },
          "sensitive_attributes": [],
          "private": "bnVsbA==",
          "dependencies": [
            "data.aws_dynamodb_table.terraform_lock",
            "data.aws_iam_policy_document.terraform_state_lock"
          ]
        }
      ]
    },
    {
      "mode": "managed",
      "type": "aws_iam_role_policy_attachment",
      "name": "terraform_state_lock",
      "provider": "provider[\"registry.terraform.io/hashicorp/aws\"]",
      "instances": [
        {
          "schema_version": 0,
          "attributes": {
            "id": "saas-hr-staging-eks-v2-cluster-20250526223942644400000003-20250526223943509500000006",
            "policy_arn": "arn:aws:iam::826726045450:policy/terraform-state-lock",
            "role": "saas-hr-staging-eks-v2-cluster-20250526223942644400000003"
          },
          "sensitive_attributes": [],
          "private": "bnVsbA==",
          "dependencies": [
            "aws_iam_policy.terraform_state_lock",
            "data.aws_dynamodb_table.terraform_lock",
            "data.aws_iam_policy_document.terraform_state_lock",
            "module.eks.aws_iam_role.this",
            "module.eks.data.aws_iam_policy_document.assume_role_policy",
            "module.eks.data.aws_partition.current",
            "module.kms.aws_kms_alias.main",
            "module.kms.aws_kms_key.main",
            "module.kms.data.aws_caller_identity.current",
            "module.vpc.aws_cloudwatch_log_group.flow_log",
            "module.vpc.aws_db_subnet_group.database",
            "module.vpc.aws_eip.nat",
            "module.vpc.aws_flow_log.main",
            "module.vpc.aws_iam_policy.flow_log",
            "module.vpc.aws_iam_role.flow_log",
            "module.vpc.aws_iam_role_policy_attachment.flow_log",
            "module.vpc.aws_internet_gateway.main",
            "module.vpc.aws_nat_gateway.main",
            "module.vpc.aws_route_table.database",
            "module.vpc.aws_route_table.private",
            "module.vpc.aws_route_table.public",
            "module.vpc.aws_route_table_association.database",
            "module.vpc.aws_route_table_association.private",
            "module.vpc.aws_route_table_association.public",
            "module.vpc.aws_security_group.alb",
            "module.vpc.aws_security_group.default",
            "module.vpc.aws_security_group.workers",
            "module.vpc.aws_subnet.database",
            "module.vpc.aws_subnet.private",
            "module.vpc.aws_subnet.public",
            "module.vpc.aws_vpc.main",
            "module.vpc.aws_vpc_endpoint.s3"
          ]
        }
      ]
    },
    {
      "mode": "managed",
      "type": "aws_s3_bucket_server_side_encryption_configuration",
      "name": "terraform_state",
      "provider": "provider[\"registry.terraform.io/hashicorp/aws\"]",
      "instances": [
        {
          "schema_version": 0,
          "attributes": {
            "bucket": "saas-rh-terraform-state",
            "expected_bucket_owner": "",
            "id": "saas-rh-terraform-state",
            "rule": [
              {
                "apply_server_side_encryption_by_default": [
                  {
                    "kms_master_key_id": "",
                    "sse_algorithm": "AES256"
                  }
                ],
                "bucket_key_enabled": false
              }
            ]
          },
          "sensitive_attributes": [],
          "private": "bnVsbA==",
          "dependencies": [
            "data.aws_s3_bucket.terraform_state"
          ]
        }
      ]
    },
    {
      "mode": "managed",
      "type": "aws_s3_bucket_versioning",
      "name": "terraform_state",
      "provider": "provider[\"registry.terraform.io/hashicorp/aws\"]",
      "instances": [
        {
          "schema_version": 0,
          "attributes": {
            "bucket": "saas-rh-terraform-state",
            "expected_bucket_owner": "",
            "id": "saas-rh-terraform-state",
            "mfa": null,
            "versioning_configuration": [
              {
                "mfa_delete": "",
                "status": "Enabled"
              }
            ]
          },
          "sensitive_attributes": [],
          "private": "bnVsbA==",
          "dependencies": [
            "data.aws_s3_bucket.terraform_state"
          ]
        }
      ]
    },
    {
      "module": "module.dns",
      "mode": "data",
      "type": "aws_route53_zone",
      "name": "selected",
      "provider": "provider[\"registry.terraform.io/hashicorp/aws\"]",
      "instances": [
        {
          "schema_version": 0,
          "attributes": {
            "arn": "arn:aws:route53:::hostedzone/Z020886633FPUPO3A9LZQ",
            "caller_reference": "RISWorkflow-RD:84fe0249-5ac8-40e7-974e-928e068fcca7",
            "comment": "HostedZone created by Route53 Registrar",
            "id": "Z020886633FPUPO3A9LZQ",
            "linked_service_description": null,
            "linked_service_principal": null,
            "name": "humanosisu.com",
            "name_servers": [
              "ns-1549.awsdns-01.co.uk",
              "ns-1055.awsdns-03.org",
              "ns-68.awsdns-08.com",
              "ns-981.awsdns-58.net"
            ],
            "primary_name_server": "ns-1549.awsdns-01.co.uk",
            "private_zone": false,
            "resource_record_set_count": 8,
            "tags": {},
            "vpc_id": null,
            "zone_id": "Z020886633FPUPO3A9LZQ"
          },
          "sensitive_attributes": []
        }
      ]
    },
    {
      "module": "module.dns",
      "mode": "managed",
      "type": "aws_acm_certificate",
      "name": "main",
      "provider": "provider[\"registry.terraform.io/hashicorp/aws\"]",
      "instances": [
        {
          "schema_version": 0,
          "attributes": {
            "arn": "arn:aws:acm:us-east-1:826726045450:certificate/5d98fe3d-a757-4066-85bb-2fa5cf1c8a02",
            "certificate_authority_arn": "",
            "certificate_body": null,
            "certificate_chain": null,
            "domain_name": "*.humanosisu.com",
            "domain_validation_options": [
              {
                "domain_name": "*.humanosisu.com",
                "resource_record_name": "_575f204394bf834ddd4e013e18f49dbe.humanosisu.com.",
                "resource_record_type": "CNAME",
                "resource_record_value": "_3cbed78f031a1f57cf74d699add86c96.xlfgrmvvlj.acm-validations.aws."
              },
              {
                "domain_name": "humanosisu.com",
                "resource_record_name": "_575f204394bf834ddd4e013e18f49dbe.humanosisu.com.",
                "resource_record_type": "CNAME",
                "resource_record_value": "_3cbed78f031a1f57cf74d699add86c96.xlfgrmvvlj.acm-validations.aws."
              }
            ],
            "early_renewal_duration": "",
            "id": "arn:aws:acm:us-east-1:826726045450:certificate/5d98fe3d-a757-4066-85bb-2fa5cf1c8a02",
            "key_algorithm": "RSA_2048",
            "not_after": "2026-06-22T23:59:59Z",
            "not_before": "2025-05-24T00:00:00Z",
            "options": [
              {
                "certificate_transparency_logging_preference": "ENABLED"
              }
            ],
            "pending_renewal": false,
            "private_key": null,
            "renewal_eligibility": "ELIGIBLE",
            "renewal_summary": [],
            "status": "ISSUED",
            "subject_alternative_names": [
              "*.humanosisu.com",
              "humanosisu.com"
            ],
            "tags": {
              "Environment": "staging",
              "Project": "saas-hr"
            },
            "tags_all": {
              "Environment": "staging",
              "ManagedBy": "Terraform",
              "Project": "saas-hr"
            },
            "type": "AMAZON_ISSUED",
            "validation_emails": [],
            "validation_method": "DNS",
            "validation_option": []
          },
          "sensitive_attributes": [],
          "private": "bnVsbA==",
          "dependencies": [
            "module.eks.aws_cloudwatch_log_group.this",
            "module.eks.aws_ec2_tag.cluster_primary_security_group",
            "module.eks.aws_eks_addon.before_compute",
            "module.eks.aws_eks_addon.this",
            "module.eks.aws_eks_cluster.this",
            "module.eks.aws_eks_identity_provider_config.this",
            "module.eks.aws_iam_openid_connect_provider.oidc_provider",
            "module.eks.aws_iam_policy.cluster_encryption",
            "module.eks.aws_iam_policy.cni_ipv6_policy",
            "module.eks.aws_iam_role.this",
            "module.eks.aws_iam_role_policy_attachment.additional",
            "module.eks.aws_iam_role_policy_attachment.cluster_encryption",
            "module.eks.aws_iam_role_policy_attachment.this",
            "module.eks.aws_security_group.cluster",
            "module.eks.aws_security_group.node",
            "module.eks.aws_security_group_rule.cluster",
            "module.eks.aws_security_group_rule.node",
            "module.eks.data.aws_caller_identity.current",
            "module.eks.data.aws_eks_addon_version.this",
            "module.eks.data.aws_iam_policy_document.assume_role_policy",
            "module.eks.data.aws_iam_policy_document.cni_ipv6_policy",
            "module.eks.data.aws_iam_session_context.current",
            "module.eks.data.aws_partition.current",
            "module.eks.data.tls_certificate.this",
            "module.eks.kubernetes_config_map.aws_auth",
            "module.eks.kubernetes_config_map_v1_data.aws_auth",
            "module.eks.module.eks_managed_node_group.aws_autoscaling_schedule.this",
            "module.eks.module.eks_managed_node_group.aws_eks_node_group.this",
            "module.eks.module.eks_managed_node_group.aws_iam_role.this",
            "module.eks.module.eks_managed_node_group.aws_iam_role_policy_attachment.additional",
            "module.eks.module.eks_managed_node_group.aws_iam_role_policy_attachment.this",
            "module.eks.module.eks_managed_node_group.aws_launch_template.this",
            "module.eks.module.eks_managed_node_group.data.aws_caller_identity.current",
            "module.eks.module.eks_managed_node_group.data.aws_iam_policy_document.assume_role_policy",
            "module.eks.module.eks_managed_node_group.data.aws_partition.current",
            "module.eks.module.eks_managed_node_group.module.user_data.data.cloudinit_config.linux_eks_managed_node_group",
            "module.eks.module.fargate_profile.aws_eks_fargate_profile.this",
            "module.eks.module.fargate_profile.aws_iam_role.this",
            "module.eks.module.fargate_profile.aws_iam_role_policy_attachment.additional",
            "module.eks.module.fargate_profile.aws_iam_role_policy_attachment.this",
            "module.eks.module.fargate_profile.data.aws_caller_identity.current",
            "module.eks.module.fargate_profile.data.aws_iam_policy_document.assume_role_policy",
            "module.eks.module.fargate_profile.data.aws_partition.current",
            "module.eks.module.kms.aws_kms_alias.this",
            "module.eks.module.kms.aws_kms_external_key.this",
            "module.eks.module.kms.aws_kms_grant.this",
            "module.eks.module.kms.aws_kms_key.this",
            "module.eks.module.kms.aws_kms_replica_external_key.this",
            "module.eks.module.kms.aws_kms_replica_key.this",
            "module.eks.module.kms.data.aws_caller_identity.current",
            "module.eks.module.kms.data.aws_iam_policy_document.this",
            "module.eks.module.kms.data.aws_partition.current",
            "module.eks.module.self_managed_node_group.aws_autoscaling_group.this",
            "module.eks.module.self_managed_node_group.aws_autoscaling_schedule.this",
            "module.eks.module.self_managed_node_group.aws_iam_instance_profile.this",
            "module.eks.module.self_managed_node_group.aws_iam_role.this",
            "module.eks.module.self_managed_node_group.aws_iam_role_policy_attachment.additional",
            "module.eks.module.self_managed_node_group.aws_iam_role_policy_attachment.this",
            "module.eks.module.self_managed_node_group.aws_launch_template.this",
            "module.eks.module.self_managed_node_group.data.aws_ami.eks_default",
            "module.eks.module.self_managed_node_group.data.aws_caller_identity.current",
            "module.eks.module.self_managed_node_group.data.aws_iam_policy_document.assume_role_policy",
            "module.eks.module.self_managed_node_group.data.aws_partition.current",
            "module.eks.module.self_managed_node_group.module.user_data.data.cloudinit_config.linux_eks_managed_node_group",
            "module.eks.time_sleep.this",
            "module.kms.aws_kms_alias.main",
            "module.kms.aws_kms_key.main",
            "module.kms.data.aws_caller_identity.current",
            "module.vpc.aws_cloudwatch_log_group.flow_log",
            "module.vpc.aws_db_subnet_group.database",
            "module.vpc.aws_eip.nat",
            "module.vpc.aws_flow_log.main",
            "module.vpc.aws_iam_policy.flow_log",
            "module.vpc.aws_iam_role.flow_log",
            "module.vpc.aws_iam_role_policy_attachment.flow_log",
            "module.vpc.aws_internet_gateway.main",
            "module.vpc.aws_nat_gateway.main",
            "module.vpc.aws_route_table.database",
            "module.vpc.aws_route_table.private",
            "module.vpc.aws_route_table.public",
            "module.vpc.aws_route_table_association.database",
            "module.vpc.aws_route_table_association.private",
            "module.vpc.aws_route_table_association.public",
            "module.vpc.aws_security_group.alb",
            "module.vpc.aws_security_group.default",
            "module.vpc.aws_security_group.workers",
            "module.vpc.aws_subnet.database",
            "module.vpc.aws_subnet.private",
            "module.vpc.aws_subnet.public",
            "module.vpc.aws_vpc.main",
            "module.vpc.aws_vpc_endpoint.s3"
          ],
          "create_before_destroy": true
        }
      ]
    },
    {
      "module": "module.dns",
      "mode": "managed",
      "type": "aws_acm_certificate_validation",
      "name": "main",
      "provider": "provider[\"registry.terraform.io/hashicorp/aws\"]",
      "instances": [
        {
          "schema_version": 0,
          "attributes": {
            "certificate_arn": "arn:aws:acm:us-east-1:826726045450:certificate/5d98fe3d-a757-4066-85bb-2fa5cf1c8a02",
            "id": "2025-05-24 17:07:49.394 +0000 UTC",
            "timeouts": null,
            "validation_record_fqdns": [
              "_575f204394bf834ddd4e013e18f49dbe.humanosisu.com"
            ]
          },
          "sensitive_attributes": [],
          "private": "eyJlMmJmYjczMC1lY2FhLTExZTYtOGY4OC0zNDM2M2JjN2M0YzAiOnsiY3JlYXRlIjo0NTAwMDAwMDAwMDAwfX0=",
          "dependencies": [
            "module.dns.aws_acm_certificate.main",
            "module.dns.aws_route53_record.cert_validation",
            "module.dns.data.aws_route53_zone.selected",
            "module.eks.aws_cloudwatch_log_group.this",
            "module.eks.aws_ec2_tag.cluster_primary_security_group",
            "module.eks.aws_eks_addon.before_compute",
            "module.eks.aws_eks_addon.this",
            "module.eks.aws_eks_cluster.this",
            "module.eks.aws_eks_identity_provider_config.this",
            "module.eks.aws_iam_openid_connect_provider.oidc_provider",
            "module.eks.aws_iam_policy.cluster_encryption",
            "module.eks.aws_iam_policy.cni_ipv6_policy",
            "module.eks.aws_iam_role.this",
            "module.eks.aws_iam_role_policy_attachment.additional",
            "module.eks.aws_iam_role_policy_attachment.cluster_encryption",
            "module.eks.aws_iam_role_policy_attachment.this",
            "module.eks.aws_security_group.cluster",
            "module.eks.aws_security_group.node",
            "module.eks.aws_security_group_rule.cluster",
            "module.eks.aws_security_group_rule.node",
            "module.eks.data.aws_caller_identity.current",
            "module.eks.data.aws_eks_addon_version.this",
            "module.eks.data.aws_iam_policy_document.assume_role_policy",
            "module.eks.data.aws_iam_policy_document.cni_ipv6_policy",
            "module.eks.data.aws_iam_session_context.current",
            "module.eks.data.aws_partition.current",
            "module.eks.data.tls_certificate.this",
            "module.eks.kubernetes_config_map.aws_auth",
            "module.eks.kubernetes_config_map_v1_data.aws_auth",
            "module.eks.module.eks_managed_node_group.aws_autoscaling_schedule.this",
            "module.eks.module.eks_managed_node_group.aws_eks_node_group.this",
            "module.eks.module.eks_managed_node_group.aws_iam_role.this",
            "module.eks.module.eks_managed_node_group.aws_iam_role_policy_attachment.additional",
            "module.eks.module.eks_managed_node_group.aws_iam_role_policy_attachment.this",
            "module.eks.module.eks_managed_node_group.aws_launch_template.this",
            "module.eks.module.eks_managed_node_group.data.aws_caller_identity.current",
            "module.eks.module.eks_managed_node_group.data.aws_iam_policy_document.assume_role_policy",
            "module.eks.module.eks_managed_node_group.data.aws_partition.current",
            "module.eks.module.eks_managed_node_group.module.user_data.data.cloudinit_config.linux_eks_managed_node_group",
            "module.eks.module.fargate_profile.aws_eks_fargate_profile.this",
            "module.eks.module.fargate_profile.aws_iam_role.this",
            "module.eks.module.fargate_profile.aws_iam_role_policy_attachment.additional",
            "module.eks.module.fargate_profile.aws_iam_role_policy_attachment.this",
            "module.eks.module.fargate_profile.data.aws_caller_identity.current",
            "module.eks.module.fargate_profile.data.aws_iam_policy_document.assume_role_policy",
            "module.eks.module.fargate_profile.data.aws_partition.current",
            "module.eks.module.kms.aws_kms_alias.this",
            "module.eks.module.kms.aws_kms_external_key.this",
            "module.eks.module.kms.aws_kms_grant.this",
            "module.eks.module.kms.aws_kms_key.this",
            "module.eks.module.kms.aws_kms_replica_external_key.this",
            "module.eks.module.kms.aws_kms_replica_key.this",
            "module.eks.module.kms.data.aws_caller_identity.current",
            "module.eks.module.kms.data.aws_iam_policy_document.this",
            "module.eks.module.kms.data.aws_partition.current",
            "module.eks.module.self_managed_node_group.aws_autoscaling_group.this",
            "module.eks.module.self_managed_node_group.aws_autoscaling_schedule.this",
            "module.eks.module.self_managed_node_group.aws_iam_instance_profile.this",
            "module.eks.module.self_managed_node_group.aws_iam_role.this",
            "module.eks.module.self_managed_node_group.aws_iam_role_policy_attachment.additional",
            "module.eks.module.self_managed_node_group.aws_iam_role_policy_attachment.this",
            "module.eks.module.self_managed_node_group.aws_launch_template.this",
            "module.eks.module.self_managed_node_group.data.aws_ami.eks_default",
            "module.eks.module.self_managed_node_group.data.aws_caller_identity.current",
            "module.eks.module.self_managed_node_group.data.aws_iam_policy_document.assume_role_policy",
            "module.eks.module.self_managed_node_group.data.aws_partition.current",
            "module.eks.module.self_managed_node_group.module.user_data.data.cloudinit_config.linux_eks_managed_node_group",
            "module.eks.time_sleep.this",
            "module.kms.aws_kms_alias.main",
            "module.kms.aws_kms_key.main",
            "module.kms.data.aws_caller_identity.current",
            "module.vpc.aws_cloudwatch_log_group.flow_log",
            "module.vpc.aws_db_subnet_group.database",
            "module.vpc.aws_eip.nat",
            "module.vpc.aws_flow_log.main",
            "module.vpc.aws_iam_policy.flow_log",
            "module.vpc.aws_iam_role.flow_log",
            "module.vpc.aws_iam_role_policy_attachment.flow_log",
            "module.vpc.aws_internet_gateway.main",
            "module.vpc.aws_nat_gateway.main",
            "module.vpc.aws_route_table.database",
            "module.vpc.aws_route_table.private",
            "module.vpc.aws_route_table.public",
            "module.vpc.aws_route_table_association.database",
            "module.vpc.aws_route_table_association.private",
            "module.vpc.aws_route_table_association.public",
            "module.vpc.aws_security_group.alb",
            "module.vpc.aws_security_group.default",
            "module.vpc.aws_security_group.workers",
            "module.vpc.aws_subnet.database",
            "module.vpc.aws_subnet.private",
            "module.vpc.aws_subnet.public",
            "module.vpc.aws_vpc.main",
            "module.vpc.aws_vpc_endpoint.s3"
          ]
        }
      ]
    },
    {
      "module": "module.dns",
      "mode": "managed",
      "type": "aws_route53_record",
      "name": "cert_validation",
      "provider": "provider[\"registry.terraform.io/hashicorp/aws\"]",
      "instances": [
        {
          "index_key": "*.humanosisu.com",
          "schema_version": 2,
          "attributes": {
            "alias": [],
            "allow_overwrite": true,
            "cidr_routing_policy": [],
            "failover_routing_policy": [],
            "fqdn": "_575f204394bf834ddd4e013e18f49dbe.humanosisu.com",
            "geolocation_routing_policy": [],
            "geoproximity_routing_policy": [],
            "health_check_id": "",
            "id": "Z020886633FPUPO3A9LZQ__575f204394bf834ddd4e013e18f49dbe.humanosisu.com._CNAME",
            "latency_routing_policy": [],
            "multivalue_answer_routing_policy": false,
            "name": "_575f204394bf834ddd4e013e18f49dbe.humanosisu.com",
            "records": [
              "_3cbed78f031a1f57cf74d699add86c96.xlfgrmvvlj.acm-validations.aws."
            ],
            "set_identifier": "",
            "timeouts": null,
            "ttl": 60,
            "type": "CNAME",
            "weighted_routing_policy": [],
            "zone_id": "Z020886633FPUPO3A9LZQ"
          },
          "sensitive_attributes": [],
          "private": "eyJlMmJmYjczMC1lY2FhLTExZTYtOGY4OC0zNDM2M2JjN2M0YzAiOnsiY3JlYXRlIjoxODAwMDAwMDAwMDAwLCJkZWxldGUiOjE4MDAwMDAwMDAwMDAsInVwZGF0ZSI6MTgwMDAwMDAwMDAwMH0sInNjaGVtYV92ZXJzaW9uIjoiMiJ9",
          "dependencies": [
            "module.dns.aws_acm_certificate.main",
            "module.dns.data.aws_route53_zone.selected",
            "module.eks.aws_cloudwatch_log_group.this",
            "module.eks.aws_ec2_tag.cluster_primary_security_group",
            "module.eks.aws_eks_addon.before_compute",
            "module.eks.aws_eks_addon.this",
            "module.eks.aws_eks_cluster.this",
            "module.eks.aws_eks_identity_provider_config.this",
            "module.eks.aws_iam_openid_connect_provider.oidc_provider",
            "module.eks.aws_iam_policy.cluster_encryption",
            "module.eks.aws_iam_policy.cni_ipv6_policy",
            "module.eks.aws_iam_role.this",
            "module.eks.aws_iam_role_policy_attachment.additional",
            "module.eks.aws_iam_role_policy_attachment.cluster_encryption",
            "module.eks.aws_iam_role_policy_attachment.this",
            "module.eks.aws_security_group.cluster",
            "module.eks.aws_security_group.node",
            "module.eks.aws_security_group_rule.cluster",
            "module.eks.aws_security_group_rule.node",
            "module.eks.data.aws_caller_identity.current",
            "module.eks.data.aws_eks_addon_version.this",
            "module.eks.data.aws_iam_policy_document.assume_role_policy",
            "module.eks.data.aws_iam_policy_document.cni_ipv6_policy",
            "module.eks.data.aws_iam_session_context.current",
            "module.eks.data.aws_partition.current",
            "module.eks.data.tls_certificate.this",
            "module.eks.kubernetes_config_map.aws_auth",
            "module.eks.kubernetes_config_map_v1_data.aws_auth",
            "module.eks.module.eks_managed_node_group.aws_autoscaling_schedule.this",
            "module.eks.module.eks_managed_node_group.aws_eks_node_group.this",
            "module.eks.module.eks_managed_node_group.aws_iam_role.this",
            "module.eks.module.eks_managed_node_group.aws_iam_role_policy_attachment.additional",
            "module.eks.module.eks_managed_node_group.aws_iam_role_policy_attachment.this",
            "module.eks.module.eks_managed_node_group.aws_launch_template.this",
            "module.eks.module.eks_managed_node_group.data.aws_caller_identity.current",
            "module.eks.module.eks_managed_node_group.data.aws_iam_policy_document.assume_role_policy",
            "module.eks.module.eks_managed_node_group.data.aws_partition.current",
            "module.eks.module.eks_managed_node_group.module.user_data.data.cloudinit_config.linux_eks_managed_node_group",
            "module.eks.module.fargate_profile.aws_eks_fargate_profile.this",
            "module.eks.module.fargate_profile.aws_iam_role.this",
            "module.eks.module.fargate_profile.aws_iam_role_policy_attachment.additional",
            "module.eks.module.fargate_profile.aws_iam_role_policy_attachment.this",
            "module.eks.module.fargate_profile.data.aws_caller_identity.current",
            "module.eks.module.fargate_profile.data.aws_iam_policy_document.assume_role_policy",
            "module.eks.module.fargate_profile.data.aws_partition.current",
            "module.eks.module.kms.aws_kms_alias.this",
            "module.eks.module.kms.aws_kms_external_key.this",
            "module.eks.module.kms.aws_kms_grant.this",
            "module.eks.module.kms.aws_kms_key.this",
            "module.eks.module.kms.aws_kms_replica_external_key.this",
            "module.eks.module.kms.aws_kms_replica_key.this",
            "module.eks.module.kms.data.aws_caller_identity.current",
            "module.eks.module.kms.data.aws_iam_policy_document.this",
            "module.eks.module.kms.data.aws_partition.current",
            "module.eks.module.self_managed_node_group.aws_autoscaling_group.this",
            "module.eks.module.self_managed_node_group.aws_autoscaling_schedule.this",
            "module.eks.module.self_managed_node_group.aws_iam_instance_profile.this",
            "module.eks.module.self_managed_node_group.aws_iam_role.this",
            "module.eks.module.self_managed_node_group.aws_iam_role_policy_attachment.additional",
            "module.eks.module.self_managed_node_group.aws_iam_role_policy_attachment.this",
            "module.eks.module.self_managed_node_group.aws_launch_template.this",
            "module.eks.module.self_managed_node_group.data.aws_ami.eks_default",
            "module.eks.module.self_managed_node_group.data.aws_caller_identity.current",
            "module.eks.module.self_managed_node_group.data.aws_iam_policy_document.assume_role_policy",
            "module.eks.module.self_managed_node_group.data.aws_partition.current",
            "module.eks.module.self_managed_node_group.module.user_data.data.cloudinit_config.linux_eks_managed_node_group",
            "module.eks.time_sleep.this",
            "module.kms.aws_kms_alias.main",
            "module.kms.aws_kms_key.main",
            "module.kms.data.aws_caller_identity.current",
            "module.vpc.aws_cloudwatch_log_group.flow_log",
            "module.vpc.aws_db_subnet_group.database",
            "module.vpc.aws_eip.nat",
            "module.vpc.aws_flow_log.main",
            "module.vpc.aws_iam_policy.flow_log",
            "module.vpc.aws_iam_role.flow_log",
            "module.vpc.aws_iam_role_policy_attachment.flow_log",
            "module.vpc.aws_internet_gateway.main",
            "module.vpc.aws_nat_gateway.main",
            "module.vpc.aws_route_table.database",
            "module.vpc.aws_route_table.private",
            "module.vpc.aws_route_table.public",
            "module.vpc.aws_route_table_association.database",
            "module.vpc.aws_route_table_association.private",
            "module.vpc.aws_route_table_association.public",
            "module.vpc.aws_security_group.alb",
            "module.vpc.aws_security_group.default",
            "module.vpc.aws_security_group.workers",
            "module.vpc.aws_subnet.database",
            "module.vpc.aws_subnet.private",
            "module.vpc.aws_subnet.public",
            "module.vpc.aws_vpc.main",
            "module.vpc.aws_vpc_endpoint.s3"
          ]
        },
        {
          "index_key": "humanosisu.com",
          "schema_version": 2,
          "attributes": {
            "alias": [],
            "allow_overwrite": true,
            "cidr_routing_policy": [],
            "failover_routing_policy": [],
            "fqdn": "_575f204394bf834ddd4e013e18f49dbe.humanosisu.com",
            "geolocation_routing_policy": [],
            "geoproximity_routing_policy": [],
            "health_check_id": "",
            "id": "Z020886633FPUPO3A9LZQ__575f204394bf834ddd4e013e18f49dbe.humanosisu.com._CNAME",
            "latency_routing_policy": [],
            "multivalue_answer_routing_policy": false,
            "name": "_575f204394bf834ddd4e013e18f49dbe.humanosisu.com",
            "records": [
              "_3cbed78f031a1f57cf74d699add86c96.xlfgrmvvlj.acm-validations.aws."
            ],
            "set_identifier": "",
            "timeouts": null,
            "ttl": 60,
            "type": "CNAME",
            "weighted_routing_policy": [],
            "zone_id": "Z020886633FPUPO3A9LZQ"
          },
          "sensitive_attributes": [],
          "private": "eyJlMmJmYjczMC1lY2FhLTExZTYtOGY4OC0zNDM2M2JjN2M0YzAiOnsiY3JlYXRlIjoxODAwMDAwMDAwMDAwLCJkZWxldGUiOjE4MDAwMDAwMDAwMDAsInVwZGF0ZSI6MTgwMDAwMDAwMDAwMH0sInNjaGVtYV92ZXJzaW9uIjoiMiJ9",
          "dependencies": [
            "module.dns.aws_acm_certificate.main",
            "module.dns.data.aws_route53_zone.selected",
            "module.eks.aws_cloudwatch_log_group.this",
            "module.eks.aws_ec2_tag.cluster_primary_security_group",
            "module.eks.aws_eks_addon.before_compute",
            "module.eks.aws_eks_addon.this",
            "module.eks.aws_eks_cluster.this",
            "module.eks.aws_eks_identity_provider_config.this",
            "module.eks.aws_iam_openid_connect_provider.oidc_provider",
            "module.eks.aws_iam_policy.cluster_encryption",
            "module.eks.aws_iam_policy.cni_ipv6_policy",
            "module.eks.aws_iam_role.this",
            "module.eks.aws_iam_role_policy_attachment.additional",
            "module.eks.aws_iam_role_policy_attachment.cluster_encryption",
            "module.eks.aws_iam_role_policy_attachment.this",
            "module.eks.aws_security_group.cluster",
            "module.eks.aws_security_group.node",
            "module.eks.aws_security_group_rule.cluster",
            "module.eks.aws_security_group_rule.node",
            "module.eks.data.aws_caller_identity.current",
            "module.eks.data.aws_eks_addon_version.this",
            "module.eks.data.aws_iam_policy_document.assume_role_policy",
            "module.eks.data.aws_iam_policy_document.cni_ipv6_policy",
            "module.eks.data.aws_iam_session_context.current",
            "module.eks.data.aws_partition.current",
            "module.eks.data.tls_certificate.this",
            "module.eks.kubernetes_config_map.aws_auth",
            "module.eks.kubernetes_config_map_v1_data.aws_auth",
            "module.eks.module.eks_managed_node_group.aws_autoscaling_schedule.this",
            "module.eks.module.eks_managed_node_group.aws_eks_node_group.this",
            "module.eks.module.eks_managed_node_group.aws_iam_role.this",
            "module.eks.module.eks_managed_node_group.aws_iam_role_policy_attachment.additional",
            "module.eks.module.eks_managed_node_group.aws_iam_role_policy_attachment.this",
            "module.eks.module.eks_managed_node_group.aws_launch_template.this",
            "module.eks.module.eks_managed_node_group.data.aws_caller_identity.current",
            "module.eks.module.eks_managed_node_group.data.aws_iam_policy_document.assume_role_policy",
            "module.eks.module.eks_managed_node_group.data.aws_partition.current",
            "module.eks.module.eks_managed_node_group.module.user_data.data.cloudinit_config.linux_eks_managed_node_group",
            "module.eks.module.fargate_profile.aws_eks_fargate_profile.this",
            "module.eks.module.fargate_profile.aws_iam_role.this",
            "module.eks.module.fargate_profile.aws_iam_role_policy_attachment.additional",
            "module.eks.module.fargate_profile.aws_iam_role_policy_attachment.this",
            "module.eks.module.fargate_profile.data.aws_caller_identity.current",
            "module.eks.module.fargate_profile.data.aws_iam_policy_document.assume_role_policy",
            "module.eks.module.fargate_profile.data.aws_partition.current",
            "module.eks.module.kms.aws_kms_alias.this",
            "module.eks.module.kms.aws_kms_external_key.this",
            "module.eks.module.kms.aws_kms_grant.this",
            "module.eks.module.kms.aws_kms_key.this",
            "module.eks.module.kms.aws_kms_replica_external_key.this",
            "module.eks.module.kms.aws_kms_replica_key.this",
            "module.eks.module.kms.data.aws_caller_identity.current",
            "module.eks.module.kms.data.aws_iam_policy_document.this",
            "module.eks.module.kms.data.aws_partition.current",
            "module.eks.module.self_managed_node_group.aws_autoscaling_group.this",
            "module.eks.module.self_managed_node_group.aws_autoscaling_schedule.this",
            "module.eks.module.self_managed_node_group.aws_iam_instance_profile.this",
            "module.eks.module.self_managed_node_group.aws_iam_role.this",
            "module.eks.module.self_managed_node_group.aws_iam_role_policy_attachment.additional",
            "module.eks.module.self_managed_node_group.aws_iam_role_policy_attachment.this",
            "module.eks.module.self_managed_node_group.aws_launch_template.this",
            "module.eks.module.self_managed_node_group.data.aws_ami.eks_default",
            "module.eks.module.self_managed_node_group.data.aws_caller_identity.current",
            "module.eks.module.self_managed_node_group.data.aws_iam_policy_document.assume_role_policy",
            "module.eks.module.self_managed_node_group.data.aws_partition.current",
            "module.eks.module.self_managed_node_group.module.user_data.data.cloudinit_config.linux_eks_managed_node_group",
            "module.eks.time_sleep.this",
            "module.kms.aws_kms_alias.main",
            "module.kms.aws_kms_key.main",
            "module.kms.data.aws_caller_identity.current",
            "module.vpc.aws_cloudwatch_log_group.flow_log",
            "module.vpc.aws_db_subnet_group.database",
            "module.vpc.aws_eip.nat",
            "module.vpc.aws_flow_log.main",
            "module.vpc.aws_iam_policy.flow_log",
            "module.vpc.aws_iam_role.flow_log",
            "module.vpc.aws_iam_role_policy_attachment.flow_log",
            "module.vpc.aws_internet_gateway.main",
            "module.vpc.aws_nat_gateway.main",
            "module.vpc.aws_route_table.database",
            "module.vpc.aws_route_table.private",
            "module.vpc.aws_route_table.public",
            "module.vpc.aws_route_table_association.database",
            "module.vpc.aws_route_table_association.private",
            "module.vpc.aws_route_table_association.public",
            "module.vpc.aws_security_group.alb",
            "module.vpc.aws_security_group.default",
            "module.vpc.aws_security_group.workers",
            "module.vpc.aws_subnet.database",
            "module.vpc.aws_subnet.private",
            "module.vpc.aws_subnet.public",
            "module.vpc.aws_vpc.main",
            "module.vpc.aws_vpc_endpoint.s3"
          ]
        }
      ]
    },
    {
      "module": "module.dns",
      "mode": "managed",
      "type": "aws_route53_record",
      "name": "services",
      "provider": "provider[\"registry.terraform.io/hashicorp/aws\"]",
      "instances": []
    },
    {
      "module": "module.eks",
      "mode": "data",
      "type": "aws_caller_identity",
      "name": "current",
      "provider": "provider[\"registry.terraform.io/hashicorp/aws\"]",
      "instances": [
        {
          "schema_version": 0,
          "attributes": {
            "account_id": "826726045450",
            "arn": "arn:aws:iam::826726045450:user/jorge_devops",
            "id": "826726045450",
            "user_id": "AIDA4A7FWK4FAGX75WIPW"
          },
          "sensitive_attributes": []
        }
      ]
    },
    {
      "module": "module.eks",
      "mode": "data",
      "type": "aws_eks_addon_version",
      "name": "this",
      "provider": "provider[\"registry.terraform.io/hashicorp/aws\"]",
      "instances": [
        {
          "index_key": "coredns",
          "schema_version": 0,
          "attributes": {
            "addon_name": "coredns",
            "id": "coredns",
            "kubernetes_version": "1.28",
            "most_recent": true,
            "version": "v1.10.1-eksbuild.18"
          },
          "sensitive_attributes": []
        },
        {
          "index_key": "kube-proxy",
          "schema_version": 0,
          "attributes": {
            "addon_name": "kube-proxy",
            "id": "kube-proxy",
            "kubernetes_version": "1.28",
            "most_recent": true,
            "version": "v1.28.15-eksbuild.20"
          },
          "sensitive_attributes": []
        },
        {
          "index_key": "vpc-cni",
          "schema_version": 0,
          "attributes": {
            "addon_name": "vpc-cni",
            "id": "vpc-cni",
            "kubernetes_version": "1.28",
            "most_recent": true,
            "version": "v1.19.5-eksbuild.3"
          },
          "sensitive_attributes": []
        }
      ]
    },
    {
      "module": "module.eks",
      "mode": "data",
      "type": "aws_iam_policy_document",
      "name": "assume_role_policy",
      "provider": "provider[\"registry.terraform.io/hashicorp/aws\"]",
      "instances": [
        {
          "index_key": 0,
          "schema_version": 0,
          "attributes": {
            "id": "2764486067",
            "json": "{\n  \"Version\": \"2012-10-17\",\n  \"Statement\": [\n    {\n      \"Sid\": \"EKSClusterAssumeRole\",\n      \"Effect\": \"Allow\",\n      \"Action\": \"sts:AssumeRole\",\n      \"Principal\": {\n        \"Service\": \"eks.amazonaws.com\"\n      }\n    }\n  ]\n}",
            "minified_json": "{\"Version\":\"2012-10-17\",\"Statement\":[{\"Sid\":\"EKSClusterAssumeRole\",\"Effect\":\"Allow\",\"Action\":\"sts:AssumeRole\",\"Principal\":{\"Service\":\"eks.amazonaws.com\"}}]}",
            "override_json": null,
            "override_policy_documents": null,
            "policy_id": null,
            "source_json": null,
            "source_policy_documents": null,
            "statement": [
              {
                "actions": [
                  "sts:AssumeRole"
                ],
                "condition": [],
                "effect": "Allow",
                "not_actions": [],
                "not_principals": [],
                "not_resources": [],
                "principals": [
                  {
                    "identifiers": [
                      "eks.amazonaws.com"
                    ],
                    "type": "Service"
                  }
                ],
                "resources": [],
                "sid": "EKSClusterAssumeRole"
              }
            ],
            "version": "2012-10-17"
          },
          "sensitive_attributes": []
        }
      ]
    },
    {
      "module": "module.eks",
      "mode": "data",
      "type": "aws_iam_policy_document",
      "name": "cni_ipv6_policy",
      "provider": "provider[\"registry.terraform.io/hashicorp/aws\"]",
      "instances": []
    },
    {
      "module": "module.eks",
      "mode": "data",
      "type": "aws_iam_session_context",
      "name": "current",
      "provider": "provider[\"registry.terraform.io/hashicorp/aws\"]",
      "instances": [
        {
          "schema_version": 0,
          "attributes": {
            "arn": "arn:aws:iam::826726045450:user/jorge_devops",
            "id": "arn:aws:iam::826726045450:user/jorge_devops",
            "issuer_arn": "arn:aws:iam::826726045450:user/jorge_devops",
            "issuer_id": "",
            "issuer_name": "",
            "session_name": ""
          },
          "sensitive_attributes": []
        }
      ]
    },
    {
      "module": "module.eks",
      "mode": "data",
      "type": "aws_partition",
      "name": "current",
      "provider": "provider[\"registry.terraform.io/hashicorp/aws\"]",
      "instances": [
        {
          "schema_version": 0,
          "attributes": {
            "dns_suffix": "amazonaws.com",
            "id": "aws",
            "partition": "aws",
            "reverse_dns_prefix": "com.amazonaws"
          },
          "sensitive_attributes": []
        }
      ]
    },
    {
      "module": "module.eks",
      "mode": "data",
      "type": "tls_certificate",
      "name": "this",
      "provider": "provider[\"registry.terraform.io/hashicorp/tls\"]",
      "instances": [
        {
          "index_key": 0,
          "schema_version": 0,
          "attributes": {
            "certificates": [
              {
                "cert_pem": "-----BEGIN CERTIFICATE-----\nMIIEdTCCA12gAwIBAgIJAKcOSkw0grd/MA0GCSqGSIb3DQEBCwUAMGgxCzAJBgNV\nBAYTAlVTMSUwIwYDVQQKExxTdGFyZmllbGQgVGVjaG5vbG9naWVzLCBJbmMuMTIw\nMAYDVQQLEylTdGFyZmllbGQgQ2xhc3MgMiBDZXJ0aWZpY2F0aW9uIEF1dGhvcml0\neTAeFw0wOTA5MDIwMDAwMDBaFw0zNDA2MjgxNzM5MTZaMIGYMQswCQYDVQQGEwJV\nUzEQMA4GA1UECBMHQXJpem9uYTETMBEGA1UEBxMKU2NvdHRzZGFsZTElMCMGA1UE\nChMcU3RhcmZpZWxkIFRlY2hub2xvZ2llcywgSW5jLjE7MDkGA1UEAxMyU3RhcmZp\nZWxkIFNlcnZpY2VzIFJvb3QgQ2VydGlmaWNhdGUgQXV0aG9yaXR5IC0gRzIwggEi\nMA0GCSqGSIb3DQEBAQUAA4IBDwAwggEKAoIBAQDVDDrEKvlO4vW+GZdfjohTsR8/\ny8+fIBNtKTrID30892t2OGPZNmCom15cAICyL1l/9of5JUOG52kbUpqQ4XHj2C0N\nTm/2yEnZtvMaVq4rtnQU68/7JuMauh2WLmo7WJSJR1b/JaCTcFOD2oR0FMNnngRo\nOt+OQFodSk7PQ5E751bWAHDLUu57fa4657wx+UX2wmDPE1kCK4DMNEffud6QZW0C\nzyyRpqbn3oUYSXxmTqM6bam17jQuug0DuDPfR+uxa40l2ZvOgdFFRjKWcIfeAg5J\nQ4W2bHO7ZOphQazJ1FTfhy/HIrImzJ9ZVGif/L4qL8RVHHVAYBeFAlU5i38FAgMB\nAAGjgfAwge0wDwYDVR0TAQH/BAUwAwEB/zAOBgNVHQ8BAf8EBAMCAYYwHQYDVR0O\nBBYEFJxfAN+qAdcwKziIorhtSpzyEZGDMB8GA1UdIwQYMBaAFL9ft9HO3R+G9FtV\nrNzXEMIOqYjnME8GCCsGAQUFBwEBBEMwQTAcBggrBgEFBQcwAYYQaHR0cDovL28u\nc3MyLnVzLzAhBggrBgEFBQcwAoYVaHR0cDovL3guc3MyLnVzL3guY2VyMCYGA1Ud\nHwQfMB0wG6AZoBeGFWh0dHA6Ly9zLnNzMi51cy9yLmNybDARBgNVHSAECjAIMAYG\nBFUdIAAwDQYJKoZIhvcNAQELBQADggEBACMd44pXyn3pF3lM8R5V/cxTbj5HD9/G\nVfKyBDbtgB9TxF00KGu+x1X8Z+rLP3+QsjPNG1gQggL4+C/1E2DUBc7xgQjB3ad1\nl08YuW3e95ORCLp+QCztweq7dp4zBncdDQh/U90bZKuCJ/Fp1U1ervShw3WnWEQt\n8jxwmKy6abaVd38PMV4s/KCHOkdp8Hlf9BRUpJVeEXgSYCfOn8J3/yNTd126/+pZ\n59vPr5KW7ySaNRB6nJHGDn2Z9j8Z3/VyVOEVqQdZe4O/Ui5GjLIAZHYcSNPYeehu\nVsyuLAOQ1xk4meTKCRlb/weWsKh/NEnfVqn3sF/tM+2MR7cwA130A4w=\n-----END CERTIFICATE-----\n",
                "is_ca": true,
                "issuer": "OU=Starfield Class 2 Certification Authority,O=Starfield Technologies\\, Inc.,C=US",
                "not_after": "2034-06-28T17:39:16Z",
                "not_before": "2009-09-02T00:00:00Z",
                "public_key_algorithm": "RSA",
                "serial_number": "12037640545166866303",
                "sha1_fingerprint": "9e99a48a9960b14926bb7f3b02e22da2b0ab7280",
                "signature_algorithm": "SHA256-RSA",
                "subject": "CN=Starfield Services Root Certificate Authority - G2,O=Starfield Technologies\\, Inc.,L=Scottsdale,ST=Arizona,C=US",
                "version": 3
              },
              {
                "cert_pem": "-----BEGIN CERTIFICATE-----\nMIIEkjCCA3qgAwIBAgITBn+USionzfP6wq4rAfkI7rnExjANBgkqhkiG9w0BAQsF\nADCBmDELMAkGA1UEBhMCVVMxEDAOBgNVBAgTB0FyaXpvbmExEzARBgNVBAcTClNj\nb3R0c2RhbGUxJTAjBgNVBAoTHFN0YXJmaWVsZCBUZWNobm9sb2dpZXMsIEluYy4x\nOzA5BgNVBAMTMlN0YXJmaWVsZCBTZXJ2aWNlcyBSb290IENlcnRpZmljYXRlIEF1\ndGhvcml0eSAtIEcyMB4XDTE1MDUyNTEyMDAwMFoXDTM3MTIzMTAxMDAwMFowOTEL\nMAkGA1UEBhMCVVMxDzANBgNVBAoTBkFtYXpvbjEZMBcGA1UEAxMQQW1hem9uIFJv\nb3QgQ0EgMTCCASIwDQYJKoZIhvcNAQEBBQADggEPADCCAQoCggEBALJ4gHHKeNXj\nca9HgFB0fW7Y14h29Jlo91ghYPl0hAEvrAIthtOgQ3pOsqTQNroBvo3bSMgHFzZM\n9O6II8c+6zf1tRn4SWiw3te5djgdYZ6k/oI2peVKVuRF4fn9tBb6dNqcmzU5L/qw\nIFAGbHrQgLKm+a/sRxmPUDgH3KKHOVj4utWp+UhnMJbulHheb4mjUcAwhmahRWa6\nVOujw5H5SNz/0egwLX0tdHA114gk957EWW67c4cX8jJGKLhD+rcdqsq08p8kDi1L\n93FcXmn/6pUCyziKrlA4b9v7LWIbxcceVOF34GfID5yHI9Y/QCB/IIDEgEw+OyQm\njgSubJrIqg0CAwEAAaOCATEwggEtMA8GA1UdEwEB/wQFMAMBAf8wDgYDVR0PAQH/\nBAQDAgGGMB0GA1UdDgQWBBSEGMyFNOy8DJSULghZnMeyEE4KCDAfBgNVHSMEGDAW\ngBScXwDfqgHXMCs4iKK4bUqc8hGRgzB4BggrBgEFBQcBAQRsMGowLgYIKwYBBQUH\nMAGGImh0dHA6Ly9vY3NwLnJvb3RnMi5hbWF6b250cnVzdC5jb20wOAYIKwYBBQUH\nMAKGLGh0dHA6Ly9jcnQucm9vdGcyLmFtYXpvbnRydXN0LmNvbS9yb290ZzIuY2Vy\nMD0GA1UdHwQ2MDQwMqAwoC6GLGh0dHA6Ly9jcmwucm9vdGcyLmFtYXpvbnRydXN0\nLmNvbS9yb290ZzIuY3JsMBEGA1UdIAQKMAgwBgYEVR0gADANBgkqhkiG9w0BAQsF\nAAOCAQEAYjdCXLwQtT6LLOkMm2xF4gcAevnFWAu5CIw+7bMlPLVvUOTNNWqnkzSW\nMiGpSESrnO09tKpzbeR/FoCJbM8oAxiDR3mjEH4wW6w7sGDgd9QIpuEdfF7Au/ma\neyKdpwAJfqxGF4PcnCZXmTA5YpaP7dreqsXMGz7KQ2hsVxa81Q4gLv7/wmpdLqBK\nbRRYh5TmOTFffHPLkIhqhBGWJ6bt2YFGpn6jcgAKUj6DiAdjd4lpFw85hdKrCEVN\n0FE6/V1dN2RMfjCyVSRCnTawXZwXgWHxyvkQAiSr6w10kY17RSlQOYiypok1JR4U\nakcjMS9cmvqtmg5iUaQqqcT5NJ0hGA==\n-----END CERTIFICATE-----\n",
                "is_ca": true,
                "issuer": "CN=Starfield Services Root Certificate Authority - G2,O=Starfield Technologies\\, Inc.,L=Scottsdale,ST=Arizona,C=US",
                "not_after": "2037-12-31T01:00:00Z",
                "not_before": "2015-05-25T12:00:00Z",
                "public_key_algorithm": "RSA",
                "serial_number": "144918191876577076464031512351042010504348870",
                "sha1_fingerprint": "06b25927c42a721631c1efd9431e648fa62e1e39",
                "signature_algorithm": "SHA256-RSA",
                "subject": "CN=Amazon Root CA 1,O=Amazon,C=US",
                "version": 3
              },
              {
                "cert_pem": "-----BEGIN CERTIFICATE-----\nMIIEXjCCA0agAwIBAgITB3MSTNQG0mfAmRzdKZqfODF5hTANBgkqhkiG9w0BAQsF\nADA5MQswCQYDVQQGEwJVUzEPMA0GA1UEChMGQW1hem9uMRkwFwYDVQQDExBBbWF6\nb24gUm9vdCBDQSAxMB4XDTIyMDgyMzIyMjYwNFoXDTMwMDgyMzIyMjYwNFowPDEL\nMAkGA1UEBhMCVVMxDzANBgNVBAoTBkFtYXpvbjEcMBoGA1UEAxMTQW1hem9uIFJT\nQSAyMDQ4IE0wMzCCASIwDQYJKoZIhvcNAQEBBQADggEPADCCAQoCggEBALd/pVko\n8vuM475Tf45HV3BbCl/B9Jy89G1CRkFjcPY06WA9lS+7dWbUA7GtWUKoksr69hKM\nwcMsNpxlw7b3jeXFgxB09/nmalcAWtnLzF+LaDKEA5DQmvKzuh1nfIfqEiKCQSmX\nXh09Xs+dO7cm5qbaL2hhNJCSAejciwcvOFgFNgEMR42wm6KIFHsQW28jhA+1u/M0\np6fVwReuEgZfLfdx82Px0LJck3lST3EB/JfbdsdOzzzg5YkY1dfuqf8y5fUeZ7Cz\nWXbTjujwX/TovmeWKA36VLCz75azW6tDNuDn66FOpADZZ9omVaF6BqNJiLMVl6P3\n/c0OiUMC6Z5OfKcCAwEAAaOCAVowggFWMBIGA1UdEwEB/wQIMAYBAf8CAQAwDgYD\nVR0PAQH/BAQDAgGGMB0GA1UdJQQWMBQGCCsGAQUFBwMBBggrBgEFBQcDAjAdBgNV\nHQ4EFgQUVdkYX9IczAHhWLS+q9lVQgHXLgIwHwYDVR0jBBgwFoAUhBjMhTTsvAyU\nlC4IWZzHshBOCggwewYIKwYBBQUHAQEEbzBtMC8GCCsGAQUFBzABhiNodHRwOi8v\nb2NzcC5yb290Y2ExLmFtYXpvbnRydXN0LmNvbTA6BggrBgEFBQcwAoYuaHR0cDov\nL2NydC5yb290Y2ExLmFtYXpvbnRydXN0LmNvbS9yb290Y2ExLmNlcjA/BgNVHR8E\nODA2MDSgMqAwhi5odHRwOi8vY3JsLnJvb3RjYTEuYW1hem9udHJ1c3QuY29tL3Jv\nb3RjYTEuY3JsMBMGA1UdIAQMMAowCAYGZ4EMAQIBMA0GCSqGSIb3DQEBCwUAA4IB\nAQAGjeWm2cC+3z2MzSCnte46/7JZvj3iQZDY7EvODNdZF41n71Lrk9kbfNwerK0d\nVNzW36Wefr7j7ZSwBVg50W5ay65jNSN74TTQV1yt4WnSbVvN6KlMs1hiyOZdoHKs\nKDV2UGNxbdoBYCQNa2GYF8FQIWLugNp35aSOpMy6cFlymFQomIrnOQHwK1nvVY4q\nxDSJMU/gNJz17D8ArPN3ngnyZ2TwepJ0uBINz3G5te2rdFUF4i4Y3Bb7FUlHDYm4\nu8aIRGpk2ZpfXmxaoxnbIBZRvGLPSUuPwnwoUOMsJ8jirI5vs2dvchPb7MtI1rle\ni02f2ivH2vxkjDLltSpe2fiC\n-----END CERTIFICATE-----\n",
                "is_ca": true,
                "issuer": "CN=Amazon Root CA 1,O=Amazon,C=US",
                "not_after": "2030-08-23T22:26:04Z",
                "not_before": "2022-08-23T22:26:04Z",
                "public_key_algorithm": "RSA",
                "serial_number": "166129356476704345391986644047206454194698629",
                "sha1_fingerprint": "d9fe0a65fa00cabf61f5120d373a8135e1461f15",
                "signature_algorithm": "SHA256-RSA",
                "subject": "CN=Amazon RSA 2048 M03,O=Amazon,C=US",
                "version": 3
              },
              {
                "cert_pem": "-----BEGIN CERTIFICATE-----\nMIIF5zCCBM+gAwIBAgIQB8/B5LYdWaaSLNb9DZLprTANBgkqhkiG9w0BAQsFADA8\nMQswCQYDVQQGEwJVUzEPMA0GA1UEChMGQW1hem9uMRwwGgYDVQQDExNBbWF6b24g\nUlNBIDIwNDggTTAzMB4XDTI1MDIyNjAwMDAwMFoXDTI2MDMyNzIzNTk1OVowKDEm\nMCQGA1UEAwwdKi5la3MudXMtZWFzdC0xLmFtYXpvbmF3cy5jb20wggEiMA0GCSqG\nSIb3DQEBAQUAA4IBDwAwggEKAoIBAQCoHWcgrIv/D6CxSXSxAq0GuOPoCJqnVz6U\nMhp1YLE9OZs3jH8EfYlNpGtqOtLa1vZb8Lp4CZdATHTj1SoK01MwmXXIDm2Jj+Km\niQvZ0BBe5xroDWvf3r/LWG/WMkRtR4F+qPb9pVYlM9N3WZdSAKfTQTowGxebugLc\nM/+ZLvAxxdtaXK+LID6JRKRa2BIRHcfILiNJo7vIS/I+DOqXn9Rb0VFnkpYpGE+k\nm47kVkFFsToior7zlAwPv6VWsm+zZV9zNnCpu9FpJ3vkZE9OGHS6aChtSya2Qpyr\njyF98KIFTQ+FKtDZHf9XLHmV5v/IP2bWk7lzmPYW4PwcPhDUmC9PAgMBAAGjggL3\nMIIC8zAfBgNVHSMEGDAWgBRV2Rhf0hzMAeFYtL6r2VVCAdcuAjAdBgNVHQ4EFgQU\n6mCbzMC1FaJuw7tKpv7muQZDZrowKAYDVR0RBCEwH4IdKi5la3MudXMtZWFzdC0x\nLmFtYXpvbmF3cy5jb20wEwYDVR0gBAwwCjAIBgZngQwBAgEwDgYDVR0PAQH/BAQD\nAgWgMB0GA1UdJQQWMBQGCCsGAQUFBwMBBggrBgEFBQcDAjA7BgNVHR8ENDAyMDCg\nLqAshipodHRwOi8vY3JsLnIybTAzLmFtYXpvbnRydXN0LmNvbS9yMm0wMy5jcmww\ndQYIKwYBBQUHAQEEaTBnMC0GCCsGAQUFBzABhiFodHRwOi8vb2NzcC5yMm0wMy5h\nbWF6b250cnVzdC5jb20wNgYIKwYBBQUHMAKGKmh0dHA6Ly9jcnQucjJtMDMuYW1h\nem9udHJ1c3QuY29tL3IybTAzLmNlcjAMBgNVHRMBAf8EAjAAMIIBfwYKKwYBBAHW\neQIEAgSCAW8EggFrAWkAdgAOV5S8866pPjMbLJkHs/eQ35vCPXEyJd0hqSWsYcVO\nIQAAAZVBW4SGAAAEAwBHMEUCIQC+CghIdRNpEnK+JGxaeHOel/pYJSUsog1eklre\nLGmoTwIgAj1vm4d6u/93S7GVfw7qotajiMfgHeEf7lANQf0mxf4AdgBkEcRspBLs\np4kcogIuALyrTygH1B41J6vq/tUDyX3N8AAAAZVBW4Q1AAAEAwBHMEUCIAYyeDIv\nJD1IhUkb1E59cbCwTcAYChrSArEZOOAib3dJAiEAix8XjjqXhMNuji/u2fzLxeZ7\nc5PCtDHWx3Ky7QYBfCUAdwBJnJtp3h187Pw23s2HZKa4W68Kh4AZ0VVS++nrKd34\nwwAAAZVBW4RMAAAEAwBIMEYCIQCsj67XcK6jtETNJEPTYPaFqJOMlNtM0TeJwGhm\nBc81sQIhAJoirhaQzC4ydAzLvjpVqKYyuqLktiHkTqFq8IGxBAkIMA0GCSqGSIb3\nDQEBCwUAA4IBAQAjjE2au5fdV/DrlD3e5zZ5hTB4CicIARTWvJQ6EsQm/vbXPoUY\nSHRZkOodq0AJWEC/RImGu8bnVY8RzGsELkMzI4A8UxdlH2YGP8obg6MfP6yGZaHM\nnS4wLX05EnmrABaoRB/apt7tE4w+yRa7QoxUgiTPpFzaQVv1mTcGaWMG55U8tPg7\nLXm539O4OBukbP8HNvjBZ8+N0RYrtG0u0M4FMX1hMKG0bkjJiU6MVZfGJWcgp7I4\nbd5cj5SfE1EHL70P7ELaocXjnWKbys9Mc870aoRXVfAC4bZWU6F9Ke3O7ioXXd5L\n0mKQwrjkiglpYaXc247Qi8IUCdk6s13xHJ4e\n-----END CERTIFICATE-----\n",
                "is_ca": false,
                "issuer": "CN=Amazon RSA 2048 M03,O=Amazon,C=US",
                "not_after": "2026-03-27T23:59:59Z",
                "not_before": "2025-02-26T00:00:00Z",
                "public_key_algorithm": "RSA",
                "serial_number": "10383334045647432453656403708671617453",
                "sha1_fingerprint": "63462dda480d8b900e0a7dbfaf6238a62ba4fce0",
                "signature_algorithm": "SHA256-RSA",
                "subject": "CN=*.eks.us-east-1.amazonaws.com",
                "version": 3
              }
            ],
            "content": null,
            "id": "922877a0975ad078a65b8ff11ebc47b8311945c7",
            "url": "https://oidc.eks.us-east-1.amazonaws.com/id/D24223D3DC20A5AA02FE2ECF3110D8BD",
            "verify_chain": true
          },
          "sensitive_attributes": []
        }
      ]
    },
    {
      "module": "module.eks",
      "mode": "managed",
      "type": "aws_cloudwatch_log_group",
      "name": "this",
      "provider": "provider[\"registry.terraform.io/hashicorp/aws\"]",
      "instances": [
        {
          "index_key": 0,
          "schema_version": 0,
          "attributes": {
            "arn": "arn:aws:logs:us-east-1:826726045450:log-group:/aws/eks/saas-hr-staging-eks-v2/cluster",
            "id": "/aws/eks/saas-hr-staging-eks-v2/cluster",
            "kms_key_id": "",
            "log_group_class": "STANDARD",
            "name": "/aws/eks/saas-hr-staging-eks-v2/cluster",
            "name_prefix": "",
            "retention_in_days": 90,
            "skip_destroy": false,
            "tags": {
              "Environment": "staging",
              "Name": "/aws/eks/saas-hr-staging-eks-v2/cluster",
              "Project": "saas-hr"
            },
            "tags_all": {
              "Environment": "staging",
              "ManagedBy": "Terraform",
              "Name": "/aws/eks/saas-hr-staging-eks-v2/cluster",
              "Project": "saas-hr"
            }
          },
          "sensitive_attributes": [],
          "private": "bnVsbA==",
          "dependencies": [
            "module.kms.aws_kms_alias.main",
            "module.kms.aws_kms_key.main",
            "module.kms.data.aws_caller_identity.current",
            "module.vpc.aws_cloudwatch_log_group.flow_log",
            "module.vpc.aws_db_subnet_group.database",
            "module.vpc.aws_eip.nat",
            "module.vpc.aws_flow_log.main",
            "module.vpc.aws_iam_policy.flow_log",
            "module.vpc.aws_iam_role.flow_log",
            "module.vpc.aws_iam_role_policy_attachment.flow_log",
            "module.vpc.aws_internet_gateway.main",
            "module.vpc.aws_nat_gateway.main",
            "module.vpc.aws_route_table.database",
            "module.vpc.aws_route_table.private",
            "module.vpc.aws_route_table.public",
            "module.vpc.aws_route_table_association.database",
            "module.vpc.aws_route_table_association.private",
            "module.vpc.aws_route_table_association.public",
            "module.vpc.aws_security_group.alb",
            "module.vpc.aws_security_group.default",
            "module.vpc.aws_security_group.workers",
            "module.vpc.aws_subnet.database",
            "module.vpc.aws_subnet.private",
            "module.vpc.aws_subnet.public",
            "module.vpc.aws_vpc.main",
            "module.vpc.aws_vpc_endpoint.s3"
          ],
          "create_before_destroy": true
        },
        {
          "index_key": 0,
          "deposed": "382aa243",
          "schema_version": 0,
          "attributes": {
            "arn": "arn:aws:logs:us-east-1:826726045450:log-group:/aws/eks/saas-hr-staging-eks/cluster",
            "id": "/aws/eks/saas-hr-staging-eks/cluster",
            "kms_key_id": "",
            "log_group_class": "STANDARD",
            "name": "/aws/eks/saas-hr-staging-eks/cluster",
            "name_prefix": "",
            "retention_in_days": 90,
            "skip_destroy": false,
            "tags": {
              "Environment": "staging",
              "Name": "/aws/eks/saas-hr-staging-eks/cluster",
              "Project": "saas-hr"
            },
            "tags_all": {
              "Environment": "staging",
              "ManagedBy": "Terraform",
              "Name": "/aws/eks/saas-hr-staging-eks/cluster",
              "Project": "saas-hr"
            }
          },
          "sensitive_attributes": [],
          "private": "bnVsbA==",
          "dependencies": [
            "module.kms.aws_kms_alias.main",
            "module.kms.aws_kms_key.main",
            "module.kms.data.aws_caller_identity.current",
            "module.vpc.aws_cloudwatch_log_group.flow_log",
            "module.vpc.aws_db_subnet_group.database",
            "module.vpc.aws_eip.nat",
            "module.vpc.aws_flow_log.main",
            "module.vpc.aws_iam_policy.flow_log",
            "module.vpc.aws_iam_role.flow_log",
            "module.vpc.aws_iam_role_policy_attachment.flow_log",
            "module.vpc.aws_internet_gateway.main",
            "module.vpc.aws_nat_gateway.main",
            "module.vpc.aws_route_table.database",
            "module.vpc.aws_route_table.private",
            "module.vpc.aws_route_table.public",
            "module.vpc.aws_route_table_association.database",
            "module.vpc.aws_route_table_association.private",
            "module.vpc.aws_route_table_association.public",
            "module.vpc.aws_security_group.alb",
            "module.vpc.aws_security_group.default",
            "module.vpc.aws_security_group.workers",
            "module.vpc.aws_subnet.database",
            "module.vpc.aws_subnet.private",
            "module.vpc.aws_subnet.public",
            "module.vpc.aws_vpc.main",
            "module.vpc.aws_vpc_endpoint.s3"
          ],
          "create_before_destroy": true
        }
      ]
    },
    {
      "module": "module.eks",
      "mode": "managed",
      "type": "aws_ec2_tag",
      "name": "cluster_primary_security_group",
      "provider": "provider[\"registry.terraform.io/hashicorp/aws\"]",
      "instances": [
        {
          "index_key": "Environment",
          "schema_version": 0,
          "attributes": {
            "id": "sg-0302797cd4517b0d4,Environment",
            "key": "Environment",
            "resource_id": "sg-0302797cd4517b0d4",
            "value": "staging"
          },
          "sensitive_attributes": [],
          "private": "bnVsbA==",
          "dependencies": [
            "module.eks.aws_cloudwatch_log_group.this",
            "module.eks.aws_eks_cluster.this",
            "module.eks.aws_iam_policy.cni_ipv6_policy",
            "module.eks.aws_iam_role.this",
            "module.eks.aws_iam_role_policy_attachment.this",
            "module.eks.aws_security_group.cluster",
            "module.eks.aws_security_group.node",
            "module.eks.aws_security_group_rule.cluster",
            "module.eks.aws_security_group_rule.node",
            "module.eks.data.aws_caller_identity.current",
            "module.eks.data.aws_iam_policy_document.assume_role_policy",
            "module.eks.data.aws_iam_policy_document.cni_ipv6_policy",
            "module.eks.data.aws_iam_session_context.current",
            "module.eks.data.aws_partition.current",
            "module.eks.module.kms.aws_kms_external_key.this",
            "module.eks.module.kms.aws_kms_key.this",
            "module.eks.module.kms.aws_kms_replica_external_key.this",
            "module.eks.module.kms.aws_kms_replica_key.this",
            "module.eks.module.kms.data.aws_caller_identity.current",
            "module.eks.module.kms.data.aws_iam_policy_document.this",
            "module.eks.module.kms.data.aws_partition.current",
            "module.kms.aws_kms_alias.main",
            "module.kms.aws_kms_key.main",
            "module.kms.data.aws_caller_identity.current",
            "module.vpc.aws_cloudwatch_log_group.flow_log",
            "module.vpc.aws_db_subnet_group.database",
            "module.vpc.aws_eip.nat",
            "module.vpc.aws_flow_log.main",
            "module.vpc.aws_iam_policy.flow_log",
            "module.vpc.aws_iam_role.flow_log",
            "module.vpc.aws_iam_role_policy_attachment.flow_log",
            "module.vpc.aws_internet_gateway.main",
            "module.vpc.aws_nat_gateway.main",
            "module.vpc.aws_route_table.database",
            "module.vpc.aws_route_table.private",
            "module.vpc.aws_route_table.public",
            "module.vpc.aws_route_table_association.database",
            "module.vpc.aws_route_table_association.private",
            "module.vpc.aws_route_table_association.public",
            "module.vpc.aws_security_group.alb",
            "module.vpc.aws_security_group.default",
            "module.vpc.aws_security_group.workers",
            "module.vpc.aws_subnet.database",
            "module.vpc.aws_subnet.private",
            "module.vpc.aws_subnet.public",
            "module.vpc.aws_vpc.main",
            "module.vpc.aws_vpc_endpoint.s3"
          ],
          "create_before_destroy": true
        },
        {
          "index_key": "Project",
          "schema_version": 0,
          "attributes": {
            "id": "sg-0302797cd4517b0d4,Project",
            "key": "Project",
            "resource_id": "sg-0302797cd4517b0d4",
            "value": "saas-hr"
          },
          "sensitive_attributes": [],
          "private": "bnVsbA==",
          "dependencies": [
            "module.eks.aws_cloudwatch_log_group.this",
            "module.eks.aws_eks_cluster.this",
            "module.eks.aws_iam_policy.cni_ipv6_policy",
            "module.eks.aws_iam_role.this",
            "module.eks.aws_iam_role_policy_attachment.this",
            "module.eks.aws_security_group.cluster",
            "module.eks.aws_security_group.node",
            "module.eks.aws_security_group_rule.cluster",
            "module.eks.aws_security_group_rule.node",
            "module.eks.data.aws_caller_identity.current",
            "module.eks.data.aws_iam_policy_document.assume_role_policy",
            "module.eks.data.aws_iam_policy_document.cni_ipv6_policy",
            "module.eks.data.aws_iam_session_context.current",
            "module.eks.data.aws_partition.current",
            "module.eks.module.kms.aws_kms_external_key.this",
            "module.eks.module.kms.aws_kms_key.this",
            "module.eks.module.kms.aws_kms_replica_external_key.this",
            "module.eks.module.kms.aws_kms_replica_key.this",
            "module.eks.module.kms.data.aws_caller_identity.current",
            "module.eks.module.kms.data.aws_iam_policy_document.this",
            "module.eks.module.kms.data.aws_partition.current",
            "module.kms.aws_kms_alias.main",
            "module.kms.aws_kms_key.main",
            "module.kms.data.aws_caller_identity.current",
            "module.vpc.aws_cloudwatch_log_group.flow_log",
            "module.vpc.aws_db_subnet_group.database",
            "module.vpc.aws_eip.nat",
            "module.vpc.aws_flow_log.main",
            "module.vpc.aws_iam_policy.flow_log",
            "module.vpc.aws_iam_role.flow_log",
            "module.vpc.aws_iam_role_policy_attachment.flow_log",
            "module.vpc.aws_internet_gateway.main",
            "module.vpc.aws_nat_gateway.main",
            "module.vpc.aws_route_table.database",
            "module.vpc.aws_route_table.private",
            "module.vpc.aws_route_table.public",
            "module.vpc.aws_route_table_association.database",
            "module.vpc.aws_route_table_association.private",
            "module.vpc.aws_route_table_association.public",
            "module.vpc.aws_security_group.alb",
            "module.vpc.aws_security_group.default",
            "module.vpc.aws_security_group.workers",
            "module.vpc.aws_subnet.database",
            "module.vpc.aws_subnet.private",
            "module.vpc.aws_subnet.public",
            "module.vpc.aws_vpc.main",
            "module.vpc.aws_vpc_endpoint.s3"
          ],
          "create_before_destroy": true
        }
      ]
    },
    {
      "module": "module.eks",
      "mode": "managed",
      "type": "aws_eks_addon",
      "name": "before_compute",
      "provider": "provider[\"registry.terraform.io/hashicorp/aws\"]",
      "instances": []
    },
    {
      "module": "module.eks",
      "mode": "managed",
      "type": "aws_eks_addon",
      "name": "this",
      "provider": "provider[\"registry.terraform.io/hashicorp/aws\"]",
      "instances": [
        {
          "index_key": "coredns",
          "schema_version": 0,
          "attributes": {
            "addon_name": "coredns",
            "addon_version": "v1.10.1-eksbuild.18",
            "arn": "arn:aws:eks:us-east-1:826726045450:addon/saas-hr-staging-eks-v2/coredns/a8cb8765-ef82-d342-614c-f36a92956cd8",
            "cluster_name": "saas-hr-staging-eks-v2",
            "configuration_values": "",
            "created_at": "2025-05-26T22:52:11Z",
            "id": "saas-hr-staging-eks-v2:coredns",
            "modified_at": "2025-05-26T22:52:53Z",
            "pod_identity_association": [],
            "preserve": null,
            "resolve_conflicts": "OVERWRITE",
            "resolve_conflicts_on_create": null,
            "resolve_conflicts_on_update": null,
            "service_account_role_arn": "",
            "tags": {
              "Environment": "staging",
              "Project": "saas-hr"
            },
            "tags_all": {
              "Environment": "staging",
              "ManagedBy": "Terraform",
              "Project": "saas-hr"
            },
            "timeouts": {
              "create": null,
              "delete": null,
              "update": null
            }
          },
          "sensitive_attributes": [],
          "private": "eyJlMmJmYjczMC1lY2FhLTExZTYtOGY4OC0zNDM2M2JjN2M0YzAiOnsiY3JlYXRlIjoxMjAwMDAwMDAwMDAwLCJkZWxldGUiOjI0MDAwMDAwMDAwMDAsInVwZGF0ZSI6MTIwMDAwMDAwMDAwMH19",
          "dependencies": [
            "module.eks.aws_cloudwatch_log_group.this",
            "module.eks.aws_eks_cluster.this",
            "module.eks.aws_iam_policy.cni_ipv6_policy",
            "module.eks.aws_iam_role.this",
            "module.eks.aws_iam_role_policy_attachment.this",
            "module.eks.aws_security_group.cluster",
            "module.eks.aws_security_group.node",
            "module.eks.aws_security_group_rule.cluster",
            "module.eks.aws_security_group_rule.node",
            "module.eks.data.aws_caller_identity.current",
            "module.eks.data.aws_eks_addon_version.this",
            "module.eks.data.aws_iam_policy_document.assume_role_policy",
            "module.eks.data.aws_iam_policy_document.cni_ipv6_policy",
            "module.eks.data.aws_iam_session_context.current",
            "module.eks.data.aws_partition.current",
            "module.eks.module.eks_managed_node_group.aws_autoscaling_schedule.this",
            "module.eks.module.eks_managed_node_group.aws_eks_node_group.this",
            "module.eks.module.eks_managed_node_group.aws_iam_role.this",
            "module.eks.module.eks_managed_node_group.aws_iam_role_policy_attachment.additional",
            "module.eks.module.eks_managed_node_group.aws_iam_role_policy_attachment.this",
            "module.eks.module.eks_managed_node_group.aws_launch_template.this",
            "module.eks.module.eks_managed_node_group.data.aws_caller_identity.current",
            "module.eks.module.eks_managed_node_group.data.aws_iam_policy_document.assume_role_policy",
            "module.eks.module.eks_managed_node_group.data.aws_partition.current",
            "module.eks.module.eks_managed_node_group.module.user_data.data.cloudinit_config.linux_eks_managed_node_group",
            "module.eks.module.fargate_profile.aws_eks_fargate_profile.this",
            "module.eks.module.fargate_profile.aws_iam_role.this",
            "module.eks.module.fargate_profile.aws_iam_role_policy_attachment.additional",
            "module.eks.module.fargate_profile.aws_iam_role_policy_attachment.this",
            "module.eks.module.fargate_profile.data.aws_caller_identity.current",
            "module.eks.module.fargate_profile.data.aws_iam_policy_document.assume_role_policy",
            "module.eks.module.fargate_profile.data.aws_partition.current",
            "module.eks.module.kms.aws_kms_external_key.this",
            "module.eks.module.kms.aws_kms_key.this",
            "module.eks.module.kms.aws_kms_replica_external_key.this",
            "module.eks.module.kms.aws_kms_replica_key.this",
            "module.eks.module.kms.data.aws_caller_identity.current",
            "module.eks.module.kms.data.aws_iam_policy_document.this",
            "module.eks.module.kms.data.aws_partition.current",
            "module.eks.module.self_managed_node_group.aws_autoscaling_group.this",
            "module.eks.module.self_managed_node_group.aws_autoscaling_schedule.this",
            "module.eks.module.self_managed_node_group.aws_iam_instance_profile.this",
            "module.eks.module.self_managed_node_group.aws_iam_role.this",
            "module.eks.module.self_managed_node_group.aws_iam_role_policy_attachment.additional",
            "module.eks.module.self_managed_node_group.aws_iam_role_policy_attachment.this",
            "module.eks.module.self_managed_node_group.aws_launch_template.this",
            "module.eks.module.self_managed_node_group.data.aws_ami.eks_default",
            "module.eks.module.self_managed_node_group.data.aws_caller_identity.current",
            "module.eks.module.self_managed_node_group.data.aws_iam_policy_document.assume_role_policy",
            "module.eks.module.self_managed_node_group.data.aws_partition.current",
            "module.eks.module.self_managed_node_group.module.user_data.data.cloudinit_config.linux_eks_managed_node_group",
            "module.eks.time_sleep.this",
            "module.kms.aws_kms_alias.main",
            "module.kms.aws_kms_key.main",
            "module.kms.data.aws_caller_identity.current",
            "module.vpc.aws_cloudwatch_log_group.flow_log",
            "module.vpc.aws_db_subnet_group.database",
            "module.vpc.aws_eip.nat",
            "module.vpc.aws_flow_log.main",
            "module.vpc.aws_iam_policy.flow_log",
            "module.vpc.aws_iam_role.flow_log",
            "module.vpc.aws_iam_role_policy_attachment.flow_log",
            "module.vpc.aws_internet_gateway.main",
            "module.vpc.aws_nat_gateway.main",
            "module.vpc.aws_route_table.database",
            "module.vpc.aws_route_table.private",
            "module.vpc.aws_route_table.public",
            "module.vpc.aws_route_table_association.database",
            "module.vpc.aws_route_table_association.private",
            "module.vpc.aws_route_table_association.public",
            "module.vpc.aws_security_group.alb",
            "module.vpc.aws_security_group.default",
            "module.vpc.aws_security_group.workers",
            "module.vpc.aws_subnet.database",
            "module.vpc.aws_subnet.private",
            "module.vpc.aws_subnet.public",
            "module.vpc.aws_vpc.main",
            "module.vpc.aws_vpc_endpoint.s3"
          ],
          "create_before_destroy": true
        },
        {
          "index_key": "kube-proxy",
          "schema_version": 0,
          "attributes": {
            "addon_name": "kube-proxy",
            "addon_version": "v1.28.15-eksbuild.20",
            "arn": "arn:aws:eks:us-east-1:826726045450:addon/saas-hr-staging-eks-v2/kube-proxy/30cb8765-ef84-25d2-13e2-38d85b62c76d",
            "cluster_name": "saas-hr-staging-eks-v2",
            "configuration_values": "",
            "created_at": "2025-05-26T22:52:11Z",
            "id": "saas-hr-staging-eks-v2:kube-proxy",
            "modified_at": "2025-05-26T22:52:48Z",
            "pod_identity_association": [],
            "preserve": null,
            "resolve_conflicts": "OVERWRITE",
            "resolve_conflicts_on_create": null,
            "resolve_conflicts_on_update": null,
            "service_account_role_arn": "",
            "tags": {
              "Environment": "staging",
              "Project": "saas-hr"
            },
            "tags_all": {
              "Environment": "staging",
              "ManagedBy": "Terraform",
              "Project": "saas-hr"
            },
            "timeouts": {
              "create": null,
              "delete": null,
              "update": null
            }
          },
          "sensitive_attributes": [],
          "private": "eyJlMmJmYjczMC1lY2FhLTExZTYtOGY4OC0zNDM2M2JjN2M0YzAiOnsiY3JlYXRlIjoxMjAwMDAwMDAwMDAwLCJkZWxldGUiOjI0MDAwMDAwMDAwMDAsInVwZGF0ZSI6MTIwMDAwMDAwMDAwMH19",
          "dependencies": [
            "module.eks.aws_cloudwatch_log_group.this",
            "module.eks.aws_eks_cluster.this",
            "module.eks.aws_iam_policy.cni_ipv6_policy",
            "module.eks.aws_iam_role.this",
            "module.eks.aws_iam_role_policy_attachment.this",
            "module.eks.aws_security_group.cluster",
            "module.eks.aws_security_group.node",
            "module.eks.aws_security_group_rule.cluster",
            "module.eks.aws_security_group_rule.node",
            "module.eks.data.aws_caller_identity.current",
            "module.eks.data.aws_eks_addon_version.this",
            "module.eks.data.aws_iam_policy_document.assume_role_policy",
            "module.eks.data.aws_iam_policy_document.cni_ipv6_policy",
            "module.eks.data.aws_iam_session_context.current",
            "module.eks.data.aws_partition.current",
            "module.eks.module.eks_managed_node_group.aws_autoscaling_schedule.this",
            "module.eks.module.eks_managed_node_group.aws_eks_node_group.this",
            "module.eks.module.eks_managed_node_group.aws_iam_role.this",
            "module.eks.module.eks_managed_node_group.aws_iam_role_policy_attachment.additional",
            "module.eks.module.eks_managed_node_group.aws_iam_role_policy_attachment.this",
            "module.eks.module.eks_managed_node_group.aws_launch_template.this",
            "module.eks.module.eks_managed_node_group.data.aws_caller_identity.current",
            "module.eks.module.eks_managed_node_group.data.aws_iam_policy_document.assume_role_policy",
            "module.eks.module.eks_managed_node_group.data.aws_partition.current",
            "module.eks.module.eks_managed_node_group.module.user_data.data.cloudinit_config.linux_eks_managed_node_group",
            "module.eks.module.fargate_profile.aws_eks_fargate_profile.this",
            "module.eks.module.fargate_profile.aws_iam_role.this",
            "module.eks.module.fargate_profile.aws_iam_role_policy_attachment.additional",
            "module.eks.module.fargate_profile.aws_iam_role_policy_attachment.this",
            "module.eks.module.fargate_profile.data.aws_caller_identity.current",
            "module.eks.module.fargate_profile.data.aws_iam_policy_document.assume_role_policy",
            "module.eks.module.fargate_profile.data.aws_partition.current",
            "module.eks.module.kms.aws_kms_external_key.this",
            "module.eks.module.kms.aws_kms_key.this",
            "module.eks.module.kms.aws_kms_replica_external_key.this",
            "module.eks.module.kms.aws_kms_replica_key.this",
            "module.eks.module.kms.data.aws_caller_identity.current",
            "module.eks.module.kms.data.aws_iam_policy_document.this",
            "module.eks.module.kms.data.aws_partition.current",
            "module.eks.module.self_managed_node_group.aws_autoscaling_group.this",
            "module.eks.module.self_managed_node_group.aws_autoscaling_schedule.this",
            "module.eks.module.self_managed_node_group.aws_iam_instance_profile.this",
            "module.eks.module.self_managed_node_group.aws_iam_role.this",
            "module.eks.module.self_managed_node_group.aws_iam_role_policy_attachment.additional",
            "module.eks.module.self_managed_node_group.aws_iam_role_policy_attachment.this",
            "module.eks.module.self_managed_node_group.aws_launch_template.this",
            "module.eks.module.self_managed_node_group.data.aws_ami.eks_default",
            "module.eks.module.self_managed_node_group.data.aws_caller_identity.current",
            "module.eks.module.self_managed_node_group.data.aws_iam_policy_document.assume_role_policy",
            "module.eks.module.self_managed_node_group.data.aws_partition.current",
            "module.eks.module.self_managed_node_group.module.user_data.data.cloudinit_config.linux_eks_managed_node_group",
            "module.eks.time_sleep.this",
            "module.kms.aws_kms_alias.main",
            "module.kms.aws_kms_key.main",
            "module.kms.data.aws_caller_identity.current",
            "module.vpc.aws_cloudwatch_log_group.flow_log",
            "module.vpc.aws_db_subnet_group.database",
            "module.vpc.aws_eip.nat",
            "module.vpc.aws_flow_log.main",
            "module.vpc.aws_iam_policy.flow_log",
            "module.vpc.aws_iam_role.flow_log",
            "module.vpc.aws_iam_role_policy_attachment.flow_log",
            "module.vpc.aws_internet_gateway.main",
            "module.vpc.aws_nat_gateway.main",
            "module.vpc.aws_route_table.database",
            "module.vpc.aws_route_table.private",
            "module.vpc.aws_route_table.public",
            "module.vpc.aws_route_table_association.database",
            "module.vpc.aws_route_table_association.private",
            "module.vpc.aws_route_table_association.public",
            "module.vpc.aws_security_group.alb",
            "module.vpc.aws_security_group.default",
            "module.vpc.aws_security_group.workers",
            "module.vpc.aws_subnet.database",
            "module.vpc.aws_subnet.private",
            "module.vpc.aws_subnet.public",
            "module.vpc.aws_vpc.main",
            "module.vpc.aws_vpc_endpoint.s3"
          ],
          "create_before_destroy": true
        },
        {
          "index_key": "vpc-cni",
          "schema_version": 0,
          "attributes": {
            "addon_name": "vpc-cni",
            "addon_version": "v1.19.5-eksbuild.3",
            "arn": "arn:aws:eks:us-east-1:826726045450:addon/saas-hr-staging-eks-v2/vpc-cni/d2cb8765-ef7a-9ec8-621a-19891ae96330",
            "cluster_name": "saas-hr-staging-eks-v2",
            "configuration_values": "",
            "created_at": "2025-05-26T22:52:11Z",
            "id": "saas-hr-staging-eks-v2:vpc-cni",
            "modified_at": "2025-05-26T22:52:49Z",
            "pod_identity_association": [],
            "preserve": null,
            "resolve_conflicts": "OVERWRITE",
            "resolve_conflicts_on_create": null,
            "resolve_conflicts_on_update": null,
            "service_account_role_arn": "",
            "tags": {
              "Environment": "staging",
              "Project": "saas-hr"
            },
            "tags_all": {
              "Environment": "staging",
              "ManagedBy": "Terraform",
              "Project": "saas-hr"
            },
            "timeouts": {
              "create": null,
              "delete": null,
              "update": null
            }
          },
          "sensitive_attributes": [],
          "private": "eyJlMmJmYjczMC1lY2FhLTExZTYtOGY4OC0zNDM2M2JjN2M0YzAiOnsiY3JlYXRlIjoxMjAwMDAwMDAwMDAwLCJkZWxldGUiOjI0MDAwMDAwMDAwMDAsInVwZGF0ZSI6MTIwMDAwMDAwMDAwMH19",
          "dependencies": [
            "module.eks.aws_cloudwatch_log_group.this",
            "module.eks.aws_eks_cluster.this",
            "module.eks.aws_iam_policy.cni_ipv6_policy",
            "module.eks.aws_iam_role.this",
            "module.eks.aws_iam_role_policy_attachment.this",
            "module.eks.aws_security_group.cluster",
            "module.eks.aws_security_group.node",
            "module.eks.aws_security_group_rule.cluster",
            "module.eks.aws_security_group_rule.node",
            "module.eks.data.aws_caller_identity.current",
            "module.eks.data.aws_eks_addon_version.this",
            "module.eks.data.aws_iam_policy_document.assume_role_policy",
            "module.eks.data.aws_iam_policy_document.cni_ipv6_policy",
            "module.eks.data.aws_iam_session_context.current",
            "module.eks.data.aws_partition.current",
            "module.eks.module.eks_managed_node_group.aws_autoscaling_schedule.this",
            "module.eks.module.eks_managed_node_group.aws_eks_node_group.this",
            "module.eks.module.eks_managed_node_group.aws_iam_role.this",
            "module.eks.module.eks_managed_node_group.aws_iam_role_policy_attachment.additional",
            "module.eks.module.eks_managed_node_group.aws_iam_role_policy_attachment.this",
            "module.eks.module.eks_managed_node_group.aws_launch_template.this",
            "module.eks.module.eks_managed_node_group.data.aws_caller_identity.current",
            "module.eks.module.eks_managed_node_group.data.aws_iam_policy_document.assume_role_policy",
            "module.eks.module.eks_managed_node_group.data.aws_partition.current",
            "module.eks.module.eks_managed_node_group.module.user_data.data.cloudinit_config.linux_eks_managed_node_group",
            "module.eks.module.fargate_profile.aws_eks_fargate_profile.this",
            "module.eks.module.fargate_profile.aws_iam_role.this",
            "module.eks.module.fargate_profile.aws_iam_role_policy_attachment.additional",
            "module.eks.module.fargate_profile.aws_iam_role_policy_attachment.this",
            "module.eks.module.fargate_profile.data.aws_caller_identity.current",
            "module.eks.module.fargate_profile.data.aws_iam_policy_document.assume_role_policy",
            "module.eks.module.fargate_profile.data.aws_partition.current",
            "module.eks.module.kms.aws_kms_external_key.this",
            "module.eks.module.kms.aws_kms_key.this",
            "module.eks.module.kms.aws_kms_replica_external_key.this",
            "module.eks.module.kms.aws_kms_replica_key.this",
            "module.eks.module.kms.data.aws_caller_identity.current",
            "module.eks.module.kms.data.aws_iam_policy_document.this",
            "module.eks.module.kms.data.aws_partition.current",
            "module.eks.module.self_managed_node_group.aws_autoscaling_group.this",
            "module.eks.module.self_managed_node_group.aws_autoscaling_schedule.this",
            "module.eks.module.self_managed_node_group.aws_iam_instance_profile.this",
            "module.eks.module.self_managed_node_group.aws_iam_role.this",
            "module.eks.module.self_managed_node_group.aws_iam_role_policy_attachment.additional",
            "module.eks.module.self_managed_node_group.aws_iam_role_policy_attachment.this",
            "module.eks.module.self_managed_node_group.aws_launch_template.this",
            "module.eks.module.self_managed_node_group.data.aws_ami.eks_default",
            "module.eks.module.self_managed_node_group.data.aws_caller_identity.current",
            "module.eks.module.self_managed_node_group.data.aws_iam_policy_document.assume_role_policy",
            "module.eks.module.self_managed_node_group.data.aws_partition.current",
            "module.eks.module.self_managed_node_group.module.user_data.data.cloudinit_config.linux_eks_managed_node_group",
            "module.eks.time_sleep.this",
            "module.kms.aws_kms_alias.main",
            "module.kms.aws_kms_key.main",
            "module.kms.data.aws_caller_identity.current",
            "module.vpc.aws_cloudwatch_log_group.flow_log",
            "module.vpc.aws_db_subnet_group.database",
            "module.vpc.aws_eip.nat",
            "module.vpc.aws_flow_log.main",
            "module.vpc.aws_iam_policy.flow_log",
            "module.vpc.aws_iam_role.flow_log",
            "module.vpc.aws_iam_role_policy_attachment.flow_log",
            "module.vpc.aws_internet_gateway.main",
            "module.vpc.aws_nat_gateway.main",
            "module.vpc.aws_route_table.database",
            "module.vpc.aws_route_table.private",
            "module.vpc.aws_route_table.public",
            "module.vpc.aws_route_table_association.database",
            "module.vpc.aws_route_table_association.private",
            "module.vpc.aws_route_table_association.public",
            "module.vpc.aws_security_group.alb",
            "module.vpc.aws_security_group.default",
            "module.vpc.aws_security_group.workers",
            "module.vpc.aws_subnet.database",
            "module.vpc.aws_subnet.private",
            "module.vpc.aws_subnet.public",
            "module.vpc.aws_vpc.main",
            "module.vpc.aws_vpc_endpoint.s3"
          ],
          "create_before_destroy": true
        }
      ]
    },
    {
      "module": "module.eks",
      "mode": "managed",
      "type": "aws_eks_cluster",
      "name": "this",
      "provider": "provider[\"registry.terraform.io/hashicorp/aws\"]",
      "instances": [
        {
          "index_key": 0,
          "schema_version": 1,
          "attributes": {
            "access_config": [
              {
                "authentication_mode": "CONFIG_MAP",
                "bootstrap_cluster_creator_admin_permissions": true
              }
            ],
            "arn": "arn:aws:eks:us-east-1:826726045450:cluster/saas-hr-staging-eks-v2",
            "bootstrap_self_managed_addons": true,
            "certificate_authority": [
              {
                "data": "LS0tLS1CRUdJTiBDRVJUSUZJQ0FURS0tLS0tCk1JSURCVENDQWUyZ0F3SUJBZ0lJRFVjZmZ3d3J4QUl3RFFZSktvWklodmNOQVFFTEJRQXdGVEVUTUJFR0ExVUUKQXhNS2EzVmlaWEp1WlhSbGN6QWVGdzB5TlRBMU1qWXlNak01TXpOYUZ3MHpOVEExTWpReU1qUTBNek5hTUJVeApFekFSQmdOVkJBTVRDbXQxWW1WeWJtVjBaWE13Z2dFaU1BMEdDU3FHU0liM0RRRUJBUVVBQTRJQkR3QXdnZ0VLCkFvSUJBUUR2OFdZZEY0OG1DWlY0S0krOFkvcWFiVEhicWo1UUtRWFFzdi9NcGVUalVHY0g0dWNOaTlNcHQ5cU4KdFNFaytLNGRPbXdUcHA5S1dKd2h3Y1FabmtnZVBBUndGTFZkaTYwUVlRZ2ZxMXJONmZ1VkpCK1c5MEZXbWsxbgpDSVhqbWRrbDlUU3VTU0pQMTNpenJwckh5aDU1cnU2bjh0TEpXK01jcDE3aDF2Q1A5U1Myams4KzFEUDlrbjFICllBY3QrbFlQeG9UNVZrRHc4RmdoNHFzcUtvbHlIenR2TmdOaDM0dnN3NUR1aWhXY1RNaTV0eThyK3RJakNPMVcKcW1xMTVhdDdaQkhsN2dsZ2FJSzQ1Q09DY3R4bjh4WDZ2cEtDQWEvRkZCMnZHVTY3QnV1QXJWTWdJYnE4QW15WQpiamg3dlhxV1hQYllMdU9HOEtTenpINzJtUzNOQWdNQkFBR2pXVEJYTUE0R0ExVWREd0VCL3dRRUF3SUNwREFQCkJnTlZIUk1CQWY4RUJUQURBUUgvTUIwR0ExVWREZ1FXQkJSWDhtall0cmRKeVRmYjU0d05OTVBqTStCWUhUQVYKQmdOVkhSRUVEakFNZ2dwcmRXSmxjbTVsZEdWek1BMEdDU3FHU0liM0RRRUJDd1VBQTRJQkFRQjJPUFpsU0JKawpONm9WNHp5U1hBVTMxVUJYNmJKbTV6SzdFN0pqMjFvZ1cxQzM3NUNHWFNYWjdhbHdkRTNjM0xrSjd6YmFtU1M0ClU5Ukh6VitzcmlML3lxNkhLeU9XMkNUM3hhR3BjcVF1amZkQWpxdWl2TEptaFBWeWN6ck5wQUhud0J3QWVENnQKcGpxOEZoaXNEa3pKZ29CVjgyWk1NKzdUVHpFK1VJN1lvaGVoMWlSZml5elhPbGgvSWlhb1pTcnBtSThOeGRidQp0WTB0QzB0dUVjdFpDb2F0RVFvY2FiTjdPWVU4ZUc1eGsyV2h2N25XcElORWVpWXJlTHVWSnJDTGRlQ282emU0CkhYZDdtSEFSTGtMVzI2Z0lUZXVIOXpISUxKS0x4MXNQRUxQSXRlYjlCd2hMVEd1YmVQTHJVdkJ5ejcxK0ZSaEgKNzRjSCtpYytQMVlhCi0tLS0tRU5EIENFUlRJRklDQVRFLS0tLS0K"
              }
            ],
            "cluster_id": null,
            "compute_config": [],
            "created_at": "2025-05-26T22:39:59Z",
            "enabled_cluster_log_types": [
              "api",
              "audit",
              "authenticator"
            ],
            "encryption_config": [
              {
                "provider": [
                  {
                    "key_arn": "arn:aws:kms:us-east-1:826726045450:key/55f4458f-b57e-40ca-959c-7ef47834e45c"
                  }
                ],
                "resources": [
                  "secrets"
                ]
              }
            ],
            "endpoint": "https://D24223D3DC20A5AA02FE2ECF3110D8BD.gr7.us-east-1.eks.amazonaws.com",
            "force_update_version": null,
            "id": "saas-hr-staging-eks-v2",
            "identity": [
              {
                "oidc": [
                  {
                    "issuer": "https://oidc.eks.us-east-1.amazonaws.com/id/D24223D3DC20A5AA02FE2ECF3110D8BD"
                  }
                ]
              }
            ],
            "kubernetes_network_config": [
              {
                "elastic_load_balancing": [
                  {
                    "enabled": false
                  }
                ],
                "ip_family": "ipv4",
                "service_ipv4_cidr": "172.20.0.0/16",
                "service_ipv6_cidr": ""
              }
            ],
            "name": "saas-hr-staging-eks-v2",
            "outpost_config": [],
            "platform_version": "eks.43",
            "remote_network_config": [],
            "role_arn": "arn:aws:iam::826726045450:role/saas-hr-staging-eks-v2-cluster-20250526223942644400000003",
            "status": "ACTIVE",
            "storage_config": [],
            "tags": {
              "Environment": "staging",
              "Project": "saas-hr"
            },
            "tags_all": {
              "Environment": "staging",
              "ManagedBy": "Terraform",
              "Project": "saas-hr"
            },
            "timeouts": {
              "create": null,
              "delete": null,
              "update": null
            },
            "upgrade_policy": [
              {
                "support_type": "EXTENDED"
              }
            ],
            "version": "1.28",
            "vpc_config": [
              {
                "cluster_security_group_id": "sg-0302797cd4517b0d4",
                "endpoint_private_access": true,
                "endpoint_public_access": true,
                "public_access_cidrs": [
                  "0.0.0.0/0"
                ],
                "security_group_ids": [
                  "sg-060b5548882a16b3c"
                ],
                "subnet_ids": [
                  "subnet-057af0fc0cfd01e2d",
                  "subnet-05fa3002a6839f515",
                  "subnet-0b917ff6e7f73d6e4"
                ],
                "vpc_id": "vpc-0f23c574b54be9624"
              }
            ],
            "zonal_shift_config": []
          },
          "sensitive_attributes": [],
          "private": "eyJlMmJmYjczMC1lY2FhLTExZTYtOGY4OC0zNDM2M2JjN2M0YzAiOnsiY3JlYXRlIjoxODAwMDAwMDAwMDAwLCJkZWxldGUiOjkwMDAwMDAwMDAwMCwidXBkYXRlIjozNjAwMDAwMDAwMDAwfSwic2NoZW1hX3ZlcnNpb24iOiIxIn0=",
          "dependencies": [
            "module.eks.aws_cloudwatch_log_group.this",
            "module.eks.aws_iam_policy.cni_ipv6_policy",
            "module.eks.aws_iam_role.this",
            "module.eks.aws_iam_role_policy_attachment.this",
            "module.eks.aws_security_group.cluster",
            "module.eks.aws_security_group.node",
            "module.eks.aws_security_group_rule.cluster",
            "module.eks.aws_security_group_rule.node",
            "module.eks.data.aws_caller_identity.current",
            "module.eks.data.aws_iam_policy_document.assume_role_policy",
            "module.eks.data.aws_iam_policy_document.cni_ipv6_policy",
            "module.eks.data.aws_iam_session_context.current",
            "module.eks.data.aws_partition.current",
            "module.eks.module.kms.aws_kms_external_key.this",
            "module.eks.module.kms.aws_kms_key.this",
            "module.eks.module.kms.aws_kms_replica_external_key.this",
            "module.eks.module.kms.aws_kms_replica_key.this",
            "module.eks.module.kms.data.aws_caller_identity.current",
            "module.eks.module.kms.data.aws_iam_policy_document.this",
            "module.eks.module.kms.data.aws_partition.current",
            "module.kms.aws_kms_alias.main",
            "module.kms.aws_kms_key.main",
            "module.kms.data.aws_caller_identity.current",
            "module.vpc.aws_cloudwatch_log_group.flow_log",
            "module.vpc.aws_db_subnet_group.database",
            "module.vpc.aws_eip.nat",
            "module.vpc.aws_flow_log.main",
            "module.vpc.aws_iam_policy.flow_log",
            "module.vpc.aws_iam_role.flow_log",
            "module.vpc.aws_iam_role_policy_attachment.flow_log",
            "module.vpc.aws_internet_gateway.main",
            "module.vpc.aws_nat_gateway.main",
            "module.vpc.aws_route_table.database",
            "module.vpc.aws_route_table.private",
            "module.vpc.aws_route_table.public",
            "module.vpc.aws_route_table_association.database",
            "module.vpc.aws_route_table_association.private",
            "module.vpc.aws_route_table_association.public",
            "module.vpc.aws_security_group.alb",
            "module.vpc.aws_security_group.default",
            "module.vpc.aws_security_group.workers",
            "module.vpc.aws_subnet.database",
            "module.vpc.aws_subnet.private",
            "module.vpc.aws_subnet.public",
            "module.vpc.aws_vpc.main",
            "module.vpc.aws_vpc_endpoint.s3"
          ],
          "create_before_destroy": true
        }
      ]
    },
    {
      "module": "module.eks",
      "mode": "managed",
      "type": "aws_eks_identity_provider_config",
      "name": "this",
      "provider": "provider[\"registry.terraform.io/hashicorp/aws\"]",
      "instances": []
    },
    {
      "module": "module.eks",
      "mode": "managed",
      "type": "aws_iam_openid_connect_provider",
      "name": "oidc_provider",
      "provider": "provider[\"registry.terraform.io/hashicorp/aws\"]",
      "instances": [
        {
          "index_key": 0,
          "schema_version": 0,
          "attributes": {
            "arn": "arn:aws:iam::826726045450:oidc-provider/oidc.eks.us-east-1.amazonaws.com/id/D24223D3DC20A5AA02FE2ECF3110D8BD",
            "client_id_list": [
              "sts.amazonaws.com"
            ],
            "id": "arn:aws:iam::826726045450:oidc-provider/oidc.eks.us-east-1.amazonaws.com/id/D24223D3DC20A5AA02FE2ECF3110D8BD",
            "tags": {
              "Environment": "staging",
              "Name": "saas-hr-staging-eks-v2-eks-irsa",
              "Project": "saas-hr"
            },
            "tags_all": {
              "Environment": "staging",
              "ManagedBy": "Terraform",
              "Name": "saas-hr-staging-eks-v2-eks-irsa",
              "Project": "saas-hr"
            },
            "thumbprint_list": [
              "9e99a48a9960b14926bb7f3b02e22da2b0ab7280"
            ],
            "url": "oidc.eks.us-east-1.amazonaws.com/id/D24223D3DC20A5AA02FE2ECF3110D8BD"
          },
          "sensitive_attributes": [],
          "private": "bnVsbA==",
          "dependencies": [
            "module.eks.aws_cloudwatch_log_group.this",
            "module.eks.aws_eks_cluster.this",
            "module.eks.aws_iam_policy.cni_ipv6_policy",
            "module.eks.aws_iam_role.this",
            "module.eks.aws_iam_role_policy_attachment.this",
            "module.eks.aws_security_group.cluster",
            "module.eks.aws_security_group.node",
            "module.eks.aws_security_group_rule.cluster",
            "module.eks.aws_security_group_rule.node",
            "module.eks.data.aws_caller_identity.current",
            "module.eks.data.aws_iam_policy_document.assume_role_policy",
            "module.eks.data.aws_iam_policy_document.cni_ipv6_policy",
            "module.eks.data.aws_iam_session_context.current",
            "module.eks.data.aws_partition.current",
            "module.eks.data.tls_certificate.this",
            "module.eks.module.kms.aws_kms_external_key.this",
            "module.eks.module.kms.aws_kms_key.this",
            "module.eks.module.kms.aws_kms_replica_external_key.this",
            "module.eks.module.kms.aws_kms_replica_key.this",
            "module.eks.module.kms.data.aws_caller_identity.current",
            "module.eks.module.kms.data.aws_iam_policy_document.this",
            "module.eks.module.kms.data.aws_partition.current",
            "module.kms.aws_kms_alias.main",
            "module.kms.aws_kms_key.main",
            "module.kms.data.aws_caller_identity.current",
            "module.vpc.aws_cloudwatch_log_group.flow_log",
            "module.vpc.aws_db_subnet_group.database",
            "module.vpc.aws_eip.nat",
            "module.vpc.aws_flow_log.main",
            "module.vpc.aws_iam_policy.flow_log",
            "module.vpc.aws_iam_role.flow_log",
            "module.vpc.aws_iam_role_policy_attachment.flow_log",
            "module.vpc.aws_internet_gateway.main",
            "module.vpc.aws_nat_gateway.main",
            "module.vpc.aws_route_table.database",
            "module.vpc.aws_route_table.private",
            "module.vpc.aws_route_table.public",
            "module.vpc.aws_route_table_association.database",
            "module.vpc.aws_route_table_association.private",
            "module.vpc.aws_route_table_association.public",
            "module.vpc.aws_security_group.alb",
            "module.vpc.aws_security_group.default",
            "module.vpc.aws_security_group.workers",
            "module.vpc.aws_subnet.database",
            "module.vpc.aws_subnet.private",
            "module.vpc.aws_subnet.public",
            "module.vpc.aws_vpc.main",
            "module.vpc.aws_vpc_endpoint.s3"
          ],
          "create_before_destroy": true
        }
      ]
    },
    {
      "module": "module.eks",
      "mode": "managed",
      "type": "aws_iam_policy",
      "name": "cluster_encryption",
      "provider": "provider[\"registry.terraform.io/hashicorp/aws\"]",
      "instances": [
        {
          "index_key": 0,
          "schema_version": 0,
          "attributes": {
            "arn": "arn:aws:iam::826726045450:policy/saas-hr-staging-eks-v2-cluster-ClusterEncryption20250526223956466000000007",
            "attachment_count": 1,
            "description": "Cluster encryption policy to allow cluster role to utilize CMK provided",
            "id": "arn:aws:iam::826726045450:policy/saas-hr-staging-eks-v2-cluster-ClusterEncryption20250526223956466000000007",
            "name": "saas-hr-staging-eks-v2-cluster-ClusterEncryption20250526223956466000000007",
            "name_prefix": "saas-hr-staging-eks-v2-cluster-ClusterEncryption",
            "path": "/",
            "policy": "{\"Statement\":[{\"Action\":[\"kms:Encrypt\",\"kms:Decrypt\",\"kms:ListGrants\",\"kms:DescribeKey\"],\"Effect\":\"Allow\",\"Resource\":\"arn:aws:kms:us-east-1:826726045450:key/55f4458f-b57e-40ca-959c-7ef47834e45c\"}],\"Version\":\"2012-10-17\"}",
            "policy_id": "ANPA4A7FWK4FNFQ6OZQYS",
            "tags": {
              "Environment": "staging",
              "Project": "saas-hr"
            },
            "tags_all": {
              "Environment": "staging",
              "ManagedBy": "Terraform",
              "Project": "saas-hr"
            }
          },
          "sensitive_attributes": [],
          "private": "bnVsbA==",
          "dependencies": [
            "module.eks.aws_iam_role.this",
            "module.eks.data.aws_caller_identity.current",
            "module.eks.data.aws_iam_policy_document.assume_role_policy",
            "module.eks.data.aws_iam_session_context.current",
            "module.eks.data.aws_partition.current",
            "module.eks.module.kms.aws_kms_external_key.this",
            "module.eks.module.kms.aws_kms_key.this",
            "module.eks.module.kms.aws_kms_replica_external_key.this",
            "module.eks.module.kms.aws_kms_replica_key.this",
            "module.eks.module.kms.data.aws_caller_identity.current",
            "module.eks.module.kms.data.aws_iam_policy_document.this",
            "module.eks.module.kms.data.aws_partition.current",
            "module.kms.aws_kms_alias.main",
            "module.kms.aws_kms_key.main",
            "module.kms.data.aws_caller_identity.current",
            "module.vpc.aws_cloudwatch_log_group.flow_log",
            "module.vpc.aws_db_subnet_group.database",
            "module.vpc.aws_eip.nat",
            "module.vpc.aws_flow_log.main",
            "module.vpc.aws_iam_policy.flow_log",
            "module.vpc.aws_iam_role.flow_log",
            "module.vpc.aws_iam_role_policy_attachment.flow_log",
            "module.vpc.aws_internet_gateway.main",
            "module.vpc.aws_nat_gateway.main",
            "module.vpc.aws_route_table.database",
            "module.vpc.aws_route_table.private",
            "module.vpc.aws_route_table.public",
            "module.vpc.aws_route_table_association.database",
            "module.vpc.aws_route_table_association.private",
            "module.vpc.aws_route_table_association.public",
            "module.vpc.aws_security_group.alb",
            "module.vpc.aws_security_group.default",
            "module.vpc.aws_security_group.workers",
            "module.vpc.aws_subnet.database",
            "module.vpc.aws_subnet.private",
            "module.vpc.aws_subnet.public",
            "module.vpc.aws_vpc.main",
            "module.vpc.aws_vpc_endpoint.s3"
          ],
          "create_before_destroy": true
        },
        {
          "index_key": 0,
          "deposed": "04209f3e",
          "schema_version": 0,
          "attributes": {
            "arn": "arn:aws:iam::826726045450:policy/saas-hr-staging-eks-cluster-ClusterEncryption2025052618090041720000000a",
            "attachment_count": 1,
            "description": "Cluster encryption policy to allow cluster role to utilize CMK provided",
            "id": "arn:aws:iam::826726045450:policy/saas-hr-staging-eks-cluster-ClusterEncryption2025052618090041720000000a",
            "name": "saas-hr-staging-eks-cluster-ClusterEncryption2025052618090041720000000a",
            "name_prefix": "saas-hr-staging-eks-cluster-ClusterEncryption",
            "path": "/",
            "policy": "{\"Statement\":[{\"Action\":[\"kms:Encrypt\",\"kms:Decrypt\",\"kms:ListGrants\",\"kms:DescribeKey\"],\"Effect\":\"Allow\",\"Resource\":\"arn:aws:kms:us-east-1:826726045450:key/55f4458f-b57e-40ca-959c-7ef47834e45c\"}],\"Version\":\"2012-10-17\"}",
            "policy_id": "ANPA4A7FWK4FDGJZPIJPQ",
            "tags": {
              "Environment": "staging",
              "Project": "saas-hr"
            },
            "tags_all": {
              "Environment": "staging",
              "ManagedBy": "Terraform",
              "Project": "saas-hr"
            }
          },
          "sensitive_attributes": [],
          "private": "bnVsbA==",
          "dependencies": [
            "module.eks.aws_iam_role.this",
            "module.eks.data.aws_caller_identity.current",
            "module.eks.data.aws_iam_policy_document.assume_role_policy",
            "module.eks.data.aws_iam_session_context.current",
            "module.eks.data.aws_partition.current",
            "module.eks.module.kms.aws_kms_external_key.this",
            "module.eks.module.kms.aws_kms_key.this",
            "module.eks.module.kms.aws_kms_replica_external_key.this",
            "module.eks.module.kms.aws_kms_replica_key.this",
            "module.eks.module.kms.data.aws_caller_identity.current",
            "module.eks.module.kms.data.aws_iam_policy_document.this",
            "module.eks.module.kms.data.aws_partition.current",
            "module.kms.aws_kms_alias.main",
            "module.kms.aws_kms_key.main",
            "module.kms.data.aws_caller_identity.current",
            "module.vpc.aws_cloudwatch_log_group.flow_log",
            "module.vpc.aws_db_subnet_group.database",
            "module.vpc.aws_eip.nat",
            "module.vpc.aws_flow_log.main",
            "module.vpc.aws_iam_policy.flow_log",
            "module.vpc.aws_iam_role.flow_log",
            "module.vpc.aws_iam_role_policy_attachment.flow_log",
            "module.vpc.aws_internet_gateway.main",
            "module.vpc.aws_nat_gateway.main",
            "module.vpc.aws_route_table.database",
            "module.vpc.aws_route_table.private",
            "module.vpc.aws_route_table.public",
            "module.vpc.aws_route_table_association.database",
            "module.vpc.aws_route_table_association.private",
            "module.vpc.aws_route_table_association.public",
            "module.vpc.aws_security_group.alb",
            "module.vpc.aws_security_group.default",
            "module.vpc.aws_security_group.workers",
            "module.vpc.aws_subnet.database",
            "module.vpc.aws_subnet.private",
            "module.vpc.aws_subnet.public",
            "module.vpc.aws_vpc.main",
            "module.vpc.aws_vpc_endpoint.s3"
          ],
          "create_before_destroy": true
        }
      ]
    },
    {
      "module": "module.eks",
      "mode": "managed",
      "type": "aws_iam_policy",
      "name": "cni_ipv6_policy",
      "provider": "provider[\"registry.terraform.io/hashicorp/aws\"]",
      "instances": []
    },
    {
      "module": "module.eks",
      "mode": "managed",
      "type": "aws_iam_role",
      "name": "this",
      "provider": "provider[\"registry.terraform.io/hashicorp/aws\"]",
      "instances": [
        {
          "index_key": 0,
          "schema_version": 0,
          "attributes": {
            "arn": "arn:aws:iam::826726045450:role/saas-hr-staging-eks-v2-cluster-20250526223942644400000003",
            "assume_role_policy": "{\"Statement\":[{\"Action\":\"sts:AssumeRole\",\"Effect\":\"Allow\",\"Principal\":{\"Service\":\"eks.amazonaws.com\"},\"Sid\":\"EKSClusterAssumeRole\"}],\"Version\":\"2012-10-17\"}",
            "create_date": "2025-05-26T22:39:42Z",
            "description": "",
            "force_detach_policies": true,
            "id": "saas-hr-staging-eks-v2-cluster-20250526223942644400000003",
            "inline_policy": [
              {
                "name": "saas-hr-staging-eks-v2-cluster",
                "policy": "{\"Version\":\"2012-10-17\",\"Statement\":[{\"Action\":[\"logs:CreateLogGroup\"],\"Effect\":\"Deny\",\"Resource\":\"*\"}]}"
              }
            ],
            "managed_policy_arns": [
              "arn:aws:iam::826726045450:policy/saas-hr-staging-eks-v2-cluster-ClusterEncryption20250526223956466000000007",
              "arn:aws:iam::826726045450:policy/terraform-state-lock",
              "arn:aws:iam::aws:policy/AmazonEKSClusterPolicy",
              "arn:aws:iam::aws:policy/AmazonEKSVPCResourceController"
            ],
            "max_session_duration": 3600,
            "name": "saas-hr-staging-eks-v2-cluster-20250526223942644400000003",
            "name_prefix": "saas-hr-staging-eks-v2-cluster-",
            "path": "/",
            "permissions_boundary": "",
            "tags": {
              "Environment": "staging",
              "Project": "saas-hr"
            },
            "tags_all": {
              "Environment": "staging",
              "ManagedBy": "Terraform",
              "Project": "saas-hr"
            },
            "unique_id": "AROA4A7FWK4FP63PURSIM"
          },
          "sensitive_attributes": [],
          "private": "bnVsbA==",
          "dependencies": [
            "module.eks.data.aws_iam_policy_document.assume_role_policy",
            "module.eks.data.aws_partition.current",
            "module.kms.aws_kms_alias.main",
            "module.kms.aws_kms_key.main",
            "module.kms.data.aws_caller_identity.current",
            "module.vpc.aws_cloudwatch_log_group.flow_log",
            "module.vpc.aws_db_subnet_group.database",
            "module.vpc.aws_eip.nat",
            "module.vpc.aws_flow_log.main",
            "module.vpc.aws_iam_policy.flow_log",
            "module.vpc.aws_iam_role.flow_log",
            "module.vpc.aws_iam_role_policy_attachment.flow_log",
            "module.vpc.aws_internet_gateway.main",
            "module.vpc.aws_nat_gateway.main",
            "module.vpc.aws_route_table.database",
            "module.vpc.aws_route_table.private",
            "module.vpc.aws_route_table.public",
            "module.vpc.aws_route_table_association.database",
            "module.vpc.aws_route_table_association.private",
            "module.vpc.aws_route_table_association.public",
            "module.vpc.aws_security_group.alb",
            "module.vpc.aws_security_group.default",
            "module.vpc.aws_security_group.workers",
            "module.vpc.aws_subnet.database",
            "module.vpc.aws_subnet.private",
            "module.vpc.aws_subnet.public",
            "module.vpc.aws_vpc.main",
            "module.vpc.aws_vpc_endpoint.s3"
          ],
          "create_before_destroy": true
        },
        {
          "index_key": 0,
          "deposed": "663de699",
          "schema_version": 0,
          "attributes": {
            "arn": "arn:aws:iam::826726045450:role/rh-saas-staging-eks-cluster-20250526170154328000000001",
            "assume_role_policy": "{\"Statement\":[{\"Action\":\"sts:AssumeRole\",\"Effect\":\"Allow\",\"Principal\":{\"Service\":\"eks.amazonaws.com\"},\"Sid\":\"EKSClusterAssumeRole\"}],\"Version\":\"2012-10-17\"}",
            "create_date": "2025-05-26T17:01:54Z",
            "description": "",
            "force_detach_policies": true,
            "id": "rh-saas-staging-eks-cluster-20250526170154328000000001",
            "inline_policy": [
              {
                "name": "rh-saas-staging-eks-cluster",
                "policy": "{\"Version\":\"2012-10-17\",\"Statement\":[{\"Action\":[\"logs:CreateLogGroup\"],\"Effect\":\"Deny\",\"Resource\":\"*\"}]}"
              }
            ],
            "managed_policy_arns": [],
            "max_session_duration": 3600,
            "name": "rh-saas-staging-eks-cluster-20250526170154328000000001",
            "name_prefix": "rh-saas-staging-eks-cluster-",
            "path": "/",
            "permissions_boundary": "",
            "tags": {
              "Environment": "staging",
              "Project": "rh-saas",
              "Terraform": "true"
            },
            "tags_all": {
              "Environment": "staging",
              "ManagedBy": "Terraform",
              "Project": "rh-saas",
              "Terraform": "true"
            },
            "unique_id": "AROA4A7FWK4FDRHZHUA7Q"
          },
          "sensitive_attributes": [],
          "private": "bnVsbA==",
          "dependencies": [
            "module.eks.data.aws_iam_policy_document.assume_role_policy",
            "module.eks.data.aws_partition.current",
            "module.kms.aws_kms_alias.main",
            "module.kms.aws_kms_key.main",
            "module.kms.data.aws_caller_identity.current",
            "module.vpc.aws_cloudwatch_log_group.flow_log",
            "module.vpc.aws_db_subnet_group.database",
            "module.vpc.aws_eip.nat",
            "module.vpc.aws_flow_log.main",
            "module.vpc.aws_iam_policy.flow_log",
            "module.vpc.aws_iam_role.flow_log",
            "module.vpc.aws_iam_role_policy_attachment.flow_log",
            "module.vpc.aws_internet_gateway.main",
            "module.vpc.aws_nat_gateway.main",
            "module.vpc.aws_route_table.database",
            "module.vpc.aws_route_table.private",
            "module.vpc.aws_route_table.public",
            "module.vpc.aws_route_table_association.database",
            "module.vpc.aws_route_table_association.private",
            "module.vpc.aws_route_table_association.public",
            "module.vpc.aws_security_group.alb",
            "module.vpc.aws_security_group.default",
            "module.vpc.aws_security_group.workers",
            "module.vpc.aws_subnet.database",
            "module.vpc.aws_subnet.private",
            "module.vpc.aws_subnet.public",
            "module.vpc.aws_vpc.main",
            "module.vpc.aws_vpc_endpoint.s3"
          ],
          "create_before_destroy": true
        },
        {
          "index_key": 0,
          "deposed": "c8626e81",
          "schema_version": 0,
          "attributes": {
            "arn": "arn:aws:iam::826726045450:role/saas-hr-staging-eks-cluster-20250526180837482700000003",
            "assume_role_policy": "{\"Statement\":[{\"Action\":\"sts:AssumeRole\",\"Effect\":\"Allow\",\"Principal\":{\"Service\":\"eks.amazonaws.com\"},\"Sid\":\"EKSClusterAssumeRole\"}],\"Version\":\"2012-10-17\"}",
            "create_date": "2025-05-26T18:08:37Z",
            "description": "",
            "force_detach_policies": true,
            "id": "saas-hr-staging-eks-cluster-20250526180837482700000003",
            "inline_policy": [
              {
                "name": "saas-hr-staging-eks-cluster",
                "policy": "{\"Version\":\"2012-10-17\",\"Statement\":[{\"Action\":[\"logs:CreateLogGroup\"],\"Effect\":\"Deny\",\"Resource\":\"*\"}]}"
              }
            ],
            "managed_policy_arns": [
              "arn:aws:iam::826726045450:policy/saas-hr-staging-eks-cluster-ClusterEncryption2025052618090041720000000a",
              "arn:aws:iam::aws:policy/AmazonEKSClusterPolicy",
              "arn:aws:iam::aws:policy/AmazonEKSVPCResourceController"
            ],
            "max_session_duration": 3600,
            "name": "saas-hr-staging-eks-cluster-20250526180837482700000003",
            "name_prefix": "saas-hr-staging-eks-cluster-",
            "path": "/",
            "permissions_boundary": "",
            "tags": {
              "Environment": "staging",
              "Project": "saas-hr"
            },
            "tags_all": {
              "Environment": "staging",
              "ManagedBy": "Terraform",
              "Project": "saas-hr"
            },
            "unique_id": "AROA4A7FWK4FFB6777NCQ"
          },
          "sensitive_attributes": [],
          "private": "bnVsbA==",
          "dependencies": [
            "module.eks.data.aws_iam_policy_document.assume_role_policy",
            "module.eks.data.aws_partition.current",
            "module.kms.aws_kms_alias.main",
            "module.kms.aws_kms_key.main",
            "module.kms.data.aws_caller_identity.current",
            "module.vpc.aws_cloudwatch_log_group.flow_log",
            "module.vpc.aws_db_subnet_group.database",
            "module.vpc.aws_eip.nat",
            "module.vpc.aws_flow_log.main",
            "module.vpc.aws_iam_policy.flow_log",
            "module.vpc.aws_iam_role.flow_log",
            "module.vpc.aws_iam_role_policy_attachment.flow_log",
            "module.vpc.aws_internet_gateway.main",
            "module.vpc.aws_nat_gateway.main",
            "module.vpc.aws_route_table.database",
            "module.vpc.aws_route_table.private",
            "module.vpc.aws_route_table.public",
            "module.vpc.aws_route_table_association.database",
            "module.vpc.aws_route_table_association.private",
            "module.vpc.aws_route_table_association.public",
            "module.vpc.aws_security_group.alb",
            "module.vpc.aws_security_group.default",
            "module.vpc.aws_security_group.workers",
            "module.vpc.aws_subnet.database",
            "module.vpc.aws_subnet.private",
            "module.vpc.aws_subnet.public",
            "module.vpc.aws_vpc.main",
            "module.vpc.aws_vpc_endpoint.s3"
          ],
          "create_before_destroy": true
        }
      ]
    },
    {
      "module": "module.eks",
      "mode": "managed",
      "type": "aws_iam_role_policy_attachment",
      "name": "additional",
      "provider": "provider[\"registry.terraform.io/hashicorp/aws\"]",
      "instances": []
    },
    {
      "module": "module.eks",
      "mode": "managed",
      "type": "aws_iam_role_policy_attachment",
      "name": "cluster_encryption",
      "provider": "provider[\"registry.terraform.io/hashicorp/aws\"]",
      "instances": [
        {
          "index_key": 0,
          "schema_version": 0,
          "attributes": {
            "id": "saas-hr-staging-eks-v2-cluster-20250526223942644400000003-20250526223956897600000008",
            "policy_arn": "arn:aws:iam::826726045450:policy/saas-hr-staging-eks-v2-cluster-ClusterEncryption20250526223956466000000007",
            "role": "saas-hr-staging-eks-v2-cluster-20250526223942644400000003"
          },
          "sensitive_attributes": [],
          "private": "bnVsbA==",
          "dependencies": [
            "module.eks.aws_iam_policy.cluster_encryption",
            "module.eks.aws_iam_role.this",
            "module.eks.data.aws_caller_identity.current",
            "module.eks.data.aws_iam_policy_document.assume_role_policy",
            "module.eks.data.aws_iam_session_context.current",
            "module.eks.data.aws_partition.current",
            "module.eks.module.kms.aws_kms_external_key.this",
            "module.eks.module.kms.aws_kms_key.this",
            "module.eks.module.kms.aws_kms_replica_external_key.this",
            "module.eks.module.kms.aws_kms_replica_key.this",
            "module.eks.module.kms.data.aws_caller_identity.current",
            "module.eks.module.kms.data.aws_iam_policy_document.this",
            "module.eks.module.kms.data.aws_partition.current",
            "module.kms.aws_kms_alias.main",
            "module.kms.aws_kms_key.main",
            "module.kms.data.aws_caller_identity.current",
            "module.vpc.aws_cloudwatch_log_group.flow_log",
            "module.vpc.aws_db_subnet_group.database",
            "module.vpc.aws_eip.nat",
            "module.vpc.aws_flow_log.main",
            "module.vpc.aws_iam_policy.flow_log",
            "module.vpc.aws_iam_role.flow_log",
            "module.vpc.aws_iam_role_policy_attachment.flow_log",
            "module.vpc.aws_internet_gateway.main",
            "module.vpc.aws_nat_gateway.main",
            "module.vpc.aws_route_table.database",
            "module.vpc.aws_route_table.private",
            "module.vpc.aws_route_table.public",
            "module.vpc.aws_route_table_association.database",
            "module.vpc.aws_route_table_association.private",
            "module.vpc.aws_route_table_association.public",
            "module.vpc.aws_security_group.alb",
            "module.vpc.aws_security_group.default",
            "module.vpc.aws_security_group.workers",
            "module.vpc.aws_subnet.database",
            "module.vpc.aws_subnet.private",
            "module.vpc.aws_subnet.public",
            "module.vpc.aws_vpc.main",
            "module.vpc.aws_vpc_endpoint.s3"
          ],
          "create_before_destroy": true
        },
        {
          "index_key": 0,
          "deposed": "9d8adbd0",
          "schema_version": 0,
          "attributes": {
            "id": "saas-hr-staging-eks-cluster-20250526180837482700000003-2025052618090083860000000b",
            "policy_arn": "arn:aws:iam::826726045450:policy/saas-hr-staging-eks-cluster-ClusterEncryption2025052618090041720000000a",
            "role": "saas-hr-staging-eks-cluster-20250526180837482700000003"
          },
          "sensitive_attributes": [],
          "private": "bnVsbA==",
          "dependencies": [
            "module.eks.aws_iam_policy.cluster_encryption",
            "module.eks.aws_iam_role.this",
            "module.eks.data.aws_caller_identity.current",
            "module.eks.data.aws_iam_policy_document.assume_role_policy",
            "module.eks.data.aws_iam_session_context.current",
            "module.eks.data.aws_partition.current",
            "module.eks.module.kms.aws_kms_external_key.this",
            "module.eks.module.kms.aws_kms_key.this",
            "module.eks.module.kms.aws_kms_replica_external_key.this",
            "module.eks.module.kms.aws_kms_replica_key.this",
            "module.eks.module.kms.data.aws_caller_identity.current",
            "module.eks.module.kms.data.aws_iam_policy_document.this",
            "module.eks.module.kms.data.aws_partition.current",
            "module.kms.aws_kms_alias.main",
            "module.kms.aws_kms_key.main",
            "module.kms.data.aws_caller_identity.current",
            "module.vpc.aws_cloudwatch_log_group.flow_log",
            "module.vpc.aws_db_subnet_group.database",
            "module.vpc.aws_eip.nat",
            "module.vpc.aws_flow_log.main",
            "module.vpc.aws_iam_policy.flow_log",
            "module.vpc.aws_iam_role.flow_log",
            "module.vpc.aws_iam_role_policy_attachment.flow_log",
            "module.vpc.aws_internet_gateway.main",
            "module.vpc.aws_nat_gateway.main",
            "module.vpc.aws_route_table.database",
            "module.vpc.aws_route_table.private",
            "module.vpc.aws_route_table.public",
            "module.vpc.aws_route_table_association.database",
            "module.vpc.aws_route_table_association.private",
            "module.vpc.aws_route_table_association.public",
            "module.vpc.aws_security_group.alb",
            "module.vpc.aws_security_group.default",
            "module.vpc.aws_security_group.workers",
            "module.vpc.aws_subnet.database",
            "module.vpc.aws_subnet.private",
            "module.vpc.aws_subnet.public",
            "module.vpc.aws_vpc.main",
            "module.vpc.aws_vpc_endpoint.s3"
          ],
          "create_before_destroy": true
        }
      ]
    },
    {
      "module": "module.eks",
      "mode": "managed",
      "type": "aws_iam_role_policy_attachment",
      "name": "this",
      "provider": "provider[\"registry.terraform.io/hashicorp/aws\"]",
      "instances": [
        {
          "index_key": "AmazonEKSClusterPolicy",
          "schema_version": 0,
          "attributes": {
            "id": "saas-hr-staging-eks-v2-cluster-20250526223942644400000003-20250526223943299400000004",
            "policy_arn": "arn:aws:iam::aws:policy/AmazonEKSClusterPolicy",
            "role": "saas-hr-staging-eks-v2-cluster-20250526223942644400000003"
          },
          "sensitive_attributes": [],
          "private": "bnVsbA==",
          "dependencies": [
            "module.eks.aws_iam_role.this",
            "module.eks.data.aws_iam_policy_document.assume_role_policy",
            "module.eks.data.aws_partition.current",
            "module.kms.aws_kms_alias.main",
            "module.kms.aws_kms_key.main",
            "module.kms.data.aws_caller_identity.current",
            "module.vpc.aws_cloudwatch_log_group.flow_log",
            "module.vpc.aws_db_subnet_group.database",
            "module.vpc.aws_eip.nat",
            "module.vpc.aws_flow_log.main",
            "module.vpc.aws_iam_policy.flow_log",
            "module.vpc.aws_iam_role.flow_log",
            "module.vpc.aws_iam_role_policy_attachment.flow_log",
            "module.vpc.aws_internet_gateway.main",
            "module.vpc.aws_nat_gateway.main",
            "module.vpc.aws_route_table.database",
            "module.vpc.aws_route_table.private",
            "module.vpc.aws_route_table.public",
            "module.vpc.aws_route_table_association.database",
            "module.vpc.aws_route_table_association.private",
            "module.vpc.aws_route_table_association.public",
            "module.vpc.aws_security_group.alb",
            "module.vpc.aws_security_group.default",
            "module.vpc.aws_security_group.workers",
            "module.vpc.aws_subnet.database",
            "module.vpc.aws_subnet.private",
            "module.vpc.aws_subnet.public",
            "module.vpc.aws_vpc.main",
            "module.vpc.aws_vpc_endpoint.s3"
          ],
          "create_before_destroy": true
        },
        {
          "index_key": "AmazonEKSClusterPolicy",
          "deposed": "6ee41c45",
          "schema_version": 0,
          "attributes": {
            "id": "saas-hr-staging-eks-cluster-20250526180837482700000003-20250526180838169600000008",
            "policy_arn": "arn:aws:iam::aws:policy/AmazonEKSClusterPolicy",
            "role": "saas-hr-staging-eks-cluster-20250526180837482700000003"
          },
          "sensitive_attributes": [],
          "private": "bnVsbA==",
          "dependencies": [
            "module.eks.aws_iam_role.this",
            "module.eks.data.aws_iam_policy_document.assume_role_policy",
            "module.eks.data.aws_partition.current",
            "module.kms.aws_kms_alias.main",
            "module.kms.aws_kms_key.main",
            "module.kms.data.aws_caller_identity.current",
            "module.vpc.aws_cloudwatch_log_group.flow_log",
            "module.vpc.aws_db_subnet_group.database",
            "module.vpc.aws_eip.nat",
            "module.vpc.aws_flow_log.main",
            "module.vpc.aws_iam_policy.flow_log",
            "module.vpc.aws_iam_role.flow_log",
            "module.vpc.aws_iam_role_policy_attachment.flow_log",
            "module.vpc.aws_internet_gateway.main",
            "module.vpc.aws_nat_gateway.main",
            "module.vpc.aws_route_table.database",
            "module.vpc.aws_route_table.private",
            "module.vpc.aws_route_table.public",
            "module.vpc.aws_route_table_association.database",
            "module.vpc.aws_route_table_association.private",
            "module.vpc.aws_route_table_association.public",
            "module.vpc.aws_security_group.alb",
            "module.vpc.aws_security_group.default",
            "module.vpc.aws_security_group.workers",
            "module.vpc.aws_subnet.database",
            "module.vpc.aws_subnet.private",
            "module.vpc.aws_subnet.public",
            "module.vpc.aws_vpc.main",
            "module.vpc.aws_vpc_endpoint.s3"
          ],
          "create_before_destroy": true
        },
        {
          "index_key": "AmazonEKSVPCResourceController",
          "schema_version": 0,
          "attributes": {
            "id": "saas-hr-staging-eks-v2-cluster-20250526223942644400000003-20250526223943402000000005",
            "policy_arn": "arn:aws:iam::aws:policy/AmazonEKSVPCResourceController",
            "role": "saas-hr-staging-eks-v2-cluster-20250526223942644400000003"
          },
          "sensitive_attributes": [],
          "private": "bnVsbA==",
          "dependencies": [
            "module.eks.aws_iam_role.this",
            "module.eks.data.aws_iam_policy_document.assume_role_policy",
            "module.eks.data.aws_partition.current",
            "module.kms.aws_kms_alias.main",
            "module.kms.aws_kms_key.main",
            "module.kms.data.aws_caller_identity.current",
            "module.vpc.aws_cloudwatch_log_group.flow_log",
            "module.vpc.aws_db_subnet_group.database",
            "module.vpc.aws_eip.nat",
            "module.vpc.aws_flow_log.main",
            "module.vpc.aws_iam_policy.flow_log",
            "module.vpc.aws_iam_role.flow_log",
            "module.vpc.aws_iam_role_policy_attachment.flow_log",
            "module.vpc.aws_internet_gateway.main",
            "module.vpc.aws_nat_gateway.main",
            "module.vpc.aws_route_table.database",
            "module.vpc.aws_route_table.private",
            "module.vpc.aws_route_table.public",
            "module.vpc.aws_route_table_association.database",
            "module.vpc.aws_route_table_association.private",
            "module.vpc.aws_route_table_association.public",
            "module.vpc.aws_security_group.alb",
            "module.vpc.aws_security_group.default",
            "module.vpc.aws_security_group.workers",
            "module.vpc.aws_subnet.database",
            "module.vpc.aws_subnet.private",
            "module.vpc.aws_subnet.public",
            "module.vpc.aws_vpc.main",
            "module.vpc.aws_vpc_endpoint.s3"
          ],
          "create_before_destroy": true
        },
        {
          "index_key": "AmazonEKSVPCResourceController",
          "deposed": "432ffdd9",
          "schema_version": 0,
          "attributes": {
            "id": "saas-hr-staging-eks-cluster-20250526180837482700000003-20250526180838170900000009",
            "policy_arn": "arn:aws:iam::aws:policy/AmazonEKSVPCResourceController",
            "role": "saas-hr-staging-eks-cluster-20250526180837482700000003"
          },
          "sensitive_attributes": [],
          "private": "bnVsbA==",
          "dependencies": [
            "module.eks.aws_iam_role.this",
            "module.eks.data.aws_iam_policy_document.assume_role_policy",
            "module.eks.data.aws_partition.current",
            "module.kms.aws_kms_alias.main",
            "module.kms.aws_kms_key.main",
            "module.kms.data.aws_caller_identity.current",
            "module.vpc.aws_cloudwatch_log_group.flow_log",
            "module.vpc.aws_db_subnet_group.database",
            "module.vpc.aws_eip.nat",
            "module.vpc.aws_flow_log.main",
            "module.vpc.aws_iam_policy.flow_log",
            "module.vpc.aws_iam_role.flow_log",
            "module.vpc.aws_iam_role_policy_attachment.flow_log",
            "module.vpc.aws_internet_gateway.main",
            "module.vpc.aws_nat_gateway.main",
            "module.vpc.aws_route_table.database",
            "module.vpc.aws_route_table.private",
            "module.vpc.aws_route_table.public",
            "module.vpc.aws_route_table_association.database",
            "module.vpc.aws_route_table_association.private",
            "module.vpc.aws_route_table_association.public",
            "module.vpc.aws_security_group.alb",
            "module.vpc.aws_security_group.default",
            "module.vpc.aws_security_group.workers",
            "module.vpc.aws_subnet.database",
            "module.vpc.aws_subnet.private",
            "module.vpc.aws_subnet.public",
            "module.vpc.aws_vpc.main",
            "module.vpc.aws_vpc_endpoint.s3"
          ],
          "create_before_destroy": true
        }
      ]
    },
    {
      "module": "module.eks",
      "mode": "managed",
      "type": "aws_security_group",
      "name": "cluster",
      "provider": "provider[\"registry.terraform.io/hashicorp/aws\"]",
      "instances": [
        {
          "index_key": 0,
          "schema_version": 1,
          "attributes": {
            "arn": "arn:aws:ec2:us-east-1:826726045450:security-group/sg-060b5548882a16b3c",
            "description": "EKS cluster security group",
            "egress": [],
            "id": "sg-060b5548882a16b3c",
            "ingress": [
              {
                "cidr_blocks": [],
                "description": "Node groups to cluster API",
                "from_port": 443,
                "ipv6_cidr_blocks": [],
                "prefix_list_ids": [],
                "protocol": "tcp",
                "security_groups": [
                  "sg-04e4a7f84fc8556df"
                ],
                "self": false,
                "to_port": 443
              }
            ],
            "name": "saas-hr-staging-eks-v2-cluster-20250526223942366300000002",
            "name_prefix": "saas-hr-staging-eks-v2-cluster-",
            "owner_id": "826726045450",
            "revoke_rules_on_delete": false,
            "tags": {
              "Environment": "staging",
              "Name": "saas-hr-staging-eks-v2-cluster",
              "Project": "saas-hr"
            },
            "tags_all": {
              "Environment": "staging",
              "ManagedBy": "Terraform",
              "Name": "saas-hr-staging-eks-v2-cluster",
              "Project": "saas-hr"
            },
            "timeouts": null,
            "vpc_id": "vpc-0f23c574b54be9624"
          },
          "sensitive_attributes": [],
          "private": "eyJlMmJmYjczMC1lY2FhLTExZTYtOGY4OC0zNDM2M2JjN2M0YzAiOnsiY3JlYXRlIjo2MDAwMDAwMDAwMDAsImRlbGV0ZSI6OTAwMDAwMDAwMDAwfSwic2NoZW1hX3ZlcnNpb24iOiIxIn0=",
          "dependencies": [
            "module.kms.aws_kms_alias.main",
            "module.kms.aws_kms_key.main",
            "module.kms.data.aws_caller_identity.current",
            "module.vpc.aws_cloudwatch_log_group.flow_log",
            "module.vpc.aws_db_subnet_group.database",
            "module.vpc.aws_eip.nat",
            "module.vpc.aws_flow_log.main",
            "module.vpc.aws_iam_policy.flow_log",
            "module.vpc.aws_iam_role.flow_log",
            "module.vpc.aws_iam_role_policy_attachment.flow_log",
            "module.vpc.aws_internet_gateway.main",
            "module.vpc.aws_nat_gateway.main",
            "module.vpc.aws_route_table.database",
            "module.vpc.aws_route_table.private",
            "module.vpc.aws_route_table.public",
            "module.vpc.aws_route_table_association.database",
            "module.vpc.aws_route_table_association.private",
            "module.vpc.aws_route_table_association.public",
            "module.vpc.aws_security_group.alb",
            "module.vpc.aws_security_group.default",
            "module.vpc.aws_security_group.workers",
            "module.vpc.aws_subnet.database",
            "module.vpc.aws_subnet.private",
            "module.vpc.aws_subnet.public",
            "module.vpc.aws_vpc.main",
            "module.vpc.aws_vpc_endpoint.s3"
          ],
          "create_before_destroy": true
        },
        {
          "index_key": 0,
          "deposed": "25a73aef",
          "schema_version": 1,
          "attributes": {
            "arn": "arn:aws:ec2:us-east-1:826726045450:security-group/sg-09ef025304146dc01",
            "description": "EKS cluster security group",
            "egress": [],
            "id": "sg-09ef025304146dc01",
            "ingress": [
              {
                "cidr_blocks": [],
                "description": "Node groups to cluster API",
                "from_port": 443,
                "ipv6_cidr_blocks": [],
                "prefix_list_ids": [],
                "protocol": "tcp",
                "security_groups": [
                  "sg-09e1530203e34913a"
                ],
                "self": false,
                "to_port": 443
              }
            ],
            "name": "saas-hr-staging-eks-cluster-20250526180837481900000002",
            "name_prefix": "saas-hr-staging-eks-cluster-",
            "owner_id": "826726045450",
            "revoke_rules_on_delete": false,
            "tags": {
              "Environment": "staging",
              "Name": "saas-hr-staging-eks-cluster",
              "Project": "saas-hr"
            },
            "tags_all": {
              "Environment": "staging",
              "ManagedBy": "Terraform",
              "Name": "saas-hr-staging-eks-cluster",
              "Project": "saas-hr"
            },
            "timeouts": null,
            "vpc_id": "vpc-0f23c574b54be9624"
          },
          "sensitive_attributes": [],
          "private": "eyJlMmJmYjczMC1lY2FhLTExZTYtOGY4OC0zNDM2M2JjN2M0YzAiOnsiY3JlYXRlIjo2MDAwMDAwMDAwMDAsImRlbGV0ZSI6OTAwMDAwMDAwMDAwfSwic2NoZW1hX3ZlcnNpb24iOiIxIn0=",
          "dependencies": [
            "module.kms.aws_kms_alias.main",
            "module.kms.aws_kms_key.main",
            "module.kms.data.aws_caller_identity.current",
            "module.vpc.aws_cloudwatch_log_group.flow_log",
            "module.vpc.aws_db_subnet_group.database",
            "module.vpc.aws_eip.nat",
            "module.vpc.aws_flow_log.main",
            "module.vpc.aws_iam_policy.flow_log",
            "module.vpc.aws_iam_role.flow_log",
            "module.vpc.aws_iam_role_policy_attachment.flow_log",
            "module.vpc.aws_internet_gateway.main",
            "module.vpc.aws_nat_gateway.main",
            "module.vpc.aws_route_table.database",
            "module.vpc.aws_route_table.private",
            "module.vpc.aws_route_table.public",
            "module.vpc.aws_route_table_association.database",
            "module.vpc.aws_route_table_association.private",
            "module.vpc.aws_route_table_association.public",
            "module.vpc.aws_security_group.alb",
            "module.vpc.aws_security_group.default",
            "module.vpc.aws_security_group.workers",
            "module.vpc.aws_subnet.database",
            "module.vpc.aws_subnet.private",
            "module.vpc.aws_subnet.public",
            "module.vpc.aws_vpc.main",
            "module.vpc.aws_vpc_endpoint.s3"
          ],
          "create_before_destroy": true
        }
      ]
    },
    {
      "module": "module.eks",
      "mode": "managed",
      "type": "aws_security_group",
      "name": "node",
      "provider": "provider[\"registry.terraform.io/hashicorp/aws\"]",
      "instances": [
        {
          "index_key": 0,
          "schema_version": 1,
          "attributes": {
            "arn": "arn:aws:ec2:us-east-1:826726045450:security-group/sg-04e4a7f84fc8556df",
            "description": "EKS node shared security group",
            "egress": [
              {
                "cidr_blocks": [
                  "0.0.0.0/0"
                ],
                "description": "Allow all egress",
                "from_port": 0,
                "ipv6_cidr_blocks": [],
                "prefix_list_ids": [],
                "protocol": "-1",
                "security_groups": [],
                "self": false,
                "to_port": 0
              }
            ],
            "id": "sg-04e4a7f84fc8556df",
            "ingress": [
              {
                "cidr_blocks": [],
                "description": "Cluster API to node 4443/tcp webhook",
                "from_port": 4443,
                "ipv6_cidr_blocks": [],
                "prefix_list_ids": [],
                "protocol": "tcp",
                "security_groups": [
                  "sg-060b5548882a16b3c"
                ],
                "self": false,
                "to_port": 4443
              },
              {
                "cidr_blocks": [],
                "description": "Cluster API to node 6443/tcp webhook",
                "from_port": 6443,
                "ipv6_cidr_blocks": [],
                "prefix_list_ids": [],
                "protocol": "tcp",
                "security_groups": [
                  "sg-060b5548882a16b3c"
                ],
                "self": false,
                "to_port": 6443
              },
              {
                "cidr_blocks": [],
                "description": "Cluster API to node 8443/tcp webhook",
                "from_port": 8443,
                "ipv6_cidr_blocks": [],
                "prefix_list_ids": [],
                "protocol": "tcp",
                "security_groups": [
                  "sg-060b5548882a16b3c"
                ],
                "self": false,
                "to_port": 8443
              },
              {
                "cidr_blocks": [],
                "description": "Cluster API to node 9443/tcp webhook",
                "from_port": 9443,
                "ipv6_cidr_blocks": [],
                "prefix_list_ids": [],
                "protocol": "tcp",
                "security_groups": [
                  "sg-060b5548882a16b3c"
                ],
                "self": false,
                "to_port": 9443
              },
              {
                "cidr_blocks": [],
                "description": "Cluster API to node groups",
                "from_port": 443,
                "ipv6_cidr_blocks": [],
                "prefix_list_ids": [],
                "protocol": "tcp",
                "security_groups": [
                  "sg-060b5548882a16b3c"
                ],
                "self": false,
                "to_port": 443
              },
              {
                "cidr_blocks": [],
                "description": "Cluster API to node kubelets",
                "from_port": 10250,
                "ipv6_cidr_blocks": [],
                "prefix_list_ids": [],
                "protocol": "tcp",
                "security_groups": [
                  "sg-060b5548882a16b3c"
                ],
                "self": false,
                "to_port": 10250
              },
              {
                "cidr_blocks": [],
                "description": "Node to node CoreDNS UDP",
                "from_port": 53,
                "ipv6_cidr_blocks": [],
                "prefix_list_ids": [],
                "protocol": "udp",
                "security_groups": [],
                "self": true,
                "to_port": 53
              },
              {
                "cidr_blocks": [],
                "description": "Node to node CoreDNS",
                "from_port": 53,
                "ipv6_cidr_blocks": [],
                "prefix_list_ids": [],
                "protocol": "tcp",
                "security_groups": [],
                "self": true,
                "to_port": 53
              },
              {
                "cidr_blocks": [],
                "description": "Node to node ingress on ephemeral ports",
                "from_port": 1025,
                "ipv6_cidr_blocks": [],
                "prefix_list_ids": [],
                "protocol": "tcp",
                "security_groups": [],
                "self": true,
                "to_port": 65535
              }
            ],
            "name": "saas-hr-staging-eks-v2-node-20250526223942361700000001",
            "name_prefix": "saas-hr-staging-eks-v2-node-",
            "owner_id": "826726045450",
            "revoke_rules_on_delete": false,
            "tags": {
              "Environment": "staging",
              "Name": "saas-hr-staging-eks-v2-node",
              "Project": "saas-hr",
              "kubernetes.io/cluster/saas-hr-staging-eks-v2": "owned"
            },
            "tags_all": {
              "Environment": "staging",
              "ManagedBy": "Terraform",
              "Name": "saas-hr-staging-eks-v2-node",
              "Project": "saas-hr",
              "kubernetes.io/cluster/saas-hr-staging-eks-v2": "owned"
            },
            "timeouts": null,
            "vpc_id": "vpc-0f23c574b54be9624"
          },
          "sensitive_attributes": [],
          "private": "eyJlMmJmYjczMC1lY2FhLTExZTYtOGY4OC0zNDM2M2JjN2M0YzAiOnsiY3JlYXRlIjo2MDAwMDAwMDAwMDAsImRlbGV0ZSI6OTAwMDAwMDAwMDAwfSwic2NoZW1hX3ZlcnNpb24iOiIxIn0=",
          "dependencies": [
            "module.kms.aws_kms_alias.main",
            "module.kms.aws_kms_key.main",
            "module.kms.data.aws_caller_identity.current",
            "module.vpc.aws_cloudwatch_log_group.flow_log",
            "module.vpc.aws_db_subnet_group.database",
            "module.vpc.aws_eip.nat",
            "module.vpc.aws_flow_log.main",
            "module.vpc.aws_iam_policy.flow_log",
            "module.vpc.aws_iam_role.flow_log",
            "module.vpc.aws_iam_role_policy_attachment.flow_log",
            "module.vpc.aws_internet_gateway.main",
            "module.vpc.aws_nat_gateway.main",
            "module.vpc.aws_route_table.database",
            "module.vpc.aws_route_table.private",
            "module.vpc.aws_route_table.public",
            "module.vpc.aws_route_table_association.database",
            "module.vpc.aws_route_table_association.private",
            "module.vpc.aws_route_table_association.public",
            "module.vpc.aws_security_group.alb",
            "module.vpc.aws_security_group.default",
            "module.vpc.aws_security_group.workers",
            "module.vpc.aws_subnet.database",
            "module.vpc.aws_subnet.private",
            "module.vpc.aws_subnet.public",
            "module.vpc.aws_vpc.main",
            "module.vpc.aws_vpc_endpoint.s3"
          ],
          "create_before_destroy": true
        },
        {
          "index_key": 0,
          "deposed": "17cb4d54",
          "schema_version": 1,
          "attributes": {
            "arn": "arn:aws:ec2:us-east-1:826726045450:security-group/sg-09e1530203e34913a",
            "description": "EKS node shared security group",
            "egress": [
              {
                "cidr_blocks": [
                  "0.0.0.0/0"
                ],
                "description": "Allow all egress",
                "from_port": 0,
                "ipv6_cidr_blocks": [],
                "prefix_list_ids": [],
                "protocol": "-1",
                "security_groups": [],
                "self": false,
                "to_port": 0
              }
            ],
            "id": "sg-09e1530203e34913a",
            "ingress": [
              {
                "cidr_blocks": [],
                "description": "Cluster API to node 4443/tcp webhook",
                "from_port": 4443,
                "ipv6_cidr_blocks": [],
                "prefix_list_ids": [],
                "protocol": "tcp",
                "security_groups": [
                  "sg-09ef025304146dc01"
                ],
                "self": false,
                "to_port": 4443
              },
              {
                "cidr_blocks": [],
                "description": "Cluster API to node 6443/tcp webhook",
                "from_port": 6443,
                "ipv6_cidr_blocks": [],
                "prefix_list_ids": [],
                "protocol": "tcp",
                "security_groups": [
                  "sg-09ef025304146dc01"
                ],
                "self": false,
                "to_port": 6443
              },
              {
                "cidr_blocks": [],
                "description": "Cluster API to node 8443/tcp webhook",
                "from_port": 8443,
                "ipv6_cidr_blocks": [],
                "prefix_list_ids": [],
                "protocol": "tcp",
                "security_groups": [
                  "sg-09ef025304146dc01"
                ],
                "self": false,
                "to_port": 8443
              },
              {
                "cidr_blocks": [],
                "description": "Cluster API to node 9443/tcp webhook",
                "from_port": 9443,
                "ipv6_cidr_blocks": [],
                "prefix_list_ids": [],
                "protocol": "tcp",
                "security_groups": [
                  "sg-09ef025304146dc01"
                ],
                "self": false,
                "to_port": 9443
              },
              {
                "cidr_blocks": [],
                "description": "Cluster API to node groups",
                "from_port": 443,
                "ipv6_cidr_blocks": [],
                "prefix_list_ids": [],
                "protocol": "tcp",
                "security_groups": [
                  "sg-09ef025304146dc01"
                ],
                "self": false,
                "to_port": 443
              },
              {
                "cidr_blocks": [],
                "description": "Cluster API to node kubelets",
                "from_port": 10250,
                "ipv6_cidr_blocks": [],
                "prefix_list_ids": [],
                "protocol": "tcp",
                "security_groups": [
                  "sg-09ef025304146dc01"
                ],
                "self": false,
                "to_port": 10250
              },
              {
                "cidr_blocks": [],
                "description": "Node to node CoreDNS UDP",
                "from_port": 53,
                "ipv6_cidr_blocks": [],
                "prefix_list_ids": [],
                "protocol": "udp",
                "security_groups": [],
                "self": true,
                "to_port": 53
              },
              {
                "cidr_blocks": [],
                "description": "Node to node CoreDNS",
                "from_port": 53,
                "ipv6_cidr_blocks": [],
                "prefix_list_ids": [],
                "protocol": "tcp",
                "security_groups": [],
                "self": true,
                "to_port": 53
              },
              {
                "cidr_blocks": [],
                "description": "Node to node ingress on ephemeral ports",
                "from_port": 1025,
                "ipv6_cidr_blocks": [],
                "prefix_list_ids": [],
                "protocol": "tcp",
                "security_groups": [],
                "self": true,
                "to_port": 65535
              }
            ],
            "name": "saas-hr-staging-eks-node-20250526180837471800000001",
            "name_prefix": "saas-hr-staging-eks-node-",
            "owner_id": "826726045450",
            "revoke_rules_on_delete": false,
            "tags": {
              "Environment": "staging",
              "Name": "saas-hr-staging-eks-node",
              "Project": "saas-hr",
              "kubernetes.io/cluster/saas-hr-staging-eks": "owned"
            },
            "tags_all": {
              "Environment": "staging",
              "ManagedBy": "Terraform",
              "Name": "saas-hr-staging-eks-node",
              "Project": "saas-hr",
              "kubernetes.io/cluster/saas-hr-staging-eks": "owned"
            },
            "timeouts": null,
            "vpc_id": "vpc-0f23c574b54be9624"
          },
          "sensitive_attributes": [],
          "private": "eyJlMmJmYjczMC1lY2FhLTExZTYtOGY4OC0zNDM2M2JjN2M0YzAiOnsiY3JlYXRlIjo2MDAwMDAwMDAwMDAsImRlbGV0ZSI6OTAwMDAwMDAwMDAwfSwic2NoZW1hX3ZlcnNpb24iOiIxIn0=",
          "dependencies": [
            "module.kms.aws_kms_alias.main",
            "module.kms.aws_kms_key.main",
            "module.kms.data.aws_caller_identity.current",
            "module.vpc.aws_cloudwatch_log_group.flow_log",
            "module.vpc.aws_db_subnet_group.database",
            "module.vpc.aws_eip.nat",
            "module.vpc.aws_flow_log.main",
            "module.vpc.aws_iam_policy.flow_log",
            "module.vpc.aws_iam_role.flow_log",
            "module.vpc.aws_iam_role_policy_attachment.flow_log",
            "module.vpc.aws_internet_gateway.main",
            "module.vpc.aws_nat_gateway.main",
            "module.vpc.aws_route_table.database",
            "module.vpc.aws_route_table.private",
            "module.vpc.aws_route_table.public",
            "module.vpc.aws_route_table_association.database",
            "module.vpc.aws_route_table_association.private",
            "module.vpc.aws_route_table_association.public",
            "module.vpc.aws_security_group.alb",
            "module.vpc.aws_security_group.default",
            "module.vpc.aws_security_group.workers",
            "module.vpc.aws_subnet.database",
            "module.vpc.aws_subnet.private",
            "module.vpc.aws_subnet.public",
            "module.vpc.aws_vpc.main",
            "module.vpc.aws_vpc_endpoint.s3"
          ],
          "create_before_destroy": true
        }
      ]
    },
    {
      "module": "module.eks",
      "mode": "managed",
      "type": "aws_security_group_rule",
      "name": "cluster",
      "provider": "provider[\"registry.terraform.io/hashicorp/aws\"]",
      "instances": [
        {
          "index_key": "ingress_nodes_443",
          "schema_version": 2,
          "attributes": {
            "cidr_blocks": null,
            "description": "Node groups to cluster API",
            "from_port": 443,
            "id": "sgrule-4124690247",
            "ipv6_cidr_blocks": null,
            "prefix_list_ids": null,
            "protocol": "tcp",
            "security_group_id": "sg-060b5548882a16b3c",
            "security_group_rule_id": "sgr-07804b4d744be54b6",
            "self": false,
            "source_security_group_id": "sg-04e4a7f84fc8556df",
            "timeouts": null,
            "to_port": 443,
            "type": "ingress"
          },
          "sensitive_attributes": [],
          "private": "eyJlMmJmYjczMC1lY2FhLTExZTYtOGY4OC0zNDM2M2JjN2M0YzAiOnsiY3JlYXRlIjozMDAwMDAwMDAwMDB9LCJzY2hlbWFfdmVyc2lvbiI6IjIifQ==",
          "dependencies": [
            "module.eks.aws_security_group.cluster",
            "module.eks.aws_security_group.node",
            "module.kms.aws_kms_alias.main",
            "module.kms.aws_kms_key.main",
            "module.kms.data.aws_caller_identity.current",
            "module.vpc.aws_cloudwatch_log_group.flow_log",
            "module.vpc.aws_db_subnet_group.database",
            "module.vpc.aws_eip.nat",
            "module.vpc.aws_flow_log.main",
            "module.vpc.aws_iam_policy.flow_log",
            "module.vpc.aws_iam_role.flow_log",
            "module.vpc.aws_iam_role_policy_attachment.flow_log",
            "module.vpc.aws_internet_gateway.main",
            "module.vpc.aws_nat_gateway.main",
            "module.vpc.aws_route_table.database",
            "module.vpc.aws_route_table.private",
            "module.vpc.aws_route_table.public",
            "module.vpc.aws_route_table_association.database",
            "module.vpc.aws_route_table_association.private",
            "module.vpc.aws_route_table_association.public",
            "module.vpc.aws_security_group.alb",
            "module.vpc.aws_security_group.default",
            "module.vpc.aws_security_group.workers",
            "module.vpc.aws_subnet.database",
            "module.vpc.aws_subnet.private",
            "module.vpc.aws_subnet.public",
            "module.vpc.aws_vpc.main",
            "module.vpc.aws_vpc_endpoint.s3"
          ],
          "create_before_destroy": true
        },
        {
          "index_key": "ingress_nodes_443",
          "deposed": "e8cf68b2",
          "schema_version": 2,
          "attributes": {
            "cidr_blocks": null,
            "description": "Node groups to cluster API",
            "from_port": 443,
            "id": "sgrule-215358042",
            "ipv6_cidr_blocks": null,
            "prefix_list_ids": null,
            "protocol": "tcp",
            "security_group_id": "sg-09ef025304146dc01",
            "security_group_rule_id": "sgr-09abcbd01a6f22f8a",
            "self": false,
            "source_security_group_id": "sg-09e1530203e34913a",
            "timeouts": null,
            "to_port": 443,
            "type": "ingress"
          },
          "sensitive_attributes": [],
          "private": "eyJlMmJmYjczMC1lY2FhLTExZTYtOGY4OC0zNDM2M2JjN2M0YzAiOnsiY3JlYXRlIjozMDAwMDAwMDAwMDB9LCJzY2hlbWFfdmVyc2lvbiI6IjIifQ==",
          "dependencies": [
            "module.eks.aws_security_group.cluster",
            "module.eks.aws_security_group.node",
            "module.kms.aws_kms_alias.main",
            "module.kms.aws_kms_key.main",
            "module.kms.data.aws_caller_identity.current",
            "module.vpc.aws_cloudwatch_log_group.flow_log",
            "module.vpc.aws_db_subnet_group.database",
            "module.vpc.aws_eip.nat",
            "module.vpc.aws_flow_log.main",
            "module.vpc.aws_iam_policy.flow_log",
            "module.vpc.aws_iam_role.flow_log",
            "module.vpc.aws_iam_role_policy_attachment.flow_log",
            "module.vpc.aws_internet_gateway.main",
            "module.vpc.aws_nat_gateway.main",
            "module.vpc.aws_route_table.database",
            "module.vpc.aws_route_table.private",
            "module.vpc.aws_route_table.public",
            "module.vpc.aws_route_table_association.database",
            "module.vpc.aws_route_table_association.private",
            "module.vpc.aws_route_table_association.public",
            "module.vpc.aws_security_group.alb",
            "module.vpc.aws_security_group.default",
            "module.vpc.aws_security_group.workers",
            "module.vpc.aws_subnet.database",
            "module.vpc.aws_subnet.private",
            "module.vpc.aws_subnet.public",
            "module.vpc.aws_vpc.main",
            "module.vpc.aws_vpc_endpoint.s3"
          ],
          "create_before_destroy": true
        }
      ]
    },
    {
      "module": "module.eks",
      "mode": "managed",
      "type": "aws_security_group_rule",
      "name": "node",
      "provider": "provider[\"registry.terraform.io/hashicorp/aws\"]",
      "instances": [
        {
          "index_key": "egress_all",
          "schema_version": 2,
          "attributes": {
            "cidr_blocks": [
              "0.0.0.0/0"
            ],
            "description": "Allow all egress",
            "from_port": 0,
            "id": "sgrule-2756493278",
            "ipv6_cidr_blocks": null,
            "prefix_list_ids": [],
            "protocol": "-1",
            "security_group_id": "sg-04e4a7f84fc8556df",
            "security_group_rule_id": "sgr-0fcb111fbbd5dc02b",
            "self": false,
            "source_security_group_id": null,
            "timeouts": null,
            "to_port": 0,
            "type": "egress"
          },
          "sensitive_attributes": [],
          "private": "eyJlMmJmYjczMC1lY2FhLTExZTYtOGY4OC0zNDM2M2JjN2M0YzAiOnsiY3JlYXRlIjozMDAwMDAwMDAwMDB9LCJzY2hlbWFfdmVyc2lvbiI6IjIifQ==",
          "dependencies": [
            "module.eks.aws_security_group.cluster",
            "module.eks.aws_security_group.node",
            "module.kms.aws_kms_alias.main",
            "module.kms.aws_kms_key.main",
            "module.kms.data.aws_caller_identity.current",
            "module.vpc.aws_cloudwatch_log_group.flow_log",
            "module.vpc.aws_db_subnet_group.database",
            "module.vpc.aws_eip.nat",
            "module.vpc.aws_flow_log.main",
            "module.vpc.aws_iam_policy.flow_log",
            "module.vpc.aws_iam_role.flow_log",
            "module.vpc.aws_iam_role_policy_attachment.flow_log",
            "module.vpc.aws_internet_gateway.main",
            "module.vpc.aws_nat_gateway.main",
            "module.vpc.aws_route_table.database",
            "module.vpc.aws_route_table.private",
            "module.vpc.aws_route_table.public",
            "module.vpc.aws_route_table_association.database",
            "module.vpc.aws_route_table_association.private",
            "module.vpc.aws_route_table_association.public",
            "module.vpc.aws_security_group.alb",
            "module.vpc.aws_security_group.default",
            "module.vpc.aws_security_group.workers",
            "module.vpc.aws_subnet.database",
            "module.vpc.aws_subnet.private",
            "module.vpc.aws_subnet.public",
            "module.vpc.aws_vpc.main",
            "module.vpc.aws_vpc_endpoint.s3"
          ],
          "create_before_destroy": true
        },
        {
          "index_key": "egress_all",
          "deposed": "1959862d",
          "schema_version": 2,
          "attributes": {
            "cidr_blocks": [
              "0.0.0.0/0"
            ],
            "description": "Allow all egress",
            "from_port": 0,
            "id": "sgrule-925973047",
            "ipv6_cidr_blocks": null,
            "prefix_list_ids": [],
            "protocol": "-1",
            "security_group_id": "sg-09e1530203e34913a",
            "security_group_rule_id": "sgr-08e48d94dfc10c66e",
            "self": false,
            "source_security_group_id": null,
            "timeouts": null,
            "to_port": 0,
            "type": "egress"
          },
          "sensitive_attributes": [],
          "private": "eyJlMmJmYjczMC1lY2FhLTExZTYtOGY4OC0zNDM2M2JjN2M0YzAiOnsiY3JlYXRlIjozMDAwMDAwMDAwMDB9LCJzY2hlbWFfdmVyc2lvbiI6IjIifQ==",
          "dependencies": [
            "module.eks.aws_security_group.cluster",
            "module.eks.aws_security_group.node",
            "module.kms.aws_kms_alias.main",
            "module.kms.aws_kms_key.main",
            "module.kms.data.aws_caller_identity.current",
            "module.vpc.aws_cloudwatch_log_group.flow_log",
            "module.vpc.aws_db_subnet_group.database",
            "module.vpc.aws_eip.nat",
            "module.vpc.aws_flow_log.main",
            "module.vpc.aws_iam_policy.flow_log",
            "module.vpc.aws_iam_role.flow_log",
            "module.vpc.aws_iam_role_policy_attachment.flow_log",
            "module.vpc.aws_internet_gateway.main",
            "module.vpc.aws_nat_gateway.main",
            "module.vpc.aws_route_table.database",
            "module.vpc.aws_route_table.private",
            "module.vpc.aws_route_table.public",
            "module.vpc.aws_route_table_association.database",
            "module.vpc.aws_route_table_association.private",
            "module.vpc.aws_route_table_association.public",
            "module.vpc.aws_security_group.alb",
            "module.vpc.aws_security_group.default",
            "module.vpc.aws_security_group.workers",
            "module.vpc.aws_subnet.database",
            "module.vpc.aws_subnet.private",
            "module.vpc.aws_subnet.public",
            "module.vpc.aws_vpc.main",
            "module.vpc.aws_vpc_endpoint.s3"
          ],
          "create_before_destroy": true
        },
        {
          "index_key": "ingress_cluster_443",
          "schema_version": 2,
          "attributes": {
            "cidr_blocks": null,
            "description": "Cluster API to node groups",
            "from_port": 443,
            "id": "sgrule-4038592515",
            "ipv6_cidr_blocks": null,
            "prefix_list_ids": [],
            "protocol": "tcp",
            "security_group_id": "sg-04e4a7f84fc8556df",
            "security_group_rule_id": "sgr-063a2ff61326924c7",
            "self": false,
            "source_security_group_id": "sg-060b5548882a16b3c",
            "timeouts": null,
            "to_port": 443,
            "type": "ingress"
          },
          "sensitive_attributes": [],
          "private": "eyJlMmJmYjczMC1lY2FhLTExZTYtOGY4OC0zNDM2M2JjN2M0YzAiOnsiY3JlYXRlIjozMDAwMDAwMDAwMDB9LCJzY2hlbWFfdmVyc2lvbiI6IjIifQ==",
          "dependencies": [
            "module.eks.aws_security_group.cluster",
            "module.eks.aws_security_group.node",
            "module.kms.aws_kms_alias.main",
            "module.kms.aws_kms_key.main",
            "module.kms.data.aws_caller_identity.current",
            "module.vpc.aws_cloudwatch_log_group.flow_log",
            "module.vpc.aws_db_subnet_group.database",
            "module.vpc.aws_eip.nat",
            "module.vpc.aws_flow_log.main",
            "module.vpc.aws_iam_policy.flow_log",
            "module.vpc.aws_iam_role.flow_log",
            "module.vpc.aws_iam_role_policy_attachment.flow_log",
            "module.vpc.aws_internet_gateway.main",
            "module.vpc.aws_nat_gateway.main",
            "module.vpc.aws_route_table.database",
            "module.vpc.aws_route_table.private",
            "module.vpc.aws_route_table.public",
            "module.vpc.aws_route_table_association.database",
            "module.vpc.aws_route_table_association.private",
            "module.vpc.aws_route_table_association.public",
            "module.vpc.aws_security_group.alb",
            "module.vpc.aws_security_group.default",
            "module.vpc.aws_security_group.workers",
            "module.vpc.aws_subnet.database",
            "module.vpc.aws_subnet.private",
            "module.vpc.aws_subnet.public",
            "module.vpc.aws_vpc.main",
            "module.vpc.aws_vpc_endpoint.s3"
          ],
          "create_before_destroy": true
        },
        {
          "index_key": "ingress_cluster_443",
          "deposed": "f621e94a",
          "schema_version": 2,
          "attributes": {
            "cidr_blocks": null,
            "description": "Cluster API to node groups",
            "from_port": 443,
            "id": "sgrule-2582127260",
            "ipv6_cidr_blocks": null,
            "prefix_list_ids": [],
            "protocol": "tcp",
            "security_group_id": "sg-09e1530203e34913a",
            "security_group_rule_id": "sgr-0c5c04b58dcae0b5e",
            "self": false,
            "source_security_group_id": "sg-09ef025304146dc01",
            "timeouts": null,
            "to_port": 443,
            "type": "ingress"
          },
          "sensitive_attributes": [],
          "private": "eyJlMmJmYjczMC1lY2FhLTExZTYtOGY4OC0zNDM2M2JjN2M0YzAiOnsiY3JlYXRlIjozMDAwMDAwMDAwMDB9LCJzY2hlbWFfdmVyc2lvbiI6IjIifQ==",
          "dependencies": [
            "module.eks.aws_security_group.cluster",
            "module.eks.aws_security_group.node",
            "module.kms.aws_kms_alias.main",
            "module.kms.aws_kms_key.main",
            "module.kms.data.aws_caller_identity.current",
            "module.vpc.aws_cloudwatch_log_group.flow_log",
            "module.vpc.aws_db_subnet_group.database",
            "module.vpc.aws_eip.nat",
            "module.vpc.aws_flow_log.main",
            "module.vpc.aws_iam_policy.flow_log",
            "module.vpc.aws_iam_role.flow_log",
            "module.vpc.aws_iam_role_policy_attachment.flow_log",
            "module.vpc.aws_internet_gateway.main",
            "module.vpc.aws_nat_gateway.main",
            "module.vpc.aws_route_table.database",
            "module.vpc.aws_route_table.private",
            "module.vpc.aws_route_table.public",
            "module.vpc.aws_route_table_association.database",
            "module.vpc.aws_route_table_association.private",
            "module.vpc.aws_route_table_association.public",
            "module.vpc.aws_security_group.alb",
            "module.vpc.aws_security_group.default",
            "module.vpc.aws_security_group.workers",
            "module.vpc.aws_subnet.database",
            "module.vpc.aws_subnet.private",
            "module.vpc.aws_subnet.public",
            "module.vpc.aws_vpc.main",
            "module.vpc.aws_vpc_endpoint.s3"
          ],
          "create_before_destroy": true
        },
        {
          "index_key": "ingress_cluster_4443_webhook",
          "schema_version": 2,
          "attributes": {
            "cidr_blocks": null,
            "description": "Cluster API to node 4443/tcp webhook",
            "from_port": 4443,
            "id": "sgrule-3694925998",
            "ipv6_cidr_blocks": null,
            "prefix_list_ids": [],
            "protocol": "tcp",
            "security_group_id": "sg-04e4a7f84fc8556df",
            "security_group_rule_id": "sgr-040ade6b9f712c7c2",
            "self": false,
            "source_security_group_id": "sg-060b5548882a16b3c",
            "timeouts": null,
            "to_port": 4443,
            "type": "ingress"
          },
          "sensitive_attributes": [],
          "private": "eyJlMmJmYjczMC1lY2FhLTExZTYtOGY4OC0zNDM2M2JjN2M0YzAiOnsiY3JlYXRlIjozMDAwMDAwMDAwMDB9LCJzY2hlbWFfdmVyc2lvbiI6IjIifQ==",
          "dependencies": [
            "module.eks.aws_security_group.cluster",
            "module.eks.aws_security_group.node",
            "module.kms.aws_kms_alias.main",
            "module.kms.aws_kms_key.main",
            "module.kms.data.aws_caller_identity.current",
            "module.vpc.aws_cloudwatch_log_group.flow_log",
            "module.vpc.aws_db_subnet_group.database",
            "module.vpc.aws_eip.nat",
            "module.vpc.aws_flow_log.main",
            "module.vpc.aws_iam_policy.flow_log",
            "module.vpc.aws_iam_role.flow_log",
            "module.vpc.aws_iam_role_policy_attachment.flow_log",
            "module.vpc.aws_internet_gateway.main",
            "module.vpc.aws_nat_gateway.main",
            "module.vpc.aws_route_table.database",
            "module.vpc.aws_route_table.private",
            "module.vpc.aws_route_table.public",
            "module.vpc.aws_route_table_association.database",
            "module.vpc.aws_route_table_association.private",
            "module.vpc.aws_route_table_association.public",
            "module.vpc.aws_security_group.alb",
            "module.vpc.aws_security_group.default",
            "module.vpc.aws_security_group.workers",
            "module.vpc.aws_subnet.database",
            "module.vpc.aws_subnet.private",
            "module.vpc.aws_subnet.public",
            "module.vpc.aws_vpc.main",
            "module.vpc.aws_vpc_endpoint.s3"
          ],
          "create_before_destroy": true
        },
        {
          "index_key": "ingress_cluster_4443_webhook",
          "deposed": "cdb83cc8",
          "schema_version": 2,
          "attributes": {
            "cidr_blocks": null,
            "description": "Cluster API to node 4443/tcp webhook",
            "from_port": 4443,
            "id": "sgrule-3082310888",
            "ipv6_cidr_blocks": null,
            "prefix_list_ids": [],
            "protocol": "tcp",
            "security_group_id": "sg-09e1530203e34913a",
            "security_group_rule_id": "sgr-0f71a32852312d257",
            "self": false,
            "source_security_group_id": "sg-09ef025304146dc01",
            "timeouts": null,
            "to_port": 4443,
            "type": "ingress"
          },
          "sensitive_attributes": [],
          "private": "eyJlMmJmYjczMC1lY2FhLTExZTYtOGY4OC0zNDM2M2JjN2M0YzAiOnsiY3JlYXRlIjozMDAwMDAwMDAwMDB9LCJzY2hlbWFfdmVyc2lvbiI6IjIifQ==",
          "dependencies": [
            "module.eks.aws_security_group.cluster",
            "module.eks.aws_security_group.node",
            "module.kms.aws_kms_alias.main",
            "module.kms.aws_kms_key.main",
            "module.kms.data.aws_caller_identity.current",
            "module.vpc.aws_cloudwatch_log_group.flow_log",
            "module.vpc.aws_db_subnet_group.database",
            "module.vpc.aws_eip.nat",
            "module.vpc.aws_flow_log.main",
            "module.vpc.aws_iam_policy.flow_log",
            "module.vpc.aws_iam_role.flow_log",
            "module.vpc.aws_iam_role_policy_attachment.flow_log",
            "module.vpc.aws_internet_gateway.main",
            "module.vpc.aws_nat_gateway.main",
            "module.vpc.aws_route_table.database",
            "module.vpc.aws_route_table.private",
            "module.vpc.aws_route_table.public",
            "module.vpc.aws_route_table_association.database",
            "module.vpc.aws_route_table_association.private",
            "module.vpc.aws_route_table_association.public",
            "module.vpc.aws_security_group.alb",
            "module.vpc.aws_security_group.default",
            "module.vpc.aws_security_group.workers",
            "module.vpc.aws_subnet.database",
            "module.vpc.aws_subnet.private",
            "module.vpc.aws_subnet.public",
            "module.vpc.aws_vpc.main",
            "module.vpc.aws_vpc_endpoint.s3"
          ],
          "create_before_destroy": true
        },
        {
          "index_key": "ingress_cluster_6443_webhook",
          "schema_version": 2,
          "attributes": {
            "cidr_blocks": null,
            "description": "Cluster API to node 6443/tcp webhook",
            "from_port": 6443,
            "id": "sgrule-360611640",
            "ipv6_cidr_blocks": null,
            "prefix_list_ids": [],
            "protocol": "tcp",
            "security_group_id": "sg-04e4a7f84fc8556df",
            "security_group_rule_id": "sgr-0148b4a6e203c98fb",
            "self": false,
            "source_security_group_id": "sg-060b5548882a16b3c",
            "timeouts": null,
            "to_port": 6443,
            "type": "ingress"
          },
          "sensitive_attributes": [],
          "private": "eyJlMmJmYjczMC1lY2FhLTExZTYtOGY4OC0zNDM2M2JjN2M0YzAiOnsiY3JlYXRlIjozMDAwMDAwMDAwMDB9LCJzY2hlbWFfdmVyc2lvbiI6IjIifQ==",
          "dependencies": [
            "module.eks.aws_security_group.cluster",
            "module.eks.aws_security_group.node",
            "module.kms.aws_kms_alias.main",
            "module.kms.aws_kms_key.main",
            "module.kms.data.aws_caller_identity.current",
            "module.vpc.aws_cloudwatch_log_group.flow_log",
            "module.vpc.aws_db_subnet_group.database",
            "module.vpc.aws_eip.nat",
            "module.vpc.aws_flow_log.main",
            "module.vpc.aws_iam_policy.flow_log",
            "module.vpc.aws_iam_role.flow_log",
            "module.vpc.aws_iam_role_policy_attachment.flow_log",
            "module.vpc.aws_internet_gateway.main",
            "module.vpc.aws_nat_gateway.main",
            "module.vpc.aws_route_table.database",
            "module.vpc.aws_route_table.private",
            "module.vpc.aws_route_table.public",
            "module.vpc.aws_route_table_association.database",
            "module.vpc.aws_route_table_association.private",
            "module.vpc.aws_route_table_association.public",
            "module.vpc.aws_security_group.alb",
            "module.vpc.aws_security_group.default",
            "module.vpc.aws_security_group.workers",
            "module.vpc.aws_subnet.database",
            "module.vpc.aws_subnet.private",
            "module.vpc.aws_subnet.public",
            "module.vpc.aws_vpc.main",
            "module.vpc.aws_vpc_endpoint.s3"
          ],
          "create_before_destroy": true
        },
        {
          "index_key": "ingress_cluster_6443_webhook",
          "deposed": "c8cede08",
          "schema_version": 2,
          "attributes": {
            "cidr_blocks": null,
            "description": "Cluster API to node 6443/tcp webhook",
            "from_port": 6443,
            "id": "sgrule-2130326398",
            "ipv6_cidr_blocks": null,
            "prefix_list_ids": [],
            "protocol": "tcp",
            "security_group_id": "sg-09e1530203e34913a",
            "security_group_rule_id": "sgr-0bf0922833afad3b2",
            "self": false,
            "source_security_group_id": "sg-09ef025304146dc01",
            "timeouts": null,
            "to_port": 6443,
            "type": "ingress"
          },
          "sensitive_attributes": [],
          "private": "eyJlMmJmYjczMC1lY2FhLTExZTYtOGY4OC0zNDM2M2JjN2M0YzAiOnsiY3JlYXRlIjozMDAwMDAwMDAwMDB9LCJzY2hlbWFfdmVyc2lvbiI6IjIifQ==",
          "dependencies": [
            "module.eks.aws_security_group.cluster",
            "module.eks.aws_security_group.node",
            "module.kms.aws_kms_alias.main",
            "module.kms.aws_kms_key.main",
            "module.kms.data.aws_caller_identity.current",
            "module.vpc.aws_cloudwatch_log_group.flow_log",
            "module.vpc.aws_db_subnet_group.database",
            "module.vpc.aws_eip.nat",
            "module.vpc.aws_flow_log.main",
            "module.vpc.aws_iam_policy.flow_log",
            "module.vpc.aws_iam_role.flow_log",
            "module.vpc.aws_iam_role_policy_attachment.flow_log",
            "module.vpc.aws_internet_gateway.main",
            "module.vpc.aws_nat_gateway.main",
            "module.vpc.aws_route_table.database",
            "module.vpc.aws_route_table.private",
            "module.vpc.aws_route_table.public",
            "module.vpc.aws_route_table_association.database",
            "module.vpc.aws_route_table_association.private",
            "module.vpc.aws_route_table_association.public",
            "module.vpc.aws_security_group.alb",
            "module.vpc.aws_security_group.default",
            "module.vpc.aws_security_group.workers",
            "module.vpc.aws_subnet.database",
            "module.vpc.aws_subnet.private",
            "module.vpc.aws_subnet.public",
            "module.vpc.aws_vpc.main",
            "module.vpc.aws_vpc_endpoint.s3"
          ],
          "create_before_destroy": true
        },
        {
          "index_key": "ingress_cluster_8443_webhook",
          "schema_version": 2,
          "attributes": {
            "cidr_blocks": null,
            "description": "Cluster API to node 8443/tcp webhook",
            "from_port": 8443,
            "id": "sgrule-102908697",
            "ipv6_cidr_blocks": null,
            "prefix_list_ids": [],
            "protocol": "tcp",
            "security_group_id": "sg-04e4a7f84fc8556df",
            "security_group_rule_id": "sgr-0564b86dc71cd414c",
            "self": false,
            "source_security_group_id": "sg-060b5548882a16b3c",
            "timeouts": null,
            "to_port": 8443,
            "type": "ingress"
          },
          "sensitive_attributes": [],
          "private": "eyJlMmJmYjczMC1lY2FhLTExZTYtOGY4OC0zNDM2M2JjN2M0YzAiOnsiY3JlYXRlIjozMDAwMDAwMDAwMDB9LCJzY2hlbWFfdmVyc2lvbiI6IjIifQ==",
          "dependencies": [
            "module.eks.aws_security_group.cluster",
            "module.eks.aws_security_group.node",
            "module.kms.aws_kms_alias.main",
            "module.kms.aws_kms_key.main",
            "module.kms.data.aws_caller_identity.current",
            "module.vpc.aws_cloudwatch_log_group.flow_log",
            "module.vpc.aws_db_subnet_group.database",
            "module.vpc.aws_eip.nat",
            "module.vpc.aws_flow_log.main",
            "module.vpc.aws_iam_policy.flow_log",
            "module.vpc.aws_iam_role.flow_log",
            "module.vpc.aws_iam_role_policy_attachment.flow_log",
            "module.vpc.aws_internet_gateway.main",
            "module.vpc.aws_nat_gateway.main",
            "module.vpc.aws_route_table.database",
            "module.vpc.aws_route_table.private",
            "module.vpc.aws_route_table.public",
            "module.vpc.aws_route_table_association.database",
            "module.vpc.aws_route_table_association.private",
            "module.vpc.aws_route_table_association.public",
            "module.vpc.aws_security_group.alb",
            "module.vpc.aws_security_group.default",
            "module.vpc.aws_security_group.workers",
            "module.vpc.aws_subnet.database",
            "module.vpc.aws_subnet.private",
            "module.vpc.aws_subnet.public",
            "module.vpc.aws_vpc.main",
            "module.vpc.aws_vpc_endpoint.s3"
          ],
          "create_before_destroy": true
        },
        {
          "index_key": "ingress_cluster_8443_webhook",
          "deposed": "da86667e",
          "schema_version": 2,
          "attributes": {
            "cidr_blocks": null,
            "description": "Cluster API to node 8443/tcp webhook",
            "from_port": 8443,
            "id": "sgrule-1839599455",
            "ipv6_cidr_blocks": null,
            "prefix_list_ids": [],
            "protocol": "tcp",
            "security_group_id": "sg-09e1530203e34913a",
            "security_group_rule_id": "sgr-0985174479f6a0ad5",
            "self": false,
            "source_security_group_id": "sg-09ef025304146dc01",
            "timeouts": null,
            "to_port": 8443,
            "type": "ingress"
          },
          "sensitive_attributes": [],
          "private": "eyJlMmJmYjczMC1lY2FhLTExZTYtOGY4OC0zNDM2M2JjN2M0YzAiOnsiY3JlYXRlIjozMDAwMDAwMDAwMDB9LCJzY2hlbWFfdmVyc2lvbiI6IjIifQ==",
          "dependencies": [
            "module.eks.aws_security_group.cluster",
            "module.eks.aws_security_group.node",
            "module.kms.aws_kms_alias.main",
            "module.kms.aws_kms_key.main",
            "module.kms.data.aws_caller_identity.current",
            "module.vpc.aws_cloudwatch_log_group.flow_log",
            "module.vpc.aws_db_subnet_group.database",
            "module.vpc.aws_eip.nat",
            "module.vpc.aws_flow_log.main",
            "module.vpc.aws_iam_policy.flow_log",
            "module.vpc.aws_iam_role.flow_log",
            "module.vpc.aws_iam_role_policy_attachment.flow_log",
            "module.vpc.aws_internet_gateway.main",
            "module.vpc.aws_nat_gateway.main",
            "module.vpc.aws_route_table.database",
            "module.vpc.aws_route_table.private",
            "module.vpc.aws_route_table.public",
            "module.vpc.aws_route_table_association.database",
            "module.vpc.aws_route_table_association.private",
            "module.vpc.aws_route_table_association.public",
            "module.vpc.aws_security_group.alb",
            "module.vpc.aws_security_group.default",
            "module.vpc.aws_security_group.workers",
            "module.vpc.aws_subnet.database",
            "module.vpc.aws_subnet.private",
            "module.vpc.aws_subnet.public",
            "module.vpc.aws_vpc.main",
            "module.vpc.aws_vpc_endpoint.s3"
          ],
          "create_before_destroy": true
        },
        {
          "index_key": "ingress_cluster_9443_webhook",
          "schema_version": 2,
          "attributes": {
            "cidr_blocks": null,
            "description": "Cluster API to node 9443/tcp webhook",
            "from_port": 9443,
            "id": "sgrule-1652781266",
            "ipv6_cidr_blocks": null,
            "prefix_list_ids": [],
            "protocol": "tcp",
            "security_group_id": "sg-04e4a7f84fc8556df",
            "security_group_rule_id": "sgr-052bd9ac2071cc02c",
            "self": false,
            "source_security_group_id": "sg-060b5548882a16b3c",
            "timeouts": null,
            "to_port": 9443,
            "type": "ingress"
          },
          "sensitive_attributes": [],
          "private": "eyJlMmJmYjczMC1lY2FhLTExZTYtOGY4OC0zNDM2M2JjN2M0YzAiOnsiY3JlYXRlIjozMDAwMDAwMDAwMDB9LCJzY2hlbWFfdmVyc2lvbiI6IjIifQ==",
          "dependencies": [
            "module.eks.aws_security_group.cluster",
            "module.eks.aws_security_group.node",
            "module.kms.aws_kms_alias.main",
            "module.kms.aws_kms_key.main",
            "module.kms.data.aws_caller_identity.current",
            "module.vpc.aws_cloudwatch_log_group.flow_log",
            "module.vpc.aws_db_subnet_group.database",
            "module.vpc.aws_eip.nat",
            "module.vpc.aws_flow_log.main",
            "module.vpc.aws_iam_policy.flow_log",
            "module.vpc.aws_iam_role.flow_log",
            "module.vpc.aws_iam_role_policy_attachment.flow_log",
            "module.vpc.aws_internet_gateway.main",
            "module.vpc.aws_nat_gateway.main",
            "module.vpc.aws_route_table.database",
            "module.vpc.aws_route_table.private",
            "module.vpc.aws_route_table.public",
            "module.vpc.aws_route_table_association.database",
            "module.vpc.aws_route_table_association.private",
            "module.vpc.aws_route_table_association.public",
            "module.vpc.aws_security_group.alb",
            "module.vpc.aws_security_group.default",
            "module.vpc.aws_security_group.workers",
            "module.vpc.aws_subnet.database",
            "module.vpc.aws_subnet.private",
            "module.vpc.aws_subnet.public",
            "module.vpc.aws_vpc.main",
            "module.vpc.aws_vpc_endpoint.s3"
          ],
          "create_before_destroy": true
        },
        {
          "index_key": "ingress_cluster_9443_webhook",
          "deposed": "5d6ae036",
          "schema_version": 2,
          "attributes": {
            "cidr_blocks": null,
            "description": "Cluster API to node 9443/tcp webhook",
            "from_port": 9443,
            "id": "sgrule-151469204",
            "ipv6_cidr_blocks": null,
            "prefix_list_ids": [],
            "protocol": "tcp",
            "security_group_id": "sg-09e1530203e34913a",
            "security_group_rule_id": "sgr-0f62f44dc9ce9a8af",
            "self": false,
            "source_security_group_id": "sg-09ef025304146dc01",
            "timeouts": null,
            "to_port": 9443,
            "type": "ingress"
          },
          "sensitive_attributes": [],
          "private": "eyJlMmJmYjczMC1lY2FhLTExZTYtOGY4OC0zNDM2M2JjN2M0YzAiOnsiY3JlYXRlIjozMDAwMDAwMDAwMDB9LCJzY2hlbWFfdmVyc2lvbiI6IjIifQ==",
          "dependencies": [
            "module.eks.aws_security_group.cluster",
            "module.eks.aws_security_group.node",
            "module.kms.aws_kms_alias.main",
            "module.kms.aws_kms_key.main",
            "module.kms.data.aws_caller_identity.current",
            "module.vpc.aws_cloudwatch_log_group.flow_log",
            "module.vpc.aws_db_subnet_group.database",
            "module.vpc.aws_eip.nat",
            "module.vpc.aws_flow_log.main",
            "module.vpc.aws_iam_policy.flow_log",
            "module.vpc.aws_iam_role.flow_log",
            "module.vpc.aws_iam_role_policy_attachment.flow_log",
            "module.vpc.aws_internet_gateway.main",
            "module.vpc.aws_nat_gateway.main",
            "module.vpc.aws_route_table.database",
            "module.vpc.aws_route_table.private",
            "module.vpc.aws_route_table.public",
            "module.vpc.aws_route_table_association.database",
            "module.vpc.aws_route_table_association.private",
            "module.vpc.aws_route_table_association.public",
            "module.vpc.aws_security_group.alb",
            "module.vpc.aws_security_group.default",
            "module.vpc.aws_security_group.workers",
            "module.vpc.aws_subnet.database",
            "module.vpc.aws_subnet.private",
            "module.vpc.aws_subnet.public",
            "module.vpc.aws_vpc.main",
            "module.vpc.aws_vpc_endpoint.s3"
          ],
          "create_before_destroy": true
        },
        {
          "index_key": "ingress_cluster_kubelet",
          "schema_version": 2,
          "attributes": {
            "cidr_blocks": null,
            "description": "Cluster API to node kubelets",
            "from_port": 10250,
            "id": "sgrule-1631859044",
            "ipv6_cidr_blocks": null,
            "prefix_list_ids": [],
            "protocol": "tcp",
            "security_group_id": "sg-04e4a7f84fc8556df",
            "security_group_rule_id": "sgr-00ec3e7b3444bdff8",
            "self": false,
            "source_security_group_id": "sg-060b5548882a16b3c",
            "timeouts": null,
            "to_port": 10250,
            "type": "ingress"
          },
          "sensitive_attributes": [],
          "private": "eyJlMmJmYjczMC1lY2FhLTExZTYtOGY4OC0zNDM2M2JjN2M0YzAiOnsiY3JlYXRlIjozMDAwMDAwMDAwMDB9LCJzY2hlbWFfdmVyc2lvbiI6IjIifQ==",
          "dependencies": [
            "module.eks.aws_security_group.cluster",
            "module.eks.aws_security_group.node",
            "module.kms.aws_kms_alias.main",
            "module.kms.aws_kms_key.main",
            "module.kms.data.aws_caller_identity.current",
            "module.vpc.aws_cloudwatch_log_group.flow_log",
            "module.vpc.aws_db_subnet_group.database",
            "module.vpc.aws_eip.nat",
            "module.vpc.aws_flow_log.main",
            "module.vpc.aws_iam_policy.flow_log",
            "module.vpc.aws_iam_role.flow_log",
            "module.vpc.aws_iam_role_policy_attachment.flow_log",
            "module.vpc.aws_internet_gateway.main",
            "module.vpc.aws_nat_gateway.main",
            "module.vpc.aws_route_table.database",
            "module.vpc.aws_route_table.private",
            "module.vpc.aws_route_table.public",
            "module.vpc.aws_route_table_association.database",
            "module.vpc.aws_route_table_association.private",
            "module.vpc.aws_route_table_association.public",
            "module.vpc.aws_security_group.alb",
            "module.vpc.aws_security_group.default",
            "module.vpc.aws_security_group.workers",
            "module.vpc.aws_subnet.database",
            "module.vpc.aws_subnet.private",
            "module.vpc.aws_subnet.public",
            "module.vpc.aws_vpc.main",
            "module.vpc.aws_vpc_endpoint.s3"
          ],
          "create_before_destroy": true
        },
        {
          "index_key": "ingress_cluster_kubelet",
          "deposed": "42287334",
          "schema_version": 2,
          "attributes": {
            "cidr_blocks": null,
            "description": "Cluster API to node kubelets",
            "from_port": 10250,
            "id": "sgrule-4276864461",
            "ipv6_cidr_blocks": null,
            "prefix_list_ids": [],
            "protocol": "tcp",
            "security_group_id": "sg-09e1530203e34913a",
            "security_group_rule_id": "sgr-0b92bf4725efe67ed",
            "self": false,
            "source_security_group_id": "sg-09ef025304146dc01",
            "timeouts": null,
            "to_port": 10250,
            "type": "ingress"
          },
          "sensitive_attributes": [],
          "private": "eyJlMmJmYjczMC1lY2FhLTExZTYtOGY4OC0zNDM2M2JjN2M0YzAiOnsiY3JlYXRlIjozMDAwMDAwMDAwMDB9LCJzY2hlbWFfdmVyc2lvbiI6IjIifQ==",
          "dependencies": [
            "module.eks.aws_security_group.cluster",
            "module.eks.aws_security_group.node",
            "module.kms.aws_kms_alias.main",
            "module.kms.aws_kms_key.main",
            "module.kms.data.aws_caller_identity.current",
            "module.vpc.aws_cloudwatch_log_group.flow_log",
            "module.vpc.aws_db_subnet_group.database",
            "module.vpc.aws_eip.nat",
            "module.vpc.aws_flow_log.main",
            "module.vpc.aws_iam_policy.flow_log",
            "module.vpc.aws_iam_role.flow_log",
            "module.vpc.aws_iam_role_policy_attachment.flow_log",
            "module.vpc.aws_internet_gateway.main",
            "module.vpc.aws_nat_gateway.main",
            "module.vpc.aws_route_table.database",
            "module.vpc.aws_route_table.private",
            "module.vpc.aws_route_table.public",
            "module.vpc.aws_route_table_association.database",
            "module.vpc.aws_route_table_association.private",
            "module.vpc.aws_route_table_association.public",
            "module.vpc.aws_security_group.alb",
            "module.vpc.aws_security_group.default",
            "module.vpc.aws_security_group.workers",
            "module.vpc.aws_subnet.database",
            "module.vpc.aws_subnet.private",
            "module.vpc.aws_subnet.public",
            "module.vpc.aws_vpc.main",
            "module.vpc.aws_vpc_endpoint.s3"
          ],
          "create_before_destroy": true
        },
        {
          "index_key": "ingress_nodes_ephemeral",
          "schema_version": 2,
          "attributes": {
            "cidr_blocks": null,
            "description": "Node to node ingress on ephemeral ports",
            "from_port": 1025,
            "id": "sgrule-1096118927",
            "ipv6_cidr_blocks": null,
            "prefix_list_ids": [],
            "protocol": "tcp",
            "security_group_id": "sg-04e4a7f84fc8556df",
            "security_group_rule_id": "sgr-097490b5f8a8a5c20",
            "self": true,
            "source_security_group_id": null,
            "timeouts": null,
            "to_port": 65535,
            "type": "ingress"
          },
          "sensitive_attributes": [],
          "private": "eyJlMmJmYjczMC1lY2FhLTExZTYtOGY4OC0zNDM2M2JjN2M0YzAiOnsiY3JlYXRlIjozMDAwMDAwMDAwMDB9LCJzY2hlbWFfdmVyc2lvbiI6IjIifQ==",
          "dependencies": [
            "module.eks.aws_security_group.cluster",
            "module.eks.aws_security_group.node",
            "module.kms.aws_kms_alias.main",
            "module.kms.aws_kms_key.main",
            "module.kms.data.aws_caller_identity.current",
            "module.vpc.aws_cloudwatch_log_group.flow_log",
            "module.vpc.aws_db_subnet_group.database",
            "module.vpc.aws_eip.nat",
            "module.vpc.aws_flow_log.main",
            "module.vpc.aws_iam_policy.flow_log",
            "module.vpc.aws_iam_role.flow_log",
            "module.vpc.aws_iam_role_policy_attachment.flow_log",
            "module.vpc.aws_internet_gateway.main",
            "module.vpc.aws_nat_gateway.main",
            "module.vpc.aws_route_table.database",
            "module.vpc.aws_route_table.private",
            "module.vpc.aws_route_table.public",
            "module.vpc.aws_route_table_association.database",
            "module.vpc.aws_route_table_association.private",
            "module.vpc.aws_route_table_association.public",
            "module.vpc.aws_security_group.alb",
            "module.vpc.aws_security_group.default",
            "module.vpc.aws_security_group.workers",
            "module.vpc.aws_subnet.database",
            "module.vpc.aws_subnet.private",
            "module.vpc.aws_subnet.public",
            "module.vpc.aws_vpc.main",
            "module.vpc.aws_vpc_endpoint.s3"
          ],
          "create_before_destroy": true
        },
        {
          "index_key": "ingress_nodes_ephemeral",
          "deposed": "f3c292e4",
          "schema_version": 2,
          "attributes": {
            "cidr_blocks": null,
            "description": "Node to node ingress on ephemeral ports",
            "from_port": 1025,
            "id": "sgrule-2948126608",
            "ipv6_cidr_blocks": null,
            "prefix_list_ids": [],
            "protocol": "tcp",
            "security_group_id": "sg-09e1530203e34913a",
            "security_group_rule_id": "sgr-0cf56a36d1a5d2763",
            "self": true,
            "source_security_group_id": null,
            "timeouts": null,
            "to_port": 65535,
            "type": "ingress"
          },
          "sensitive_attributes": [],
          "private": "eyJlMmJmYjczMC1lY2FhLTExZTYtOGY4OC0zNDM2M2JjN2M0YzAiOnsiY3JlYXRlIjozMDAwMDAwMDAwMDB9LCJzY2hlbWFfdmVyc2lvbiI6IjIifQ==",
          "dependencies": [
            "module.eks.aws_security_group.cluster",
            "module.eks.aws_security_group.node",
            "module.kms.aws_kms_alias.main",
            "module.kms.aws_kms_key.main",
            "module.kms.data.aws_caller_identity.current",
            "module.vpc.aws_cloudwatch_log_group.flow_log",
            "module.vpc.aws_db_subnet_group.database",
            "module.vpc.aws_eip.nat",
            "module.vpc.aws_flow_log.main",
            "module.vpc.aws_iam_policy.flow_log",
            "module.vpc.aws_iam_role.flow_log",
            "module.vpc.aws_iam_role_policy_attachment.flow_log",
            "module.vpc.aws_internet_gateway.main",
            "module.vpc.aws_nat_gateway.main",
            "module.vpc.aws_route_table.database",
            "module.vpc.aws_route_table.private",
            "module.vpc.aws_route_table.public",
            "module.vpc.aws_route_table_association.database",
            "module.vpc.aws_route_table_association.private",
            "module.vpc.aws_route_table_association.public",
            "module.vpc.aws_security_group.alb",
            "module.vpc.aws_security_group.default",
            "module.vpc.aws_security_group.workers",
            "module.vpc.aws_subnet.database",
            "module.vpc.aws_subnet.private",
            "module.vpc.aws_subnet.public",
            "module.vpc.aws_vpc.main",
            "module.vpc.aws_vpc_endpoint.s3"
          ],
          "create_before_destroy": true
        },
        {
          "index_key": "ingress_self_coredns_tcp",
          "schema_version": 2,
          "attributes": {
            "cidr_blocks": null,
            "description": "Node to node CoreDNS",
            "from_port": 53,
            "id": "sgrule-1325163600",
            "ipv6_cidr_blocks": null,
            "prefix_list_ids": [],
            "protocol": "tcp",
            "security_group_id": "sg-04e4a7f84fc8556df",
            "security_group_rule_id": "sgr-01f2ebd2aadea3718",
            "self": true,
            "source_security_group_id": null,
            "timeouts": null,
            "to_port": 53,
            "type": "ingress"
          },
          "sensitive_attributes": [],
          "private": "eyJlMmJmYjczMC1lY2FhLTExZTYtOGY4OC0zNDM2M2JjN2M0YzAiOnsiY3JlYXRlIjozMDAwMDAwMDAwMDB9LCJzY2hlbWFfdmVyc2lvbiI6IjIifQ==",
          "dependencies": [
            "module.eks.aws_security_group.cluster",
            "module.eks.aws_security_group.node",
            "module.kms.aws_kms_alias.main",
            "module.kms.aws_kms_key.main",
            "module.kms.data.aws_caller_identity.current",
            "module.vpc.aws_cloudwatch_log_group.flow_log",
            "module.vpc.aws_db_subnet_group.database",
            "module.vpc.aws_eip.nat",
            "module.vpc.aws_flow_log.main",
            "module.vpc.aws_iam_policy.flow_log",
            "module.vpc.aws_iam_role.flow_log",
            "module.vpc.aws_iam_role_policy_attachment.flow_log",
            "module.vpc.aws_internet_gateway.main",
            "module.vpc.aws_nat_gateway.main",
            "module.vpc.aws_route_table.database",
            "module.vpc.aws_route_table.private",
            "module.vpc.aws_route_table.public",
            "module.vpc.aws_route_table_association.database",
            "module.vpc.aws_route_table_association.private",
            "module.vpc.aws_route_table_association.public",
            "module.vpc.aws_security_group.alb",
            "module.vpc.aws_security_group.default",
            "module.vpc.aws_security_group.workers",
            "module.vpc.aws_subnet.database",
            "module.vpc.aws_subnet.private",
            "module.vpc.aws_subnet.public",
            "module.vpc.aws_vpc.main",
            "module.vpc.aws_vpc_endpoint.s3"
          ],
          "create_before_destroy": true
        },
        {
          "index_key": "ingress_self_coredns_tcp",
          "deposed": "d9e62bdd",
          "schema_version": 2,
          "attributes": {
            "cidr_blocks": null,
            "description": "Node to node CoreDNS",
            "from_port": 53,
            "id": "sgrule-3034402724",
            "ipv6_cidr_blocks": null,
            "prefix_list_ids": [],
            "protocol": "tcp",
            "security_group_id": "sg-09e1530203e34913a",
            "security_group_rule_id": "sgr-048e90fd7f5aa8e3d",
            "self": true,
            "source_security_group_id": null,
            "timeouts": null,
            "to_port": 53,
            "type": "ingress"
          },
          "sensitive_attributes": [],
          "private": "eyJlMmJmYjczMC1lY2FhLTExZTYtOGY4OC0zNDM2M2JjN2M0YzAiOnsiY3JlYXRlIjozMDAwMDAwMDAwMDB9LCJzY2hlbWFfdmVyc2lvbiI6IjIifQ==",
          "dependencies": [
            "module.eks.aws_security_group.cluster",
            "module.eks.aws_security_group.node",
            "module.kms.aws_kms_alias.main",
            "module.kms.aws_kms_key.main",
            "module.kms.data.aws_caller_identity.current",
            "module.vpc.aws_cloudwatch_log_group.flow_log",
            "module.vpc.aws_db_subnet_group.database",
            "module.vpc.aws_eip.nat",
            "module.vpc.aws_flow_log.main",
            "module.vpc.aws_iam_policy.flow_log",
            "module.vpc.aws_iam_role.flow_log",
            "module.vpc.aws_iam_role_policy_attachment.flow_log",
            "module.vpc.aws_internet_gateway.main",
            "module.vpc.aws_nat_gateway.main",
            "module.vpc.aws_route_table.database",
            "module.vpc.aws_route_table.private",
            "module.vpc.aws_route_table.public",
            "module.vpc.aws_route_table_association.database",
            "module.vpc.aws_route_table_association.private",
            "module.vpc.aws_route_table_association.public",
            "module.vpc.aws_security_group.alb",
            "module.vpc.aws_security_group.default",
            "module.vpc.aws_security_group.workers",
            "module.vpc.aws_subnet.database",
            "module.vpc.aws_subnet.private",
            "module.vpc.aws_subnet.public",
            "module.vpc.aws_vpc.main",
            "module.vpc.aws_vpc_endpoint.s3"
          ],
          "create_before_destroy": true
        },
        {
          "index_key": "ingress_self_coredns_udp",
          "schema_version": 2,
          "attributes": {
            "cidr_blocks": null,
            "description": "Node to node CoreDNS UDP",
            "from_port": 53,
            "id": "sgrule-3936602047",
            "ipv6_cidr_blocks": null,
            "prefix_list_ids": [],
            "protocol": "udp",
            "security_group_id": "sg-04e4a7f84fc8556df",
            "security_group_rule_id": "sgr-020c3e0f8d8a4d894",
            "self": true,
            "source_security_group_id": null,
            "timeouts": null,
            "to_port": 53,
            "type": "ingress"
          },
          "sensitive_attributes": [],
          "private": "eyJlMmJmYjczMC1lY2FhLTExZTYtOGY4OC0zNDM2M2JjN2M0YzAiOnsiY3JlYXRlIjozMDAwMDAwMDAwMDB9LCJzY2hlbWFfdmVyc2lvbiI6IjIifQ==",
          "dependencies": [
            "module.eks.aws_security_group.cluster",
            "module.eks.aws_security_group.node",
            "module.kms.aws_kms_alias.main",
            "module.kms.aws_kms_key.main",
            "module.kms.data.aws_caller_identity.current",
            "module.vpc.aws_cloudwatch_log_group.flow_log",
            "module.vpc.aws_db_subnet_group.database",
            "module.vpc.aws_eip.nat",
            "module.vpc.aws_flow_log.main",
            "module.vpc.aws_iam_policy.flow_log",
            "module.vpc.aws_iam_role.flow_log",
            "module.vpc.aws_iam_role_policy_attachment.flow_log",
            "module.vpc.aws_internet_gateway.main",
            "module.vpc.aws_nat_gateway.main",
            "module.vpc.aws_route_table.database",
            "module.vpc.aws_route_table.private",
            "module.vpc.aws_route_table.public",
            "module.vpc.aws_route_table_association.database",
            "module.vpc.aws_route_table_association.private",
            "module.vpc.aws_route_table_association.public",
            "module.vpc.aws_security_group.alb",
            "module.vpc.aws_security_group.default",
            "module.vpc.aws_security_group.workers",
            "module.vpc.aws_subnet.database",
            "module.vpc.aws_subnet.private",
            "module.vpc.aws_subnet.public",
            "module.vpc.aws_vpc.main",
            "module.vpc.aws_vpc_endpoint.s3"
          ],
          "create_before_destroy": true
        },
        {
          "index_key": "ingress_self_coredns_udp",
          "deposed": "a5be8940",
          "schema_version": 2,
          "attributes": {
            "cidr_blocks": null,
            "description": "Node to node CoreDNS UDP",
            "from_port": 53,
            "id": "sgrule-277015627",
            "ipv6_cidr_blocks": null,
            "prefix_list_ids": [],
            "protocol": "udp",
            "security_group_id": "sg-09e1530203e34913a",
            "security_group_rule_id": "sgr-0f590936e482c73b9",
            "self": true,
            "source_security_group_id": null,
            "timeouts": null,
            "to_port": 53,
            "type": "ingress"
          },
          "sensitive_attributes": [],
          "private": "eyJlMmJmYjczMC1lY2FhLTExZTYtOGY4OC0zNDM2M2JjN2M0YzAiOnsiY3JlYXRlIjozMDAwMDAwMDAwMDB9LCJzY2hlbWFfdmVyc2lvbiI6IjIifQ==",
          "dependencies": [
            "module.eks.aws_security_group.cluster",
            "module.eks.aws_security_group.node",
            "module.kms.aws_kms_alias.main",
            "module.kms.aws_kms_key.main",
            "module.kms.data.aws_caller_identity.current",
            "module.vpc.aws_cloudwatch_log_group.flow_log",
            "module.vpc.aws_db_subnet_group.database",
            "module.vpc.aws_eip.nat",
            "module.vpc.aws_flow_log.main",
            "module.vpc.aws_iam_policy.flow_log",
            "module.vpc.aws_iam_role.flow_log",
            "module.vpc.aws_iam_role_policy_attachment.flow_log",
            "module.vpc.aws_internet_gateway.main",
            "module.vpc.aws_nat_gateway.main",
            "module.vpc.aws_route_table.database",
            "module.vpc.aws_route_table.private",
            "module.vpc.aws_route_table.public",
            "module.vpc.aws_route_table_association.database",
            "module.vpc.aws_route_table_association.private",
            "module.vpc.aws_route_table_association.public",
            "module.vpc.aws_security_group.alb",
            "module.vpc.aws_security_group.default",
            "module.vpc.aws_security_group.workers",
            "module.vpc.aws_subnet.database",
            "module.vpc.aws_subnet.private",
            "module.vpc.aws_subnet.public",
            "module.vpc.aws_vpc.main",
            "module.vpc.aws_vpc_endpoint.s3"
          ],
          "create_before_destroy": true
        }
      ]
    },
    {
      "module": "module.eks",
      "mode": "managed",
      "type": "kubernetes_config_map",
      "name": "aws_auth",
      "provider": "provider[\"registry.terraform.io/hashicorp/kubernetes\"]",
      "instances": []
    },
    {
      "module": "module.eks",
      "mode": "managed",
      "type": "kubernetes_config_map_v1_data",
      "name": "aws_auth",
      "provider": "provider[\"registry.terraform.io/hashicorp/kubernetes\"]",
      "instances": []
    },
    {
      "module": "module.eks",
      "mode": "managed",
      "type": "time_sleep",
      "name": "this",
      "provider": "provider[\"registry.terraform.io/hashicorp/time\"]",
      "instances": [
        {
          "index_key": 0,
          "schema_version": 0,
          "attributes": {
            "create_duration": "30s",
            "destroy_duration": null,
            "id": "2025-05-26T22:50:15Z",
            "triggers": {
              "cluster_certificate_authority_data": "LS0tLS1CRUdJTiBDRVJUSUZJQ0FURS0tLS0tCk1JSURCVENDQWUyZ0F3SUJBZ0lJRFVjZmZ3d3J4QUl3RFFZSktvWklodmNOQVFFTEJRQXdGVEVUTUJFR0ExVUUKQXhNS2EzVmlaWEp1WlhSbGN6QWVGdzB5TlRBMU1qWXlNak01TXpOYUZ3MHpOVEExTWpReU1qUTBNek5hTUJVeApFekFSQmdOVkJBTVRDbXQxWW1WeWJtVjBaWE13Z2dFaU1BMEdDU3FHU0liM0RRRUJBUVVBQTRJQkR3QXdnZ0VLCkFvSUJBUUR2OFdZZEY0OG1DWlY0S0krOFkvcWFiVEhicWo1UUtRWFFzdi9NcGVUalVHY0g0dWNOaTlNcHQ5cU4KdFNFaytLNGRPbXdUcHA5S1dKd2h3Y1FabmtnZVBBUndGTFZkaTYwUVlRZ2ZxMXJONmZ1VkpCK1c5MEZXbWsxbgpDSVhqbWRrbDlUU3VTU0pQMTNpenJwckh5aDU1cnU2bjh0TEpXK01jcDE3aDF2Q1A5U1Myams4KzFEUDlrbjFICllBY3QrbFlQeG9UNVZrRHc4RmdoNHFzcUtvbHlIenR2TmdOaDM0dnN3NUR1aWhXY1RNaTV0eThyK3RJakNPMVcKcW1xMTVhdDdaQkhsN2dsZ2FJSzQ1Q09DY3R4bjh4WDZ2cEtDQWEvRkZCMnZHVTY3QnV1QXJWTWdJYnE4QW15WQpiamg3dlhxV1hQYllMdU9HOEtTenpINzJtUzNOQWdNQkFBR2pXVEJYTUE0R0ExVWREd0VCL3dRRUF3SUNwREFQCkJnTlZIUk1CQWY4RUJUQURBUUgvTUIwR0ExVWREZ1FXQkJSWDhtall0cmRKeVRmYjU0d05OTVBqTStCWUhUQVYKQmdOVkhSRUVEakFNZ2dwcmRXSmxjbTVsZEdWek1BMEdDU3FHU0liM0RRRUJDd1VBQTRJQkFRQjJPUFpsU0JKawpONm9WNHp5U1hBVTMxVUJYNmJKbTV6SzdFN0pqMjFvZ1cxQzM3NUNHWFNYWjdhbHdkRTNjM0xrSjd6YmFtU1M0ClU5Ukh6VitzcmlML3lxNkhLeU9XMkNUM3hhR3BjcVF1amZkQWpxdWl2TEptaFBWeWN6ck5wQUhud0J3QWVENnQKcGpxOEZoaXNEa3pKZ29CVjgyWk1NKzdUVHpFK1VJN1lvaGVoMWlSZml5elhPbGgvSWlhb1pTcnBtSThOeGRidQp0WTB0QzB0dUVjdFpDb2F0RVFvY2FiTjdPWVU4ZUc1eGsyV2h2N25XcElORWVpWXJlTHVWSnJDTGRlQ282emU0CkhYZDdtSEFSTGtMVzI2Z0lUZXVIOXpISUxKS0x4MXNQRUxQSXRlYjlCd2hMVEd1YmVQTHJVdkJ5ejcxK0ZSaEgKNzRjSCtpYytQMVlhCi0tLS0tRU5EIENFUlRJRklDQVRFLS0tLS0K",
              "cluster_endpoint": "https://D24223D3DC20A5AA02FE2ECF3110D8BD.gr7.us-east-1.eks.amazonaws.com",
              "cluster_name": "saas-hr-staging-eks-v2",
              "cluster_version": "1.28"
            }
          },
          "sensitive_attributes": [],
          "dependencies": [
            "module.eks.aws_cloudwatch_log_group.this",
            "module.eks.aws_eks_cluster.this",
            "module.eks.aws_iam_policy.cni_ipv6_policy",
            "module.eks.aws_iam_role.this",
            "module.eks.aws_iam_role_policy_attachment.this",
            "module.eks.aws_security_group.cluster",
            "module.eks.aws_security_group.node",
            "module.eks.aws_security_group_rule.cluster",
            "module.eks.aws_security_group_rule.node",
            "module.eks.data.aws_caller_identity.current",
            "module.eks.data.aws_iam_policy_document.assume_role_policy",
            "module.eks.data.aws_iam_policy_document.cni_ipv6_policy",
            "module.eks.data.aws_iam_session_context.current",
            "module.eks.data.aws_partition.current",
            "module.eks.module.kms.aws_kms_external_key.this",
            "module.eks.module.kms.aws_kms_key.this",
            "module.eks.module.kms.aws_kms_replica_external_key.this",
            "module.eks.module.kms.aws_kms_replica_key.this",
            "module.eks.module.kms.data.aws_caller_identity.current",
            "module.eks.module.kms.data.aws_iam_policy_document.this",
            "module.eks.module.kms.data.aws_partition.current",
            "module.kms.aws_kms_alias.main",
            "module.kms.aws_kms_key.main",
            "module.kms.data.aws_caller_identity.current",
            "module.vpc.aws_cloudwatch_log_group.flow_log",
            "module.vpc.aws_db_subnet_group.database",
            "module.vpc.aws_eip.nat",
            "module.vpc.aws_flow_log.main",
            "module.vpc.aws_iam_policy.flow_log",
            "module.vpc.aws_iam_role.flow_log",
            "module.vpc.aws_iam_role_policy_attachment.flow_log",
            "module.vpc.aws_internet_gateway.main",
            "module.vpc.aws_nat_gateway.main",
            "module.vpc.aws_route_table.database",
            "module.vpc.aws_route_table.private",
            "module.vpc.aws_route_table.public",
            "module.vpc.aws_route_table_association.database",
            "module.vpc.aws_route_table_association.private",
            "module.vpc.aws_route_table_association.public",
            "module.vpc.aws_security_group.alb",
            "module.vpc.aws_security_group.default",
            "module.vpc.aws_security_group.workers",
            "module.vpc.aws_subnet.database",
            "module.vpc.aws_subnet.private",
            "module.vpc.aws_subnet.public",
            "module.vpc.aws_vpc.main",
            "module.vpc.aws_vpc_endpoint.s3"
          ],
          "create_before_destroy": true
        }
      ]
    },
    {
      "module": "module.eks.module.eks_managed_node_group[\"main\"]",
      "mode": "data",
      "type": "aws_caller_identity",
      "name": "current",
      "provider": "provider[\"registry.terraform.io/hashicorp/aws\"]",
      "instances": [
        {
          "schema_version": 0,
          "attributes": {
            "account_id": "826726045450",
            "arn": "arn:aws:iam::826726045450:user/jorge_devops",
            "id": "826726045450",
            "user_id": "AIDA4A7FWK4FAGX75WIPW"
          },
          "sensitive_attributes": []
        }
      ]
    },
    {
      "module": "module.eks.module.eks_managed_node_group[\"main\"]",
      "mode": "data",
      "type": "aws_iam_policy_document",
      "name": "assume_role_policy",
      "provider": "provider[\"registry.terraform.io/hashicorp/aws\"]",
      "instances": [
        {
          "index_key": 0,
          "schema_version": 0,
          "attributes": {
            "id": "2560088296",
            "json": "{\n  \"Version\": \"2012-10-17\",\n  \"Statement\": [\n    {\n      \"Sid\": \"EKSNodeAssumeRole\",\n      \"Effect\": \"Allow\",\n      \"Action\": \"sts:AssumeRole\",\n      \"Principal\": {\n        \"Service\": \"ec2.amazonaws.com\"\n      }\n    }\n  ]\n}",
            "minified_json": "{\"Version\":\"2012-10-17\",\"Statement\":[{\"Sid\":\"EKSNodeAssumeRole\",\"Effect\":\"Allow\",\"Action\":\"sts:AssumeRole\",\"Principal\":{\"Service\":\"ec2.amazonaws.com\"}}]}",
            "override_json": null,
            "override_policy_documents": null,
            "policy_id": null,
            "source_json": null,
            "source_policy_documents": null,
            "statement": [
              {
                "actions": [
                  "sts:AssumeRole"
                ],
                "condition": [],
                "effect": "Allow",
                "not_actions": [],
                "not_principals": [],
                "not_resources": [],
                "principals": [
                  {
                    "identifiers": [
                      "ec2.amazonaws.com"
                    ],
                    "type": "Service"
                  }
                ],
                "resources": [],
                "sid": "EKSNodeAssumeRole"
              }
            ],
            "version": "2012-10-17"
          },
          "sensitive_attributes": []
        }
      ]
    },
    {
      "module": "module.eks.module.eks_managed_node_group[\"main\"]",
      "mode": "data",
      "type": "aws_partition",
      "name": "current",
      "provider": "provider[\"registry.terraform.io/hashicorp/aws\"]",
      "instances": [
        {
          "schema_version": 0,
          "attributes": {
            "dns_suffix": "amazonaws.com",
            "id": "aws",
            "partition": "aws",
            "reverse_dns_prefix": "com.amazonaws"
          },
          "sensitive_attributes": []
        }
      ]
    },
    {
      "module": "module.eks.module.eks_managed_node_group[\"main\"]",
      "mode": "managed",
      "type": "aws_autoscaling_schedule",
      "name": "this",
      "provider": "provider[\"registry.terraform.io/hashicorp/aws\"]",
      "instances": []
    },
    {
      "module": "module.eks.module.eks_managed_node_group[\"main\"]",
      "mode": "managed",
      "type": "aws_eks_node_group",
      "name": "this",
      "provider": "provider[\"registry.terraform.io/hashicorp/aws\"]",
      "instances": [
        {
          "index_key": 0,
          "schema_version": 0,
          "attributes": {
            "ami_type": "AL2_x86_64",
            "arn": "arn:aws:eks:us-east-1:826726045450:nodegroup/saas-hr-staging-eks-v2/saas-hr-staging-nodes-2025052622502211580000000b/c6cb8765-1a9f-cd45-cd77-6aa23e32aa8e",
            "capacity_type": "ON_DEMAND",
            "cluster_name": "saas-hr-staging-eks-v2",
            "disk_size": 0,
            "force_update_version": null,
            "id": "saas-hr-staging-eks-v2:saas-hr-staging-nodes-2025052622502211580000000b",
            "instance_types": [
              "t3.medium"
            ],
            "labels": {},
            "launch_template": [
              {
                "id": "lt-04aeec0396f9f4fb5",
                "name": "main-20250526225016276000000009",
                "version": "1"
              }
            ],
            "node_group_name": "saas-hr-staging-nodes-2025052622502211580000000b",
            "node_group_name_prefix": "saas-hr-staging-nodes-",
            "node_repair_config": [],
            "node_role_arn": "arn:aws:iam::826726045450:role/saas-hr-staging-nodes-eks-node-group-20250526180837491800000004",
            "release_version": "1.28.15-20250519",
            "remote_access": [],
            "resources": [
              {
                "autoscaling_groups": [
                  {
                    "name": "eks-saas-hr-staging-nodes-2025052622502211580000000b-c6cb8765-1a9f-cd45-cd77-6aa23e32aa8e"
                  }
                ],
                "remote_access_security_group_id": ""
              }
            ],
            "scaling_config": [
              {
                "desired_size": 2,
                "max_size": 3,
                "min_size": 1
              }
            ],
            "status": "ACTIVE",
            "subnet_ids": [
              "subnet-057af0fc0cfd01e2d",
              "subnet-05fa3002a6839f515",
              "subnet-0b917ff6e7f73d6e4"
            ],
            "tags": {
              "Environment": "staging",
              "Name": "saas-hr-staging-nodes",
              "Project": "saas-hr"
            },
            "tags_all": {
              "Environment": "staging",
              "ManagedBy": "Terraform",
              "Name": "saas-hr-staging-nodes",
              "Project": "saas-hr"
            },
            "taint": [],
            "timeouts": {
              "create": null,
              "delete": null,
              "update": null
            },
            "update_config": [
              {
                "max_unavailable": 0,
                "max_unavailable_percentage": 33
              }
            ],
            "version": "1.28"
          },
          "sensitive_attributes": [],
          "private": "eyJlMmJmYjczMC1lY2FhLTExZTYtOGY4OC0zNDM2M2JjN2M0YzAiOnsiY3JlYXRlIjozNjAwMDAwMDAwMDAwLCJkZWxldGUiOjM2MDAwMDAwMDAwMDAsInVwZGF0ZSI6MzYwMDAwMDAwMDAwMH19",
          "dependencies": [
            "module.eks.module.eks_managed_node_group.aws_iam_role.this",
            "module.eks.module.eks_managed_node_group.aws_launch_template.this",
            "module.eks.time_sleep.this",
            "module.kms.aws_kms_alias.main",
            "module.kms.aws_kms_key.main",
            "module.kms.data.aws_caller_identity.current",
            "module.vpc.aws_cloudwatch_log_group.flow_log",
            "module.vpc.aws_db_subnet_group.database",
            "module.vpc.aws_eip.nat",
            "module.vpc.aws_flow_log.main",
            "module.vpc.aws_iam_policy.flow_log",
            "module.vpc.aws_iam_role.flow_log",
            "module.vpc.aws_iam_role_policy_attachment.flow_log",
            "module.vpc.aws_internet_gateway.main",
            "module.vpc.aws_nat_gateway.main",
            "module.vpc.aws_route_table.database",
            "module.vpc.aws_route_table.private",
            "module.vpc.aws_route_table.public",
            "module.vpc.aws_route_table_association.database",
            "module.vpc.aws_route_table_association.private",
            "module.vpc.aws_route_table_association.public",
            "module.vpc.aws_security_group.alb",
            "module.vpc.aws_security_group.default",
            "module.vpc.aws_security_group.workers",
            "module.vpc.aws_subnet.database",
            "module.vpc.aws_subnet.private",
            "module.vpc.aws_subnet.public",
            "module.vpc.aws_vpc.main",
            "module.vpc.aws_vpc_endpoint.s3"
          ],
          "create_before_destroy": true
        }
      ]
    },
    {
      "module": "module.eks.module.eks_managed_node_group[\"main\"]",
      "mode": "managed",
      "type": "aws_iam_role",
      "name": "this",
      "provider": "provider[\"registry.terraform.io/hashicorp/aws\"]",
      "instances": [
        {
          "index_key": 0,
          "schema_version": 0,
          "attributes": {
            "arn": "arn:aws:iam::826726045450:role/saas-hr-staging-nodes-eks-node-group-20250526180837491800000004",
            "assume_role_policy": "{\"Statement\":[{\"Action\":\"sts:AssumeRole\",\"Effect\":\"Allow\",\"Principal\":{\"Service\":\"ec2.amazonaws.com\"},\"Sid\":\"EKSNodeAssumeRole\"}],\"Version\":\"2012-10-17\"}",
            "create_date": "2025-05-26T18:08:37Z",
            "description": "EKS managed node group IAM role",
            "force_detach_policies": true,
            "id": "saas-hr-staging-nodes-eks-node-group-20250526180837491800000004",
            "inline_policy": [],
            "managed_policy_arns": [
              "arn:aws:iam::aws:policy/AmazonEC2ContainerRegistryReadOnly",
              "arn:aws:iam::aws:policy/AmazonEKSWorkerNodePolicy",
              "arn:aws:iam::aws:policy/AmazonEKS_CNI_Policy"
            ],
            "max_session_duration": 3600,
            "name": "saas-hr-staging-nodes-eks-node-group-20250526180837491800000004",
            "name_prefix": "saas-hr-staging-nodes-eks-node-group-",
            "path": "/",
            "permissions_boundary": "",
            "tags": {
              "Environment": "staging",
              "Project": "saas-hr"
            },
            "tags_all": {
              "Environment": "staging",
              "ManagedBy": "Terraform",
              "Project": "saas-hr"
            },
            "unique_id": "AROA4A7FWK4FKSX667T2W"
          },
          "sensitive_attributes": [],
          "private": "bnVsbA==",
          "dependencies": [
            "module.eks.module.eks_managed_node_group.data.aws_iam_policy_document.assume_role_policy",
            "module.eks.module.eks_managed_node_group.data.aws_partition.current",
            "module.kms.aws_kms_alias.main",
            "module.kms.aws_kms_key.main",
            "module.kms.data.aws_caller_identity.current",
            "module.vpc.aws_cloudwatch_log_group.flow_log",
            "module.vpc.aws_db_subnet_group.database",
            "module.vpc.aws_eip.nat",
            "module.vpc.aws_flow_log.main",
            "module.vpc.aws_iam_policy.flow_log",
            "module.vpc.aws_iam_role.flow_log",
            "module.vpc.aws_iam_role_policy_attachment.flow_log",
            "module.vpc.aws_internet_gateway.main",
            "module.vpc.aws_nat_gateway.main",
            "module.vpc.aws_route_table.database",
            "module.vpc.aws_route_table.private",
            "module.vpc.aws_route_table.public",
            "module.vpc.aws_route_table_association.database",
            "module.vpc.aws_route_table_association.private",
            "module.vpc.aws_route_table_association.public",
            "module.vpc.aws_security_group.alb",
            "module.vpc.aws_security_group.default",
            "module.vpc.aws_security_group.workers",
            "module.vpc.aws_subnet.database",
            "module.vpc.aws_subnet.private",
            "module.vpc.aws_subnet.public",
            "module.vpc.aws_vpc.main",
            "module.vpc.aws_vpc_endpoint.s3"
          ],
          "create_before_destroy": true
        }
      ]
    },
    {
      "module": "module.eks.module.eks_managed_node_group[\"main\"]",
      "mode": "managed",
      "type": "aws_iam_role_policy_attachment",
      "name": "additional",
      "provider": "provider[\"registry.terraform.io/hashicorp/aws\"]",
      "instances": []
    },
    {
      "module": "module.eks.module.eks_managed_node_group[\"main\"]",
      "mode": "managed",
      "type": "aws_iam_role_policy_attachment",
      "name": "this",
      "provider": "provider[\"registry.terraform.io/hashicorp/aws\"]",
      "instances": [
        {
          "index_key": "arn:aws:iam::aws:policy/AmazonEC2ContainerRegistryReadOnly",
          "schema_version": 0,
          "attributes": {
            "id": "saas-hr-staging-nodes-eks-node-group-20250526180837491800000004-20250526180838085200000006",
            "policy_arn": "arn:aws:iam::aws:policy/AmazonEC2ContainerRegistryReadOnly",
            "role": "saas-hr-staging-nodes-eks-node-group-20250526180837491800000004"
          },
          "sensitive_attributes": [],
          "private": "bnVsbA==",
          "dependencies": [
            "module.eks.module.eks_managed_node_group.aws_iam_role.this",
            "module.eks.module.eks_managed_node_group.data.aws_caller_identity.current",
            "module.eks.module.eks_managed_node_group.data.aws_iam_policy_document.assume_role_policy",
            "module.eks.module.eks_managed_node_group.data.aws_partition.current",
            "module.kms.aws_kms_alias.main",
            "module.kms.aws_kms_key.main",
            "module.kms.data.aws_caller_identity.current",
            "module.vpc.aws_cloudwatch_log_group.flow_log",
            "module.vpc.aws_db_subnet_group.database",
            "module.vpc.aws_eip.nat",
            "module.vpc.aws_flow_log.main",
            "module.vpc.aws_iam_policy.flow_log",
            "module.vpc.aws_iam_role.flow_log",
            "module.vpc.aws_iam_role_policy_attachment.flow_log",
            "module.vpc.aws_internet_gateway.main",
            "module.vpc.aws_nat_gateway.main",
            "module.vpc.aws_route_table.database",
            "module.vpc.aws_route_table.private",
            "module.vpc.aws_route_table.public",
            "module.vpc.aws_route_table_association.database",
            "module.vpc.aws_route_table_association.private",
            "module.vpc.aws_route_table_association.public",
            "module.vpc.aws_security_group.alb",
            "module.vpc.aws_security_group.default",
            "module.vpc.aws_security_group.workers",
            "module.vpc.aws_subnet.database",
            "module.vpc.aws_subnet.private",
            "module.vpc.aws_subnet.public",
            "module.vpc.aws_vpc.main",
            "module.vpc.aws_vpc_endpoint.s3"
          ],
          "create_before_destroy": true
        },
        {
          "index_key": "arn:aws:iam::aws:policy/AmazonEKSWorkerNodePolicy",
          "schema_version": 0,
          "attributes": {
            "id": "saas-hr-staging-nodes-eks-node-group-20250526180837491800000004-20250526180838054200000005",
            "policy_arn": "arn:aws:iam::aws:policy/AmazonEKSWorkerNodePolicy",
            "role": "saas-hr-staging-nodes-eks-node-group-20250526180837491800000004"
          },
          "sensitive_attributes": [],
          "private": "bnVsbA==",
          "dependencies": [
            "module.eks.module.eks_managed_node_group.aws_iam_role.this",
            "module.eks.module.eks_managed_node_group.data.aws_caller_identity.current",
            "module.eks.module.eks_managed_node_group.data.aws_iam_policy_document.assume_role_policy",
            "module.eks.module.eks_managed_node_group.data.aws_partition.current",
            "module.kms.aws_kms_alias.main",
            "module.kms.aws_kms_key.main",
            "module.kms.data.aws_caller_identity.current",
            "module.vpc.aws_cloudwatch_log_group.flow_log",
            "module.vpc.aws_db_subnet_group.database",
            "module.vpc.aws_eip.nat",
            "module.vpc.aws_flow_log.main",
            "module.vpc.aws_iam_policy.flow_log",
            "module.vpc.aws_iam_role.flow_log",
            "module.vpc.aws_iam_role_policy_attachment.flow_log",
            "module.vpc.aws_internet_gateway.main",
            "module.vpc.aws_nat_gateway.main",
            "module.vpc.aws_route_table.database",
            "module.vpc.aws_route_table.private",
            "module.vpc.aws_route_table.public",
            "module.vpc.aws_route_table_association.database",
            "module.vpc.aws_route_table_association.private",
            "module.vpc.aws_route_table_association.public",
            "module.vpc.aws_security_group.alb",
            "module.vpc.aws_security_group.default",
            "module.vpc.aws_security_group.workers",
            "module.vpc.aws_subnet.database",
            "module.vpc.aws_subnet.private",
            "module.vpc.aws_subnet.public",
            "module.vpc.aws_vpc.main",
            "module.vpc.aws_vpc_endpoint.s3"
          ],
          "create_before_destroy": true
        },
        {
          "index_key": "arn:aws:iam::aws:policy/AmazonEKS_CNI_Policy",
          "schema_version": 0,
          "attributes": {
            "id": "saas-hr-staging-nodes-eks-node-group-20250526180837491800000004-20250526180838098800000007",
            "policy_arn": "arn:aws:iam::aws:policy/AmazonEKS_CNI_Policy",
            "role": "saas-hr-staging-nodes-eks-node-group-20250526180837491800000004"
          },
          "sensitive_attributes": [],
          "private": "bnVsbA==",
          "dependencies": [
            "module.eks.module.eks_managed_node_group.aws_iam_role.this",
            "module.eks.module.eks_managed_node_group.data.aws_caller_identity.current",
            "module.eks.module.eks_managed_node_group.data.aws_iam_policy_document.assume_role_policy",
            "module.eks.module.eks_managed_node_group.data.aws_partition.current",
            "module.kms.aws_kms_alias.main",
            "module.kms.aws_kms_key.main",
            "module.kms.data.aws_caller_identity.current",
            "module.vpc.aws_cloudwatch_log_group.flow_log",
            "module.vpc.aws_db_subnet_group.database",
            "module.vpc.aws_eip.nat",
            "module.vpc.aws_flow_log.main",
            "module.vpc.aws_iam_policy.flow_log",
            "module.vpc.aws_iam_role.flow_log",
            "module.vpc.aws_iam_role_policy_attachment.flow_log",
            "module.vpc.aws_internet_gateway.main",
            "module.vpc.aws_nat_gateway.main",
            "module.vpc.aws_route_table.database",
            "module.vpc.aws_route_table.private",
            "module.vpc.aws_route_table.public",
            "module.vpc.aws_route_table_association.database",
            "module.vpc.aws_route_table_association.private",
            "module.vpc.aws_route_table_association.public",
            "module.vpc.aws_security_group.alb",
            "module.vpc.aws_security_group.default",
            "module.vpc.aws_security_group.workers",
            "module.vpc.aws_subnet.database",
            "module.vpc.aws_subnet.private",
            "module.vpc.aws_subnet.public",
            "module.vpc.aws_vpc.main",
            "module.vpc.aws_vpc_endpoint.s3"
          ],
          "create_before_destroy": true
        }
      ]
    },
    {
      "module": "module.eks.module.eks_managed_node_group[\"main\"]",
      "mode": "managed",
      "type": "aws_launch_template",
      "name": "this",
      "provider": "provider[\"registry.terraform.io/hashicorp/aws\"]",
      "instances": [
        {
          "index_key": 0,
          "schema_version": 0,
          "attributes": {
            "arn": "arn:aws:ec2:us-east-1:826726045450:launch-template/lt-04aeec0396f9f4fb5",
            "block_device_mappings": [],
            "capacity_reservation_specification": [],
            "cpu_options": [],
            "credit_specification": [],
            "default_version": 1,
            "description": "Custom launch template for saas-hr-staging-nodes EKS managed node group",
            "disable_api_stop": false,
            "disable_api_termination": false,
            "ebs_optimized": "",
            "elastic_gpu_specifications": [],
            "elastic_inference_accelerator": [],
            "enclave_options": [],
            "hibernation_options": [],
            "iam_instance_profile": [],
            "id": "lt-04aeec0396f9f4fb5",
            "image_id": "",
            "instance_initiated_shutdown_behavior": "",
            "instance_market_options": [],
            "instance_requirements": [],
            "instance_type": "",
            "kernel_id": "",
            "key_name": "",
            "latest_version": 1,
            "license_specification": [],
            "maintenance_options": [],
            "metadata_options": [
              {
                "http_endpoint": "enabled",
                "http_protocol_ipv6": "",
                "http_put_response_hop_limit": 2,
                "http_tokens": "required",
                "instance_metadata_tags": ""
              }
            ],
            "monitoring": [
              {
                "enabled": true
              }
            ],
            "name": "main-20250526225016276000000009",
            "name_prefix": "main-",
            "network_interfaces": [],
            "placement": [],
            "private_dns_name_options": [],
            "ram_disk_id": "",
            "security_group_names": [],
            "tag_specifications": [
              {
                "resource_type": "instance",
                "tags": {
                  "Environment": "staging",
                  "Name": "saas-hr-staging-nodes",
                  "Project": "saas-hr"
                }
              },
              {
                "resource_type": "network-interface",
                "tags": {
                  "Environment": "staging",
                  "Name": "saas-hr-staging-nodes",
                  "Project": "saas-hr"
                }
              },
              {
                "resource_type": "volume",
                "tags": {
                  "Environment": "staging",
                  "Name": "saas-hr-staging-nodes",
                  "Project": "saas-hr"
                }
              }
            ],
            "tags": {
              "Environment": "staging",
              "Project": "saas-hr"
            },
            "tags_all": {
              "Environment": "staging",
              "ManagedBy": "Terraform",
              "Project": "saas-hr"
            },
            "update_default_version": true,
            "user_data": "",
            "vpc_security_group_ids": [
              "sg-04e4a7f84fc8556df"
            ]
          },
          "sensitive_attributes": [],
          "private": "bnVsbA==",
          "dependencies": [
            "module.eks.aws_cloudwatch_log_group.this",
            "module.eks.aws_eks_cluster.this",
            "module.eks.aws_iam_policy.cni_ipv6_policy",
            "module.eks.aws_iam_role.this",
            "module.eks.aws_iam_role_policy_attachment.this",
            "module.eks.aws_security_group.cluster",
            "module.eks.aws_security_group.node",
            "module.eks.aws_security_group_rule.cluster",
            "module.eks.aws_security_group_rule.node",
            "module.eks.data.aws_caller_identity.current",
            "module.eks.data.aws_iam_policy_document.assume_role_policy",
            "module.eks.data.aws_iam_policy_document.cni_ipv6_policy",
            "module.eks.data.aws_iam_session_context.current",
            "module.eks.data.aws_partition.current",
            "module.eks.module.eks_managed_node_group.aws_iam_role.this",
            "module.eks.module.eks_managed_node_group.aws_iam_role_policy_attachment.this",
            "module.eks.module.eks_managed_node_group.data.aws_caller_identity.current",
            "module.eks.module.eks_managed_node_group.data.aws_iam_policy_document.assume_role_policy",
            "module.eks.module.eks_managed_node_group.data.aws_partition.current",
            "module.eks.module.eks_managed_node_group.module.user_data.data.cloudinit_config.linux_eks_managed_node_group",
            "module.eks.module.kms.aws_kms_external_key.this",
            "module.eks.module.kms.aws_kms_key.this",
            "module.eks.module.kms.aws_kms_replica_external_key.this",
            "module.eks.module.kms.aws_kms_replica_key.this",
            "module.eks.module.kms.data.aws_caller_identity.current",
            "module.eks.module.kms.data.aws_iam_policy_document.this",
            "module.eks.module.kms.data.aws_partition.current",
            "module.eks.time_sleep.this",
            "module.kms.aws_kms_alias.main",
            "module.kms.aws_kms_key.main",
            "module.kms.data.aws_caller_identity.current",
            "module.vpc.aws_cloudwatch_log_group.flow_log",
            "module.vpc.aws_db_subnet_group.database",
            "module.vpc.aws_eip.nat",
            "module.vpc.aws_flow_log.main",
            "module.vpc.aws_iam_policy.flow_log",
            "module.vpc.aws_iam_role.flow_log",
            "module.vpc.aws_iam_role_policy_attachment.flow_log",
            "module.vpc.aws_internet_gateway.main",
            "module.vpc.aws_nat_gateway.main",
            "module.vpc.aws_route_table.database",
            "module.vpc.aws_route_table.private",
            "module.vpc.aws_route_table.public",
            "module.vpc.aws_route_table_association.database",
            "module.vpc.aws_route_table_association.private",
            "module.vpc.aws_route_table_association.public",
            "module.vpc.aws_security_group.alb",
            "module.vpc.aws_security_group.default",
            "module.vpc.aws_security_group.workers",
            "module.vpc.aws_subnet.database",
            "module.vpc.aws_subnet.private",
            "module.vpc.aws_subnet.public",
            "module.vpc.aws_vpc.main",
            "module.vpc.aws_vpc_endpoint.s3"
          ],
          "create_before_destroy": true
        }
      ]
    },
    {
      "module": "module.eks.module.eks_managed_node_group[\"main\"].module.user_data",
      "mode": "data",
      "type": "cloudinit_config",
      "name": "linux_eks_managed_node_group",
      "provider": "provider[\"registry.terraform.io/hashicorp/cloudinit\"]",
      "instances": []
    },
    {
      "module": "module.eks.module.kms",
      "mode": "data",
      "type": "aws_caller_identity",
      "name": "current",
      "provider": "provider[\"registry.terraform.io/hashicorp/aws\"]",
      "instances": [
        {
          "index_key": 0,
          "schema_version": 0,
          "attributes": {
            "account_id": "826726045450",
            "arn": "arn:aws:iam::826726045450:user/jorge_devops",
            "id": "826726045450",
            "user_id": "AIDA4A7FWK4FAGX75WIPW"
          },
          "sensitive_attributes": []
        }
      ]
    },
    {
      "module": "module.eks.module.kms",
      "mode": "data",
      "type": "aws_iam_policy_document",
      "name": "this",
      "provider": "provider[\"registry.terraform.io/hashicorp/aws\"]",
      "instances": [
        {
          "index_key": 0,
          "schema_version": 0,
          "attributes": {
            "id": "2552559116",
            "json": "{\n  \"Version\": \"2012-10-17\",\n  \"Statement\": [\n    {\n      \"Sid\": \"KeyAdministration\",\n      \"Effect\": \"Allow\",\n      \"Action\": [\n        \"kms:Update*\",\n        \"kms:UntagResource\",\n        \"kms:TagResource\",\n        \"kms:ScheduleKeyDeletion\",\n        \"kms:Revoke*\",\n        \"kms:ReplicateKey\",\n        \"kms:Put*\",\n        \"kms:List*\",\n        \"kms:ImportKeyMaterial\",\n        \"kms:Get*\",\n        \"kms:Enable*\",\n        \"kms:Disable*\",\n        \"kms:Describe*\",\n        \"kms:Delete*\",\n        \"kms:Create*\",\n        \"kms:CancelKeyDeletion\"\n      ],\n      \"Resource\": \"*\",\n      \"Principal\": {\n        \"AWS\": \"arn:aws:iam::826726045450:user/jorge_devops\"\n      }\n    },\n    {\n      \"Sid\": \"KeyUsage\",\n      \"Effect\": \"Allow\",\n      \"Action\": [\n        \"kms:ReEncrypt*\",\n        \"kms:GenerateDataKey*\",\n        \"kms:Encrypt\",\n        \"kms:DescribeKey\",\n        \"kms:Decrypt\"\n      ],\n      \"Resource\": \"*\",\n      \"Principal\": {\n        \"AWS\": \"arn:aws:iam::826726045450:role/saas-hr-staging-eks-v2-cluster-20250526223942644400000003\"\n      }\n    }\n  ]\n}",
            "minified_json": "{\"Version\":\"2012-10-17\",\"Statement\":[{\"Sid\":\"KeyAdministration\",\"Effect\":\"Allow\",\"Action\":[\"kms:Update*\",\"kms:UntagResource\",\"kms:TagResource\",\"kms:ScheduleKeyDeletion\",\"kms:Revoke*\",\"kms:ReplicateKey\",\"kms:Put*\",\"kms:List*\",\"kms:ImportKeyMaterial\",\"kms:Get*\",\"kms:Enable*\",\"kms:Disable*\",\"kms:Describe*\",\"kms:Delete*\",\"kms:Create*\",\"kms:CancelKeyDeletion\"],\"Resource\":\"*\",\"Principal\":{\"AWS\":\"arn:aws:iam::826726045450:user/jorge_devops\"}},{\"Sid\":\"KeyUsage\",\"Effect\":\"Allow\",\"Action\":[\"kms:ReEncrypt*\",\"kms:GenerateDataKey*\",\"kms:Encrypt\",\"kms:DescribeKey\",\"kms:Decrypt\"],\"Resource\":\"*\",\"Principal\":{\"AWS\":\"arn:aws:iam::826726045450:role/saas-hr-staging-eks-v2-cluster-20250526223942644400000003\"}}]}",
            "override_json": null,
            "override_policy_documents": null,
            "policy_id": null,
            "source_json": null,
            "source_policy_documents": null,
            "statement": [
              {
                "actions": [
                  "kms:CancelKeyDeletion",
                  "kms:Create*",
                  "kms:Delete*",
                  "kms:Describe*",
                  "kms:Disable*",
                  "kms:Enable*",
                  "kms:Get*",
                  "kms:ImportKeyMaterial",
                  "kms:List*",
                  "kms:Put*",
                  "kms:ReplicateKey",
                  "kms:Revoke*",
                  "kms:ScheduleKeyDeletion",
                  "kms:TagResource",
                  "kms:UntagResource",
                  "kms:Update*"
                ],
                "condition": [],
                "effect": "Allow",
                "not_actions": [],
                "not_principals": [],
                "not_resources": [],
                "principals": [
                  {
                    "identifiers": [
                      "arn:aws:iam::826726045450:user/jorge_devops"
                    ],
                    "type": "AWS"
                  }
                ],
                "resources": [
                  "*"
                ],
                "sid": "KeyAdministration"
              },
              {
                "actions": [
                  "kms:Decrypt",
                  "kms:DescribeKey",
                  "kms:Encrypt",
                  "kms:GenerateDataKey*",
                  "kms:ReEncrypt*"
                ],
                "condition": [],
                "effect": "Allow",
                "not_actions": [],
                "not_principals": [],
                "not_resources": [],
                "principals": [
                  {
                    "identifiers": [
                      "arn:aws:iam::826726045450:role/saas-hr-staging-eks-v2-cluster-20250526223942644400000003"
                    ],
                    "type": "AWS"
                  }
                ],
                "resources": [
                  "*"
                ],
                "sid": "KeyUsage"
              }
            ],
            "version": "2012-10-17"
          },
          "sensitive_attributes": []
        }
      ]
    },
    {
      "module": "module.eks.module.kms",
      "mode": "data",
      "type": "aws_partition",
      "name": "current",
      "provider": "provider[\"registry.terraform.io/hashicorp/aws\"]",
      "instances": [
        {
          "index_key": 0,
          "schema_version": 0,
          "attributes": {
            "dns_suffix": "amazonaws.com",
            "id": "aws",
            "partition": "aws",
            "reverse_dns_prefix": "com.amazonaws"
          },
          "sensitive_attributes": []
        }
      ]
    },
    {
      "module": "module.eks.module.kms",
      "mode": "managed",
      "type": "aws_kms_alias",
      "name": "this",
      "provider": "provider[\"registry.terraform.io/hashicorp/aws\"]",
      "instances": [
        {
          "index_key": "cluster",
          "schema_version": 0,
          "attributes": {
            "arn": "arn:aws:kms:us-east-1:826726045450:alias/eks/saas-hr-staging-eks-v2",
            "id": "alias/eks/saas-hr-staging-eks-v2",
            "name": "alias/eks/saas-hr-staging-eks-v2",
            "name_prefix": "",
            "target_key_arn": "arn:aws:kms:us-east-1:826726045450:key/55f4458f-b57e-40ca-959c-7ef47834e45c",
            "target_key_id": "55f4458f-b57e-40ca-959c-7ef47834e45c"
          },
          "sensitive_attributes": [],
          "private": "bnVsbA==",
          "dependencies": [
            "module.eks.aws_iam_role.this",
            "module.eks.data.aws_caller_identity.current",
            "module.eks.data.aws_iam_policy_document.assume_role_policy",
            "module.eks.data.aws_iam_session_context.current",
            "module.eks.data.aws_partition.current",
            "module.eks.module.kms.aws_kms_external_key.this",
            "module.eks.module.kms.aws_kms_key.this",
            "module.eks.module.kms.aws_kms_replica_external_key.this",
            "module.eks.module.kms.aws_kms_replica_key.this",
            "module.eks.module.kms.data.aws_caller_identity.current",
            "module.eks.module.kms.data.aws_iam_policy_document.this",
            "module.eks.module.kms.data.aws_partition.current",
            "module.kms.aws_kms_alias.main",
            "module.kms.aws_kms_key.main",
            "module.kms.data.aws_caller_identity.current",
            "module.vpc.aws_cloudwatch_log_group.flow_log",
            "module.vpc.aws_db_subnet_group.database",
            "module.vpc.aws_eip.nat",
            "module.vpc.aws_flow_log.main",
            "module.vpc.aws_iam_policy.flow_log",
            "module.vpc.aws_iam_role.flow_log",
            "module.vpc.aws_iam_role_policy_attachment.flow_log",
            "module.vpc.aws_internet_gateway.main",
            "module.vpc.aws_nat_gateway.main",
            "module.vpc.aws_route_table.database",
            "module.vpc.aws_route_table.private",
            "module.vpc.aws_route_table.public",
            "module.vpc.aws_route_table_association.database",
            "module.vpc.aws_route_table_association.private",
            "module.vpc.aws_route_table_association.public",
            "module.vpc.aws_security_group.alb",
            "module.vpc.aws_security_group.default",
            "module.vpc.aws_security_group.workers",
            "module.vpc.aws_subnet.database",
            "module.vpc.aws_subnet.private",
            "module.vpc.aws_subnet.public",
            "module.vpc.aws_vpc.main",
            "module.vpc.aws_vpc_endpoint.s3"
          ],
          "create_before_destroy": true
        },
        {
          "index_key": "cluster",
          "deposed": "a7d04b08",
          "schema_version": 0,
          "attributes": {
            "arn": "arn:aws:kms:us-east-1:826726045450:alias/eks/saas-hr-staging-eks",
            "id": "alias/eks/saas-hr-staging-eks",
            "name": "alias/eks/saas-hr-staging-eks",
            "name_prefix": "",
            "target_key_arn": "arn:aws:kms:us-east-1:826726045450:key/55f4458f-b57e-40ca-959c-7ef47834e45c",
            "target_key_id": "55f4458f-b57e-40ca-959c-7ef47834e45c"
          },
          "sensitive_attributes": [],
          "private": "bnVsbA==",
          "dependencies": [
            "module.eks.aws_iam_role.this",
            "module.eks.data.aws_caller_identity.current",
            "module.eks.data.aws_iam_policy_document.assume_role_policy",
            "module.eks.data.aws_iam_session_context.current",
            "module.eks.data.aws_partition.current",
            "module.eks.module.kms.aws_kms_external_key.this",
            "module.eks.module.kms.aws_kms_key.this",
            "module.eks.module.kms.aws_kms_replica_external_key.this",
            "module.eks.module.kms.aws_kms_replica_key.this",
            "module.eks.module.kms.data.aws_caller_identity.current",
            "module.eks.module.kms.data.aws_iam_policy_document.this",
            "module.eks.module.kms.data.aws_partition.current",
            "module.kms.aws_kms_alias.main",
            "module.kms.aws_kms_key.main",
            "module.kms.data.aws_caller_identity.current",
            "module.vpc.aws_cloudwatch_log_group.flow_log",
            "module.vpc.aws_db_subnet_group.database",
            "module.vpc.aws_eip.nat",
            "module.vpc.aws_flow_log.main",
            "module.vpc.aws_iam_policy.flow_log",
            "module.vpc.aws_iam_role.flow_log",
            "module.vpc.aws_iam_role_policy_attachment.flow_log",
            "module.vpc.aws_internet_gateway.main",
            "module.vpc.aws_nat_gateway.main",
            "module.vpc.aws_route_table.database",
            "module.vpc.aws_route_table.private",
            "module.vpc.aws_route_table.public",
            "module.vpc.aws_route_table_association.database",
            "module.vpc.aws_route_table_association.private",
            "module.vpc.aws_route_table_association.public",
            "module.vpc.aws_security_group.alb",
            "module.vpc.aws_security_group.default",
            "module.vpc.aws_security_group.workers",
            "module.vpc.aws_subnet.database",
            "module.vpc.aws_subnet.private",
            "module.vpc.aws_subnet.public",
            "module.vpc.aws_vpc.main",
            "module.vpc.aws_vpc_endpoint.s3"
          ],
          "create_before_destroy": true
        }
      ]
    },
    {
      "module": "module.eks.module.kms",
      "mode": "managed",
      "type": "aws_kms_external_key",
      "name": "this",
      "provider": "provider[\"registry.terraform.io/hashicorp/aws\"]",
      "instances": []
    },
    {
      "module": "module.eks.module.kms",
      "mode": "managed",
      "type": "aws_kms_grant",
      "name": "this",
      "provider": "provider[\"registry.terraform.io/hashicorp/aws\"]",
      "instances": []
    },
    {
      "module": "module.eks.module.kms",
      "mode": "managed",
      "type": "aws_kms_key",
      "name": "this",
      "provider": "provider[\"registry.terraform.io/hashicorp/aws\"]",
      "instances": [
        {
          "index_key": 0,
          "schema_version": 0,
          "attributes": {
            "arn": "arn:aws:kms:us-east-1:826726045450:key/55f4458f-b57e-40ca-959c-7ef47834e45c",
            "bypass_policy_lockout_safety_check": false,
            "custom_key_store_id": "",
            "customer_master_key_spec": "SYMMETRIC_DEFAULT",
            "deletion_window_in_days": null,
            "description": "saas-hr-staging-eks-v2 cluster encryption key",
            "enable_key_rotation": true,
            "id": "55f4458f-b57e-40ca-959c-7ef47834e45c",
            "is_enabled": true,
            "key_id": "55f4458f-b57e-40ca-959c-7ef47834e45c",
            "key_usage": "ENCRYPT_DECRYPT",
            "multi_region": false,
            "policy": "{\"Statement\":[{\"Action\":[\"kms:Update*\",\"kms:UntagResource\",\"kms:TagResource\",\"kms:ScheduleKeyDeletion\",\"kms:Revoke*\",\"kms:ReplicateKey\",\"kms:Put*\",\"kms:List*\",\"kms:ImportKeyMaterial\",\"kms:Get*\",\"kms:Enable*\",\"kms:Disable*\",\"kms:Describe*\",\"kms:Delete*\",\"kms:Create*\",\"kms:CancelKeyDeletion\"],\"Effect\":\"Allow\",\"Principal\":{\"AWS\":\"arn:aws:iam::826726045450:user/jorge_devops\"},\"Resource\":\"*\",\"Sid\":\"KeyAdministration\"},{\"Action\":[\"kms:ReEncrypt*\",\"kms:GenerateDataKey*\",\"kms:Encrypt\",\"kms:DescribeKey\",\"kms:Decrypt\"],\"Effect\":\"Allow\",\"Principal\":{\"AWS\":\"arn:aws:iam::826726045450:role/saas-hr-staging-eks-v2-cluster-20250526223942644400000003\"},\"Resource\":\"*\",\"Sid\":\"KeyUsage\"}],\"Version\":\"2012-10-17\"}",
            "rotation_period_in_days": 365,
            "tags": {
              "Environment": "staging",
              "Project": "saas-hr"
            },
            "tags_all": {
              "Environment": "staging",
              "ManagedBy": "Terraform",
              "Project": "saas-hr"
            },
            "timeouts": null,
            "xks_key_id": ""
          },
          "sensitive_attributes": [],
          "private": "eyJlMmJmYjczMC1lY2FhLTExZTYtOGY4OC0zNDM2M2JjN2M0YzAiOnsiY3JlYXRlIjoxMjAwMDAwMDAwMDB9fQ==",
          "dependencies": [
            "module.eks.aws_iam_role.this",
            "module.eks.data.aws_caller_identity.current",
            "module.eks.data.aws_iam_policy_document.assume_role_policy",
            "module.eks.data.aws_iam_session_context.current",
            "module.eks.data.aws_partition.current",
            "module.eks.module.kms.data.aws_caller_identity.current",
            "module.eks.module.kms.data.aws_iam_policy_document.this",
            "module.eks.module.kms.data.aws_partition.current",
            "module.kms.aws_kms_alias.main",
            "module.kms.aws_kms_key.main",
            "module.kms.data.aws_caller_identity.current",
            "module.vpc.aws_cloudwatch_log_group.flow_log",
            "module.vpc.aws_db_subnet_group.database",
            "module.vpc.aws_eip.nat",
            "module.vpc.aws_flow_log.main",
            "module.vpc.aws_iam_policy.flow_log",
            "module.vpc.aws_iam_role.flow_log",
            "module.vpc.aws_iam_role_policy_attachment.flow_log",
            "module.vpc.aws_internet_gateway.main",
            "module.vpc.aws_nat_gateway.main",
            "module.vpc.aws_route_table.database",
            "module.vpc.aws_route_table.private",
            "module.vpc.aws_route_table.public",
            "module.vpc.aws_route_table_association.database",
            "module.vpc.aws_route_table_association.private",
            "module.vpc.aws_route_table_association.public",
            "module.vpc.aws_security_group.alb",
            "module.vpc.aws_security_group.default",
            "module.vpc.aws_security_group.workers",
            "module.vpc.aws_subnet.database",
            "module.vpc.aws_subnet.private",
            "module.vpc.aws_subnet.public",
            "module.vpc.aws_vpc.main",
            "module.vpc.aws_vpc_endpoint.s3"
          ],
          "create_before_destroy": true
        }
      ]
    },
    {
      "module": "module.eks.module.kms",
      "mode": "managed",
      "type": "aws_kms_replica_external_key",
      "name": "this",
      "provider": "provider[\"registry.terraform.io/hashicorp/aws\"]",
      "instances": []
    },
    {
      "module": "module.eks.module.kms",
      "mode": "managed",
      "type": "aws_kms_replica_key",
      "name": "this",
      "provider": "provider[\"registry.terraform.io/hashicorp/aws\"]",
      "instances": []
    },
    {
      "module": "module.elasticache",
      "mode": "managed",
      "type": "aws_cloudwatch_log_group",
      "name": "redis",
      "provider": "provider[\"registry.terraform.io/hashicorp/aws\"]",
      "instances": [
        {
          "schema_version": 0,
          "attributes": {
            "arn": "arn:aws:logs:us-east-1:826726045450:log-group:/aws/elasticache/saas-hr-staging/redis",
            "id": "/aws/elasticache/saas-hr-staging/redis",
            "kms_key_id": "",
            "log_group_class": "STANDARD",
            "name": "/aws/elasticache/saas-hr-staging/redis",
            "name_prefix": "",
            "retention_in_days": 30,
            "skip_destroy": false,
            "tags": {
              "CostCenter": "saas-rh-staging",
              "Environment": "staging",
              "ManagedBy": "terraform",
              "Project": "saas-hr",
              "Team": "devops"
            },
            "tags_all": {
              "CostCenter": "saas-rh-staging",
              "Environment": "staging",
              "ManagedBy": "terraform",
              "Project": "saas-hr",
              "Team": "devops"
            }
          },
          "sensitive_attributes": [],
          "private": "bnVsbA==",
          "dependencies": [
            "module.kms.aws_kms_alias.main",
            "module.kms.aws_kms_key.main",
            "module.kms.data.aws_caller_identity.current",
            "module.security_groups.aws_security_group.eks",
            "module.security_groups.aws_security_group.elasticache",
            "module.security_groups.aws_security_group.rds",
            "module.security_groups.aws_security_group_rule.eks_egress",
            "module.security_groups.aws_security_group_rule.elasticache_egress",
            "module.security_groups.aws_security_group_rule.elasticache_from_eks",
            "module.security_groups.aws_security_group_rule.rds_egress",
            "module.security_groups.aws_security_group_rule.rds_from_eks",
            "module.vpc.aws_cloudwatch_log_group.flow_log",
            "module.vpc.aws_db_subnet_group.database",
            "module.vpc.aws_eip.nat",
            "module.vpc.aws_flow_log.main",
            "module.vpc.aws_iam_policy.flow_log",
            "module.vpc.aws_iam_role.flow_log",
            "module.vpc.aws_iam_role_policy_attachment.flow_log",
            "module.vpc.aws_internet_gateway.main",
            "module.vpc.aws_nat_gateway.main",
            "module.vpc.aws_route_table.database",
            "module.vpc.aws_route_table.private",
            "module.vpc.aws_route_table.public",
            "module.vpc.aws_route_table_association.database",
            "module.vpc.aws_route_table_association.private",
            "module.vpc.aws_route_table_association.public",
            "module.vpc.aws_security_group.alb",
            "module.vpc.aws_security_group.default",
            "module.vpc.aws_security_group.workers",
            "module.vpc.aws_subnet.database",
            "module.vpc.aws_subnet.private",
            "module.vpc.aws_subnet.public",
            "module.vpc.aws_vpc.main",
            "module.vpc.aws_vpc_endpoint.s3"
          ]
        }
      ]
    },
    {
      "module": "module.elasticache",
      "mode": "managed",
      "type": "aws_elasticache_parameter_group",
      "name": "main",
      "provider": "provider[\"registry.terraform.io/hashicorp/aws\"]",
      "instances": [
        {
          "schema_version": 0,
          "attributes": {
            "arn": "arn:aws:elasticache:us-east-1:826726045450:parametergroup:saas-hr-redis-params-staging",
            "description": "Managed by Terraform",
            "family": "redis7",
            "id": "saas-hr-redis-params-staging",
            "name": "saas-hr-redis-params-staging",
            "parameter": [
              {
                "name": "lazyfree-lazy-eviction",
                "value": "yes"
              },
              {
                "name": "maxmemory-policy",
                "value": "volatile-lru"
              },
              {
                "name": "timeout",
                "value": "300"
              }
            ],
            "tags": {
              "CostCenter": "saas-rh-staging",
              "Environment": "staging",
              "ManagedBy": "terraform",
              "Project": "saas-hr",
              "Team": "devops"
            },
            "tags_all": {
              "CostCenter": "saas-rh-staging",
              "Environment": "staging",
              "ManagedBy": "terraform",
              "Project": "saas-hr",
              "Team": "devops"
            }
          },
          "sensitive_attributes": [],
          "private": "bnVsbA==",
          "dependencies": [
            "module.kms.aws_kms_alias.main",
            "module.kms.aws_kms_key.main",
            "module.kms.data.aws_caller_identity.current",
            "module.security_groups.aws_security_group.eks",
            "module.security_groups.aws_security_group.elasticache",
            "module.security_groups.aws_security_group.rds",
            "module.security_groups.aws_security_group_rule.eks_egress",
            "module.security_groups.aws_security_group_rule.elasticache_egress",
            "module.security_groups.aws_security_group_rule.elasticache_from_eks",
            "module.security_groups.aws_security_group_rule.rds_egress",
            "module.security_groups.aws_security_group_rule.rds_from_eks",
            "module.vpc.aws_cloudwatch_log_group.flow_log",
            "module.vpc.aws_db_subnet_group.database",
            "module.vpc.aws_eip.nat",
            "module.vpc.aws_flow_log.main",
            "module.vpc.aws_iam_policy.flow_log",
            "module.vpc.aws_iam_role.flow_log",
            "module.vpc.aws_iam_role_policy_attachment.flow_log",
            "module.vpc.aws_internet_gateway.main",
            "module.vpc.aws_nat_gateway.main",
            "module.vpc.aws_route_table.database",
            "module.vpc.aws_route_table.private",
            "module.vpc.aws_route_table.public",
            "module.vpc.aws_route_table_association.database",
            "module.vpc.aws_route_table_association.private",
            "module.vpc.aws_route_table_association.public",
            "module.vpc.aws_security_group.alb",
            "module.vpc.aws_security_group.default",
            "module.vpc.aws_security_group.workers",
            "module.vpc.aws_subnet.database",
            "module.vpc.aws_subnet.private",
            "module.vpc.aws_subnet.public",
            "module.vpc.aws_vpc.main",
            "module.vpc.aws_vpc_endpoint.s3"
          ]
        }
      ]
    },
    {
      "module": "module.elasticache",
      "mode": "managed",
      "type": "aws_elasticache_replication_group",
      "name": "main",
      "provider": "provider[\"registry.terraform.io/hashicorp/aws\"]",
      "instances": [
        {
          "schema_version": 2,
          "attributes": {
            "apply_immediately": null,
            "arn": "arn:aws:elasticache:us-east-1:826726045450:replicationgroup:saas-hr-staging",
            "at_rest_encryption_enabled": "true",
            "auth_token": "r4HwWHlpsRhHbckLL1hEi2Sln6WhV1hk",
            "auth_token_update_strategy": "ROTATE",
            "auto_minor_version_upgrade": "true",
            "automatic_failover_enabled": false,
            "cluster_enabled": false,
            "cluster_mode": "disabled",
            "configuration_endpoint_address": null,
            "data_tiering_enabled": false,
            "description": "Redis cluster for saas-hr staging",
            "engine": "redis",
            "engine_version": "7.0",
            "engine_version_actual": "7.0.7",
            "final_snapshot_identifier": null,
            "global_replication_group_id": null,
            "id": "saas-hr-staging",
            "ip_discovery": "ipv4",
            "kms_key_id": "arn:aws:kms:us-east-1:826726045450:key/6ef2f05f-d313-4dee-970a-51595cca2c01",
            "log_delivery_configuration": [
              {
                "destination": "/aws/elasticache/saas-hr-staging/redis",
                "destination_type": "cloudwatch-logs",
                "log_format": "json",
                "log_type": "engine-log"
              },
              {
                "destination": "/aws/elasticache/saas-hr-staging/redis",
                "destination_type": "cloudwatch-logs",
                "log_format": "json",
                "log_type": "slow-log"
              }
            ],
            "maintenance_window": "tue:04:00-tue:05:00",
            "member_clusters": [
              "saas-hr-staging-001"
            ],
            "multi_az_enabled": false,
            "network_type": "ipv4",
            "node_type": "cache.t3.micro",
            "notification_topic_arn": null,
            "num_cache_clusters": 1,
            "num_node_groups": 1,
            "parameter_group_name": "saas-hr-redis-params-staging",
            "port": 6379,
            "preferred_cache_cluster_azs": null,
            "primary_endpoint_address": "master.saas-hr-staging.41cicm.use1.cache.amazonaws.com",
            "reader_endpoint_address": "replica.saas-hr-staging.41cicm.use1.cache.amazonaws.com",
            "replicas_per_node_group": 0,
            "replication_group_id": "saas-hr-staging",
            "security_group_ids": [
              "sg-070cd10a77aefba9c"
            ],
            "security_group_names": [],
            "snapshot_arns": null,
            "snapshot_name": null,
            "snapshot_retention_limit": 7,
            "snapshot_window": "03:00-04:00",
            "subnet_group_name": "saas-hr-redis-subnet-staging",
            "tags": {
              "CostCenter": "saas-rh-staging",
              "Environment": "staging",
              "ManagedBy": "terraform",
              "Project": "saas-hr",
              "Team": "devops"
            },
            "tags_all": {
              "CostCenter": "saas-rh-staging",
              "Environment": "staging",
              "ManagedBy": "terraform",
              "Project": "saas-hr",
              "Team": "devops"
            },
            "timeouts": null,
            "transit_encryption_enabled": true,
            "transit_encryption_mode": "required",
            "user_group_ids": []
          },
          "sensitive_attributes": [
            [
              {
                "type": "get_attr",
                "value": "auth_token"
              }
            ]
          ],
          "private": "eyJlMmJmYjczMC1lY2FhLTExZTYtOGY4OC0zNDM2M2JjN2M0YzAiOnsiY3JlYXRlIjozNjAwMDAwMDAwMDAwLCJkZWxldGUiOjI3MDAwMDAwMDAwMDAsInVwZGF0ZSI6MjQwMDAwMDAwMDAwMH0sInNjaGVtYV92ZXJzaW9uIjoiMiJ9",
          "dependencies": [
            "module.elasticache.aws_cloudwatch_log_group.redis",
            "module.elasticache.aws_elasticache_parameter_group.main",
            "module.elasticache.aws_elasticache_subnet_group.main",
            "module.elasticache.aws_security_group.redis",
            "module.elasticache.random_password.redis_auth",
            "module.kms.aws_kms_alias.main",
            "module.kms.aws_kms_key.main",
            "module.kms.data.aws_caller_identity.current",
            "module.security_groups.aws_security_group.eks",
            "module.security_groups.aws_security_group.elasticache",
            "module.security_groups.aws_security_group.rds",
            "module.security_groups.aws_security_group_rule.eks_egress",
            "module.security_groups.aws_security_group_rule.elasticache_egress",
            "module.security_groups.aws_security_group_rule.elasticache_from_eks",
            "module.security_groups.aws_security_group_rule.rds_egress",
            "module.security_groups.aws_security_group_rule.rds_from_eks",
            "module.vpc.aws_cloudwatch_log_group.flow_log",
            "module.vpc.aws_db_subnet_group.database",
            "module.vpc.aws_eip.nat",
            "module.vpc.aws_flow_log.main",
            "module.vpc.aws_iam_policy.flow_log",
            "module.vpc.aws_iam_role.flow_log",
            "module.vpc.aws_iam_role_policy_attachment.flow_log",
            "module.vpc.aws_internet_gateway.main",
            "module.vpc.aws_nat_gateway.main",
            "module.vpc.aws_route_table.database",
            "module.vpc.aws_route_table.private",
            "module.vpc.aws_route_table.public",
            "module.vpc.aws_route_table_association.database",
            "module.vpc.aws_route_table_association.private",
            "module.vpc.aws_route_table_association.public",
            "module.vpc.aws_security_group.alb",
            "module.vpc.aws_security_group.default",
            "module.vpc.aws_security_group.workers",
            "module.vpc.aws_subnet.database",
            "module.vpc.aws_subnet.private",
            "module.vpc.aws_subnet.public",
            "module.vpc.aws_vpc.main",
            "module.vpc.aws_vpc_endpoint.s3"
          ]
        }
      ]
    },
    {
      "module": "module.elasticache",
      "mode": "managed",
      "type": "aws_elasticache_subnet_group",
      "name": "main",
      "provider": "provider[\"registry.terraform.io/hashicorp/aws\"]",
      "instances": [
        {
          "schema_version": 0,
          "attributes": {
            "arn": "arn:aws:elasticache:us-east-1:826726045450:subnetgroup:saas-hr-redis-subnet-staging",
            "description": "Subnet group for Redis cluster",
            "id": "saas-hr-redis-subnet-staging",
            "name": "saas-hr-redis-subnet-staging",
            "subnet_ids": [
              "subnet-0366a45e62cca75ff",
              "subnet-0a7a6acb07310f57d",
              "subnet-0ad28af56eb06cb1d"
            ],
            "tags": {
              "CostCenter": "saas-rh-staging",
              "Environment": "staging",
              "ManagedBy": "terraform",
              "Project": "saas-hr",
              "Team": "devops"
            },
            "tags_all": {
              "CostCenter": "saas-rh-staging",
              "Environment": "staging",
              "ManagedBy": "terraform",
              "Project": "saas-hr",
              "Team": "devops"
            },
            "vpc_id": "vpc-0f23c574b54be9624"
          },
          "sensitive_attributes": [],
          "private": "bnVsbA==",
          "dependencies": [
            "module.kms.aws_kms_alias.main",
            "module.kms.aws_kms_key.main",
            "module.kms.data.aws_caller_identity.current",
            "module.security_groups.aws_security_group.eks",
            "module.security_groups.aws_security_group.elasticache",
            "module.security_groups.aws_security_group.rds",
            "module.security_groups.aws_security_group_rule.eks_egress",
            "module.security_groups.aws_security_group_rule.elasticache_egress",
            "module.security_groups.aws_security_group_rule.elasticache_from_eks",
            "module.security_groups.aws_security_group_rule.rds_egress",
            "module.security_groups.aws_security_group_rule.rds_from_eks",
            "module.vpc.aws_cloudwatch_log_group.flow_log",
            "module.vpc.aws_db_subnet_group.database",
            "module.vpc.aws_eip.nat",
            "module.vpc.aws_flow_log.main",
            "module.vpc.aws_iam_policy.flow_log",
            "module.vpc.aws_iam_role.flow_log",
            "module.vpc.aws_iam_role_policy_attachment.flow_log",
            "module.vpc.aws_internet_gateway.main",
            "module.vpc.aws_nat_gateway.main",
            "module.vpc.aws_route_table.database",
            "module.vpc.aws_route_table.private",
            "module.vpc.aws_route_table.public",
            "module.vpc.aws_route_table_association.database",
            "module.vpc.aws_route_table_association.private",
            "module.vpc.aws_route_table_association.public",
            "module.vpc.aws_security_group.alb",
            "module.vpc.aws_security_group.default",
            "module.vpc.aws_security_group.workers",
            "module.vpc.aws_subnet.database",
            "module.vpc.aws_subnet.private",
            "module.vpc.aws_subnet.public",
            "module.vpc.aws_vpc.main",
            "module.vpc.aws_vpc_endpoint.s3"
          ]
        }
      ]
    },
    {
      "module": "module.elasticache",
      "mode": "managed",
      "type": "aws_secretsmanager_secret",
      "name": "redis_auth",
      "provider": "provider[\"registry.terraform.io/hashicorp/aws\"]",
      "instances": [
        {
          "schema_version": 0,
          "attributes": {
            "arn": "arn:aws:secretsmanager:us-east-1:826726045450:secret:saas-hr-staging-redis-auth-vXh6g5",
            "description": "Redis AUTH token",
            "force_overwrite_replica_secret": false,
            "id": "arn:aws:secretsmanager:us-east-1:826726045450:secret:saas-hr-staging-redis-auth-vXh6g5",
            "kms_key_id": "arn:aws:kms:us-east-1:826726045450:key/6ef2f05f-d313-4dee-970a-51595cca2c01",
            "name": "saas-hr-staging-redis-auth",
            "name_prefix": "",
            "policy": "",
            "recovery_window_in_days": 30,
            "replica": [],
            "tags": {
              "CostCenter": "saas-rh-staging",
              "Environment": "staging",
              "ManagedBy": "terraform",
              "Project": "saas-hr",
              "Team": "devops"
            },
            "tags_all": {
              "CostCenter": "saas-rh-staging",
              "Environment": "staging",
              "ManagedBy": "terraform",
              "Project": "saas-hr",
              "Team": "devops"
            }
          },
          "sensitive_attributes": [],
          "private": "bnVsbA==",
          "dependencies": [
            "module.kms.aws_kms_alias.main",
            "module.kms.aws_kms_key.main",
            "module.kms.data.aws_caller_identity.current",
            "module.security_groups.aws_security_group.eks",
            "module.security_groups.aws_security_group.elasticache",
            "module.security_groups.aws_security_group.rds",
            "module.security_groups.aws_security_group_rule.eks_egress",
            "module.security_groups.aws_security_group_rule.elasticache_egress",
            "module.security_groups.aws_security_group_rule.elasticache_from_eks",
            "module.security_groups.aws_security_group_rule.rds_egress",
            "module.security_groups.aws_security_group_rule.rds_from_eks",
            "module.vpc.aws_cloudwatch_log_group.flow_log",
            "module.vpc.aws_db_subnet_group.database",
            "module.vpc.aws_eip.nat",
            "module.vpc.aws_flow_log.main",
            "module.vpc.aws_iam_policy.flow_log",
            "module.vpc.aws_iam_role.flow_log",
            "module.vpc.aws_iam_role_policy_attachment.flow_log",
            "module.vpc.aws_internet_gateway.main",
            "module.vpc.aws_nat_gateway.main",
            "module.vpc.aws_route_table.database",
            "module.vpc.aws_route_table.private",
            "module.vpc.aws_route_table.public",
            "module.vpc.aws_route_table_association.database",
            "module.vpc.aws_route_table_association.private",
            "module.vpc.aws_route_table_association.public",
            "module.vpc.aws_security_group.alb",
            "module.vpc.aws_security_group.default",
            "module.vpc.aws_security_group.workers",
            "module.vpc.aws_subnet.database",
            "module.vpc.aws_subnet.private",
            "module.vpc.aws_subnet.public",
            "module.vpc.aws_vpc.main",
            "module.vpc.aws_vpc_endpoint.s3"
          ]
        }
      ]
    },
    {
      "module": "module.elasticache",
      "mode": "managed",
      "type": "aws_secretsmanager_secret_version",
      "name": "redis_auth",
      "provider": "provider[\"registry.terraform.io/hashicorp/aws\"]",
      "instances": [
        {
          "schema_version": 0,
          "attributes": {
            "arn": "arn:aws:secretsmanager:us-east-1:826726045450:secret:saas-hr-staging-redis-auth-vXh6g5",
            "has_secret_string_wo": null,
            "id": "arn:aws:secretsmanager:us-east-1:826726045450:secret:saas-hr-staging-redis-auth-vXh6g5|terraform-20250526223705625200000002",
            "secret_binary": "",
            "secret_id": "arn:aws:secretsmanager:us-east-1:826726045450:secret:saas-hr-staging-redis-auth-vXh6g5",
            "secret_string": "{\"auth_token\":\"r4HwWHlpsRhHbckLL1hEi2Sln6WhV1hk\",\"host\":\"master.saas-hr-staging.41cicm.use1.cache.amazonaws.com\",\"port\":6379}",
            "secret_string_wo": null,
            "secret_string_wo_version": null,
            "version_id": "terraform-20250526223705625200000002",
            "version_stages": [
              "AWSCURRENT"
            ]
          },
          "sensitive_attributes": [
            [
              {
                "type": "get_attr",
                "value": "secret_string"
              }
            ]
          ],
          "private": "bnVsbA==",
          "dependencies": [
            "module.elasticache.aws_cloudwatch_log_group.redis",
            "module.elasticache.aws_elasticache_parameter_group.main",
            "module.elasticache.aws_elasticache_replication_group.main",
            "module.elasticache.aws_elasticache_subnet_group.main",
            "module.elasticache.aws_secretsmanager_secret.redis_auth",
            "module.elasticache.aws_security_group.redis",
            "module.elasticache.random_password.redis_auth",
            "module.kms.aws_kms_alias.main",
            "module.kms.aws_kms_key.main",
            "module.kms.data.aws_caller_identity.current",
            "module.security_groups.aws_security_group.eks",
            "module.security_groups.aws_security_group.elasticache",
            "module.security_groups.aws_security_group.rds",
            "module.security_groups.aws_security_group_rule.eks_egress",
            "module.security_groups.aws_security_group_rule.elasticache_egress",
            "module.security_groups.aws_security_group_rule.elasticache_from_eks",
            "module.security_groups.aws_security_group_rule.rds_egress",
            "module.security_groups.aws_security_group_rule.rds_from_eks",
            "module.vpc.aws_cloudwatch_log_group.flow_log",
            "module.vpc.aws_db_subnet_group.database",
            "module.vpc.aws_eip.nat",
            "module.vpc.aws_flow_log.main",
            "module.vpc.aws_iam_policy.flow_log",
            "module.vpc.aws_iam_role.flow_log",
            "module.vpc.aws_iam_role_policy_attachment.flow_log",
            "module.vpc.aws_internet_gateway.main",
            "module.vpc.aws_nat_gateway.main",
            "module.vpc.aws_route_table.database",
            "module.vpc.aws_route_table.private",
            "module.vpc.aws_route_table.public",
            "module.vpc.aws_route_table_association.database",
            "module.vpc.aws_route_table_association.private",
            "module.vpc.aws_route_table_association.public",
            "module.vpc.aws_security_group.alb",
            "module.vpc.aws_security_group.default",
            "module.vpc.aws_security_group.workers",
            "module.vpc.aws_subnet.database",
            "module.vpc.aws_subnet.private",
            "module.vpc.aws_subnet.public",
            "module.vpc.aws_vpc.main",
            "module.vpc.aws_vpc_endpoint.s3"
          ]
        }
      ]
    },
    {
      "module": "module.elasticache",
      "mode": "managed",
      "type": "aws_security_group",
      "name": "redis",
      "provider": "provider[\"registry.terraform.io/hashicorp/aws\"]",
      "instances": [
        {
          "schema_version": 1,
          "attributes": {
            "arn": "arn:aws:ec2:us-east-1:826726045450:security-group/sg-070cd10a77aefba9c",
            "description": "Security group for Redis cluster",
            "egress": [
              {
                "cidr_blocks": [
                  "0.0.0.0/0"
                ],
                "description": "Allow all outbound traffic",
                "from_port": 0,
                "ipv6_cidr_blocks": [],
                "prefix_list_ids": [],
                "protocol": "-1",
                "security_groups": [],
                "self": false,
                "to_port": 0
              }
            ],
            "id": "sg-070cd10a77aefba9c",
            "ingress": [
              {
                "cidr_blocks": [],
                "description": "Allow Redis access from EKS nodes",
                "from_port": 6379,
                "ipv6_cidr_blocks": [],
                "prefix_list_ids": [],
                "protocol": "tcp",
                "security_groups": [
                  "sg-0936b1690504f0759"
                ],
                "self": false,
                "to_port": 6379
              }
            ],
            "name": "saas-hr-redis-staging20250526181129325000000001",
            "name_prefix": "saas-hr-redis-staging",
            "owner_id": "826726045450",
            "revoke_rules_on_delete": false,
            "tags": {
              "CostCenter": "saas-rh-staging",
              "Environment": "staging",
              "ManagedBy": "terraform",
              "Name": "saas-hr-redis-staging",
              "Project": "saas-hr",
              "Team": "devops"
            },
            "tags_all": {
              "CostCenter": "saas-rh-staging",
              "Environment": "staging",
              "ManagedBy": "terraform",
              "Name": "saas-hr-redis-staging",
              "Project": "saas-hr",
              "Team": "devops"
            },
            "timeouts": null,
            "vpc_id": "vpc-0f23c574b54be9624"
          },
          "sensitive_attributes": [],
          "private": "eyJlMmJmYjczMC1lY2FhLTExZTYtOGY4OC0zNDM2M2JjN2M0YzAiOnsiY3JlYXRlIjo2MDAwMDAwMDAwMDAsImRlbGV0ZSI6OTAwMDAwMDAwMDAwfSwic2NoZW1hX3ZlcnNpb24iOiIxIn0=",
          "dependencies": [
            "module.kms.aws_kms_alias.main",
            "module.kms.aws_kms_key.main",
            "module.kms.data.aws_caller_identity.current",
            "module.security_groups.aws_security_group.eks",
            "module.security_groups.aws_security_group.elasticache",
            "module.security_groups.aws_security_group.rds",
            "module.security_groups.aws_security_group_rule.eks_egress",
            "module.security_groups.aws_security_group_rule.elasticache_egress",
            "module.security_groups.aws_security_group_rule.elasticache_from_eks",
            "module.security_groups.aws_security_group_rule.rds_egress",
            "module.security_groups.aws_security_group_rule.rds_from_eks",
            "module.vpc.aws_cloudwatch_log_group.flow_log",
            "module.vpc.aws_db_subnet_group.database",
            "module.vpc.aws_eip.nat",
            "module.vpc.aws_flow_log.main",
            "module.vpc.aws_iam_policy.flow_log",
            "module.vpc.aws_iam_role.flow_log",
            "module.vpc.aws_iam_role_policy_attachment.flow_log",
            "module.vpc.aws_internet_gateway.main",
            "module.vpc.aws_nat_gateway.main",
            "module.vpc.aws_route_table.database",
            "module.vpc.aws_route_table.private",
            "module.vpc.aws_route_table.public",
            "module.vpc.aws_route_table_association.database",
            "module.vpc.aws_route_table_association.private",
            "module.vpc.aws_route_table_association.public",
            "module.vpc.aws_security_group.alb",
            "module.vpc.aws_security_group.default",
            "module.vpc.aws_security_group.workers",
            "module.vpc.aws_subnet.database",
            "module.vpc.aws_subnet.private",
            "module.vpc.aws_subnet.public",
            "module.vpc.aws_vpc.main",
            "module.vpc.aws_vpc_endpoint.s3"
          ],
          "create_before_destroy": true
        },
        {
          "deposed": "396c7a01",
          "schema_version": 1,
          "attributes": {
            "arn": "arn:aws:ec2:us-east-1:826726045450:security-group/sg-050564ab4ce032d87",
            "description": "Managed by Terraform",
            "egress": [
              {
                "cidr_blocks": [
                  "0.0.0.0/0"
                ],
                "description": "",
                "from_port": 0,
                "ipv6_cidr_blocks": [],
                "prefix_list_ids": [],
                "protocol": "-1",
                "security_groups": [],
                "self": false,
                "to_port": 0
              }
            ],
            "id": "sg-050564ab4ce032d87",
            "ingress": [],
            "name": "saas-rh-redis-20250524163110692800000003",
            "name_prefix": "saas-rh-redis-",
            "owner_id": "826726045450",
            "revoke_rules_on_delete": false,
            "tags": {
              "Name": "saas-rh-redis-staging",
              "Project": "saas-rh"
            },
            "tags_all": {
              "Environment": "staging",
              "ManagedBy": "Terraform",
              "Name": "saas-rh-redis-staging",
              "Project": "saas-rh"
            },
            "timeouts": null,
            "vpc_id": "vpc-0f23c574b54be9624"
          },
          "sensitive_attributes": [],
          "private": "eyJlMmJmYjczMC1lY2FhLTExZTYtOGY4OC0zNDM2M2JjN2M0YzAiOnsiY3JlYXRlIjo2MDAwMDAwMDAwMDAsImRlbGV0ZSI6OTAwMDAwMDAwMDAwfSwic2NoZW1hX3ZlcnNpb24iOiIxIn0=",
          "dependencies": [
            "module.kms.aws_kms_alias.main",
            "module.kms.aws_kms_key.main",
            "module.kms.data.aws_caller_identity.current",
            "module.kms.data.aws_iam_policy_document.kms",
            "module.security_groups.aws_security_group.eks",
            "module.security_groups.aws_security_group.elasticache",
            "module.security_groups.aws_security_group.rds",
            "module.security_groups.aws_security_group_rule.eks_egress",
            "module.security_groups.aws_security_group_rule.elasticache_egress",
            "module.security_groups.aws_security_group_rule.elasticache_from_eks",
            "module.security_groups.aws_security_group_rule.rds_egress",
            "module.security_groups.aws_security_group_rule.rds_from_eks",
            "module.vpc.aws_cloudwatch_log_group.flow_log",
            "module.vpc.aws_db_subnet_group.database",
            "module.vpc.aws_eip.nat",
            "module.vpc.aws_flow_log.main",
            "module.vpc.aws_iam_policy.flow_log",
            "module.vpc.aws_iam_role.flow_log",
            "module.vpc.aws_iam_role_policy_attachment.flow_log",
            "module.vpc.aws_internet_gateway.main",
            "module.vpc.aws_nat_gateway.main",
            "module.vpc.aws_route_table.database",
            "module.vpc.aws_route_table.private",
            "module.vpc.aws_route_table.public",
            "module.vpc.aws_route_table_association.database",
            "module.vpc.aws_route_table_association.private",
            "module.vpc.aws_route_table_association.public",
            "module.vpc.aws_security_group.alb",
            "module.vpc.aws_security_group.default",
            "module.vpc.aws_security_group.workers",
            "module.vpc.aws_subnet.database",
            "module.vpc.aws_subnet.private",
            "module.vpc.aws_subnet.public",
            "module.vpc.aws_vpc.main",
            "module.vpc.aws_vpc_endpoint.s3"
          ],
          "create_before_destroy": true
        }
      ]
    },
    {
      "module": "module.elasticache",
      "mode": "managed",
      "type": "aws_security_group_rule",
      "name": "redis_egress",
      "provider": "provider[\"registry.terraform.io/hashicorp/aws\"]",
      "instances": [
        {
          "schema_version": 2,
          "attributes": {
            "cidr_blocks": [
              "0.0.0.0/0"
            ],
            "description": "Allow all outbound traffic",
            "from_port": 0,
            "id": "sgrule-2021141270",
            "ipv6_cidr_blocks": null,
            "prefix_list_ids": null,
            "protocol": "-1",
            "security_group_id": "sg-070cd10a77aefba9c",
            "security_group_rule_id": "sgr-066df398a031bc49e",
            "self": false,
            "source_security_group_id": null,
            "timeouts": null,
            "to_port": 0,
            "type": "egress"
          },
          "sensitive_attributes": [],
          "private": "eyJlMmJmYjczMC1lY2FhLTExZTYtOGY4OC0zNDM2M2JjN2M0YzAiOnsiY3JlYXRlIjozMDAwMDAwMDAwMDB9LCJzY2hlbWFfdmVyc2lvbiI6IjIifQ==",
          "dependencies": [
            "module.elasticache.aws_security_group.redis",
            "module.kms.aws_kms_alias.main",
            "module.kms.aws_kms_key.main",
            "module.kms.data.aws_caller_identity.current",
            "module.security_groups.aws_security_group.eks",
            "module.security_groups.aws_security_group.elasticache",
            "module.security_groups.aws_security_group.rds",
            "module.security_groups.aws_security_group_rule.eks_egress",
            "module.security_groups.aws_security_group_rule.elasticache_egress",
            "module.security_groups.aws_security_group_rule.elasticache_from_eks",
            "module.security_groups.aws_security_group_rule.rds_egress",
            "module.security_groups.aws_security_group_rule.rds_from_eks",
            "module.vpc.aws_cloudwatch_log_group.flow_log",
            "module.vpc.aws_db_subnet_group.database",
            "module.vpc.aws_eip.nat",
            "module.vpc.aws_flow_log.main",
            "module.vpc.aws_iam_policy.flow_log",
            "module.vpc.aws_iam_role.flow_log",
            "module.vpc.aws_iam_role_policy_attachment.flow_log",
            "module.vpc.aws_internet_gateway.main",
            "module.vpc.aws_nat_gateway.main",
            "module.vpc.aws_route_table.database",
            "module.vpc.aws_route_table.private",
            "module.vpc.aws_route_table.public",
            "module.vpc.aws_route_table_association.database",
            "module.vpc.aws_route_table_association.private",
            "module.vpc.aws_route_table_association.public",
            "module.vpc.aws_security_group.alb",
            "module.vpc.aws_security_group.default",
            "module.vpc.aws_security_group.workers",
            "module.vpc.aws_subnet.database",
            "module.vpc.aws_subnet.private",
            "module.vpc.aws_subnet.public",
            "module.vpc.aws_vpc.main",
            "module.vpc.aws_vpc_endpoint.s3"
          ]
        }
      ]
    },
    {
      "module": "module.elasticache",
      "mode": "managed",
      "type": "aws_security_group_rule",
      "name": "redis_ingress",
      "provider": "provider[\"registry.terraform.io/hashicorp/aws\"]",
      "instances": [
        {
          "schema_version": 2,
          "attributes": {
            "cidr_blocks": null,
            "description": "Allow Redis access from EKS nodes",
            "from_port": 6379,
            "id": "sgrule-169029166",
            "ipv6_cidr_blocks": null,
            "prefix_list_ids": null,
            "protocol": "tcp",
            "security_group_id": "sg-070cd10a77aefba9c",
            "security_group_rule_id": "sgr-0db6945859b2d3377",
            "self": false,
            "source_security_group_id": "sg-0936b1690504f0759",
            "timeouts": null,
            "to_port": 6379,
            "type": "ingress"
          },
          "sensitive_attributes": [],
          "private": "eyJlMmJmYjczMC1lY2FhLTExZTYtOGY4OC0zNDM2M2JjN2M0YzAiOnsiY3JlYXRlIjozMDAwMDAwMDAwMDB9LCJzY2hlbWFfdmVyc2lvbiI6IjIifQ==",
          "dependencies": [
            "module.elasticache.aws_security_group.redis",
            "module.kms.aws_kms_alias.main",
            "module.kms.aws_kms_key.main",
            "module.kms.data.aws_caller_identity.current",
            "module.security_groups.aws_security_group.eks",
            "module.security_groups.aws_security_group.elasticache",
            "module.security_groups.aws_security_group.rds",
            "module.security_groups.aws_security_group_rule.eks_egress",
            "module.security_groups.aws_security_group_rule.elasticache_egress",
            "module.security_groups.aws_security_group_rule.elasticache_from_eks",
            "module.security_groups.aws_security_group_rule.rds_egress",
            "module.security_groups.aws_security_group_rule.rds_from_eks",
            "module.vpc.aws_cloudwatch_log_group.flow_log",
            "module.vpc.aws_db_subnet_group.database",
            "module.vpc.aws_eip.nat",
            "module.vpc.aws_flow_log.main",
            "module.vpc.aws_iam_policy.flow_log",
            "module.vpc.aws_iam_role.flow_log",
            "module.vpc.aws_iam_role_policy_attachment.flow_log",
            "module.vpc.aws_internet_gateway.main",
            "module.vpc.aws_nat_gateway.main",
            "module.vpc.aws_route_table.database",
            "module.vpc.aws_route_table.private",
            "module.vpc.aws_route_table.public",
            "module.vpc.aws_route_table_association.database",
            "module.vpc.aws_route_table_association.private",
            "module.vpc.aws_route_table_association.public",
            "module.vpc.aws_security_group.alb",
            "module.vpc.aws_security_group.default",
            "module.vpc.aws_security_group.workers",
            "module.vpc.aws_subnet.database",
            "module.vpc.aws_subnet.private",
            "module.vpc.aws_subnet.public",
            "module.vpc.aws_vpc.main",
            "module.vpc.aws_vpc_endpoint.s3"
          ]
        }
      ]
    },
    {
      "module": "module.elasticache",
      "mode": "managed",
      "type": "random_password",
      "name": "redis_auth",
      "provider": "provider[\"registry.terraform.io/hashicorp/random\"]",
      "instances": [
        {
          "schema_version": 3,
          "attributes": {
            "bcrypt_hash": "$2a$10$GCL7Eo8aBPZfnsOr/W7Zrefn0J.rhRN71fgarKm.T9IW1kHyQUNpS",
            "id": "none",
            "keepers": null,
            "length": 32,
            "lower": true,
            "min_lower": 0,
            "min_numeric": 0,
            "min_special": 0,
            "min_upper": 0,
            "number": true,
            "numeric": true,
            "override_special": null,
            "result": "r4HwWHlpsRhHbckLL1hEi2Sln6WhV1hk",
            "special": false,
            "upper": true
          },
          "sensitive_attributes": [],
          "dependencies": [
            "module.kms.aws_kms_alias.main",
            "module.kms.aws_kms_key.main",
            "module.kms.data.aws_caller_identity.current",
            "module.security_groups.aws_security_group.eks",
            "module.security_groups.aws_security_group.elasticache",
            "module.security_groups.aws_security_group.rds",
            "module.security_groups.aws_security_group_rule.eks_egress",
            "module.security_groups.aws_security_group_rule.elasticache_egress",
            "module.security_groups.aws_security_group_rule.elasticache_from_eks",
            "module.security_groups.aws_security_group_rule.rds_egress",
            "module.security_groups.aws_security_group_rule.rds_from_eks",
            "module.vpc.aws_cloudwatch_log_group.flow_log",
            "module.vpc.aws_db_subnet_group.database",
            "module.vpc.aws_eip.nat",
            "module.vpc.aws_flow_log.main",
            "module.vpc.aws_iam_policy.flow_log",
            "module.vpc.aws_iam_role.flow_log",
            "module.vpc.aws_iam_role_policy_attachment.flow_log",
            "module.vpc.aws_internet_gateway.main",
            "module.vpc.aws_nat_gateway.main",
            "module.vpc.aws_route_table.database",
            "module.vpc.aws_route_table.private",
            "module.vpc.aws_route_table.public",
            "module.vpc.aws_route_table_association.database",
            "module.vpc.aws_route_table_association.private",
            "module.vpc.aws_route_table_association.public",
            "module.vpc.aws_security_group.alb",
            "module.vpc.aws_security_group.default",
            "module.vpc.aws_security_group.workers",
            "module.vpc.aws_subnet.database",
            "module.vpc.aws_subnet.private",
            "module.vpc.aws_subnet.public",
            "module.vpc.aws_vpc.main",
            "module.vpc.aws_vpc_endpoint.s3"
          ]
        }
      ]
    },
    {
      "module": "module.kms",
      "mode": "data",
      "type": "aws_caller_identity",
      "name": "current",
      "provider": "provider[\"registry.terraform.io/hashicorp/aws\"]",
      "instances": [
        {
          "schema_version": 0,
          "attributes": {
            "account_id": "826726045450",
            "arn": "arn:aws:iam::826726045450:user/jorge_devops",
            "id": "826726045450",
            "user_id": "AIDA4A7FWK4FAGX75WIPW"
          },
          "sensitive_attributes": []
        }
      ]
    },
    {
      "module": "module.kms",
      "mode": "managed",
      "type": "aws_kms_alias",
      "name": "main",
      "provider": "provider[\"registry.terraform.io/hashicorp/aws\"]",
      "instances": [
        {
          "schema_version": 0,
          "attributes": {
            "arn": "arn:aws:kms:us-east-1:826726045450:alias/saas-hr-staging",
            "id": "alias/saas-hr-staging",
            "name": "alias/saas-hr-staging",
            "name_prefix": "",
            "target_key_arn": "arn:aws:kms:us-east-1:826726045450:key/6ef2f05f-d313-4dee-970a-51595cca2c01",
            "target_key_id": "6ef2f05f-d313-4dee-970a-51595cca2c01"
          },
          "sensitive_attributes": [],
          "private": "bnVsbA==",
          "dependencies": [
            "module.kms.aws_kms_key.main",
            "module.kms.data.aws_caller_identity.current"
          ],
          "create_before_destroy": true
        }
      ]
    },
    {
      "module": "module.kms",
      "mode": "managed",
      "type": "aws_kms_key",
      "name": "main",
      "provider": "provider[\"registry.terraform.io/hashicorp/aws\"]",
      "instances": [
        {
          "schema_version": 0,
          "attributes": {
            "arn": "arn:aws:kms:us-east-1:826726045450:key/6ef2f05f-d313-4dee-970a-51595cca2c01",
            "bypass_policy_lockout_safety_check": false,
            "custom_key_store_id": "",
            "customer_master_key_spec": "SYMMETRIC_DEFAULT",
            "deletion_window_in_days": 7,
            "description": "KMS key for encrypting sensitive data",
            "enable_key_rotation": true,
            "id": "6ef2f05f-d313-4dee-970a-51595cca2c01",
            "is_enabled": true,
            "key_id": "6ef2f05f-d313-4dee-970a-51595cca2c01",
            "key_usage": "ENCRYPT_DECRYPT",
            "multi_region": false,
            "policy": "{\"Statement\":[{\"Action\":\"kms:*\",\"Effect\":\"Allow\",\"Principal\":{\"AWS\":\"arn:aws:iam::826726045450:root\"},\"Resource\":\"*\",\"Sid\":\"Enable IAM User Permissions\"},{\"Action\":[\"kms:Encrypt\",\"kms:Decrypt\",\"kms:ReEncrypt*\",\"kms:GenerateDataKey*\",\"kms:DescribeKey\"],\"Effect\":\"Allow\",\"Principal\":{\"Service\":\"eks.amazonaws.com\"},\"Resource\":\"*\",\"Sid\":\"Allow EKS service to use the key\"},{\"Action\":[\"kms:Encrypt\",\"kms:Decrypt\",\"kms:ReEncrypt*\",\"kms:GenerateDataKey*\",\"kms:DescribeKey\"],\"Condition\":{\"StringLike\":{\"aws:PrincipalArn\":[\"arn:aws:iam::826726045450:role/saas-hr-eks-*\",\"arn:aws:iam::826726045450:role/saas-hr-cluster-*\"]}},\"Effect\":\"Allow\",\"Principal\":{\"AWS\":\"*\"},\"Resource\":\"*\",\"Sid\":\"Allow EKS cluster role to use the key\"}],\"Version\":\"2012-10-17\"}",
            "rotation_period_in_days": 365,
            "tags": {
              "Environment": "staging",
              "Project": "saas-hr"
            },
            "tags_all": {
              "Environment": "staging",
              "ManagedBy": "Terraform",
              "Project": "saas-hr"
            },
            "timeouts": null,
            "xks_key_id": ""
          },
          "sensitive_attributes": [],
          "private": "eyJlMmJmYjczMC1lY2FhLTExZTYtOGY4OC0zNDM2M2JjN2M0YzAiOnsiY3JlYXRlIjoxMjAwMDAwMDAwMDB9fQ==",
          "dependencies": [
            "module.kms.data.aws_caller_identity.current"
          ],
          "create_before_destroy": true
        }
      ]
    },
    {
      "module": "module.monitoring",
      "mode": "managed",
      "type": "aws_cloudwatch_log_group",
      "name": "application",
      "provider": "provider[\"registry.terraform.io/hashicorp/aws\"]",
      "instances": [
        {
          "schema_version": 0,
          "attributes": {
            "arn": "arn:aws:logs:us-east-1:826726045450:log-group:/aws/saas-hr/staging/application",
            "id": "/aws/saas-hr/staging/application",
            "kms_key_id": "",
            "log_group_class": "STANDARD",
            "name": "/aws/saas-hr/staging/application",
            "name_prefix": "",
            "retention_in_days": 30,
            "skip_destroy": false,
            "tags": {
              "CostCenter": "saas-rh-staging",
              "Environment": "staging",
              "ManagedBy": "terraform",
              "Project": "saas-hr",
              "Team": "devops"
            },
            "tags_all": {
              "CostCenter": "saas-rh-staging",
              "Environment": "staging",
              "ManagedBy": "terraform",
              "Project": "saas-hr",
              "Team": "devops"
            }
          },
          "sensitive_attributes": [],
          "private": "bnVsbA==",
          "dependencies": [
            "module.vpc.aws_cloudwatch_log_group.flow_log",
            "module.vpc.aws_db_subnet_group.database",
            "module.vpc.aws_eip.nat",
            "module.vpc.aws_flow_log.main",
            "module.vpc.aws_iam_policy.flow_log",
            "module.vpc.aws_iam_role.flow_log",
            "module.vpc.aws_iam_role_policy_attachment.flow_log",
            "module.vpc.aws_internet_gateway.main",
            "module.vpc.aws_nat_gateway.main",
            "module.vpc.aws_route_table.database",
            "module.vpc.aws_route_table.private",
            "module.vpc.aws_route_table.public",
            "module.vpc.aws_route_table_association.database",
            "module.vpc.aws_route_table_association.private",
            "module.vpc.aws_route_table_association.public",
            "module.vpc.aws_security_group.alb",
            "module.vpc.aws_security_group.default",
            "module.vpc.aws_security_group.workers",
            "module.vpc.aws_subnet.database",
            "module.vpc.aws_subnet.private",
            "module.vpc.aws_subnet.public",
            "module.vpc.aws_vpc.main",
            "module.vpc.aws_vpc_endpoint.s3"
          ],
          "create_before_destroy": true
        }
      ]
    },
    {
      "module": "module.monitoring",
      "mode": "managed",
      "type": "aws_cloudwatch_log_group",
      "name": "eks",
      "provider": "provider[\"registry.terraform.io/hashicorp/aws\"]",
      "instances": [
        {
          "schema_version": 0,
          "attributes": {
            "arn": "arn:aws:logs:us-east-1:826726045450:log-group:/aws/eks//cluster",
            "id": "/aws/eks//cluster",
            "kms_key_id": "",
            "log_group_class": "STANDARD",
            "name": "/aws/eks//cluster",
            "name_prefix": "",
            "retention_in_days": 30,
            "skip_destroy": false,
            "tags": {
              "CostCenter": "saas-rh-staging",
              "Environment": "staging",
              "ManagedBy": "terraform",
              "Project": "saas-hr",
              "Team": "devops"
            },
            "tags_all": {
              "CostCenter": "saas-rh-staging",
              "Environment": "staging",
              "ManagedBy": "terraform",
              "Project": "saas-hr",
              "Team": "devops"
            }
          },
          "sensitive_attributes": [],
          "private": "bnVsbA==",
          "dependencies": [
            "module.vpc.aws_cloudwatch_log_group.flow_log",
            "module.vpc.aws_db_subnet_group.database",
            "module.vpc.aws_eip.nat",
            "module.vpc.aws_flow_log.main",
            "module.vpc.aws_iam_policy.flow_log",
            "module.vpc.aws_iam_role.flow_log",
            "module.vpc.aws_iam_role_policy_attachment.flow_log",
            "module.vpc.aws_internet_gateway.main",
            "module.vpc.aws_nat_gateway.main",
            "module.vpc.aws_route_table.database",
            "module.vpc.aws_route_table.private",
            "module.vpc.aws_route_table.public",
            "module.vpc.aws_route_table_association.database",
            "module.vpc.aws_route_table_association.private",
            "module.vpc.aws_route_table_association.public",
            "module.vpc.aws_security_group.alb",
            "module.vpc.aws_security_group.default",
            "module.vpc.aws_security_group.workers",
            "module.vpc.aws_subnet.database",
            "module.vpc.aws_subnet.private",
            "module.vpc.aws_subnet.public",
            "module.vpc.aws_vpc.main",
            "module.vpc.aws_vpc_endpoint.s3"
          ],
          "create_before_destroy": true
        }
      ]
    },
    {
      "module": "module.monitoring",
      "mode": "managed",
      "type": "aws_cloudwatch_log_group",
      "name": "elasticache",
      "provider": "provider[\"registry.terraform.io/hashicorp/aws\"]",
      "instances": [
        {
          "schema_version": 0,
          "attributes": {
            "arn": "arn:aws:logs:us-east-1:826726045450:log-group:/aws/elasticache/saas-hr-redis-staging-v2",
            "id": "/aws/elasticache/saas-hr-redis-staging-v2",
            "kms_key_id": "",
            "log_group_class": "STANDARD",
            "name": "/aws/elasticache/saas-hr-redis-staging-v2",
            "name_prefix": "",
            "retention_in_days": 30,
            "skip_destroy": false,
            "tags": {
              "CostCenter": "saas-rh-staging",
              "Environment": "staging",
              "ManagedBy": "terraform",
              "Project": "saas-hr",
              "Team": "devops"
            },
            "tags_all": {
              "CostCenter": "saas-rh-staging",
              "Environment": "staging",
              "ManagedBy": "terraform",
              "Project": "saas-hr",
              "Team": "devops"
            }
          },
          "sensitive_attributes": [],
          "private": "bnVsbA==",
          "dependencies": [
            "module.vpc.aws_cloudwatch_log_group.flow_log",
            "module.vpc.aws_db_subnet_group.database",
            "module.vpc.aws_eip.nat",
            "module.vpc.aws_flow_log.main",
            "module.vpc.aws_iam_policy.flow_log",
            "module.vpc.aws_iam_role.flow_log",
            "module.vpc.aws_iam_role_policy_attachment.flow_log",
            "module.vpc.aws_internet_gateway.main",
            "module.vpc.aws_nat_gateway.main",
            "module.vpc.aws_route_table.database",
            "module.vpc.aws_route_table.private",
            "module.vpc.aws_route_table.public",
            "module.vpc.aws_route_table_association.database",
            "module.vpc.aws_route_table_association.private",
            "module.vpc.aws_route_table_association.public",
            "module.vpc.aws_security_group.alb",
            "module.vpc.aws_security_group.default",
            "module.vpc.aws_security_group.workers",
            "module.vpc.aws_subnet.database",
            "module.vpc.aws_subnet.private",
            "module.vpc.aws_subnet.public",
            "module.vpc.aws_vpc.main",
            "module.vpc.aws_vpc_endpoint.s3"
          ],
          "create_before_destroy": true
        },
        {
          "deposed": "64cd3f14",
          "schema_version": 0,
          "attributes": {
            "arn": "arn:aws:logs:us-east-1:826726045450:log-group:/aws/elasticache/",
            "id": "/aws/elasticache/",
            "kms_key_id": "",
            "log_group_class": "STANDARD",
            "name": "/aws/elasticache/",
            "name_prefix": "",
            "retention_in_days": 30,
            "skip_destroy": false,
            "tags": {
              "CostCenter": "saas-rh-staging",
              "Environment": "staging",
              "ManagedBy": "terraform",
              "Project": "saas-hr",
              "Team": "devops"
            },
            "tags_all": {
              "CostCenter": "saas-rh-staging",
              "Environment": "staging",
              "ManagedBy": "terraform",
              "Project": "saas-hr",
              "Team": "devops"
            }
          },
          "sensitive_attributes": [],
          "private": "bnVsbA==",
          "dependencies": [
            "module.vpc.aws_cloudwatch_log_group.flow_log",
            "module.vpc.aws_db_subnet_group.database",
            "module.vpc.aws_eip.nat",
            "module.vpc.aws_flow_log.main",
            "module.vpc.aws_iam_policy.flow_log",
            "module.vpc.aws_iam_role.flow_log",
            "module.vpc.aws_iam_role_policy_attachment.flow_log",
            "module.vpc.aws_internet_gateway.main",
            "module.vpc.aws_nat_gateway.main",
            "module.vpc.aws_route_table.database",
            "module.vpc.aws_route_table.private",
            "module.vpc.aws_route_table.public",
            "module.vpc.aws_route_table_association.database",
            "module.vpc.aws_route_table_association.private",
            "module.vpc.aws_route_table_association.public",
            "module.vpc.aws_security_group.alb",
            "module.vpc.aws_security_group.default",
            "module.vpc.aws_security_group.workers",
            "module.vpc.aws_subnet.database",
            "module.vpc.aws_subnet.private",
            "module.vpc.aws_subnet.public",
            "module.vpc.aws_vpc.main",
            "module.vpc.aws_vpc_endpoint.s3"
          ],
          "create_before_destroy": true
        }
      ]
    },
    {
      "module": "module.monitoring",
      "mode": "managed",
      "type": "aws_cloudwatch_log_group",
      "name": "rds",
      "provider": "provider[\"registry.terraform.io/hashicorp/aws\"]",
      "instances": [
        {
          "schema_version": 0,
          "attributes": {
            "arn": "arn:aws:logs:us-east-1:826726045450:log-group:/aws/rds/instance/saas-hr-db-staging-v2/postgresql",
            "id": "/aws/rds/instance/saas-hr-db-staging-v2/postgresql",
            "kms_key_id": "",
            "log_group_class": "STANDARD",
            "name": "/aws/rds/instance/saas-hr-db-staging-v2/postgresql",
            "name_prefix": "",
            "retention_in_days": 30,
            "skip_destroy": false,
            "tags": {
              "CostCenter": "saas-rh-staging",
              "Environment": "staging",
              "ManagedBy": "terraform",
              "Project": "saas-hr",
              "Team": "devops"
            },
            "tags_all": {
              "CostCenter": "saas-rh-staging",
              "Environment": "staging",
              "ManagedBy": "terraform",
              "Project": "saas-hr",
              "Team": "devops"
            }
          },
          "sensitive_attributes": [],
          "private": "bnVsbA==",
          "dependencies": [
            "module.vpc.aws_cloudwatch_log_group.flow_log",
            "module.vpc.aws_db_subnet_group.database",
            "module.vpc.aws_eip.nat",
            "module.vpc.aws_flow_log.main",
            "module.vpc.aws_iam_policy.flow_log",
            "module.vpc.aws_iam_role.flow_log",
            "module.vpc.aws_iam_role_policy_attachment.flow_log",
            "module.vpc.aws_internet_gateway.main",
            "module.vpc.aws_nat_gateway.main",
            "module.vpc.aws_route_table.database",
            "module.vpc.aws_route_table.private",
            "module.vpc.aws_route_table.public",
            "module.vpc.aws_route_table_association.database",
            "module.vpc.aws_route_table_association.private",
            "module.vpc.aws_route_table_association.public",
            "module.vpc.aws_security_group.alb",
            "module.vpc.aws_security_group.default",
            "module.vpc.aws_security_group.workers",
            "module.vpc.aws_subnet.database",
            "module.vpc.aws_subnet.private",
            "module.vpc.aws_subnet.public",
            "module.vpc.aws_vpc.main",
            "module.vpc.aws_vpc_endpoint.s3"
          ],
          "create_before_destroy": true
        },
        {
          "deposed": "8a1fcda2",
          "schema_version": 0,
          "attributes": {
            "arn": "arn:aws:logs:us-east-1:826726045450:log-group:/aws/rds/instance//postgresql",
            "id": "/aws/rds/instance//postgresql",
            "kms_key_id": "",
            "log_group_class": "STANDARD",
            "name": "/aws/rds/instance//postgresql",
            "name_prefix": "",
            "retention_in_days": 30,
            "skip_destroy": false,
            "tags": {
              "CostCenter": "saas-rh-staging",
              "Environment": "staging",
              "ManagedBy": "terraform",
              "Project": "saas-hr",
              "Team": "devops"
            },
            "tags_all": {
              "CostCenter": "saas-rh-staging",
              "Environment": "staging",
              "ManagedBy": "terraform",
              "Project": "saas-hr",
              "Team": "devops"
            }
          },
          "sensitive_attributes": [],
          "private": "bnVsbA==",
          "dependencies": [
            "module.vpc.aws_cloudwatch_log_group.flow_log",
            "module.vpc.aws_db_subnet_group.database",
            "module.vpc.aws_eip.nat",
            "module.vpc.aws_flow_log.main",
            "module.vpc.aws_iam_policy.flow_log",
            "module.vpc.aws_iam_role.flow_log",
            "module.vpc.aws_iam_role_policy_attachment.flow_log",
            "module.vpc.aws_internet_gateway.main",
            "module.vpc.aws_nat_gateway.main",
            "module.vpc.aws_route_table.database",
            "module.vpc.aws_route_table.private",
            "module.vpc.aws_route_table.public",
            "module.vpc.aws_route_table_association.database",
            "module.vpc.aws_route_table_association.private",
            "module.vpc.aws_route_table_association.public",
            "module.vpc.aws_security_group.alb",
            "module.vpc.aws_security_group.default",
            "module.vpc.aws_security_group.workers",
            "module.vpc.aws_subnet.database",
            "module.vpc.aws_subnet.private",
            "module.vpc.aws_subnet.public",
            "module.vpc.aws_vpc.main",
            "module.vpc.aws_vpc_endpoint.s3"
          ],
          "create_before_destroy": true
        }
      ]
    },
    {
      "module": "module.monitoring",
      "mode": "managed",
      "type": "aws_cloudwatch_log_metric_filter",
      "name": "error_logs",
      "provider": "provider[\"registry.terraform.io/hashicorp/aws\"]",
      "instances": [
        {
          "schema_version": 0,
          "attributes": {
            "id": "saas-hr-staging-error-logs",
            "log_group_name": "/aws/saas-hr/staging/application",
            "metric_transformation": [
              {
                "default_value": "0",
                "dimensions": {},
                "name": "ErrorCount",
                "namespace": "saas-hr/staging",
                "unit": "None",
                "value": "1"
              }
            ],
            "name": "saas-hr-staging-error-logs",
            "pattern": "ERROR"
          },
          "sensitive_attributes": [],
          "private": "bnVsbA==",
          "dependencies": [
            "module.monitoring.aws_cloudwatch_log_group.application",
            "module.vpc.aws_cloudwatch_log_group.flow_log",
            "module.vpc.aws_db_subnet_group.database",
            "module.vpc.aws_eip.nat",
            "module.vpc.aws_flow_log.main",
            "module.vpc.aws_iam_policy.flow_log",
            "module.vpc.aws_iam_role.flow_log",
            "module.vpc.aws_iam_role_policy_attachment.flow_log",
            "module.vpc.aws_internet_gateway.main",
            "module.vpc.aws_nat_gateway.main",
            "module.vpc.aws_route_table.database",
            "module.vpc.aws_route_table.private",
            "module.vpc.aws_route_table.public",
            "module.vpc.aws_route_table_association.database",
            "module.vpc.aws_route_table_association.private",
            "module.vpc.aws_route_table_association.public",
            "module.vpc.aws_security_group.alb",
            "module.vpc.aws_security_group.default",
            "module.vpc.aws_security_group.workers",
            "module.vpc.aws_subnet.database",
            "module.vpc.aws_subnet.private",
            "module.vpc.aws_subnet.public",
            "module.vpc.aws_vpc.main",
            "module.vpc.aws_vpc_endpoint.s3"
          ],
          "create_before_destroy": true
        }
      ]
    },
    {
      "module": "module.monitoring",
      "mode": "managed",
      "type": "aws_cloudwatch_metric_alarm",
      "name": "eks_node_count",
      "provider": "provider[\"registry.terraform.io/hashicorp/aws\"]",
      "instances": [
        {
          "schema_version": 1,
          "attributes": {
            "actions_enabled": true,
            "alarm_actions": [
              "arn:aws:sns:us-east-1:826726045450:saas-hr-staging-alerts"
            ],
            "alarm_description": "EKS cluster node count is below minimum",
            "alarm_name": "saas-hr-staging-eks-node-count",
            "arn": "arn:aws:cloudwatch:us-east-1:826726045450:alarm:saas-hr-staging-eks-node-count",
            "comparison_operator": "LessThanThreshold",
            "datapoints_to_alarm": 0,
            "dimensions": {
              "ClusterName": "saas-hr-staging-eks-v2"
            },
            "evaluate_low_sample_count_percentiles": "",
            "evaluation_periods": 2,
            "extended_statistic": "",
            "id": "saas-hr-staging-eks-node-count",
            "insufficient_data_actions": [],
            "metric_name": "cluster_node_count",
            "metric_query": [],
            "namespace": "AWS/EKS",
            "ok_actions": [
              "arn:aws:sns:us-east-1:826726045450:saas-hr-staging-alerts"
            ],
            "period": 300,
            "statistic": "Minimum",
            "tags": {
              "CostCenter": "saas-rh-staging",
              "Environment": "staging",
              "ManagedBy": "terraform",
              "Project": "saas-hr",
              "Team": "devops"
            },
            "tags_all": {
              "CostCenter": "saas-rh-staging",
              "Environment": "staging",
              "ManagedBy": "terraform",
              "Project": "saas-hr",
              "Team": "devops"
            },
            "threshold": 2,
            "threshold_metric_id": "",
            "treat_missing_data": "missing",
            "unit": ""
          },
          "sensitive_attributes": [],
          "private": "eyJzY2hlbWFfdmVyc2lvbiI6IjEifQ==",
          "dependencies": [
            "module.monitoring.aws_sns_topic.alerts",
            "module.vpc.aws_cloudwatch_log_group.flow_log",
            "module.vpc.aws_db_subnet_group.database",
            "module.vpc.aws_eip.nat",
            "module.vpc.aws_flow_log.main",
            "module.vpc.aws_iam_policy.flow_log",
            "module.vpc.aws_iam_role.flow_log",
            "module.vpc.aws_iam_role_policy_attachment.flow_log",
            "module.vpc.aws_internet_gateway.main",
            "module.vpc.aws_nat_gateway.main",
            "module.vpc.aws_route_table.database",
            "module.vpc.aws_route_table.private",
            "module.vpc.aws_route_table.public",
            "module.vpc.aws_route_table_association.database",
            "module.vpc.aws_route_table_association.private",
            "module.vpc.aws_route_table_association.public",
            "module.vpc.aws_security_group.alb",
            "module.vpc.aws_security_group.default",
            "module.vpc.aws_security_group.workers",
            "module.vpc.aws_subnet.database",
            "module.vpc.aws_subnet.private",
            "module.vpc.aws_subnet.public",
            "module.vpc.aws_vpc.main",
            "module.vpc.aws_vpc_endpoint.s3"
          ],
          "create_before_destroy": true
        }
      ]
    },
    {
      "module": "module.monitoring",
      "mode": "managed",
      "type": "aws_cloudwatch_metric_alarm",
      "name": "elasticache_cpu",
      "provider": "provider[\"registry.terraform.io/hashicorp/aws\"]",
      "instances": [
        {
          "schema_version": 1,
          "attributes": {
            "actions_enabled": true,
            "alarm_actions": [
              "arn:aws:sns:us-east-1:826726045450:saas-hr-staging-alerts"
            ],
            "alarm_description": "ElastiCache CPU utilization is too high",
            "alarm_name": "saas-hr-staging-elasticache-cpu",
            "arn": "arn:aws:cloudwatch:us-east-1:826726045450:alarm:saas-hr-staging-elasticache-cpu",
            "comparison_operator": "GreaterThanThreshold",
            "datapoints_to_alarm": 0,
            "dimensions": {
              "CacheClusterId": "saas-hr-redis-staging-v2"
            },
            "evaluate_low_sample_count_percentiles": "",
            "evaluation_periods": 2,
            "extended_statistic": "",
            "id": "saas-hr-staging-elasticache-cpu",
            "insufficient_data_actions": [],
            "metric_name": "CPUUtilization",
            "metric_query": [],
            "namespace": "AWS/ElastiCache",
            "ok_actions": [
              "arn:aws:sns:us-east-1:826726045450:saas-hr-staging-alerts"
            ],
            "period": 300,
            "statistic": "Average",
            "tags": {
              "CostCenter": "saas-rh-staging",
              "Environment": "staging",
              "ManagedBy": "terraform",
              "Project": "saas-hr",
              "Team": "devops"
            },
            "tags_all": {
              "CostCenter": "saas-rh-staging",
              "Environment": "staging",
              "ManagedBy": "terraform",
              "Project": "saas-hr",
              "Team": "devops"
            },
            "threshold": 80,
            "threshold_metric_id": "",
            "treat_missing_data": "missing",
            "unit": ""
          },
          "sensitive_attributes": [],
          "private": "eyJzY2hlbWFfdmVyc2lvbiI6IjEifQ==",
          "dependencies": [
            "module.monitoring.aws_sns_topic.alerts",
            "module.vpc.aws_cloudwatch_log_group.flow_log",
            "module.vpc.aws_db_subnet_group.database",
            "module.vpc.aws_eip.nat",
            "module.vpc.aws_flow_log.main",
            "module.vpc.aws_iam_policy.flow_log",
            "module.vpc.aws_iam_role.flow_log",
            "module.vpc.aws_iam_role_policy_attachment.flow_log",
            "module.vpc.aws_internet_gateway.main",
            "module.vpc.aws_nat_gateway.main",
            "module.vpc.aws_route_table.database",
            "module.vpc.aws_route_table.private",
            "module.vpc.aws_route_table.public",
            "module.vpc.aws_route_table_association.database",
            "module.vpc.aws_route_table_association.private",
            "module.vpc.aws_route_table_association.public",
            "module.vpc.aws_security_group.alb",
            "module.vpc.aws_security_group.default",
            "module.vpc.aws_security_group.workers",
            "module.vpc.aws_subnet.database",
            "module.vpc.aws_subnet.private",
            "module.vpc.aws_subnet.public",
            "module.vpc.aws_vpc.main",
            "module.vpc.aws_vpc_endpoint.s3"
          ],
          "create_before_destroy": true
        }
      ]
    },
    {
      "module": "module.monitoring",
      "mode": "managed",
      "type": "aws_cloudwatch_metric_alarm",
      "name": "error_logs",
      "provider": "provider[\"registry.terraform.io/hashicorp/aws\"]",
      "instances": [
        {
          "schema_version": 1,
          "attributes": {
            "actions_enabled": true,
            "alarm_actions": [
              "arn:aws:sns:us-east-1:826726045450:saas-hr-staging-alerts"
            ],
            "alarm_description": "High number of application errors detected",
            "alarm_name": "saas-hr-staging-error-count",
            "arn": "arn:aws:cloudwatch:us-east-1:826726045450:alarm:saas-hr-staging-error-count",
            "comparison_operator": "GreaterThanThreshold",
            "datapoints_to_alarm": 0,
            "dimensions": {},
            "evaluate_low_sample_count_percentiles": "",
            "evaluation_periods": 1,
            "extended_statistic": "",
            "id": "saas-hr-staging-error-count",
            "insufficient_data_actions": [],
            "metric_name": "ErrorCount",
            "metric_query": [],
            "namespace": "saas-hr/staging",
            "ok_actions": [
              "arn:aws:sns:us-east-1:826726045450:saas-hr-staging-alerts"
            ],
            "period": 300,
            "statistic": "Sum",
            "tags": {
              "CostCenter": "saas-rh-staging",
              "Environment": "staging",
              "ManagedBy": "terraform",
              "Project": "saas-hr",
              "Team": "devops"
            },
            "tags_all": {
              "CostCenter": "saas-rh-staging",
              "Environment": "staging",
              "ManagedBy": "terraform",
              "Project": "saas-hr",
              "Team": "devops"
            },
            "threshold": 10,
            "threshold_metric_id": "",
            "treat_missing_data": "missing",
            "unit": ""
          },
          "sensitive_attributes": [],
          "private": "eyJzY2hlbWFfdmVyc2lvbiI6IjEifQ==",
          "dependencies": [
            "module.monitoring.aws_sns_topic.alerts",
            "module.vpc.aws_cloudwatch_log_group.flow_log",
            "module.vpc.aws_db_subnet_group.database",
            "module.vpc.aws_eip.nat",
            "module.vpc.aws_flow_log.main",
            "module.vpc.aws_iam_policy.flow_log",
            "module.vpc.aws_iam_role.flow_log",
            "module.vpc.aws_iam_role_policy_attachment.flow_log",
            "module.vpc.aws_internet_gateway.main",
            "module.vpc.aws_nat_gateway.main",
            "module.vpc.aws_route_table.database",
            "module.vpc.aws_route_table.private",
            "module.vpc.aws_route_table.public",
            "module.vpc.aws_route_table_association.database",
            "module.vpc.aws_route_table_association.private",
            "module.vpc.aws_route_table_association.public",
            "module.vpc.aws_security_group.alb",
            "module.vpc.aws_security_group.default",
            "module.vpc.aws_security_group.workers",
            "module.vpc.aws_subnet.database",
            "module.vpc.aws_subnet.private",
            "module.vpc.aws_subnet.public",
            "module.vpc.aws_vpc.main",
            "module.vpc.aws_vpc_endpoint.s3"
          ],
          "create_before_destroy": true
        }
      ]
    },
    {
      "module": "module.monitoring",
      "mode": "managed",
      "type": "aws_cloudwatch_metric_alarm",
      "name": "rds_cpu",
      "provider": "provider[\"registry.terraform.io/hashicorp/aws\"]",
      "instances": [
        {
          "schema_version": 1,
          "attributes": {
            "actions_enabled": true,
            "alarm_actions": [
              "arn:aws:sns:us-east-1:826726045450:saas-hr-staging-alerts"
            ],
            "alarm_description": "RDS CPU utilization is too high",
            "alarm_name": "saas-hr-staging-rds-cpu",
            "arn": "arn:aws:cloudwatch:us-east-1:826726045450:alarm:saas-hr-staging-rds-cpu",
            "comparison_operator": "GreaterThanThreshold",
            "datapoints_to_alarm": 0,
            "dimensions": {
              "DBInstanceIdentifier": "saas-hr-db-staging-v2"
            },
            "evaluate_low_sample_count_percentiles": "",
            "evaluation_periods": 2,
            "extended_statistic": "",
            "id": "saas-hr-staging-rds-cpu",
            "insufficient_data_actions": [],
            "metric_name": "CPUUtilization",
            "metric_query": [],
            "namespace": "AWS/RDS",
            "ok_actions": [
              "arn:aws:sns:us-east-1:826726045450:saas-hr-staging-alerts"
            ],
            "period": 300,
            "statistic": "Average",
            "tags": {
              "CostCenter": "saas-rh-staging",
              "Environment": "staging",
              "ManagedBy": "terraform",
              "Project": "saas-hr",
              "Team": "devops"
            },
            "tags_all": {
              "CostCenter": "saas-rh-staging",
              "Environment": "staging",
              "ManagedBy": "terraform",
              "Project": "saas-hr",
              "Team": "devops"
            },
            "threshold": 80,
            "threshold_metric_id": "",
            "treat_missing_data": "missing",
            "unit": ""
          },
          "sensitive_attributes": [],
          "private": "eyJzY2hlbWFfdmVyc2lvbiI6IjEifQ==",
          "dependencies": [
            "module.monitoring.aws_sns_topic.alerts",
            "module.vpc.aws_cloudwatch_log_group.flow_log",
            "module.vpc.aws_db_subnet_group.database",
            "module.vpc.aws_eip.nat",
            "module.vpc.aws_flow_log.main",
            "module.vpc.aws_iam_policy.flow_log",
            "module.vpc.aws_iam_role.flow_log",
            "module.vpc.aws_iam_role_policy_attachment.flow_log",
            "module.vpc.aws_internet_gateway.main",
            "module.vpc.aws_nat_gateway.main",
            "module.vpc.aws_route_table.database",
            "module.vpc.aws_route_table.private",
            "module.vpc.aws_route_table.public",
            "module.vpc.aws_route_table_association.database",
            "module.vpc.aws_route_table_association.private",
            "module.vpc.aws_route_table_association.public",
            "module.vpc.aws_security_group.alb",
            "module.vpc.aws_security_group.default",
            "module.vpc.aws_security_group.workers",
            "module.vpc.aws_subnet.database",
            "module.vpc.aws_subnet.private",
            "module.vpc.aws_subnet.public",
            "module.vpc.aws_vpc.main",
            "module.vpc.aws_vpc_endpoint.s3"
          ],
          "create_before_destroy": true
        }
      ]
    },
    {
      "module": "module.monitoring",
      "mode": "managed",
      "type": "aws_iam_role",
      "name": "rds_enhanced_monitoring",
      "provider": "provider[\"registry.terraform.io/hashicorp/aws\"]",
      "instances": [
        {
          "schema_version": 0,
          "attributes": {
            "arn": "arn:aws:iam::826726045450:role/saas-hr-staging-rds-monitoring-20250526173410092800000001",
            "assume_role_policy": "{\"Statement\":[{\"Action\":\"sts:AssumeRole\",\"Effect\":\"Allow\",\"Principal\":{\"Service\":\"monitoring.rds.amazonaws.com\"}}],\"Version\":\"2012-10-17\"}",
            "create_date": "2025-05-26T17:34:10Z",
            "description": "",
            "force_detach_policies": false,
            "id": "saas-hr-staging-rds-monitoring-20250526173410092800000001",
            "inline_policy": [],
            "managed_policy_arns": [
              "arn:aws:iam::aws:policy/service-role/AmazonRDSEnhancedMonitoringRole"
            ],
            "max_session_duration": 3600,
            "name": "saas-hr-staging-rds-monitoring-20250526173410092800000001",
            "name_prefix": "saas-hr-staging-rds-monitoring-",
            "path": "/",
            "permissions_boundary": "",
            "tags": {
              "CostCenter": "saas-rh-staging",
              "Environment": "staging",
              "ManagedBy": "terraform",
              "Project": "saas-hr",
              "Team": "devops"
            },
            "tags_all": {
              "CostCenter": "saas-rh-staging",
              "Environment": "staging",
              "ManagedBy": "terraform",
              "Project": "saas-hr",
              "Team": "devops"
            },
            "unique_id": "AROA4A7FWK4FJO47IDST2"
          },
          "sensitive_attributes": [],
          "private": "bnVsbA==",
          "dependencies": [
            "module.vpc.aws_cloudwatch_log_group.flow_log",
            "module.vpc.aws_db_subnet_group.database",
            "module.vpc.aws_eip.nat",
            "module.vpc.aws_flow_log.main",
            "module.vpc.aws_iam_policy.flow_log",
            "module.vpc.aws_iam_role.flow_log",
            "module.vpc.aws_iam_role_policy_attachment.flow_log",
            "module.vpc.aws_internet_gateway.main",
            "module.vpc.aws_nat_gateway.main",
            "module.vpc.aws_route_table.database",
            "module.vpc.aws_route_table.private",
            "module.vpc.aws_route_table.public",
            "module.vpc.aws_route_table_association.database",
            "module.vpc.aws_route_table_association.private",
            "module.vpc.aws_route_table_association.public",
            "module.vpc.aws_security_group.alb",
            "module.vpc.aws_security_group.default",
            "module.vpc.aws_security_group.workers",
            "module.vpc.aws_subnet.database",
            "module.vpc.aws_subnet.private",
            "module.vpc.aws_subnet.public",
            "module.vpc.aws_vpc.main",
            "module.vpc.aws_vpc_endpoint.s3"
          ],
          "create_before_destroy": true
        }
      ]
    },
    {
      "module": "module.monitoring",
      "mode": "managed",
      "type": "aws_iam_role_policy_attachment",
      "name": "rds_enhanced_monitoring",
      "provider": "provider[\"registry.terraform.io/hashicorp/aws\"]",
      "instances": [
        {
          "schema_version": 0,
          "attributes": {
            "id": "saas-hr-staging-rds-monitoring-20250526173410092800000001-20250526173410819300000002",
            "policy_arn": "arn:aws:iam::aws:policy/service-role/AmazonRDSEnhancedMonitoringRole",
            "role": "saas-hr-staging-rds-monitoring-20250526173410092800000001"
          },
          "sensitive_attributes": [],
          "private": "bnVsbA==",
          "dependencies": [
            "module.monitoring.aws_iam_role.rds_enhanced_monitoring",
            "module.vpc.aws_cloudwatch_log_group.flow_log",
            "module.vpc.aws_db_subnet_group.database",
            "module.vpc.aws_eip.nat",
            "module.vpc.aws_flow_log.main",
            "module.vpc.aws_iam_policy.flow_log",
            "module.vpc.aws_iam_role.flow_log",
            "module.vpc.aws_iam_role_policy_attachment.flow_log",
            "module.vpc.aws_internet_gateway.main",
            "module.vpc.aws_nat_gateway.main",
            "module.vpc.aws_route_table.database",
            "module.vpc.aws_route_table.private",
            "module.vpc.aws_route_table.public",
            "module.vpc.aws_route_table_association.database",
            "module.vpc.aws_route_table_association.private",
            "module.vpc.aws_route_table_association.public",
            "module.vpc.aws_security_group.alb",
            "module.vpc.aws_security_group.default",
            "module.vpc.aws_security_group.workers",
            "module.vpc.aws_subnet.database",
            "module.vpc.aws_subnet.private",
            "module.vpc.aws_subnet.public",
            "module.vpc.aws_vpc.main",
            "module.vpc.aws_vpc_endpoint.s3"
          ],
          "create_before_destroy": true
        }
      ]
    },
    {
      "module": "module.monitoring",
      "mode": "managed",
      "type": "aws_sns_topic",
      "name": "alerts",
      "provider": "provider[\"registry.terraform.io/hashicorp/aws\"]",
      "instances": [
        {
          "schema_version": 0,
          "attributes": {
            "application_failure_feedback_role_arn": "",
            "application_success_feedback_role_arn": "",
            "application_success_feedback_sample_rate": 0,
            "archive_policy": "",
            "arn": "arn:aws:sns:us-east-1:826726045450:saas-hr-staging-alerts",
            "beginning_archive_time": "",
            "content_based_deduplication": false,
            "delivery_policy": "",
            "display_name": "",
            "fifo_throughput_scope": "",
            "fifo_topic": false,
            "firehose_failure_feedback_role_arn": "",
            "firehose_success_feedback_role_arn": "",
            "firehose_success_feedback_sample_rate": 0,
            "http_failure_feedback_role_arn": "",
            "http_success_feedback_role_arn": "",
            "http_success_feedback_sample_rate": 0,
            "id": "arn:aws:sns:us-east-1:826726045450:saas-hr-staging-alerts",
            "kms_master_key_id": "",
            "lambda_failure_feedback_role_arn": "",
            "lambda_success_feedback_role_arn": "",
            "lambda_success_feedback_sample_rate": 0,
            "name": "saas-hr-staging-alerts",
            "name_prefix": "",
            "owner": "826726045450",
            "policy": "{\"Id\":\"__default_policy_ID\",\"Statement\":[{\"Action\":[\"SNS:GetTopicAttributes\",\"SNS:SetTopicAttributes\",\"SNS:AddPermission\",\"SNS:RemovePermission\",\"SNS:DeleteTopic\",\"SNS:Subscribe\",\"SNS:ListSubscriptionsByTopic\",\"SNS:Publish\"],\"Condition\":{\"StringEquals\":{\"AWS:SourceOwner\":\"826726045450\"}},\"Effect\":\"Allow\",\"Principal\":{\"AWS\":\"*\"},\"Resource\":\"arn:aws:sns:us-east-1:826726045450:saas-hr-staging-alerts\",\"Sid\":\"__default_statement_ID\"}],\"Version\":\"2008-10-17\"}",
            "signature_version": 0,
            "sqs_failure_feedback_role_arn": "",
            "sqs_success_feedback_role_arn": "",
            "sqs_success_feedback_sample_rate": 0,
            "tags": {
              "CostCenter": "saas-rh-staging",
              "Environment": "staging",
              "ManagedBy": "terraform",
              "Project": "saas-hr",
              "Team": "devops"
            },
            "tags_all": {
              "CostCenter": "saas-rh-staging",
              "Environment": "staging",
              "ManagedBy": "terraform",
              "Project": "saas-hr",
              "Team": "devops"
            },
            "tracing_config": ""
          },
          "sensitive_attributes": [],
          "private": "bnVsbA==",
          "dependencies": [
            "module.vpc.aws_cloudwatch_log_group.flow_log",
            "module.vpc.aws_db_subnet_group.database",
            "module.vpc.aws_eip.nat",
            "module.vpc.aws_flow_log.main",
            "module.vpc.aws_iam_policy.flow_log",
            "module.vpc.aws_iam_role.flow_log",
            "module.vpc.aws_iam_role_policy_attachment.flow_log",
            "module.vpc.aws_internet_gateway.main",
            "module.vpc.aws_nat_gateway.main",
            "module.vpc.aws_route_table.database",
            "module.vpc.aws_route_table.private",
            "module.vpc.aws_route_table.public",
            "module.vpc.aws_route_table_association.database",
            "module.vpc.aws_route_table_association.private",
            "module.vpc.aws_route_table_association.public",
            "module.vpc.aws_security_group.alb",
            "module.vpc.aws_security_group.default",
            "module.vpc.aws_security_group.workers",
            "module.vpc.aws_subnet.database",
            "module.vpc.aws_subnet.private",
            "module.vpc.aws_subnet.public",
            "module.vpc.aws_vpc.main",
            "module.vpc.aws_vpc_endpoint.s3"
          ],
          "create_before_destroy": true
        }
      ]
    },
    {
      "module": "module.monitoring",
      "mode": "managed",
      "type": "aws_sns_topic_subscription",
      "name": "email",
      "provider": "provider[\"registry.terraform.io/hashicorp/aws\"]",
      "instances": [
        {
          "schema_version": 0,
          "attributes": {
            "arn": "arn:aws:sns:us-east-1:826726045450:saas-hr-staging-alerts:9d6e0150-01fa-4db9-a79c-0218eecd3703",
            "confirmation_timeout_in_minutes": 1,
            "confirmation_was_authenticated": false,
            "delivery_policy": "",
            "endpoint": "jorge7gomez@gmail.com",
            "endpoint_auto_confirms": false,
            "filter_policy": "",
            "filter_policy_scope": "",
            "id": "arn:aws:sns:us-east-1:826726045450:saas-hr-staging-alerts:9d6e0150-01fa-4db9-a79c-0218eecd3703",
            "owner_id": "826726045450",
            "pending_confirmation": true,
            "protocol": "email",
            "raw_message_delivery": false,
            "redrive_policy": "",
            "replay_policy": "",
            "subscription_role_arn": "",
            "topic_arn": "arn:aws:sns:us-east-1:826726045450:saas-hr-staging-alerts"
          },
          "sensitive_attributes": [],
          "private": "bnVsbA==",
          "dependencies": [
            "module.monitoring.aws_sns_topic.alerts",
            "module.vpc.aws_cloudwatch_log_group.flow_log",
            "module.vpc.aws_db_subnet_group.database",
            "module.vpc.aws_eip.nat",
            "module.vpc.aws_flow_log.main",
            "module.vpc.aws_iam_policy.flow_log",
            "module.vpc.aws_iam_role.flow_log",
            "module.vpc.aws_iam_role_policy_attachment.flow_log",
            "module.vpc.aws_internet_gateway.main",
            "module.vpc.aws_nat_gateway.main",
            "module.vpc.aws_route_table.database",
            "module.vpc.aws_route_table.private",
            "module.vpc.aws_route_table.public",
            "module.vpc.aws_route_table_association.database",
            "module.vpc.aws_route_table_association.private",
            "module.vpc.aws_route_table_association.public",
            "module.vpc.aws_security_group.alb",
            "module.vpc.aws_security_group.default",
            "module.vpc.aws_security_group.workers",
            "module.vpc.aws_subnet.database",
            "module.vpc.aws_subnet.private",
            "module.vpc.aws_subnet.public",
            "module.vpc.aws_vpc.main",
            "module.vpc.aws_vpc_endpoint.s3"
          ],
          "create_before_destroy": true
        }
      ]
    },
    {
      "module": "module.rds",
      "mode": "managed",
      "type": "aws_db_parameter_group",
      "name": "main",
      "provider": "provider[\"registry.terraform.io/hashicorp/aws\"]",
      "instances": [
        {
          "schema_version": 0,
          "attributes": {
            "arn": "arn:aws:rds:us-east-1:826726045450:pg:saas-hr-staging20250526230832610600000004",
            "description": "Custom parameter group for PostgreSQL",
            "family": "postgres14",
            "id": "saas-hr-staging20250526230832610600000004",
            "name": "saas-hr-staging20250526230832610600000004",
            "name_prefix": "saas-hr-staging",
            "parameter": [
              {
                "apply_method": "immediate",
                "name": "log_checkpoints",
                "value": "1"
              },
              {
                "apply_method": "immediate",
                "name": "log_connections",
                "value": "1"
              },
              {
                "apply_method": "immediate",
                "name": "log_disconnections",
                "value": "1"
              },
              {
                "apply_method": "immediate",
                "name": "log_lock_waits",
                "value": "1"
              },
              {
                "apply_method": "immediate",
                "name": "log_min_duration_statement",
                "value": "1000"
              },
              {
                "apply_method": "immediate",
                "name": "pg_stat_statements.track",
                "value": "all"
              },
              {
                "apply_method": "immediate",
                "name": "rds.force_ssl",
                "value": "1"
              },
              {
                "apply_method": "immediate",
                "name": "shared_preload_libraries",
                "value": "pg_stat_statements"
              }
            ],
            "skip_destroy": false,
            "tags": {
              "CostCenter": "saas-rh-staging",
              "Environment": "staging",
              "ManagedBy": "terraform",
              "Project": "saas-hr",
              "Team": "devops"
            },
            "tags_all": {
              "CostCenter": "saas-rh-staging",
              "Environment": "staging",
              "ManagedBy": "terraform",
              "Project": "saas-hr",
              "Team": "devops"
            }
          },
          "sensitive_attributes": [],
          "private": "bnVsbA==",
          "dependencies": [
            "module.kms.aws_kms_alias.main",
            "module.kms.aws_kms_key.main",
            "module.kms.data.aws_caller_identity.current",
            "module.monitoring.aws_cloudwatch_log_group.application",
            "module.monitoring.aws_cloudwatch_log_metric_filter.error_logs",
            "module.monitoring.aws_cloudwatch_metric_alarm.eks_node_count",
            "module.monitoring.aws_cloudwatch_metric_alarm.elasticache_cpu",
            "module.monitoring.aws_cloudwatch_metric_alarm.error_logs",
            "module.monitoring.aws_cloudwatch_metric_alarm.rds_cpu",
            "module.monitoring.aws_iam_role.rds_enhanced_monitoring",
            "module.monitoring.aws_iam_role_policy_attachment.rds_enhanced_monitoring",
            "module.monitoring.aws_sns_topic.alerts",
            "module.monitoring.aws_sns_topic_subscription.email",
            "module.security_groups.aws_security_group.eks",
            "module.security_groups.aws_security_group.elasticache",
            "module.security_groups.aws_security_group.rds",
            "module.security_groups.aws_security_group_rule.eks_egress",
            "module.security_groups.aws_security_group_rule.elasticache_egress",
            "module.security_groups.aws_security_group_rule.elasticache_from_eks",
            "module.security_groups.aws_security_group_rule.rds_egress",
            "module.security_groups.aws_security_group_rule.rds_from_eks",
            "module.vpc.aws_cloudwatch_log_group.flow_log",
            "module.vpc.aws_db_subnet_group.database",
            "module.vpc.aws_eip.nat",
            "module.vpc.aws_flow_log.main",
            "module.vpc.aws_iam_policy.flow_log",
            "module.vpc.aws_iam_role.flow_log",
            "module.vpc.aws_iam_role_policy_attachment.flow_log",
            "module.vpc.aws_internet_gateway.main",
            "module.vpc.aws_nat_gateway.main",
            "module.vpc.aws_route_table.database",
            "module.vpc.aws_route_table.private",
            "module.vpc.aws_route_table.public",
            "module.vpc.aws_route_table_association.database",
            "module.vpc.aws_route_table_association.private",
            "module.vpc.aws_route_table_association.public",
            "module.vpc.aws_security_group.alb",
            "module.vpc.aws_security_group.default",
            "module.vpc.aws_security_group.workers",
            "module.vpc.aws_subnet.database",
            "module.vpc.aws_subnet.private",
            "module.vpc.aws_subnet.public",
            "module.vpc.aws_vpc.main",
            "module.vpc.aws_vpc_endpoint.s3"
          ]
        }
      ]
    },
    {
      "module": "module.rds",
      "mode": "managed",
      "type": "aws_db_subnet_group",
      "name": "main",
      "provider": "provider[\"registry.terraform.io/hashicorp/aws\"]",
      "instances": [
        {
          "schema_version": 0,
          "attributes": {
            "arn": "arn:aws:rds:us-east-1:826726045450:subgrp:saas-hr-staging-v220250526230832600800000002",
            "description": "Managed by Terraform",
            "id": "saas-hr-staging-v220250526230832600800000002",
            "name": "saas-hr-staging-v220250526230832600800000002",
            "name_prefix": "saas-hr-staging-v2",
            "subnet_ids": [
              "subnet-0366a45e62cca75ff",
              "subnet-0a7a6acb07310f57d",
              "subnet-0ad28af56eb06cb1d"
            ],
            "supported_network_types": [
              "IPV4"
            ],
            "tags": {
              "CostCenter": "saas-rh-staging",
              "Environment": "staging",
              "ManagedBy": "terraform",
              "Project": "saas-hr",
              "Team": "devops"
            },
            "tags_all": {
              "CostCenter": "saas-rh-staging",
              "Environment": "staging",
              "ManagedBy": "terraform",
              "Project": "saas-hr",
              "Team": "devops"
            },
            "vpc_id": "vpc-0f23c574b54be9624"
          },
          "sensitive_attributes": [],
          "private": "bnVsbA==",
          "dependencies": [
            "module.kms.aws_kms_alias.main",
            "module.kms.aws_kms_key.main",
            "module.kms.data.aws_caller_identity.current",
            "module.monitoring.aws_cloudwatch_log_group.application",
            "module.monitoring.aws_cloudwatch_log_metric_filter.error_logs",
            "module.monitoring.aws_cloudwatch_metric_alarm.eks_node_count",
            "module.monitoring.aws_cloudwatch_metric_alarm.elasticache_cpu",
            "module.monitoring.aws_cloudwatch_metric_alarm.error_logs",
            "module.monitoring.aws_cloudwatch_metric_alarm.rds_cpu",
            "module.monitoring.aws_iam_role.rds_enhanced_monitoring",
            "module.monitoring.aws_iam_role_policy_attachment.rds_enhanced_monitoring",
            "module.monitoring.aws_sns_topic.alerts",
            "module.monitoring.aws_sns_topic_subscription.email",
            "module.security_groups.aws_security_group.eks",
            "module.security_groups.aws_security_group.elasticache",
            "module.security_groups.aws_security_group.rds",
            "module.security_groups.aws_security_group_rule.eks_egress",
            "module.security_groups.aws_security_group_rule.elasticache_egress",
            "module.security_groups.aws_security_group_rule.elasticache_from_eks",
            "module.security_groups.aws_security_group_rule.rds_egress",
            "module.security_groups.aws_security_group_rule.rds_from_eks",
            "module.vpc.aws_cloudwatch_log_group.flow_log",
            "module.vpc.aws_db_subnet_group.database",
            "module.vpc.aws_eip.nat",
            "module.vpc.aws_flow_log.main",
            "module.vpc.aws_iam_policy.flow_log",
            "module.vpc.aws_iam_role.flow_log",
            "module.vpc.aws_iam_role_policy_attachment.flow_log",
            "module.vpc.aws_internet_gateway.main",
            "module.vpc.aws_nat_gateway.main",
            "module.vpc.aws_route_table.database",
            "module.vpc.aws_route_table.private",
            "module.vpc.aws_route_table.public",
            "module.vpc.aws_route_table_association.database",
            "module.vpc.aws_route_table_association.private",
            "module.vpc.aws_route_table_association.public",
            "module.vpc.aws_security_group.alb",
            "module.vpc.aws_security_group.default",
            "module.vpc.aws_security_group.workers",
            "module.vpc.aws_subnet.database",
            "module.vpc.aws_subnet.private",
            "module.vpc.aws_subnet.public",
            "module.vpc.aws_vpc.main",
            "module.vpc.aws_vpc_endpoint.s3"
          ]
        }
      ]
    },
    {
      "module": "module.rds",
      "mode": "managed",
      "type": "aws_secretsmanager_secret",
      "name": "rds_password",
      "provider": "provider[\"registry.terraform.io/hashicorp/aws\"]",
      "instances": [
        {
          "schema_version": 0,
          "attributes": {
            "arn": "arn:aws:secretsmanager:us-east-1:826726045450:secret:saas-hr-staging-rds-password-v2-Z7RKsT",
            "description": "RDS master user password",
            "force_overwrite_replica_secret": false,
            "id": "arn:aws:secretsmanager:us-east-1:826726045450:secret:saas-hr-staging-rds-password-v2-Z7RKsT",
            "kms_key_id": "arn:aws:kms:us-east-1:826726045450:key/6ef2f05f-d313-4dee-970a-51595cca2c01",
            "name": "saas-hr-staging-rds-password-v2",
            "name_prefix": "",
            "policy": "",
            "recovery_window_in_days": 30,
            "replica": [],
            "tags": {
              "CostCenter": "saas-rh-staging",
              "Environment": "staging",
              "ManagedBy": "terraform",
              "Project": "saas-hr",
              "Team": "devops"
            },
            "tags_all": {
              "CostCenter": "saas-rh-staging",
              "Environment": "staging",
              "ManagedBy": "terraform",
              "Project": "saas-hr",
              "Team": "devops"
            }
          },
          "sensitive_attributes": [],
          "private": "bnVsbA==",
          "dependencies": [
            "module.kms.aws_kms_alias.main",
            "module.kms.aws_kms_key.main",
            "module.kms.data.aws_caller_identity.current",
            "module.monitoring.aws_cloudwatch_log_group.application",
            "module.monitoring.aws_cloudwatch_log_metric_filter.error_logs",
            "module.monitoring.aws_cloudwatch_metric_alarm.eks_node_count",
            "module.monitoring.aws_cloudwatch_metric_alarm.elasticache_cpu",
            "module.monitoring.aws_cloudwatch_metric_alarm.error_logs",
            "module.monitoring.aws_cloudwatch_metric_alarm.rds_cpu",
            "module.monitoring.aws_iam_role.rds_enhanced_monitoring",
            "module.monitoring.aws_iam_role_policy_attachment.rds_enhanced_monitoring",
            "module.monitoring.aws_sns_topic.alerts",
            "module.monitoring.aws_sns_topic_subscription.email",
            "module.security_groups.aws_security_group.eks",
            "module.security_groups.aws_security_group.elasticache",
            "module.security_groups.aws_security_group.rds",
            "module.security_groups.aws_security_group_rule.eks_egress",
            "module.security_groups.aws_security_group_rule.elasticache_egress",
            "module.security_groups.aws_security_group_rule.elasticache_from_eks",
            "module.security_groups.aws_security_group_rule.rds_egress",
            "module.security_groups.aws_security_group_rule.rds_from_eks",
            "module.vpc.aws_cloudwatch_log_group.flow_log",
            "module.vpc.aws_db_subnet_group.database",
            "module.vpc.aws_eip.nat",
            "module.vpc.aws_flow_log.main",
            "module.vpc.aws_iam_policy.flow_log",
            "module.vpc.aws_iam_role.flow_log",
            "module.vpc.aws_iam_role_policy_attachment.flow_log",
            "module.vpc.aws_internet_gateway.main",
            "module.vpc.aws_nat_gateway.main",
            "module.vpc.aws_route_table.database",
            "module.vpc.aws_route_table.private",
            "module.vpc.aws_route_table.public",
            "module.vpc.aws_route_table_association.database",
            "module.vpc.aws_route_table_association.private",
            "module.vpc.aws_route_table_association.public",
            "module.vpc.aws_security_group.alb",
            "module.vpc.aws_security_group.default",
            "module.vpc.aws_security_group.workers",
            "module.vpc.aws_subnet.database",
            "module.vpc.aws_subnet.private",
            "module.vpc.aws_subnet.public",
            "module.vpc.aws_vpc.main",
            "module.vpc.aws_vpc_endpoint.s3"
          ]
        }
      ]
    },
    {
      "module": "module.rds",
      "mode": "managed",
      "type": "aws_secretsmanager_secret_version",
      "name": "rds_password",
      "provider": "provider[\"registry.terraform.io/hashicorp/aws\"]",
      "instances": []
    },
    {
      "module": "module.rds",
      "mode": "managed",
      "type": "aws_security_group",
      "name": "rds",
      "provider": "provider[\"registry.terraform.io/hashicorp/aws\"]",
      "instances": [
        {
          "schema_version": 1,
          "attributes": {
            "arn": "arn:aws:ec2:us-east-1:826726045450:security-group/sg-0dc1a26796a69349b",
            "description": "Security group for RDS PostgreSQL",
            "egress": [],
            "id": "sg-0dc1a26796a69349b",
            "ingress": [],
            "name": "saas-hr-rds-staging20250526230832601900000003",
            "name_prefix": "saas-hr-rds-staging",
            "owner_id": "826726045450",
            "revoke_rules_on_delete": false,
            "tags": {
              "CostCenter": "saas-rh-staging",
              "Environment": "staging",
              "ManagedBy": "terraform",
              "Name": "saas-hr-rds-staging",
              "Project": "saas-hr",
              "Team": "devops"
            },
            "tags_all": {
              "CostCenter": "saas-rh-staging",
              "Environment": "staging",
              "ManagedBy": "terraform",
              "Name": "saas-hr-rds-staging",
              "Project": "saas-hr",
              "Team": "devops"
            },
            "timeouts": null,
            "vpc_id": "vpc-0f23c574b54be9624"
          },
          "sensitive_attributes": [],
          "private": "eyJlMmJmYjczMC1lY2FhLTExZTYtOGY4OC0zNDM2M2JjN2M0YzAiOnsiY3JlYXRlIjo2MDAwMDAwMDAwMDAsImRlbGV0ZSI6OTAwMDAwMDAwMDAwfSwic2NoZW1hX3ZlcnNpb24iOiIxIn0=",
          "dependencies": [
            "module.kms.aws_kms_alias.main",
            "module.kms.aws_kms_key.main",
            "module.kms.data.aws_caller_identity.current",
            "module.monitoring.aws_cloudwatch_log_group.application",
            "module.monitoring.aws_cloudwatch_log_metric_filter.error_logs",
            "module.monitoring.aws_cloudwatch_metric_alarm.eks_node_count",
            "module.monitoring.aws_cloudwatch_metric_alarm.elasticache_cpu",
            "module.monitoring.aws_cloudwatch_metric_alarm.error_logs",
            "module.monitoring.aws_cloudwatch_metric_alarm.rds_cpu",
            "module.monitoring.aws_iam_role.rds_enhanced_monitoring",
            "module.monitoring.aws_iam_role_policy_attachment.rds_enhanced_monitoring",
            "module.monitoring.aws_sns_topic.alerts",
            "module.monitoring.aws_sns_topic_subscription.email",
            "module.security_groups.aws_security_group.eks",
            "module.security_groups.aws_security_group.elasticache",
            "module.security_groups.aws_security_group.rds",
            "module.security_groups.aws_security_group_rule.eks_egress",
            "module.security_groups.aws_security_group_rule.elasticache_egress",
            "module.security_groups.aws_security_group_rule.elasticache_from_eks",
            "module.security_groups.aws_security_group_rule.rds_egress",
            "module.security_groups.aws_security_group_rule.rds_from_eks",
            "module.vpc.aws_cloudwatch_log_group.flow_log",
            "module.vpc.aws_db_subnet_group.database",
            "module.vpc.aws_eip.nat",
            "module.vpc.aws_flow_log.main",
            "module.vpc.aws_iam_policy.flow_log",
            "module.vpc.aws_iam_role.flow_log",
            "module.vpc.aws_iam_role_policy_attachment.flow_log",
            "module.vpc.aws_internet_gateway.main",
            "module.vpc.aws_nat_gateway.main",
            "module.vpc.aws_route_table.database",
            "module.vpc.aws_route_table.private",
            "module.vpc.aws_route_table.public",
            "module.vpc.aws_route_table_association.database",
            "module.vpc.aws_route_table_association.private",
            "module.vpc.aws_route_table_association.public",
            "module.vpc.aws_security_group.alb",
            "module.vpc.aws_security_group.default",
            "module.vpc.aws_security_group.workers",
            "module.vpc.aws_subnet.database",
            "module.vpc.aws_subnet.private",
            "module.vpc.aws_subnet.public",
            "module.vpc.aws_vpc.main",
            "module.vpc.aws_vpc_endpoint.s3"
          ],
          "create_before_destroy": true
        },
        {
          "deposed": "5d2d9f58",
          "schema_version": 1,
          "attributes": {
            "arn": "arn:aws:ec2:us-east-1:826726045450:security-group/sg-003ff7df68d1a3a75",
            "description": "Allow inbound traffic for RDS",
            "egress": [],
            "id": "sg-003ff7df68d1a3a75",
            "ingress": [],
            "name": "saas-rh-rds-staging",
            "name_prefix": "",
            "owner_id": "826726045450",
            "revoke_rules_on_delete": false,
            "tags": {
              "Project": "saas-rh"
            },
            "tags_all": {
              "Environment": "staging",
              "ManagedBy": "Terraform",
              "Project": "saas-rh"
            },
            "timeouts": null,
            "vpc_id": "vpc-0f23c574b54be9624"
          },
          "sensitive_attributes": [],
          "private": "eyJlMmJmYjczMC1lY2FhLTExZTYtOGY4OC0zNDM2M2JjN2M0YzAiOnsiY3JlYXRlIjo2MDAwMDAwMDAwMDAsImRlbGV0ZSI6OTAwMDAwMDAwMDAwfSwic2NoZW1hX3ZlcnNpb24iOiIxIn0=",
          "dependencies": [
            "module.kms.aws_kms_alias.main",
            "module.kms.aws_kms_key.main",
            "module.kms.data.aws_caller_identity.current",
            "module.kms.data.aws_iam_policy_document.kms",
            "module.monitoring.aws_cloudwatch_log_group.application",
            "module.monitoring.aws_cloudwatch_log_group.eks",
            "module.monitoring.aws_cloudwatch_log_group.elasticache",
            "module.monitoring.aws_cloudwatch_log_group.rds",
            "module.monitoring.aws_cloudwatch_log_metric_filter.error_logs",
            "module.monitoring.aws_cloudwatch_metric_alarm.eks_node_count",
            "module.monitoring.aws_cloudwatch_metric_alarm.elasticache_cpu",
            "module.monitoring.aws_cloudwatch_metric_alarm.error_logs",
            "module.monitoring.aws_cloudwatch_metric_alarm.rds_cpu",
            "module.monitoring.aws_iam_role.rds_enhanced_monitoring",
            "module.monitoring.aws_iam_role_policy_attachment.rds_enhanced_monitoring",
            "module.monitoring.aws_sns_topic.alerts",
            "module.monitoring.aws_sns_topic_subscription.email",
            "module.security_groups.aws_security_group.eks",
            "module.security_groups.aws_security_group.elasticache",
            "module.security_groups.aws_security_group.rds",
            "module.security_groups.aws_security_group_rule.eks_egress",
            "module.security_groups.aws_security_group_rule.elasticache_egress",
            "module.security_groups.aws_security_group_rule.elasticache_from_eks",
            "module.security_groups.aws_security_group_rule.rds_egress",
            "module.security_groups.aws_security_group_rule.rds_from_eks",
            "module.vpc.aws_cloudwatch_log_group.flow_log",
            "module.vpc.aws_db_subnet_group.database",
            "module.vpc.aws_eip.nat",
            "module.vpc.aws_flow_log.main",
            "module.vpc.aws_iam_policy.flow_log",
            "module.vpc.aws_iam_role.flow_log",
            "module.vpc.aws_iam_role_policy_attachment.flow_log",
            "module.vpc.aws_internet_gateway.main",
            "module.vpc.aws_nat_gateway.main",
            "module.vpc.aws_route_table.database",
            "module.vpc.aws_route_table.private",
            "module.vpc.aws_route_table.public",
            "module.vpc.aws_route_table_association.database",
            "module.vpc.aws_route_table_association.private",
            "module.vpc.aws_route_table_association.public",
            "module.vpc.aws_security_group.alb",
            "module.vpc.aws_security_group.default",
            "module.vpc.aws_security_group.workers",
            "module.vpc.aws_subnet.database",
            "module.vpc.aws_subnet.private",
            "module.vpc.aws_subnet.public",
            "module.vpc.aws_vpc.main",
            "module.vpc.aws_vpc_endpoint.s3"
          ],
          "create_before_destroy": true
        }
      ]
    },
    {
      "module": "module.rds",
      "mode": "managed",
      "type": "aws_security_group_rule",
      "name": "rds_egress",
      "provider": "provider[\"registry.terraform.io/hashicorp/aws\"]",
      "instances": [
        {
          "schema_version": 2,
          "attributes": {
            "cidr_blocks": [
              "0.0.0.0/0"
            ],
            "description": "Allow all outbound traffic",
            "from_port": 0,
            "id": "sgrule-3073790679",
            "ipv6_cidr_blocks": null,
            "prefix_list_ids": null,
            "protocol": "-1",
            "security_group_id": "sg-0dc1a26796a69349b",
            "security_group_rule_id": "sgr-0ddc9466471b266cc",
            "self": false,
            "source_security_group_id": null,
            "timeouts": null,
            "to_port": 0,
            "type": "egress"
          },
          "sensitive_attributes": [],
          "private": "eyJlMmJmYjczMC1lY2FhLTExZTYtOGY4OC0zNDM2M2JjN2M0YzAiOnsiY3JlYXRlIjozMDAwMDAwMDAwMDB9LCJzY2hlbWFfdmVyc2lvbiI6IjIifQ==",
          "dependencies": [
            "module.kms.aws_kms_alias.main",
            "module.kms.aws_kms_key.main",
            "module.kms.data.aws_caller_identity.current",
            "module.monitoring.aws_cloudwatch_log_group.application",
            "module.monitoring.aws_cloudwatch_log_metric_filter.error_logs",
            "module.monitoring.aws_cloudwatch_metric_alarm.eks_node_count",
            "module.monitoring.aws_cloudwatch_metric_alarm.elasticache_cpu",
            "module.monitoring.aws_cloudwatch_metric_alarm.error_logs",
            "module.monitoring.aws_cloudwatch_metric_alarm.rds_cpu",
            "module.monitoring.aws_iam_role.rds_enhanced_monitoring",
            "module.monitoring.aws_iam_role_policy_attachment.rds_enhanced_monitoring",
            "module.monitoring.aws_sns_topic.alerts",
            "module.monitoring.aws_sns_topic_subscription.email",
            "module.rds.aws_security_group.rds",
            "module.security_groups.aws_security_group.eks",
            "module.security_groups.aws_security_group.elasticache",
            "module.security_groups.aws_security_group.rds",
            "module.security_groups.aws_security_group_rule.eks_egress",
            "module.security_groups.aws_security_group_rule.elasticache_egress",
            "module.security_groups.aws_security_group_rule.elasticache_from_eks",
            "module.security_groups.aws_security_group_rule.rds_egress",
            "module.security_groups.aws_security_group_rule.rds_from_eks",
            "module.vpc.aws_cloudwatch_log_group.flow_log",
            "module.vpc.aws_db_subnet_group.database",
            "module.vpc.aws_eip.nat",
            "module.vpc.aws_flow_log.main",
            "module.vpc.aws_iam_policy.flow_log",
            "module.vpc.aws_iam_role.flow_log",
            "module.vpc.aws_iam_role_policy_attachment.flow_log",
            "module.vpc.aws_internet_gateway.main",
            "module.vpc.aws_nat_gateway.main",
            "module.vpc.aws_route_table.database",
            "module.vpc.aws_route_table.private",
            "module.vpc.aws_route_table.public",
            "module.vpc.aws_route_table_association.database",
            "module.vpc.aws_route_table_association.private",
            "module.vpc.aws_route_table_association.public",
            "module.vpc.aws_security_group.alb",
            "module.vpc.aws_security_group.default",
            "module.vpc.aws_security_group.workers",
            "module.vpc.aws_subnet.database",
            "module.vpc.aws_subnet.private",
            "module.vpc.aws_subnet.public",
            "module.vpc.aws_vpc.main",
            "module.vpc.aws_vpc_endpoint.s3"
          ]
        }
      ]
    },
    {
      "module": "module.rds",
      "mode": "managed",
      "type": "aws_security_group_rule",
      "name": "rds_ingress",
      "provider": "provider[\"registry.terraform.io/hashicorp/aws\"]",
      "instances": [
        {
          "schema_version": 2,
          "attributes": {
            "cidr_blocks": null,
            "description": "Allow PostgreSQL access from EKS nodes",
            "from_port": 5432,
            "id": "sgrule-513392528",
            "ipv6_cidr_blocks": null,
            "prefix_list_ids": null,
            "protocol": "tcp",
            "security_group_id": "sg-0dc1a26796a69349b",
            "security_group_rule_id": "sgr-0cbb6411601f4e284",
            "self": false,
            "source_security_group_id": "sg-0936b1690504f0759",
            "timeouts": null,
            "to_port": 5432,
            "type": "ingress"
          },
          "sensitive_attributes": [],
          "private": "eyJlMmJmYjczMC1lY2FhLTExZTYtOGY4OC0zNDM2M2JjN2M0YzAiOnsiY3JlYXRlIjozMDAwMDAwMDAwMDB9LCJzY2hlbWFfdmVyc2lvbiI6IjIifQ==",
          "dependencies": [
            "module.kms.aws_kms_alias.main",
            "module.kms.aws_kms_key.main",
            "module.kms.data.aws_caller_identity.current",
            "module.monitoring.aws_cloudwatch_log_group.application",
            "module.monitoring.aws_cloudwatch_log_metric_filter.error_logs",
            "module.monitoring.aws_cloudwatch_metric_alarm.eks_node_count",
            "module.monitoring.aws_cloudwatch_metric_alarm.elasticache_cpu",
            "module.monitoring.aws_cloudwatch_metric_alarm.error_logs",
            "module.monitoring.aws_cloudwatch_metric_alarm.rds_cpu",
            "module.monitoring.aws_iam_role.rds_enhanced_monitoring",
            "module.monitoring.aws_iam_role_policy_attachment.rds_enhanced_monitoring",
            "module.monitoring.aws_sns_topic.alerts",
            "module.monitoring.aws_sns_topic_subscription.email",
            "module.rds.aws_security_group.rds",
            "module.security_groups.aws_security_group.eks",
            "module.security_groups.aws_security_group.elasticache",
            "module.security_groups.aws_security_group.rds",
            "module.security_groups.aws_security_group_rule.eks_egress",
            "module.security_groups.aws_security_group_rule.elasticache_egress",
            "module.security_groups.aws_security_group_rule.elasticache_from_eks",
            "module.security_groups.aws_security_group_rule.rds_egress",
            "module.security_groups.aws_security_group_rule.rds_from_eks",
            "module.vpc.aws_cloudwatch_log_group.flow_log",
            "module.vpc.aws_db_subnet_group.database",
            "module.vpc.aws_eip.nat",
            "module.vpc.aws_flow_log.main",
            "module.vpc.aws_iam_policy.flow_log",
            "module.vpc.aws_iam_role.flow_log",
            "module.vpc.aws_iam_role_policy_attachment.flow_log",
            "module.vpc.aws_internet_gateway.main",
            "module.vpc.aws_nat_gateway.main",
            "module.vpc.aws_route_table.database",
            "module.vpc.aws_route_table.private",
            "module.vpc.aws_route_table.public",
            "module.vpc.aws_route_table_association.database",
            "module.vpc.aws_route_table_association.private",
            "module.vpc.aws_route_table_association.public",
            "module.vpc.aws_security_group.alb",
            "module.vpc.aws_security_group.default",
            "module.vpc.aws_security_group.workers",
            "module.vpc.aws_subnet.database",
            "module.vpc.aws_subnet.private",
            "module.vpc.aws_subnet.public",
            "module.vpc.aws_vpc.main",
            "module.vpc.aws_vpc_endpoint.s3"
          ]
        }
      ]
    },
    {
      "module": "module.rds",
      "mode": "managed",
      "type": "random_password",
      "name": "master",
      "provider": "provider[\"registry.terraform.io/hashicorp/random\"]",
      "instances": [
        {
          "schema_version": 3,
          "attributes": {
            "bcrypt_hash": "$2a$10$RicLTWgpez5riNod4l9JxuihxiWqQIm830yqgujV5.FZT0cPcWNPe",
            "id": "none",
            "keepers": null,
            "length": 32,
            "lower": true,
            "min_lower": 0,
            "min_numeric": 0,
            "min_special": 0,
            "min_upper": 0,
            "number": true,
            "numeric": true,
            "override_special": "!#$%\u0026*()-_=+[]{}\u003c\u003e:?",
            "result": "Q(4i7K3Q35k7l#tHC#maF7w8hWq$DTzm",
            "special": true,
            "upper": true
          },
          "sensitive_attributes": [],
          "dependencies": [
            "module.kms.aws_kms_alias.main",
            "module.kms.aws_kms_key.main",
            "module.kms.data.aws_caller_identity.current",
            "module.monitoring.aws_cloudwatch_log_group.application",
            "module.monitoring.aws_cloudwatch_log_metric_filter.error_logs",
            "module.monitoring.aws_cloudwatch_metric_alarm.eks_node_count",
            "module.monitoring.aws_cloudwatch_metric_alarm.elasticache_cpu",
            "module.monitoring.aws_cloudwatch_metric_alarm.error_logs",
            "module.monitoring.aws_cloudwatch_metric_alarm.rds_cpu",
            "module.monitoring.aws_iam_role.rds_enhanced_monitoring",
            "module.monitoring.aws_iam_role_policy_attachment.rds_enhanced_monitoring",
            "module.monitoring.aws_sns_topic.alerts",
            "module.monitoring.aws_sns_topic_subscription.email",
            "module.security_groups.aws_security_group.eks",
            "module.security_groups.aws_security_group.elasticache",
            "module.security_groups.aws_security_group.rds",
            "module.security_groups.aws_security_group_rule.eks_egress",
            "module.security_groups.aws_security_group_rule.elasticache_egress",
            "module.security_groups.aws_security_group_rule.elasticache_from_eks",
            "module.security_groups.aws_security_group_rule.rds_egress",
            "module.security_groups.aws_security_group_rule.rds_from_eks",
            "module.vpc.aws_cloudwatch_log_group.flow_log",
            "module.vpc.aws_db_subnet_group.database",
            "module.vpc.aws_eip.nat",
            "module.vpc.aws_flow_log.main",
            "module.vpc.aws_iam_policy.flow_log",
            "module.vpc.aws_iam_role.flow_log",
            "module.vpc.aws_iam_role_policy_attachment.flow_log",
            "module.vpc.aws_internet_gateway.main",
            "module.vpc.aws_nat_gateway.main",
            "module.vpc.aws_route_table.database",
            "module.vpc.aws_route_table.private",
            "module.vpc.aws_route_table.public",
            "module.vpc.aws_route_table_association.database",
            "module.vpc.aws_route_table_association.private",
            "module.vpc.aws_route_table_association.public",
            "module.vpc.aws_security_group.alb",
            "module.vpc.aws_security_group.default",
            "module.vpc.aws_security_group.workers",
            "module.vpc.aws_subnet.database",
            "module.vpc.aws_subnet.private",
            "module.vpc.aws_subnet.public",
            "module.vpc.aws_vpc.main",
            "module.vpc.aws_vpc_endpoint.s3"
          ]
        }
      ]
    },
    {
      "module": "module.security_groups",
      "mode": "managed",
      "type": "aws_security_group",
      "name": "eks",
      "provider": "provider[\"registry.terraform.io/hashicorp/aws\"]",
      "instances": [
        {
          "schema_version": 1,
          "attributes": {
            "arn": "arn:aws:ec2:us-east-1:826726045450:security-group/sg-0936b1690504f0759",
            "description": "Security group for EKS cluster nodes",
            "egress": [
              {
                "cidr_blocks": [
                  "0.0.0.0/0"
                ],
                "description": "Allow all outbound traffic",
                "from_port": 0,
                "ipv6_cidr_blocks": [],
                "prefix_list_ids": [],
                "protocol": "-1",
                "security_groups": [],
                "self": false,
                "to_port": 0
              }
            ],
            "id": "sg-0936b1690504f0759",
            "ingress": [],
            "name": "saas-hr-eks-staging20250526172724089200000001",
            "name_prefix": "saas-hr-eks-staging",
            "owner_id": "826726045450",
            "revoke_rules_on_delete": false,
            "tags": {
              "CostCenter": "saas-rh-staging",
              "Environment": "staging",
              "Name": "saas-hr-eks-staging",
              "Team": "devops"
            },
            "tags_all": {
              "CostCenter": "saas-rh-staging",
              "Environment": "staging",
              "ManagedBy": "Terraform",
              "Name": "saas-hr-eks-staging",
              "Project": "saas-hr",
              "Team": "devops"
            },
            "timeouts": null,
            "vpc_id": "vpc-0f23c574b54be9624"
          },
          "sensitive_attributes": [],
          "private": "eyJlMmJmYjczMC1lY2FhLTExZTYtOGY4OC0zNDM2M2JjN2M0YzAiOnsiY3JlYXRlIjo2MDAwMDAwMDAwMDAsImRlbGV0ZSI6OTAwMDAwMDAwMDAwfSwic2NoZW1hX3ZlcnNpb24iOiIxIn0=",
          "dependencies": [
            "module.vpc.aws_cloudwatch_log_group.flow_log",
            "module.vpc.aws_db_subnet_group.database",
            "module.vpc.aws_eip.nat",
            "module.vpc.aws_flow_log.main",
            "module.vpc.aws_iam_policy.flow_log",
            "module.vpc.aws_iam_role.flow_log",
            "module.vpc.aws_iam_role_policy_attachment.flow_log",
            "module.vpc.aws_internet_gateway.main",
            "module.vpc.aws_nat_gateway.main",
            "module.vpc.aws_route_table.database",
            "module.vpc.aws_route_table.private",
            "module.vpc.aws_route_table.public",
            "module.vpc.aws_route_table_association.database",
            "module.vpc.aws_route_table_association.private",
            "module.vpc.aws_route_table_association.public",
            "module.vpc.aws_security_group.alb",
            "module.vpc.aws_security_group.default",
            "module.vpc.aws_security_group.workers",
            "module.vpc.aws_subnet.database",
            "module.vpc.aws_subnet.private",
            "module.vpc.aws_subnet.public",
            "module.vpc.aws_vpc.main",
            "module.vpc.aws_vpc_endpoint.s3"
          ],
          "create_before_destroy": true
        }
      ]
    },
    {
      "module": "module.security_groups",
      "mode": "managed",
      "type": "aws_security_group",
      "name": "elasticache",
      "provider": "provider[\"registry.terraform.io/hashicorp/aws\"]",
      "instances": [
        {
          "schema_version": 1,
          "attributes": {
            "arn": "arn:aws:ec2:us-east-1:826726045450:security-group/sg-0ed6ab97d900071dc",
            "description": "Security group for ElastiCache",
            "egress": [
              {
                "cidr_blocks": [
                  "0.0.0.0/0"
                ],
                "description": "Allow all outbound traffic",
                "from_port": 0,
                "ipv6_cidr_blocks": [],
                "prefix_list_ids": [],
                "protocol": "-1",
                "security_groups": [],
                "self": false,
                "to_port": 0
              }
            ],
            "id": "sg-0ed6ab97d900071dc",
            "ingress": [
              {
                "cidr_blocks": [],
                "description": "Allow Redis access from EKS nodes",
                "from_port": 6379,
                "ipv6_cidr_blocks": [],
                "prefix_list_ids": [],
                "protocol": "tcp",
                "security_groups": [
                  "sg-0936b1690504f0759"
                ],
                "self": false,
                "to_port": 6379
              }
            ],
            "name": "saas-hr-elasticache-staging20250526172724089300000003",
            "name_prefix": "saas-hr-elasticache-staging",
            "owner_id": "826726045450",
            "revoke_rules_on_delete": false,
            "tags": {
              "CostCenter": "saas-rh-staging",
              "Environment": "staging",
              "Name": "saas-hr-elasticache-staging",
              "Team": "devops"
            },
            "tags_all": {
              "CostCenter": "saas-rh-staging",
              "Environment": "staging",
              "ManagedBy": "Terraform",
              "Name": "saas-hr-elasticache-staging",
              "Project": "saas-hr",
              "Team": "devops"
            },
            "timeouts": null,
            "vpc_id": "vpc-0f23c574b54be9624"
          },
          "sensitive_attributes": [],
          "private": "eyJlMmJmYjczMC1lY2FhLTExZTYtOGY4OC0zNDM2M2JjN2M0YzAiOnsiY3JlYXRlIjo2MDAwMDAwMDAwMDAsImRlbGV0ZSI6OTAwMDAwMDAwMDAwfSwic2NoZW1hX3ZlcnNpb24iOiIxIn0=",
          "dependencies": [
            "module.vpc.aws_cloudwatch_log_group.flow_log",
            "module.vpc.aws_db_subnet_group.database",
            "module.vpc.aws_eip.nat",
            "module.vpc.aws_flow_log.main",
            "module.vpc.aws_iam_policy.flow_log",
            "module.vpc.aws_iam_role.flow_log",
            "module.vpc.aws_iam_role_policy_attachment.flow_log",
            "module.vpc.aws_internet_gateway.main",
            "module.vpc.aws_nat_gateway.main",
            "module.vpc.aws_route_table.database",
            "module.vpc.aws_route_table.private",
            "module.vpc.aws_route_table.public",
            "module.vpc.aws_route_table_association.database",
            "module.vpc.aws_route_table_association.private",
            "module.vpc.aws_route_table_association.public",
            "module.vpc.aws_security_group.alb",
            "module.vpc.aws_security_group.default",
            "module.vpc.aws_security_group.workers",
            "module.vpc.aws_subnet.database",
            "module.vpc.aws_subnet.private",
            "module.vpc.aws_subnet.public",
            "module.vpc.aws_vpc.main",
            "module.vpc.aws_vpc_endpoint.s3"
          ],
          "create_before_destroy": true
        }
      ]
    },
    {
      "module": "module.security_groups",
      "mode": "managed",
      "type": "aws_security_group",
      "name": "rds",
      "provider": "provider[\"registry.terraform.io/hashicorp/aws\"]",
      "instances": [
        {
          "schema_version": 1,
          "attributes": {
            "arn": "arn:aws:ec2:us-east-1:826726045450:security-group/sg-076a722538d7e15b3",
            "description": "Security group for RDS",
            "egress": [
              {
                "cidr_blocks": [
                  "0.0.0.0/0"
                ],
                "description": "Allow all outbound traffic",
                "from_port": 0,
                "ipv6_cidr_blocks": [],
                "prefix_list_ids": [],
                "protocol": "-1",
                "security_groups": [],
                "self": false,
                "to_port": 0
              }
            ],
            "id": "sg-076a722538d7e15b3",
            "ingress": [
              {
                "cidr_blocks": [],
                "description": "Allow PostgreSQL access from EKS nodes",
                "from_port": 5432,
                "ipv6_cidr_blocks": [],
                "prefix_list_ids": [],
                "protocol": "tcp",
                "security_groups": [
                  "sg-0936b1690504f0759"
                ],
                "self": false,
                "to_port": 5432
              }
            ],
            "name": "saas-hr-rds-staging20250526172724089200000002",
            "name_prefix": "saas-hr-rds-staging",
            "owner_id": "826726045450",
            "revoke_rules_on_delete": false,
            "tags": {
              "CostCenter": "saas-rh-staging",
              "Environment": "staging",
              "Name": "saas-hr-rds-staging",
              "Team": "devops"
            },
            "tags_all": {
              "CostCenter": "saas-rh-staging",
              "Environment": "staging",
              "ManagedBy": "Terraform",
              "Name": "saas-hr-rds-staging",
              "Project": "saas-hr",
              "Team": "devops"
            },
            "timeouts": null,
            "vpc_id": "vpc-0f23c574b54be9624"
          },
          "sensitive_attributes": [],
          "private": "eyJlMmJmYjczMC1lY2FhLTExZTYtOGY4OC0zNDM2M2JjN2M0YzAiOnsiY3JlYXRlIjo2MDAwMDAwMDAwMDAsImRlbGV0ZSI6OTAwMDAwMDAwMDAwfSwic2NoZW1hX3ZlcnNpb24iOiIxIn0=",
          "dependencies": [
            "module.vpc.aws_cloudwatch_log_group.flow_log",
            "module.vpc.aws_db_subnet_group.database",
            "module.vpc.aws_eip.nat",
            "module.vpc.aws_flow_log.main",
            "module.vpc.aws_iam_policy.flow_log",
            "module.vpc.aws_iam_role.flow_log",
            "module.vpc.aws_iam_role_policy_attachment.flow_log",
            "module.vpc.aws_internet_gateway.main",
            "module.vpc.aws_nat_gateway.main",
            "module.vpc.aws_route_table.database",
            "module.vpc.aws_route_table.private",
            "module.vpc.aws_route_table.public",
            "module.vpc.aws_route_table_association.database",
            "module.vpc.aws_route_table_association.private",
            "module.vpc.aws_route_table_association.public",
            "module.vpc.aws_security_group.alb",
            "module.vpc.aws_security_group.default",
            "module.vpc.aws_security_group.workers",
            "module.vpc.aws_subnet.database",
            "module.vpc.aws_subnet.private",
            "module.vpc.aws_subnet.public",
            "module.vpc.aws_vpc.main",
            "module.vpc.aws_vpc_endpoint.s3"
          ],
          "create_before_destroy": true
        }
      ]
    },
    {
      "module": "module.security_groups",
      "mode": "managed",
      "type": "aws_security_group_rule",
      "name": "eks_egress",
      "provider": "provider[\"registry.terraform.io/hashicorp/aws\"]",
      "instances": [
        {
          "schema_version": 2,
          "attributes": {
            "cidr_blocks": [
              "0.0.0.0/0"
            ],
            "description": "Allow all outbound traffic",
            "from_port": 0,
            "id": "sgrule-1694225558",
            "ipv6_cidr_blocks": null,
            "prefix_list_ids": null,
            "protocol": "-1",
            "security_group_id": "sg-0936b1690504f0759",
            "security_group_rule_id": "sgr-014085370faebf4db",
            "self": false,
            "source_security_group_id": null,
            "timeouts": null,
            "to_port": 0,
            "type": "egress"
          },
          "sensitive_attributes": [],
          "private": "eyJlMmJmYjczMC1lY2FhLTExZTYtOGY4OC0zNDM2M2JjN2M0YzAiOnsiY3JlYXRlIjozMDAwMDAwMDAwMDB9LCJzY2hlbWFfdmVyc2lvbiI6IjIifQ==",
          "dependencies": [
            "module.security_groups.aws_security_group.eks",
            "module.vpc.aws_cloudwatch_log_group.flow_log",
            "module.vpc.aws_db_subnet_group.database",
            "module.vpc.aws_eip.nat",
            "module.vpc.aws_flow_log.main",
            "module.vpc.aws_iam_policy.flow_log",
            "module.vpc.aws_iam_role.flow_log",
            "module.vpc.aws_iam_role_policy_attachment.flow_log",
            "module.vpc.aws_internet_gateway.main",
            "module.vpc.aws_nat_gateway.main",
            "module.vpc.aws_route_table.database",
            "module.vpc.aws_route_table.private",
            "module.vpc.aws_route_table.public",
            "module.vpc.aws_route_table_association.database",
            "module.vpc.aws_route_table_association.private",
            "module.vpc.aws_route_table_association.public",
            "module.vpc.aws_security_group.alb",
            "module.vpc.aws_security_group.default",
            "module.vpc.aws_security_group.workers",
            "module.vpc.aws_subnet.database",
            "module.vpc.aws_subnet.private",
            "module.vpc.aws_subnet.public",
            "module.vpc.aws_vpc.main",
            "module.vpc.aws_vpc_endpoint.s3"
          ],
          "create_before_destroy": true
        }
      ]
    },
    {
      "module": "module.security_groups",
      "mode": "managed",
      "type": "aws_security_group_rule",
      "name": "elasticache_egress",
      "provider": "provider[\"registry.terraform.io/hashicorp/aws\"]",
      "instances": [
        {
          "schema_version": 2,
          "attributes": {
            "cidr_blocks": [
              "0.0.0.0/0"
            ],
            "description": "Allow all outbound traffic",
            "from_port": 0,
            "id": "sgrule-416916577",
            "ipv6_cidr_blocks": null,
            "prefix_list_ids": null,
            "protocol": "-1",
            "security_group_id": "sg-0ed6ab97d900071dc",
            "security_group_rule_id": "sgr-07d003990d4e934dc",
            "self": false,
            "source_security_group_id": null,
            "timeouts": null,
            "to_port": 0,
            "type": "egress"
          },
          "sensitive_attributes": [],
          "private": "eyJlMmJmYjczMC1lY2FhLTExZTYtOGY4OC0zNDM2M2JjN2M0YzAiOnsiY3JlYXRlIjozMDAwMDAwMDAwMDB9LCJzY2hlbWFfdmVyc2lvbiI6IjIifQ==",
          "dependencies": [
            "module.security_groups.aws_security_group.elasticache",
            "module.vpc.aws_cloudwatch_log_group.flow_log",
            "module.vpc.aws_db_subnet_group.database",
            "module.vpc.aws_eip.nat",
            "module.vpc.aws_flow_log.main",
            "module.vpc.aws_iam_policy.flow_log",
            "module.vpc.aws_iam_role.flow_log",
            "module.vpc.aws_iam_role_policy_attachment.flow_log",
            "module.vpc.aws_internet_gateway.main",
            "module.vpc.aws_nat_gateway.main",
            "module.vpc.aws_route_table.database",
            "module.vpc.aws_route_table.private",
            "module.vpc.aws_route_table.public",
            "module.vpc.aws_route_table_association.database",
            "module.vpc.aws_route_table_association.private",
            "module.vpc.aws_route_table_association.public",
            "module.vpc.aws_security_group.alb",
            "module.vpc.aws_security_group.default",
            "module.vpc.aws_security_group.workers",
            "module.vpc.aws_subnet.database",
            "module.vpc.aws_subnet.private",
            "module.vpc.aws_subnet.public",
            "module.vpc.aws_vpc.main",
            "module.vpc.aws_vpc_endpoint.s3"
          ],
          "create_before_destroy": true
        }
      ]
    },
    {
      "module": "module.security_groups",
      "mode": "managed",
      "type": "aws_security_group_rule",
      "name": "elasticache_from_eks",
      "provider": "provider[\"registry.terraform.io/hashicorp/aws\"]",
      "instances": [
        {
          "schema_version": 2,
          "attributes": {
            "cidr_blocks": null,
            "description": "Allow Redis access from EKS nodes",
            "from_port": 6379,
            "id": "sgrule-1384993958",
            "ipv6_cidr_blocks": null,
            "prefix_list_ids": null,
            "protocol": "tcp",
            "security_group_id": "sg-0ed6ab97d900071dc",
            "security_group_rule_id": "sgr-0563e6aa914028715",
            "self": false,
            "source_security_group_id": "sg-0936b1690504f0759",
            "timeouts": null,
            "to_port": 6379,
            "type": "ingress"
          },
          "sensitive_attributes": [],
          "private": "eyJlMmJmYjczMC1lY2FhLTExZTYtOGY4OC0zNDM2M2JjN2M0YzAiOnsiY3JlYXRlIjozMDAwMDAwMDAwMDB9LCJzY2hlbWFfdmVyc2lvbiI6IjIifQ==",
          "dependencies": [
            "module.security_groups.aws_security_group.eks",
            "module.security_groups.aws_security_group.elasticache",
            "module.vpc.aws_cloudwatch_log_group.flow_log",
            "module.vpc.aws_db_subnet_group.database",
            "module.vpc.aws_eip.nat",
            "module.vpc.aws_flow_log.main",
            "module.vpc.aws_iam_policy.flow_log",
            "module.vpc.aws_iam_role.flow_log",
            "module.vpc.aws_iam_role_policy_attachment.flow_log",
            "module.vpc.aws_internet_gateway.main",
            "module.vpc.aws_nat_gateway.main",
            "module.vpc.aws_route_table.database",
            "module.vpc.aws_route_table.private",
            "module.vpc.aws_route_table.public",
            "module.vpc.aws_route_table_association.database",
            "module.vpc.aws_route_table_association.private",
            "module.vpc.aws_route_table_association.public",
            "module.vpc.aws_security_group.alb",
            "module.vpc.aws_security_group.default",
            "module.vpc.aws_security_group.workers",
            "module.vpc.aws_subnet.database",
            "module.vpc.aws_subnet.private",
            "module.vpc.aws_subnet.public",
            "module.vpc.aws_vpc.main",
            "module.vpc.aws_vpc_endpoint.s3"
          ],
          "create_before_destroy": true
        }
      ]
    },
    {
      "module": "module.security_groups",
      "mode": "managed",
      "type": "aws_security_group_rule",
      "name": "rds_egress",
      "provider": "provider[\"registry.terraform.io/hashicorp/aws\"]",
      "instances": [
        {
          "schema_version": 2,
          "attributes": {
            "cidr_blocks": [
              "0.0.0.0/0"
            ],
            "description": "Allow all outbound traffic",
            "from_port": 0,
            "id": "sgrule-483318854",
            "ipv6_cidr_blocks": null,
            "prefix_list_ids": null,
            "protocol": "-1",
            "security_group_id": "sg-076a722538d7e15b3",
            "security_group_rule_id": "sgr-080688dad000cdd0b",
            "self": false,
            "source_security_group_id": null,
            "timeouts": null,
            "to_port": 0,
            "type": "egress"
          },
          "sensitive_attributes": [],
          "private": "eyJlMmJmYjczMC1lY2FhLTExZTYtOGY4OC0zNDM2M2JjN2M0YzAiOnsiY3JlYXRlIjozMDAwMDAwMDAwMDB9LCJzY2hlbWFfdmVyc2lvbiI6IjIifQ==",
          "dependencies": [
            "module.security_groups.aws_security_group.rds",
            "module.vpc.aws_cloudwatch_log_group.flow_log",
            "module.vpc.aws_db_subnet_group.database",
            "module.vpc.aws_eip.nat",
            "module.vpc.aws_flow_log.main",
            "module.vpc.aws_iam_policy.flow_log",
            "module.vpc.aws_iam_role.flow_log",
            "module.vpc.aws_iam_role_policy_attachment.flow_log",
            "module.vpc.aws_internet_gateway.main",
            "module.vpc.aws_nat_gateway.main",
            "module.vpc.aws_route_table.database",
            "module.vpc.aws_route_table.private",
            "module.vpc.aws_route_table.public",
            "module.vpc.aws_route_table_association.database",
            "module.vpc.aws_route_table_association.private",
            "module.vpc.aws_route_table_association.public",
            "module.vpc.aws_security_group.alb",
            "module.vpc.aws_security_group.default",
            "module.vpc.aws_security_group.workers",
            "module.vpc.aws_subnet.database",
            "module.vpc.aws_subnet.private",
            "module.vpc.aws_subnet.public",
            "module.vpc.aws_vpc.main",
            "module.vpc.aws_vpc_endpoint.s3"
          ],
          "create_before_destroy": true
        }
      ]
    },
    {
      "module": "module.security_groups",
      "mode": "managed",
      "type": "aws_security_group_rule",
      "name": "rds_from_eks",
      "provider": "provider[\"registry.terraform.io/hashicorp/aws\"]",
      "instances": [
        {
          "schema_version": 2,
          "attributes": {
            "cidr_blocks": null,
            "description": "Allow PostgreSQL access from EKS nodes",
            "from_port": 5432,
            "id": "sgrule-2912353464",
            "ipv6_cidr_blocks": null,
            "prefix_list_ids": null,
            "protocol": "tcp",
            "security_group_id": "sg-076a722538d7e15b3",
            "security_group_rule_id": "sgr-0be8dda1574bae473",
            "self": false,
            "source_security_group_id": "sg-0936b1690504f0759",
            "timeouts": null,
            "to_port": 5432,
            "type": "ingress"
          },
          "sensitive_attributes": [],
          "private": "eyJlMmJmYjczMC1lY2FhLTExZTYtOGY4OC0zNDM2M2JjN2M0YzAiOnsiY3JlYXRlIjozMDAwMDAwMDAwMDB9LCJzY2hlbWFfdmVyc2lvbiI6IjIifQ==",
          "dependencies": [
            "module.security_groups.aws_security_group.eks",
            "module.security_groups.aws_security_group.rds",
            "module.vpc.aws_cloudwatch_log_group.flow_log",
            "module.vpc.aws_db_subnet_group.database",
            "module.vpc.aws_eip.nat",
            "module.vpc.aws_flow_log.main",
            "module.vpc.aws_iam_policy.flow_log",
            "module.vpc.aws_iam_role.flow_log",
            "module.vpc.aws_iam_role_policy_attachment.flow_log",
            "module.vpc.aws_internet_gateway.main",
            "module.vpc.aws_nat_gateway.main",
            "module.vpc.aws_route_table.database",
            "module.vpc.aws_route_table.private",
            "module.vpc.aws_route_table.public",
            "module.vpc.aws_route_table_association.database",
            "module.vpc.aws_route_table_association.private",
            "module.vpc.aws_route_table_association.public",
            "module.vpc.aws_security_group.alb",
            "module.vpc.aws_security_group.default",
            "module.vpc.aws_security_group.workers",
            "module.vpc.aws_subnet.database",
            "module.vpc.aws_subnet.private",
            "module.vpc.aws_subnet.public",
            "module.vpc.aws_vpc.main",
            "module.vpc.aws_vpc_endpoint.s3"
          ],
          "create_before_destroy": true
        }
      ]
    },
    {
      "module": "module.vpc",
      "mode": "managed",
      "type": "aws_cloudwatch_log_group",
      "name": "flow_log",
      "provider": "provider[\"registry.terraform.io/hashicorp/aws\"]",
      "instances": [
        {
          "schema_version": 0,
          "attributes": {
            "arn": "arn:aws:logs:us-east-1:826726045450:log-group:/aws/vpc/saas-hr-staging/flow-log",
            "id": "/aws/vpc/saas-hr-staging/flow-log",
            "kms_key_id": "",
            "log_group_class": "STANDARD",
            "name": "/aws/vpc/saas-hr-staging/flow-log",
            "name_prefix": "",
            "retention_in_days": 30,
            "skip_destroy": false,
            "tags": {
              "Environment": "staging",
              "Name": "saas-hr-flow-log"
            },
            "tags_all": {
              "Environment": "staging",
              "ManagedBy": "Terraform",
              "Name": "saas-hr-flow-log",
              "Project": "saas-hr"
            }
          },
          "sensitive_attributes": [],
          "private": "bnVsbA==",
          "create_before_destroy": true
        }
      ]
    },
    {
      "module": "module.vpc",
      "mode": "managed",
      "type": "aws_db_subnet_group",
      "name": "database",
      "provider": "provider[\"registry.terraform.io/hashicorp/aws\"]",
      "instances": [
        {
          "schema_version": 0,
          "attributes": {
            "arn": "arn:aws:rds:us-east-1:826726045450:subgrp:saas-hr-staging-db-subnet-group",
            "description": "Managed by Terraform",
            "id": "saas-hr-staging-db-subnet-group",
            "name": "saas-hr-staging-db-subnet-group",
            "name_prefix": "",
            "subnet_ids": [
              "subnet-0366a45e62cca75ff",
              "subnet-0a7a6acb07310f57d",
              "subnet-0ad28af56eb06cb1d"
            ],
            "supported_network_types": [
              "IPV4"
            ],
            "tags": {
              "Environment": "staging",
              "ManagedBy": "terraform",
              "Name": "saas-hr-db-subnet-group",
              "Project": "saas-hr"
            },
            "tags_all": {
              "Environment": "staging",
              "ManagedBy": "terraform",
              "Name": "saas-hr-db-subnet-group",
              "Project": "saas-hr"
            },
            "vpc_id": "vpc-0f23c574b54be9624"
          },
          "sensitive_attributes": [],
          "private": "bnVsbA==",
          "dependencies": [
            "module.vpc.aws_subnet.database",
            "module.vpc.aws_vpc.main"
          ],
          "create_before_destroy": true
        }
      ]
    },
    {
      "module": "module.vpc",
      "mode": "managed",
      "type": "aws_eip",
      "name": "nat",
      "provider": "provider[\"registry.terraform.io/hashicorp/aws\"]",
      "instances": [
        {
          "index_key": 0,
          "schema_version": 0,
          "attributes": {
            "address": null,
            "allocation_id": "eipalloc-076adc703318c10df",
            "arn": "arn:aws:ec2:us-east-1:826726045450:elastic-ip/eipalloc-076adc703318c10df",
            "associate_with_private_ip": null,
            "association_id": "eipassoc-06df17384796462c4",
            "carrier_ip": "",
            "customer_owned_ip": "",
            "customer_owned_ipv4_pool": "",
            "domain": "vpc",
            "id": "eipalloc-076adc703318c10df",
            "instance": "",
            "ipam_pool_id": null,
            "network_border_group": "us-east-1",
            "network_interface": "eni-059c9eea6327d40b0",
            "private_dns": "ip-10-0-101-241.ec2.internal",
            "private_ip": "10.0.101.241",
            "ptr_record": "",
            "public_dns": "ec2-34-200-159-92.compute-1.amazonaws.com",
            "public_ip": "34.200.159.92",
            "public_ipv4_pool": "amazon",
            "tags": {
              "Environment": "staging",
              "ManagedBy": "terraform",
              "Name": "saas-hr-nat-eip",
              "Project": "saas-hr"
            },
            "tags_all": {
              "Environment": "staging",
              "ManagedBy": "terraform",
              "Name": "saas-hr-nat-eip",
              "Project": "saas-hr"
            },
            "timeouts": null,
            "vpc": true
          },
          "sensitive_attributes": [],
          "private": "eyJlMmJmYjczMC1lY2FhLTExZTYtOGY4OC0zNDM2M2JjN2M0YzAiOnsiZGVsZXRlIjoxODAwMDAwMDAwMDAsInJlYWQiOjkwMDAwMDAwMDAwMCwidXBkYXRlIjozMDAwMDAwMDAwMDB9fQ==",
          "create_before_destroy": true
        }
      ]
    },
    {
      "module": "module.vpc",
      "mode": "managed",
      "type": "aws_flow_log",
      "name": "main",
      "provider": "provider[\"registry.terraform.io/hashicorp/aws\"]",
      "instances": [
        {
          "schema_version": 0,
          "attributes": {
            "arn": "arn:aws:ec2:us-east-1:826726045450:vpc-flow-log/fl-00de8bacf76100744",
            "deliver_cross_account_role": "",
            "destination_options": [],
            "eni_id": null,
            "iam_role_arn": "arn:aws:iam::826726045450:role/saas-hr-staging-flow-log",
            "id": "fl-00de8bacf76100744",
            "log_destination": "arn:aws:logs:us-east-1:826726045450:log-group:/aws/vpc/saas-hr-staging/flow-log",
            "log_destination_type": "cloud-watch-logs",
            "log_format": "${version} ${account-id} ${interface-id} ${srcaddr} ${dstaddr} ${srcport} ${dstport} ${protocol} ${packets} ${bytes} ${start} ${end} ${action} ${log-status}",
            "log_group_name": "/aws/vpc/saas-hr-staging/flow-log",
            "max_aggregation_interval": 600,
            "subnet_id": null,
            "tags": {
              "Environment": "staging",
              "Name": "saas-hr-flow-log"
            },
            "tags_all": {
              "Environment": "staging",
              "ManagedBy": "Terraform",
              "Name": "saas-hr-flow-log",
              "Project": "saas-hr"
            },
            "traffic_type": "ALL",
            "transit_gateway_attachment_id": null,
            "transit_gateway_id": null,
            "vpc_id": "vpc-0f23c574b54be9624"
          },
          "sensitive_attributes": [],
          "private": "bnVsbA==",
          "dependencies": [
            "module.vpc.aws_cloudwatch_log_group.flow_log",
            "module.vpc.aws_iam_role.flow_log",
            "module.vpc.aws_vpc.main"
          ],
          "create_before_destroy": true
        }
      ]
    },
    {
      "module": "module.vpc",
      "mode": "managed",
      "type": "aws_iam_policy",
      "name": "flow_log",
      "provider": "provider[\"registry.terraform.io/hashicorp/aws\"]",
      "instances": [
        {
          "schema_version": 0,
          "attributes": {
            "arn": "arn:aws:iam::826726045450:policy/saas-hr-staging-flow-log",
            "attachment_count": 1,
            "description": "IAM policy for VPC Flow Logs",
            "id": "arn:aws:iam::826726045450:policy/saas-hr-staging-flow-log",
            "name": "saas-hr-staging-flow-log",
            "name_prefix": "",
            "path": "/",
            "policy": "{\"Statement\":[{\"Action\":[\"logs:CreateLogStream\",\"logs:PutLogEvents\",\"logs:DescribeLogGroups\",\"logs:DescribeLogStreams\"],\"Effect\":\"Allow\",\"Resource\":[\"arn:aws:logs:us-east-1:826726045450:log-group:/aws/vpc/saas-hr-staging/flow-log:*\"]}],\"Version\":\"2012-10-17\"}",
            "policy_id": "ANPA4A7FWK4FPQE4DRVBX",
            "tags": {},
            "tags_all": {
              "Environment": "staging",
              "ManagedBy": "Terraform",
              "Project": "saas-hr"
            }
          },
          "sensitive_attributes": [],
          "private": "bnVsbA==",
          "dependencies": [
            "module.vpc.aws_cloudwatch_log_group.flow_log"
          ],
          "create_before_destroy": true
        }
      ]
    },
    {
      "module": "module.vpc",
      "mode": "managed",
      "type": "aws_iam_role",
      "name": "flow_log",
      "provider": "provider[\"registry.terraform.io/hashicorp/aws\"]",
      "instances": [
        {
          "schema_version": 0,
          "attributes": {
            "arn": "arn:aws:iam::826726045450:role/saas-hr-staging-flow-log",
            "assume_role_policy": "{\"Statement\":[{\"Action\":\"sts:AssumeRole\",\"Effect\":\"Allow\",\"Principal\":{\"Service\":\"vpc-flow-logs.amazonaws.com\"}}],\"Version\":\"2012-10-17\"}",
            "create_date": "2025-05-26T17:25:00Z",
            "description": "",
            "force_detach_policies": false,
            "id": "saas-hr-staging-flow-log",
            "inline_policy": [],
            "managed_policy_arns": [
              "arn:aws:iam::826726045450:policy/saas-hr-staging-flow-log"
            ],
            "max_session_duration": 3600,
            "name": "saas-hr-staging-flow-log",
            "name_prefix": "",
            "path": "/",
            "permissions_boundary": "",
            "tags": {
              "Environment": "staging",
              "Name": "saas-hr-flow-log-role"
            },
            "tags_all": {
              "Environment": "staging",
              "ManagedBy": "Terraform",
              "Name": "saas-hr-flow-log-role",
              "Project": "saas-hr"
            },
            "unique_id": "AROA4A7FWK4FBUY2LS5AA"
          },
          "sensitive_attributes": [],
          "private": "bnVsbA==",
          "create_before_destroy": true
        }
      ]
    },
    {
      "module": "module.vpc",
      "mode": "managed",
      "type": "aws_iam_role_policy_attachment",
      "name": "flow_log",
      "provider": "provider[\"registry.terraform.io/hashicorp/aws\"]",
      "instances": [
        {
          "schema_version": 0,
          "attributes": {
            "id": "saas-hr-staging-flow-log-20250526172501361000000001",
            "policy_arn": "arn:aws:iam::826726045450:policy/saas-hr-staging-flow-log",
            "role": "saas-hr-staging-flow-log"
          },
          "sensitive_attributes": [],
          "private": "bnVsbA==",
          "dependencies": [
            "module.vpc.aws_cloudwatch_log_group.flow_log",
            "module.vpc.aws_iam_policy.flow_log",
            "module.vpc.aws_iam_role.flow_log"
          ],
          "create_before_destroy": true
        }
      ]
    },
    {
      "module": "module.vpc",
      "mode": "managed",
      "type": "aws_internet_gateway",
      "name": "main",
      "provider": "provider[\"registry.terraform.io/hashicorp/aws\"]",
      "instances": [
        {
          "schema_version": 0,
          "attributes": {
            "arn": "arn:aws:ec2:us-east-1:826726045450:internet-gateway/igw-0f8974efc4bf29e34",
            "id": "igw-0f8974efc4bf29e34",
            "owner_id": "826726045450",
            "tags": {
              "Environment": "staging",
              "ManagedBy": "terraform",
              "Name": "saas-hr-igw",
              "Project": "saas-hr"
            },
            "tags_all": {
              "Environment": "staging",
              "ManagedBy": "terraform",
              "Name": "saas-hr-igw",
              "Project": "saas-hr"
            },
            "timeouts": null,
            "vpc_id": "vpc-0f23c574b54be9624"
          },
          "sensitive_attributes": [],
          "private": "eyJlMmJmYjczMC1lY2FhLTExZTYtOGY4OC0zNDM2M2JjN2M0YzAiOnsiY3JlYXRlIjoxMjAwMDAwMDAwMDAwLCJkZWxldGUiOjEyMDAwMDAwMDAwMDAsInVwZGF0ZSI6MTIwMDAwMDAwMDAwMH19",
          "dependencies": [
            "module.vpc.aws_vpc.main"
          ],
          "create_before_destroy": true
        }
      ]
    },
    {
      "module": "module.vpc",
      "mode": "managed",
      "type": "aws_nat_gateway",
      "name": "main",
      "provider": "provider[\"registry.terraform.io/hashicorp/aws\"]",
      "instances": [
        {
          "index_key": 0,
          "schema_version": 0,
          "attributes": {
            "allocation_id": "eipalloc-076adc703318c10df",
            "association_id": "eipassoc-06df17384796462c4",
            "connectivity_type": "public",
            "id": "nat-034eafe367895b012",
            "network_interface_id": "eni-059c9eea6327d40b0",
            "private_ip": "10.0.101.241",
            "public_ip": "34.200.159.92",
            "secondary_allocation_ids": [],
            "secondary_private_ip_address_count": 0,
            "secondary_private_ip_addresses": [],
            "subnet_id": "subnet-086489250460de383",
            "tags": {
              "Environment": "staging",
              "ManagedBy": "terraform",
              "Name": "saas-hr-nat",
              "Project": "saas-hr"
            },
            "tags_all": {
              "Environment": "staging",
              "ManagedBy": "terraform",
              "Name": "saas-hr-nat",
              "Project": "saas-hr"
            },
            "timeouts": null
          },
          "sensitive_attributes": [],
          "private": "eyJlMmJmYjczMC1lY2FhLTExZTYtOGY4OC0zNDM2M2JjN2M0YzAiOnsiY3JlYXRlIjo2MDAwMDAwMDAwMDAsImRlbGV0ZSI6MTgwMDAwMDAwMDAwMCwidXBkYXRlIjo2MDAwMDAwMDAwMDB9fQ==",
          "dependencies": [
            "module.vpc.aws_eip.nat",
            "module.vpc.aws_internet_gateway.main",
            "module.vpc.aws_subnet.public",
            "module.vpc.aws_vpc.main"
          ],
          "create_before_destroy": true
        }
      ]
    },
    {
      "module": "module.vpc",
      "mode": "managed",
      "type": "aws_route_table",
      "name": "database",
      "provider": "provider[\"registry.terraform.io/hashicorp/aws\"]",
      "instances": [
        {
          "schema_version": 0,
          "attributes": {
            "arn": "arn:aws:ec2:us-east-1:826726045450:route-table/rtb-04d66a1ff09782bf8",
            "id": "rtb-04d66a1ff09782bf8",
            "owner_id": "826726045450",
            "propagating_vgws": [],
            "route": [
              {
                "carrier_gateway_id": "",
                "cidr_block": "0.0.0.0/0",
                "core_network_arn": "",
                "destination_prefix_list_id": "",
                "egress_only_gateway_id": "",
                "gateway_id": "",
                "ipv6_cidr_block": "",
                "local_gateway_id": "",
                "nat_gateway_id": "nat-034eafe367895b012",
                "network_interface_id": "",
                "transit_gateway_id": "",
                "vpc_endpoint_id": "",
                "vpc_peering_connection_id": ""
              }
            ],
            "tags": {
              "Environment": "staging",
              "ManagedBy": "terraform",
              "Name": "saas-hr-database-rt",
              "Project": "saas-hr"
            },
            "tags_all": {
              "Environment": "staging",
              "ManagedBy": "terraform",
              "Name": "saas-hr-database-rt",
              "Project": "saas-hr"
            },
            "timeouts": null,
            "vpc_id": "vpc-0f23c574b54be9624"
          },
          "sensitive_attributes": [],
          "private": "eyJlMmJmYjczMC1lY2FhLTExZTYtOGY4OC0zNDM2M2JjN2M0YzAiOnsiY3JlYXRlIjozMDAwMDAwMDAwMDAsImRlbGV0ZSI6MzAwMDAwMDAwMDAwLCJ1cGRhdGUiOjEyMDAwMDAwMDAwMH19",
          "dependencies": [
            "module.vpc.aws_eip.nat",
            "module.vpc.aws_internet_gateway.main",
            "module.vpc.aws_nat_gateway.main",
            "module.vpc.aws_subnet.public",
            "module.vpc.aws_vpc.main"
          ],
          "create_before_destroy": true
        }
      ]
    },
    {
      "module": "module.vpc",
      "mode": "managed",
      "type": "aws_route_table",
      "name": "private",
      "provider": "provider[\"registry.terraform.io/hashicorp/aws\"]",
      "instances": [
        {
          "index_key": 0,
          "schema_version": 0,
          "attributes": {
            "arn": "arn:aws:ec2:us-east-1:826726045450:route-table/rtb-0264266d262a8655e",
            "id": "rtb-0264266d262a8655e",
            "owner_id": "826726045450",
            "propagating_vgws": [],
            "route": [
              {
                "carrier_gateway_id": "",
                "cidr_block": "0.0.0.0/0",
                "core_network_arn": "",
                "destination_prefix_list_id": "",
                "egress_only_gateway_id": "",
                "gateway_id": "",
                "ipv6_cidr_block": "",
                "local_gateway_id": "",
                "nat_gateway_id": "nat-034eafe367895b012",
                "network_interface_id": "",
                "transit_gateway_id": "",
                "vpc_endpoint_id": "",
                "vpc_peering_connection_id": ""
              }
            ],
            "tags": {
              "Environment": "staging",
              "ManagedBy": "terraform",
              "Name": "saas-hr-private-rt-us-east-1a",
              "Project": "saas-hr"
            },
            "tags_all": {
              "Environment": "staging",
              "ManagedBy": "terraform",
              "Name": "saas-hr-private-rt-us-east-1a",
              "Project": "saas-hr"
            },
            "timeouts": null,
            "vpc_id": "vpc-0f23c574b54be9624"
          },
          "sensitive_attributes": [],
          "private": "eyJlMmJmYjczMC1lY2FhLTExZTYtOGY4OC0zNDM2M2JjN2M0YzAiOnsiY3JlYXRlIjozMDAwMDAwMDAwMDAsImRlbGV0ZSI6MzAwMDAwMDAwMDAwLCJ1cGRhdGUiOjEyMDAwMDAwMDAwMH19",
          "dependencies": [
            "module.vpc.aws_eip.nat",
            "module.vpc.aws_internet_gateway.main",
            "module.vpc.aws_nat_gateway.main",
            "module.vpc.aws_subnet.public",
            "module.vpc.aws_vpc.main"
          ],
          "create_before_destroy": true
        },
        {
          "index_key": 1,
          "schema_version": 0,
          "attributes": {
            "arn": "arn:aws:ec2:us-east-1:826726045450:route-table/rtb-05b6c3508d8ad1fcb",
            "id": "rtb-05b6c3508d8ad1fcb",
            "owner_id": "826726045450",
            "propagating_vgws": [],
            "route": [
              {
                "carrier_gateway_id": "",
                "cidr_block": "0.0.0.0/0",
                "core_network_arn": "",
                "destination_prefix_list_id": "",
                "egress_only_gateway_id": "",
                "gateway_id": "",
                "ipv6_cidr_block": "",
                "local_gateway_id": "",
                "nat_gateway_id": "nat-034eafe367895b012",
                "network_interface_id": "",
                "transit_gateway_id": "",
                "vpc_endpoint_id": "",
                "vpc_peering_connection_id": ""
              }
            ],
            "tags": {
              "Environment": "staging",
              "ManagedBy": "terraform",
              "Name": "saas-hr-private-rt-us-east-1b",
              "Project": "saas-hr"
            },
            "tags_all": {
              "Environment": "staging",
              "ManagedBy": "terraform",
              "Name": "saas-hr-private-rt-us-east-1b",
              "Project": "saas-hr"
            },
            "timeouts": null,
            "vpc_id": "vpc-0f23c574b54be9624"
          },
          "sensitive_attributes": [],
          "private": "eyJlMmJmYjczMC1lY2FhLTExZTYtOGY4OC0zNDM2M2JjN2M0YzAiOnsiY3JlYXRlIjozMDAwMDAwMDAwMDAsImRlbGV0ZSI6MzAwMDAwMDAwMDAwLCJ1cGRhdGUiOjEyMDAwMDAwMDAwMH19",
          "dependencies": [
            "module.vpc.aws_eip.nat",
            "module.vpc.aws_internet_gateway.main",
            "module.vpc.aws_nat_gateway.main",
            "module.vpc.aws_subnet.public",
            "module.vpc.aws_vpc.main"
          ],
          "create_before_destroy": true
        },
        {
          "index_key": 2,
          "schema_version": 0,
          "attributes": {
            "arn": "arn:aws:ec2:us-east-1:826726045450:route-table/rtb-07d3cfbdc33c607a7",
            "id": "rtb-07d3cfbdc33c607a7",
            "owner_id": "826726045450",
            "propagating_vgws": [],
            "route": [
              {
                "carrier_gateway_id": "",
                "cidr_block": "0.0.0.0/0",
                "core_network_arn": "",
                "destination_prefix_list_id": "",
                "egress_only_gateway_id": "",
                "gateway_id": "",
                "ipv6_cidr_block": "",
                "local_gateway_id": "",
                "nat_gateway_id": "nat-034eafe367895b012",
                "network_interface_id": "",
                "transit_gateway_id": "",
                "vpc_endpoint_id": "",
                "vpc_peering_connection_id": ""
              }
            ],
            "tags": {
              "Environment": "staging",
              "ManagedBy": "terraform",
              "Name": "saas-hr-private-rt-us-east-1c",
              "Project": "saas-hr"
            },
            "tags_all": {
              "Environment": "staging",
              "ManagedBy": "terraform",
              "Name": "saas-hr-private-rt-us-east-1c",
              "Project": "saas-hr"
            },
            "timeouts": null,
            "vpc_id": "vpc-0f23c574b54be9624"
          },
          "sensitive_attributes": [],
          "private": "eyJlMmJmYjczMC1lY2FhLTExZTYtOGY4OC0zNDM2M2JjN2M0YzAiOnsiY3JlYXRlIjozMDAwMDAwMDAwMDAsImRlbGV0ZSI6MzAwMDAwMDAwMDAwLCJ1cGRhdGUiOjEyMDAwMDAwMDAwMH19",
          "dependencies": [
            "module.vpc.aws_eip.nat",
            "module.vpc.aws_internet_gateway.main",
            "module.vpc.aws_nat_gateway.main",
            "module.vpc.aws_subnet.public",
            "module.vpc.aws_vpc.main"
          ],
          "create_before_destroy": true
        }
      ]
    },
    {
      "module": "module.vpc",
      "mode": "managed",
      "type": "aws_route_table",
      "name": "public",
      "provider": "provider[\"registry.terraform.io/hashicorp/aws\"]",
      "instances": [
        {
          "schema_version": 0,
          "attributes": {
            "arn": "arn:aws:ec2:us-east-1:826726045450:route-table/rtb-0bbeed70f0a97ea1f",
            "id": "rtb-0bbeed70f0a97ea1f",
            "owner_id": "826726045450",
            "propagating_vgws": [],
            "route": [
              {
                "carrier_gateway_id": "",
                "cidr_block": "0.0.0.0/0",
                "core_network_arn": "",
                "destination_prefix_list_id": "",
                "egress_only_gateway_id": "",
                "gateway_id": "igw-0f8974efc4bf29e34",
                "ipv6_cidr_block": "",
                "local_gateway_id": "",
                "nat_gateway_id": "",
                "network_interface_id": "",
                "transit_gateway_id": "",
                "vpc_endpoint_id": "",
                "vpc_peering_connection_id": ""
              }
            ],
            "tags": {
              "Environment": "staging",
              "ManagedBy": "terraform",
              "Name": "saas-hr-public-rt",
              "Project": "saas-hr"
            },
            "tags_all": {
              "Environment": "staging",
              "ManagedBy": "terraform",
              "Name": "saas-hr-public-rt",
              "Project": "saas-hr"
            },
            "timeouts": null,
            "vpc_id": "vpc-0f23c574b54be9624"
          },
          "sensitive_attributes": [],
          "private": "eyJlMmJmYjczMC1lY2FhLTExZTYtOGY4OC0zNDM2M2JjN2M0YzAiOnsiY3JlYXRlIjozMDAwMDAwMDAwMDAsImRlbGV0ZSI6MzAwMDAwMDAwMDAwLCJ1cGRhdGUiOjEyMDAwMDAwMDAwMH19",
          "dependencies": [
            "module.vpc.aws_internet_gateway.main",
            "module.vpc.aws_vpc.main"
          ],
          "create_before_destroy": true
        }
      ]
    },
    {
      "module": "module.vpc",
      "mode": "managed",
      "type": "aws_route_table_association",
      "name": "database",
      "provider": "provider[\"registry.terraform.io/hashicorp/aws\"]",
      "instances": [
        {
          "index_key": 0,
          "schema_version": 0,
          "attributes": {
            "gateway_id": "",
            "id": "rtbassoc-01e3074de656ccc7e",
            "route_table_id": "rtb-04d66a1ff09782bf8",
            "subnet_id": "subnet-0ad28af56eb06cb1d",
            "timeouts": null
          },
          "sensitive_attributes": [],
          "private": "eyJlMmJmYjczMC1lY2FhLTExZTYtOGY4OC0zNDM2M2JjN2M0YzAiOnsiY3JlYXRlIjozMDAwMDAwMDAwMDAsImRlbGV0ZSI6MzAwMDAwMDAwMDAwLCJ1cGRhdGUiOjEyMDAwMDAwMDAwMH19",
          "dependencies": [
            "module.vpc.aws_eip.nat",
            "module.vpc.aws_internet_gateway.main",
            "module.vpc.aws_nat_gateway.main",
            "module.vpc.aws_route_table.database",
            "module.vpc.aws_subnet.database",
            "module.vpc.aws_subnet.public",
            "module.vpc.aws_vpc.main"
          ],
          "create_before_destroy": true
        },
        {
          "index_key": 1,
          "schema_version": 0,
          "attributes": {
            "gateway_id": "",
            "id": "rtbassoc-036e9fdb61109d0f1",
            "route_table_id": "rtb-04d66a1ff09782bf8",
            "subnet_id": "subnet-0a7a6acb07310f57d",
            "timeouts": null
          },
          "sensitive_attributes": [],
          "private": "eyJlMmJmYjczMC1lY2FhLTExZTYtOGY4OC0zNDM2M2JjN2M0YzAiOnsiY3JlYXRlIjozMDAwMDAwMDAwMDAsImRlbGV0ZSI6MzAwMDAwMDAwMDAwLCJ1cGRhdGUiOjEyMDAwMDAwMDAwMH19",
          "dependencies": [
            "module.vpc.aws_eip.nat",
            "module.vpc.aws_internet_gateway.main",
            "module.vpc.aws_nat_gateway.main",
            "module.vpc.aws_route_table.database",
            "module.vpc.aws_subnet.database",
            "module.vpc.aws_subnet.public",
            "module.vpc.aws_vpc.main"
          ],
          "create_before_destroy": true
        },
        {
          "index_key": 2,
          "schema_version": 0,
          "attributes": {
            "gateway_id": "",
            "id": "rtbassoc-066a28138c901d0df",
            "route_table_id": "rtb-04d66a1ff09782bf8",
            "subnet_id": "subnet-0366a45e62cca75ff",
            "timeouts": null
          },
          "sensitive_attributes": [],
          "private": "eyJlMmJmYjczMC1lY2FhLTExZTYtOGY4OC0zNDM2M2JjN2M0YzAiOnsiY3JlYXRlIjozMDAwMDAwMDAwMDAsImRlbGV0ZSI6MzAwMDAwMDAwMDAwLCJ1cGRhdGUiOjEyMDAwMDAwMDAwMH19",
          "dependencies": [
            "module.vpc.aws_eip.nat",
            "module.vpc.aws_internet_gateway.main",
            "module.vpc.aws_nat_gateway.main",
            "module.vpc.aws_route_table.database",
            "module.vpc.aws_subnet.database",
            "module.vpc.aws_subnet.public",
            "module.vpc.aws_vpc.main"
          ],
          "create_before_destroy": true
        }
      ]
    },
    {
      "module": "module.vpc",
      "mode": "managed",
      "type": "aws_route_table_association",
      "name": "private",
      "provider": "provider[\"registry.terraform.io/hashicorp/aws\"]",
      "instances": [
        {
          "index_key": 0,
          "schema_version": 0,
          "attributes": {
            "gateway_id": "",
            "id": "rtbassoc-01d3943481fc13784",
            "route_table_id": "rtb-0264266d262a8655e",
            "subnet_id": "subnet-05fa3002a6839f515",
            "timeouts": null
          },
          "sensitive_attributes": [],
          "private": "eyJlMmJmYjczMC1lY2FhLTExZTYtOGY4OC0zNDM2M2JjN2M0YzAiOnsiY3JlYXRlIjozMDAwMDAwMDAwMDAsImRlbGV0ZSI6MzAwMDAwMDAwMDAwLCJ1cGRhdGUiOjEyMDAwMDAwMDAwMH19",
          "dependencies": [
            "module.vpc.aws_eip.nat",
            "module.vpc.aws_internet_gateway.main",
            "module.vpc.aws_nat_gateway.main",
            "module.vpc.aws_route_table.private",
            "module.vpc.aws_subnet.private",
            "module.vpc.aws_subnet.public",
            "module.vpc.aws_vpc.main"
          ],
          "create_before_destroy": true
        },
        {
          "index_key": 1,
          "schema_version": 0,
          "attributes": {
            "gateway_id": "",
            "id": "rtbassoc-0e1c1cd3567a907f7",
            "route_table_id": "rtb-05b6c3508d8ad1fcb",
            "subnet_id": "subnet-057af0fc0cfd01e2d",
            "timeouts": null
          },
          "sensitive_attributes": [],
          "private": "eyJlMmJmYjczMC1lY2FhLTExZTYtOGY4OC0zNDM2M2JjN2M0YzAiOnsiY3JlYXRlIjozMDAwMDAwMDAwMDAsImRlbGV0ZSI6MzAwMDAwMDAwMDAwLCJ1cGRhdGUiOjEyMDAwMDAwMDAwMH19",
          "dependencies": [
            "module.vpc.aws_eip.nat",
            "module.vpc.aws_internet_gateway.main",
            "module.vpc.aws_nat_gateway.main",
            "module.vpc.aws_route_table.private",
            "module.vpc.aws_subnet.private",
            "module.vpc.aws_subnet.public",
            "module.vpc.aws_vpc.main"
          ],
          "create_before_destroy": true
        },
        {
          "index_key": 2,
          "schema_version": 0,
          "attributes": {
            "gateway_id": "",
            "id": "rtbassoc-0c268479923ca699b",
            "route_table_id": "rtb-07d3cfbdc33c607a7",
            "subnet_id": "subnet-0b917ff6e7f73d6e4",
            "timeouts": null
          },
          "sensitive_attributes": [],
          "private": "eyJlMmJmYjczMC1lY2FhLTExZTYtOGY4OC0zNDM2M2JjN2M0YzAiOnsiY3JlYXRlIjozMDAwMDAwMDAwMDAsImRlbGV0ZSI6MzAwMDAwMDAwMDAwLCJ1cGRhdGUiOjEyMDAwMDAwMDAwMH19",
          "dependencies": [
            "module.vpc.aws_eip.nat",
            "module.vpc.aws_internet_gateway.main",
            "module.vpc.aws_nat_gateway.main",
            "module.vpc.aws_route_table.private",
            "module.vpc.aws_subnet.private",
            "module.vpc.aws_subnet.public",
            "module.vpc.aws_vpc.main"
          ],
          "create_before_destroy": true
        }
      ]
    },
    {
      "module": "module.vpc",
      "mode": "managed",
      "type": "aws_route_table_association",
      "name": "public",
      "provider": "provider[\"registry.terraform.io/hashicorp/aws\"]",
      "instances": [
        {
          "index_key": 0,
          "schema_version": 0,
          "attributes": {
            "gateway_id": "",
            "id": "rtbassoc-031bf4a8400e54515",
            "route_table_id": "rtb-0bbeed70f0a97ea1f",
            "subnet_id": "subnet-086489250460de383",
            "timeouts": null
          },
          "sensitive_attributes": [],
          "private": "eyJlMmJmYjczMC1lY2FhLTExZTYtOGY4OC0zNDM2M2JjN2M0YzAiOnsiY3JlYXRlIjozMDAwMDAwMDAwMDAsImRlbGV0ZSI6MzAwMDAwMDAwMDAwLCJ1cGRhdGUiOjEyMDAwMDAwMDAwMH19",
          "dependencies": [
            "module.vpc.aws_internet_gateway.main",
            "module.vpc.aws_route_table.public",
            "module.vpc.aws_subnet.public",
            "module.vpc.aws_vpc.main"
          ],
          "create_before_destroy": true
        },
        {
          "index_key": 1,
          "schema_version": 0,
          "attributes": {
            "gateway_id": "",
            "id": "rtbassoc-0a54095104f91fc0e",
            "route_table_id": "rtb-0bbeed70f0a97ea1f",
            "subnet_id": "subnet-0a20069e083d8de80",
            "timeouts": null
          },
          "sensitive_attributes": [],
          "private": "eyJlMmJmYjczMC1lY2FhLTExZTYtOGY4OC0zNDM2M2JjN2M0YzAiOnsiY3JlYXRlIjozMDAwMDAwMDAwMDAsImRlbGV0ZSI6MzAwMDAwMDAwMDAwLCJ1cGRhdGUiOjEyMDAwMDAwMDAwMH19",
          "dependencies": [
            "module.vpc.aws_internet_gateway.main",
            "module.vpc.aws_route_table.public",
            "module.vpc.aws_subnet.public",
            "module.vpc.aws_vpc.main"
          ],
          "create_before_destroy": true
        },
        {
          "index_key": 2,
          "schema_version": 0,
          "attributes": {
            "gateway_id": "",
            "id": "rtbassoc-052ff5c6330e1a20d",
            "route_table_id": "rtb-0bbeed70f0a97ea1f",
            "subnet_id": "subnet-0835abf3c18cca9f9",
            "timeouts": null
          },
          "sensitive_attributes": [],
          "private": "eyJlMmJmYjczMC1lY2FhLTExZTYtOGY4OC0zNDM2M2JjN2M0YzAiOnsiY3JlYXRlIjozMDAwMDAwMDAwMDAsImRlbGV0ZSI6MzAwMDAwMDAwMDAwLCJ1cGRhdGUiOjEyMDAwMDAwMDAwMH19",
          "dependencies": [
            "module.vpc.aws_internet_gateway.main",
            "module.vpc.aws_route_table.public",
            "module.vpc.aws_subnet.public",
            "module.vpc.aws_vpc.main"
          ],
          "create_before_destroy": true
        }
      ]
    },
    {
      "module": "module.vpc",
      "mode": "managed",
      "type": "aws_security_group",
      "name": "alb",
      "provider": "provider[\"registry.terraform.io/hashicorp/aws\"]",
      "instances": [
        {
          "schema_version": 1,
          "attributes": {
            "arn": "arn:aws:ec2:us-east-1:826726045450:security-group/sg-0b461f7995dae7d48",
            "description": "Managed by Terraform",
            "egress": [
              {
                "cidr_blocks": [
                  "0.0.0.0/0"
                ],
                "description": "Allow all outbound traffic",
                "from_port": 0,
                "ipv6_cidr_blocks": [],
                "prefix_list_ids": [],
                "protocol": "-1",
                "security_groups": [],
                "self": false,
                "to_port": 0
              }
            ],
            "id": "sg-0b461f7995dae7d48",
            "ingress": [
              {
                "cidr_blocks": [
                  "0.0.0.0/0"
                ],
                "description": "Allow HTTP traffic",
                "from_port": 80,
                "ipv6_cidr_blocks": [],
                "prefix_list_ids": [],
                "protocol": "tcp",
                "security_groups": [],
                "self": false,
                "to_port": 80
              },
              {
                "cidr_blocks": [
                  "0.0.0.0/0"
                ],
                "description": "Allow HTTPS traffic",
                "from_port": 443,
                "ipv6_cidr_blocks": [],
                "prefix_list_ids": [],
                "protocol": "tcp",
                "security_groups": [],
                "self": false,
                "to_port": 443
              }
            ],
            "name": "saas-hr-alb-sg20250526172502305100000002",
            "name_prefix": "saas-hr-alb-sg",
            "owner_id": "826726045450",
            "revoke_rules_on_delete": false,
            "tags": {
              "Environment": "staging",
              "Name": "saas-hr-alb-sg",
              "Project": "saas-hr"
            },
            "tags_all": {
              "Environment": "staging",
              "ManagedBy": "Terraform",
              "Name": "saas-hr-alb-sg",
              "Project": "saas-hr"
            },
            "timeouts": null,
            "vpc_id": "vpc-0f23c574b54be9624"
          },
          "sensitive_attributes": [],
          "private": "eyJlMmJmYjczMC1lY2FhLTExZTYtOGY4OC0zNDM2M2JjN2M0YzAiOnsiY3JlYXRlIjo2MDAwMDAwMDAwMDAsImRlbGV0ZSI6OTAwMDAwMDAwMDAwfSwic2NoZW1hX3ZlcnNpb24iOiIxIn0=",
          "dependencies": [
            "module.vpc.aws_vpc.main"
          ],
          "create_before_destroy": true
        }
      ]
    },
    {
      "module": "module.vpc",
      "mode": "managed",
      "type": "aws_security_group",
      "name": "default",
      "provider": "provider[\"registry.terraform.io/hashicorp/aws\"]",
      "instances": [
        {
          "schema_version": 1,
          "attributes": {
            "arn": "arn:aws:ec2:us-east-1:826726045450:security-group/sg-0bc6761b2a67f5b38",
            "description": "Managed by Terraform",
            "egress": [
              {
                "cidr_blocks": [
                  "0.0.0.0/0"
                ],
                "description": "Allow all outbound traffic",
                "from_port": 0,
                "ipv6_cidr_blocks": [],
                "prefix_list_ids": [],
                "protocol": "-1",
                "security_groups": [],
                "self": false,
                "to_port": 0
              }
            ],
            "id": "sg-0bc6761b2a67f5b38",
            "ingress": [],
            "name": "saas-hr-default-sg20250526172502911200000003",
            "name_prefix": "saas-hr-default-sg",
            "owner_id": "826726045450",
            "revoke_rules_on_delete": false,
            "tags": {
              "Environment": "staging",
              "Name": "saas-hr-default-sg",
              "Project": "saas-hr"
            },
            "tags_all": {
              "Environment": "staging",
              "ManagedBy": "Terraform",
              "Name": "saas-hr-default-sg",
              "Project": "saas-hr"
            },
            "timeouts": null,
            "vpc_id": "vpc-0f23c574b54be9624"
          },
          "sensitive_attributes": [],
          "private": "eyJlMmJmYjczMC1lY2FhLTExZTYtOGY4OC0zNDM2M2JjN2M0YzAiOnsiY3JlYXRlIjo2MDAwMDAwMDAwMDAsImRlbGV0ZSI6OTAwMDAwMDAwMDAwfSwic2NoZW1hX3ZlcnNpb24iOiIxIn0=",
          "dependencies": [
            "module.vpc.aws_vpc.main"
          ],
          "create_before_destroy": true
        }
      ]
    },
    {
      "module": "module.vpc",
      "mode": "managed",
      "type": "aws_security_group",
      "name": "workers",
      "provider": "provider[\"registry.terraform.io/hashicorp/aws\"]",
      "instances": [
        {
          "schema_version": 1,
          "attributes": {
            "arn": "arn:aws:ec2:us-east-1:826726045450:security-group/sg-0a0b5663559aab844",
            "description": "Managed by Terraform",
            "egress": [
              {
                "cidr_blocks": [
                  "0.0.0.0/0"
                ],
                "description": "Allow all outbound traffic",
                "from_port": 0,
                "ipv6_cidr_blocks": [],
                "prefix_list_ids": [],
                "protocol": "-1",
                "security_groups": [],
                "self": false,
                "to_port": 0
              }
            ],
            "id": "sg-0a0b5663559aab844",
            "ingress": [
              {
                "cidr_blocks": [],
                "description": "Allow all traffic from default security group",
                "from_port": 0,
                "ipv6_cidr_blocks": [],
                "prefix_list_ids": [],
                "protocol": "-1",
                "security_groups": [
                  "sg-0bc6761b2a67f5b38"
                ],
                "self": false,
                "to_port": 0
              }
            ],
            "name": "saas-hr-workers-sg20250526172505475800000005",
            "name_prefix": "saas-hr-workers-sg",
            "owner_id": "826726045450",
            "revoke_rules_on_delete": false,
            "tags": {
              "Environment": "staging",
              "Name": "saas-hr-workers-sg",
              "Project": "saas-hr",
              "kubernetes.io/cluster/saas-hr-staging": "owned"
            },
            "tags_all": {
              "Environment": "staging",
              "ManagedBy": "Terraform",
              "Name": "saas-hr-workers-sg",
              "Project": "saas-hr",
              "kubernetes.io/cluster/saas-hr-staging": "owned"
            },
            "timeouts": null,
            "vpc_id": "vpc-0f23c574b54be9624"
          },
          "sensitive_attributes": [],
          "private": "eyJlMmJmYjczMC1lY2FhLTExZTYtOGY4OC0zNDM2M2JjN2M0YzAiOnsiY3JlYXRlIjo2MDAwMDAwMDAwMDAsImRlbGV0ZSI6OTAwMDAwMDAwMDAwfSwic2NoZW1hX3ZlcnNpb24iOiIxIn0=",
          "dependencies": [
            "module.vpc.aws_security_group.default",
            "module.vpc.aws_vpc.main"
          ],
          "create_before_destroy": true
        }
      ]
    },
    {
      "module": "module.vpc",
      "mode": "managed",
      "type": "aws_subnet",
      "name": "database",
      "provider": "provider[\"registry.terraform.io/hashicorp/aws\"]",
      "instances": [
        {
          "index_key": 0,
          "schema_version": 1,
          "attributes": {
            "arn": "arn:aws:ec2:us-east-1:826726045450:subnet/subnet-0ad28af56eb06cb1d",
            "assign_ipv6_address_on_creation": false,
            "availability_zone": "us-east-1a",
            "availability_zone_id": "use1-az1",
            "cidr_block": "10.0.201.0/24",
            "customer_owned_ipv4_pool": "",
            "enable_dns64": false,
            "enable_lni_at_device_index": 0,
            "enable_resource_name_dns_a_record_on_launch": false,
            "enable_resource_name_dns_aaaa_record_on_launch": false,
            "id": "subnet-0ad28af56eb06cb1d",
            "ipv6_cidr_block": "",
            "ipv6_cidr_block_association_id": "",
            "ipv6_native": false,
            "map_customer_owned_ip_on_launch": false,
            "map_public_ip_on_launch": false,
            "outpost_arn": "",
            "owner_id": "826726045450",
            "private_dns_hostname_type_on_launch": "ip-name",
            "tags": {
              "Environment": "staging",
              "ManagedBy": "terraform",
              "Name": "saas-hr-database-1",
              "Project": "saas-hr"
            },
            "tags_all": {
              "Environment": "staging",
              "ManagedBy": "terraform",
              "Name": "saas-hr-database-1",
              "Project": "saas-hr"
            },
            "timeouts": null,
            "vpc_id": "vpc-0f23c574b54be9624"
          },
          "sensitive_attributes": [],
          "private": "eyJlMmJmYjczMC1lY2FhLTExZTYtOGY4OC0zNDM2M2JjN2M0YzAiOnsiY3JlYXRlIjo2MDAwMDAwMDAwMDAsImRlbGV0ZSI6MTIwMDAwMDAwMDAwMH0sInNjaGVtYV92ZXJzaW9uIjoiMSJ9",
          "dependencies": [
            "module.vpc.aws_vpc.main"
          ],
          "create_before_destroy": true
        },
        {
          "index_key": 1,
          "schema_version": 1,
          "attributes": {
            "arn": "arn:aws:ec2:us-east-1:826726045450:subnet/subnet-0a7a6acb07310f57d",
            "assign_ipv6_address_on_creation": false,
            "availability_zone": "us-east-1b",
            "availability_zone_id": "use1-az2",
            "cidr_block": "10.0.202.0/24",
            "customer_owned_ipv4_pool": "",
            "enable_dns64": false,
            "enable_lni_at_device_index": 0,
            "enable_resource_name_dns_a_record_on_launch": false,
            "enable_resource_name_dns_aaaa_record_on_launch": false,
            "id": "subnet-0a7a6acb07310f57d",
            "ipv6_cidr_block": "",
            "ipv6_cidr_block_association_id": "",
            "ipv6_native": false,
            "map_customer_owned_ip_on_launch": false,
            "map_public_ip_on_launch": false,
            "outpost_arn": "",
            "owner_id": "826726045450",
            "private_dns_hostname_type_on_launch": "ip-name",
            "tags": {
              "Environment": "staging",
              "ManagedBy": "terraform",
              "Name": "saas-hr-database-2",
              "Project": "saas-hr"
            },
            "tags_all": {
              "Environment": "staging",
              "ManagedBy": "terraform",
              "Name": "saas-hr-database-2",
              "Project": "saas-hr"
            },
            "timeouts": null,
            "vpc_id": "vpc-0f23c574b54be9624"
          },
          "sensitive_attributes": [],
          "private": "eyJlMmJmYjczMC1lY2FhLTExZTYtOGY4OC0zNDM2M2JjN2M0YzAiOnsiY3JlYXRlIjo2MDAwMDAwMDAwMDAsImRlbGV0ZSI6MTIwMDAwMDAwMDAwMH0sInNjaGVtYV92ZXJzaW9uIjoiMSJ9",
          "dependencies": [
            "module.vpc.aws_vpc.main"
          ],
          "create_before_destroy": true
        },
        {
          "index_key": 2,
          "schema_version": 1,
          "attributes": {
            "arn": "arn:aws:ec2:us-east-1:826726045450:subnet/subnet-0366a45e62cca75ff",
            "assign_ipv6_address_on_creation": false,
            "availability_zone": "us-east-1c",
            "availability_zone_id": "use1-az4",
            "cidr_block": "10.0.203.0/24",
            "customer_owned_ipv4_pool": "",
            "enable_dns64": false,
            "enable_lni_at_device_index": 0,
            "enable_resource_name_dns_a_record_on_launch": false,
            "enable_resource_name_dns_aaaa_record_on_launch": false,
            "id": "subnet-0366a45e62cca75ff",
            "ipv6_cidr_block": "",
            "ipv6_cidr_block_association_id": "",
            "ipv6_native": false,
            "map_customer_owned_ip_on_launch": false,
            "map_public_ip_on_launch": false,
            "outpost_arn": "",
            "owner_id": "826726045450",
            "private_dns_hostname_type_on_launch": "ip-name",
            "tags": {
              "Environment": "staging",
              "ManagedBy": "terraform",
              "Name": "saas-hr-database-3",
              "Project": "saas-hr"
            },
            "tags_all": {
              "Environment": "staging",
              "ManagedBy": "terraform",
              "Name": "saas-hr-database-3",
              "Project": "saas-hr"
            },
            "timeouts": null,
            "vpc_id": "vpc-0f23c574b54be9624"
          },
          "sensitive_attributes": [],
          "private": "eyJlMmJmYjczMC1lY2FhLTExZTYtOGY4OC0zNDM2M2JjN2M0YzAiOnsiY3JlYXRlIjo2MDAwMDAwMDAwMDAsImRlbGV0ZSI6MTIwMDAwMDAwMDAwMH0sInNjaGVtYV92ZXJzaW9uIjoiMSJ9",
          "dependencies": [
            "module.vpc.aws_vpc.main"
          ],
          "create_before_destroy": true
        }
      ]
    },
    {
      "module": "module.vpc",
      "mode": "managed",
      "type": "aws_subnet",
      "name": "private",
      "provider": "provider[\"registry.terraform.io/hashicorp/aws\"]",
      "instances": [
        {
          "index_key": 0,
          "schema_version": 1,
          "attributes": {
            "arn": "arn:aws:ec2:us-east-1:826726045450:subnet/subnet-05fa3002a6839f515",
            "assign_ipv6_address_on_creation": false,
            "availability_zone": "us-east-1a",
            "availability_zone_id": "use1-az1",
            "cidr_block": "10.0.1.0/24",
            "customer_owned_ipv4_pool": "",
            "enable_dns64": false,
            "enable_lni_at_device_index": 0,
            "enable_resource_name_dns_a_record_on_launch": false,
            "enable_resource_name_dns_aaaa_record_on_launch": false,
            "id": "subnet-05fa3002a6839f515",
            "ipv6_cidr_block": "",
            "ipv6_cidr_block_association_id": "",
            "ipv6_native": false,
            "map_customer_owned_ip_on_launch": false,
            "map_public_ip_on_launch": false,
            "outpost_arn": "",
            "owner_id": "826726045450",
            "private_dns_hostname_type_on_launch": "ip-name",
            "tags": {
              "Environment": "staging",
              "ManagedBy": "terraform",
              "Name": "saas-hr-private-1",
              "Project": "saas-hr",
              "kubernetes.io/role/internal-elb": "1"
            },
            "tags_all": {
              "Environment": "staging",
              "ManagedBy": "terraform",
              "Name": "saas-hr-private-1",
              "Project": "saas-hr",
              "kubernetes.io/role/internal-elb": "1"
            },
            "timeouts": null,
            "vpc_id": "vpc-0f23c574b54be9624"
          },
          "sensitive_attributes": [],
          "private": "eyJlMmJmYjczMC1lY2FhLTExZTYtOGY4OC0zNDM2M2JjN2M0YzAiOnsiY3JlYXRlIjo2MDAwMDAwMDAwMDAsImRlbGV0ZSI6MTIwMDAwMDAwMDAwMH0sInNjaGVtYV92ZXJzaW9uIjoiMSJ9",
          "dependencies": [
            "module.vpc.aws_vpc.main"
          ],
          "create_before_destroy": true
        },
        {
          "index_key": 1,
          "schema_version": 1,
          "attributes": {
            "arn": "arn:aws:ec2:us-east-1:826726045450:subnet/subnet-057af0fc0cfd01e2d",
            "assign_ipv6_address_on_creation": false,
            "availability_zone": "us-east-1b",
            "availability_zone_id": "use1-az2",
            "cidr_block": "10.0.2.0/24",
            "customer_owned_ipv4_pool": "",
            "enable_dns64": false,
            "enable_lni_at_device_index": 0,
            "enable_resource_name_dns_a_record_on_launch": false,
            "enable_resource_name_dns_aaaa_record_on_launch": false,
            "id": "subnet-057af0fc0cfd01e2d",
            "ipv6_cidr_block": "",
            "ipv6_cidr_block_association_id": "",
            "ipv6_native": false,
            "map_customer_owned_ip_on_launch": false,
            "map_public_ip_on_launch": false,
            "outpost_arn": "",
            "owner_id": "826726045450",
            "private_dns_hostname_type_on_launch": "ip-name",
            "tags": {
              "Environment": "staging",
              "ManagedBy": "terraform",
              "Name": "saas-hr-private-2",
              "Project": "saas-hr",
              "kubernetes.io/role/internal-elb": "1"
            },
            "tags_all": {
              "Environment": "staging",
              "ManagedBy": "terraform",
              "Name": "saas-hr-private-2",
              "Project": "saas-hr",
              "kubernetes.io/role/internal-elb": "1"
            },
            "timeouts": null,
            "vpc_id": "vpc-0f23c574b54be9624"
          },
          "sensitive_attributes": [],
          "private": "eyJlMmJmYjczMC1lY2FhLTExZTYtOGY4OC0zNDM2M2JjN2M0YzAiOnsiY3JlYXRlIjo2MDAwMDAwMDAwMDAsImRlbGV0ZSI6MTIwMDAwMDAwMDAwMH0sInNjaGVtYV92ZXJzaW9uIjoiMSJ9",
          "dependencies": [
            "module.vpc.aws_vpc.main"
          ],
          "create_before_destroy": true
        },
        {
          "index_key": 2,
          "schema_version": 1,
          "attributes": {
            "arn": "arn:aws:ec2:us-east-1:826726045450:subnet/subnet-0b917ff6e7f73d6e4",
            "assign_ipv6_address_on_creation": false,
            "availability_zone": "us-east-1c",
            "availability_zone_id": "use1-az4",
            "cidr_block": "10.0.3.0/24",
            "customer_owned_ipv4_pool": "",
            "enable_dns64": false,
            "enable_lni_at_device_index": 0,
            "enable_resource_name_dns_a_record_on_launch": false,
            "enable_resource_name_dns_aaaa_record_on_launch": false,
            "id": "subnet-0b917ff6e7f73d6e4",
            "ipv6_cidr_block": "",
            "ipv6_cidr_block_association_id": "",
            "ipv6_native": false,
            "map_customer_owned_ip_on_launch": false,
            "map_public_ip_on_launch": false,
            "outpost_arn": "",
            "owner_id": "826726045450",
            "private_dns_hostname_type_on_launch": "ip-name",
            "tags": {
              "Environment": "staging",
              "ManagedBy": "terraform",
              "Name": "saas-hr-private-3",
              "Project": "saas-hr",
              "kubernetes.io/role/internal-elb": "1"
            },
            "tags_all": {
              "Environment": "staging",
              "ManagedBy": "terraform",
              "Name": "saas-hr-private-3",
              "Project": "saas-hr",
              "kubernetes.io/role/internal-elb": "1"
            },
            "timeouts": null,
            "vpc_id": "vpc-0f23c574b54be9624"
          },
          "sensitive_attributes": [],
          "private": "eyJlMmJmYjczMC1lY2FhLTExZTYtOGY4OC0zNDM2M2JjN2M0YzAiOnsiY3JlYXRlIjo2MDAwMDAwMDAwMDAsImRlbGV0ZSI6MTIwMDAwMDAwMDAwMH0sInNjaGVtYV92ZXJzaW9uIjoiMSJ9",
          "dependencies": [
            "module.vpc.aws_vpc.main"
          ],
          "create_before_destroy": true
        }
      ]
    },
    {
      "module": "module.vpc",
      "mode": "managed",
      "type": "aws_subnet",
      "name": "public",
      "provider": "provider[\"registry.terraform.io/hashicorp/aws\"]",
      "instances": [
        {
          "index_key": 0,
          "schema_version": 1,
          "attributes": {
            "arn": "arn:aws:ec2:us-east-1:826726045450:subnet/subnet-086489250460de383",
            "assign_ipv6_address_on_creation": false,
            "availability_zone": "us-east-1a",
            "availability_zone_id": "use1-az1",
            "cidr_block": "10.0.101.0/24",
            "customer_owned_ipv4_pool": "",
            "enable_dns64": false,
            "enable_lni_at_device_index": 0,
            "enable_resource_name_dns_a_record_on_launch": false,
            "enable_resource_name_dns_aaaa_record_on_launch": false,
            "id": "subnet-086489250460de383",
            "ipv6_cidr_block": "",
            "ipv6_cidr_block_association_id": "",
            "ipv6_native": false,
            "map_customer_owned_ip_on_launch": false,
            "map_public_ip_on_launch": false,
            "outpost_arn": "",
            "owner_id": "826726045450",
            "private_dns_hostname_type_on_launch": "ip-name",
            "tags": {
              "Environment": "staging",
              "ManagedBy": "terraform",
              "Name": "saas-hr-public-1",
              "Project": "saas-hr",
              "kubernetes.io/role/elb": "1"
            },
            "tags_all": {
              "Environment": "staging",
              "ManagedBy": "terraform",
              "Name": "saas-hr-public-1",
              "Project": "saas-hr",
              "kubernetes.io/role/elb": "1"
            },
            "timeouts": null,
            "vpc_id": "vpc-0f23c574b54be9624"
          },
          "sensitive_attributes": [],
          "private": "eyJlMmJmYjczMC1lY2FhLTExZTYtOGY4OC0zNDM2M2JjN2M0YzAiOnsiY3JlYXRlIjo2MDAwMDAwMDAwMDAsImRlbGV0ZSI6MTIwMDAwMDAwMDAwMH0sInNjaGVtYV92ZXJzaW9uIjoiMSJ9",
          "dependencies": [
            "module.vpc.aws_vpc.main"
          ],
          "create_before_destroy": true
        },
        {
          "index_key": 1,
          "schema_version": 1,
          "attributes": {
            "arn": "arn:aws:ec2:us-east-1:826726045450:subnet/subnet-0a20069e083d8de80",
            "assign_ipv6_address_on_creation": false,
            "availability_zone": "us-east-1b",
            "availability_zone_id": "use1-az2",
            "cidr_block": "10.0.102.0/24",
            "customer_owned_ipv4_pool": "",
            "enable_dns64": false,
            "enable_lni_at_device_index": 0,
            "enable_resource_name_dns_a_record_on_launch": false,
            "enable_resource_name_dns_aaaa_record_on_launch": false,
            "id": "subnet-0a20069e083d8de80",
            "ipv6_cidr_block": "",
            "ipv6_cidr_block_association_id": "",
            "ipv6_native": false,
            "map_customer_owned_ip_on_launch": false,
            "map_public_ip_on_launch": false,
            "outpost_arn": "",
            "owner_id": "826726045450",
            "private_dns_hostname_type_on_launch": "ip-name",
            "tags": {
              "Environment": "staging",
              "ManagedBy": "terraform",
              "Name": "saas-hr-public-2",
              "Project": "saas-hr",
              "kubernetes.io/role/elb": "1"
            },
            "tags_all": {
              "Environment": "staging",
              "ManagedBy": "terraform",
              "Name": "saas-hr-public-2",
              "Project": "saas-hr",
              "kubernetes.io/role/elb": "1"
            },
            "timeouts": null,
            "vpc_id": "vpc-0f23c574b54be9624"
          },
          "sensitive_attributes": [],
          "private": "eyJlMmJmYjczMC1lY2FhLTExZTYtOGY4OC0zNDM2M2JjN2M0YzAiOnsiY3JlYXRlIjo2MDAwMDAwMDAwMDAsImRlbGV0ZSI6MTIwMDAwMDAwMDAwMH0sInNjaGVtYV92ZXJzaW9uIjoiMSJ9",
          "dependencies": [
            "module.vpc.aws_vpc.main"
          ],
          "create_before_destroy": true
        },
        {
          "index_key": 2,
          "schema_version": 1,
          "attributes": {
            "arn": "arn:aws:ec2:us-east-1:826726045450:subnet/subnet-0835abf3c18cca9f9",
            "assign_ipv6_address_on_creation": false,
            "availability_zone": "us-east-1c",
            "availability_zone_id": "use1-az4",
            "cidr_block": "10.0.103.0/24",
            "customer_owned_ipv4_pool": "",
            "enable_dns64": false,
            "enable_lni_at_device_index": 0,
            "enable_resource_name_dns_a_record_on_launch": false,
            "enable_resource_name_dns_aaaa_record_on_launch": false,
            "id": "subnet-0835abf3c18cca9f9",
            "ipv6_cidr_block": "",
            "ipv6_cidr_block_association_id": "",
            "ipv6_native": false,
            "map_customer_owned_ip_on_launch": false,
            "map_public_ip_on_launch": false,
            "outpost_arn": "",
            "owner_id": "826726045450",
            "private_dns_hostname_type_on_launch": "ip-name",
            "tags": {
              "Environment": "staging",
              "ManagedBy": "terraform",
              "Name": "saas-hr-public-3",
              "Project": "saas-hr",
              "kubernetes.io/role/elb": "1"
            },
            "tags_all": {
              "Environment": "staging",
              "ManagedBy": "terraform",
              "Name": "saas-hr-public-3",
              "Project": "saas-hr",
              "kubernetes.io/role/elb": "1"
            },
            "timeouts": null,
            "vpc_id": "vpc-0f23c574b54be9624"
          },
          "sensitive_attributes": [],
          "private": "eyJlMmJmYjczMC1lY2FhLTExZTYtOGY4OC0zNDM2M2JjN2M0YzAiOnsiY3JlYXRlIjo2MDAwMDAwMDAwMDAsImRlbGV0ZSI6MTIwMDAwMDAwMDAwMH0sInNjaGVtYV92ZXJzaW9uIjoiMSJ9",
          "dependencies": [
            "module.vpc.aws_vpc.main"
          ],
          "create_before_destroy": true
        }
      ]
    },
    {
      "module": "module.vpc",
      "mode": "managed",
      "type": "aws_vpc",
      "name": "main",
      "provider": "provider[\"registry.terraform.io/hashicorp/aws\"]",
      "instances": [
        {
          "schema_version": 1,
          "attributes": {
            "arn": "arn:aws:ec2:us-east-1:826726045450:vpc/vpc-0f23c574b54be9624",
            "assign_generated_ipv6_cidr_block": false,
            "cidr_block": "10.0.0.0/16",
            "default_network_acl_id": "acl-0472c1f8d3aa94279",
            "default_route_table_id": "rtb-0c5e2dac6a805ada3",
            "default_security_group_id": "sg-0774140de20639383",
            "dhcp_options_id": "dopt-024f39bf75caf267f",
            "enable_dns_hostnames": true,
            "enable_dns_support": true,
            "enable_network_address_usage_metrics": false,
            "id": "vpc-0f23c574b54be9624",
            "instance_tenancy": "default",
            "ipv4_ipam_pool_id": null,
            "ipv4_netmask_length": null,
            "ipv6_association_id": "",
            "ipv6_cidr_block": "",
            "ipv6_cidr_block_network_border_group": "",
            "ipv6_ipam_pool_id": "",
            "ipv6_netmask_length": 0,
            "main_route_table_id": "rtb-0c5e2dac6a805ada3",
            "owner_id": "826726045450",
            "tags": {
              "Environment": "staging",
              "ManagedBy": "terraform",
              "Name": "saas-hr-vpc-staging",
              "Project": "saas-hr"
            },
            "tags_all": {
              "Environment": "staging",
              "ManagedBy": "terraform",
              "Name": "saas-hr-vpc-staging",
              "Project": "saas-hr"
            }
          },
          "sensitive_attributes": [],
          "private": "eyJzY2hlbWFfdmVyc2lvbiI6IjEifQ==",
          "create_before_destroy": true
        }
      ]
    },
    {
      "module": "module.vpc",
      "mode": "managed",
      "type": "aws_vpc_endpoint",
      "name": "s3",
      "provider": "provider[\"registry.terraform.io/hashicorp/aws\"]",
      "instances": [
        {
          "schema_version": 0,
          "attributes": {
            "arn": "arn:aws:ec2:us-east-1:826726045450:vpc-endpoint/vpce-0ffd64a99140d9af7",
            "auto_accept": null,
            "cidr_blocks": [
              "16.15.176.0/20",
              "16.182.0.0/16",
              "18.34.0.0/19",
              "52.216.0.0/15",
              "54.231.0.0/16",
              "3.5.0.0/19",
              "18.34.232.0/21",
              "16.15.192.0/18"
            ],
            "dns_entry": [],
            "dns_options": [],
            "id": "vpce-0ffd64a99140d9af7",
            "ip_address_type": "",
            "network_interface_ids": [],
            "owner_id": "826726045450",
            "policy": "{\"Statement\":[{\"Action\":\"*\",\"Effect\":\"Allow\",\"Principal\":\"*\",\"Resource\":\"*\"}],\"Version\":\"2008-10-17\"}",
            "prefix_list_id": "pl-63a5400a",
            "private_dns_enabled": false,
            "requester_managed": false,
            "resource_configuration_arn": "",
            "route_table_ids": [],
            "security_group_ids": [],
            "service_name": "com.amazonaws.us-east-1.s3",
            "service_network_arn": "",
            "service_region": "",
            "state": "available",
            "subnet_configuration": [],
            "subnet_ids": [],
            "tags": {
              "Environment": "staging",
              "ManagedBy": "terraform",
              "Name": "saas-hr-s3-endpoint",
              "Project": "saas-hr"
            },
            "tags_all": {
              "Environment": "staging",
              "ManagedBy": "terraform",
              "Name": "saas-hr-s3-endpoint",
              "Project": "saas-hr"
            },
            "timeouts": null,
            "vpc_endpoint_type": "Gateway",
            "vpc_id": "vpc-0f23c574b54be9624"
          },
          "sensitive_attributes": [],
          "private": "eyJlMmJmYjczMC1lY2FhLTExZTYtOGY4OC0zNDM2M2JjN2M0YzAiOnsiY3JlYXRlIjo2MDAwMDAwMDAwMDAsImRlbGV0ZSI6NjAwMDAwMDAwMDAwLCJ1cGRhdGUiOjYwMDAwMDAwMDAwMH19",
          "dependencies": [
            "module.vpc.aws_vpc.main"
          ],
          "create_before_destroy": true
        }
      ]
    }
  ],
  "check_results": null
}
